{
  "version": 4,
  "terraform_version": "1.3.7",
  "serial": 4602,
  "lineage": "f4e01c0a-44d0-d910-d13d-30c5a2a03bb2",
  "outputs": {
    "ips": {
      "value": [
        {
          "ip": "172.16.3.245",
          "name": "1RV22MC001"
        },
        {
          "ip": "172.16.3.240",
          "name": "1RV22MC002"
        },
        {
          "ip": "172.16.3.200",
          "name": "1RV22MC003"
        },
        {
          "ip": "172.16.3.227",
          "name": "1RV22MC004"
        },
        {
          "ip": "172.16.3.144",
          "name": "1RV22MC005"
        },
        {
          "ip": "172.16.3.242",
          "name": "1RV22MC006"
        },
        {
          "ip": "172.16.3.160",
          "name": "1RV22MC007"
        },
        {
          "ip": "172.16.3.213",
          "name": "1RV22MC008"
        },
        {
          "ip": "172.16.3.236",
          "name": "1RV22MC009"
        },
        {
          "ip": "172.16.3.136",
          "name": "1RV22MC010"
        },
        {
          "ip": "172.16.3.168",
          "name": "1RV22MC011"
        },
        {
          "ip": "172.16.3.211",
          "name": "1RV22MC012"
        },
        {
          "ip": "172.16.3.146",
          "name": "1RV22MC013"
        },
        {
          "ip": "172.16.3.187",
          "name": "1RV22MC014"
        },
        {
          "ip": "172.16.3.214",
          "name": "1RV22MC015"
        },
        {
          "ip": "172.16.3.234",
          "name": "1RV22MC016"
        },
        {
          "ip": "172.16.3.156",
          "name": "1RV22MC017"
        },
        {
          "ip": "172.16.3.235",
          "name": "1RV22MC018"
        },
        {
          "ip": "172.16.3.221",
          "name": "1RV22MC019"
        },
        {
          "ip": "172.16.3.128",
          "name": "1RV22MC020"
        },
        {
          "ip": "172.16.3.148",
          "name": "1RV22MC021"
        },
        {
          "ip": "172.16.3.169",
          "name": "1RV22MC022"
        },
        {
          "ip": "172.16.3.202",
          "name": "1RV22MC023"
        },
        {
          "ip": "172.16.3.189",
          "name": "1RV22MC024"
        },
        {
          "ip": "172.16.3.181",
          "name": "1RV22MC025"
        },
        {
          "ip": "172.16.3.193",
          "name": "1RV22MC026"
        },
        {
          "ip": "172.16.3.241",
          "name": "1RV22MC027"
        },
        {
          "ip": "172.16.3.188",
          "name": "1RV22MC028"
        },
        {
          "ip": "172.16.3.140",
          "name": "1RV22MC029"
        },
        {
          "ip": "172.16.3.215",
          "name": "1RV22MC030"
        },
        {
          "ip": "172.16.3.130",
          "name": "1RV22MC031"
        },
        {
          "ip": "172.16.3.131",
          "name": "1RV22MC032"
        },
        {
          "ip": "172.16.3.226",
          "name": "1RV22MC033"
        },
        {
          "ip": "172.16.3.182",
          "name": "1RV22MC034"
        },
        {
          "ip": "172.16.3.173",
          "name": "1RV22MC035"
        },
        {
          "ip": "172.16.3.177",
          "name": "1RV22MC036"
        },
        {
          "ip": "172.16.3.244",
          "name": "1RV22MC037"
        },
        {
          "ip": "172.16.3.154",
          "name": "1RV22MC038"
        },
        {
          "ip": "172.16.3.196",
          "name": "1RV22MC039"
        },
        {
          "ip": "172.16.3.143",
          "name": "1RV22MC040"
        },
        {
          "ip": "172.16.3.161",
          "name": "1RV22MC041"
        },
        {
          "ip": "172.16.3.232",
          "name": "1RV22MC042"
        },
        {
          "ip": "172.16.3.149",
          "name": "1RV22MC043"
        },
        {
          "ip": "172.16.3.147",
          "name": "1RV22MC044"
        },
        {
          "ip": "172.16.3.170",
          "name": "1RV22MC045"
        },
        {
          "ip": "172.16.3.171",
          "name": "1RV22MC046"
        },
        {
          "ip": "172.16.3.178",
          "name": "1RV22MC047"
        },
        {
          "ip": "172.16.3.237",
          "name": "1RV22MC048"
        },
        {
          "ip": "172.16.3.209",
          "name": "1RV22MC049"
        },
        {
          "ip": "172.16.3.223",
          "name": "1RV22MC050"
        },
        {
          "ip": "172.16.3.139",
          "name": "1RV22MC051"
        },
        {
          "ip": "172.16.3.239",
          "name": "1RV22MC052"
        },
        {
          "ip": "172.16.3.249",
          "name": "1RV22MC053"
        },
        {
          "ip": "172.16.3.167",
          "name": "1RV22MC054"
        },
        {
          "ip": "172.16.3.190",
          "name": "1RV22MC055"
        },
        {
          "ip": "172.16.3.179",
          "name": "1RV22MC056"
        },
        {
          "ip": "172.16.3.216",
          "name": "1RV22MC057"
        },
        {
          "ip": "172.16.3.195",
          "name": "1RV22MC058"
        },
        {
          "ip": "172.16.3.174",
          "name": "1RV22MC059"
        },
        {
          "ip": "172.16.3.238",
          "name": "1RV22MC060"
        },
        {
          "ip": "172.16.3.243",
          "name": "1RV22MC061"
        },
        {
          "ip": "172.16.3.228",
          "name": "1RV22MC062"
        },
        {
          "ip": "172.16.3.199",
          "name": "1RV22MC063"
        },
        {
          "ip": "172.16.3.135",
          "name": "1RV22MC064"
        },
        {
          "ip": "172.16.3.150",
          "name": "1RV22MC065"
        },
        {
          "ip": "172.16.3.152",
          "name": "1RV22MC066"
        },
        {
          "ip": "172.16.3.184",
          "name": "1RV22MC067"
        },
        {
          "ip": "172.16.3.203",
          "name": "1RV22MC068"
        },
        {
          "ip": "172.16.3.229",
          "name": "1RV22MC069"
        },
        {
          "ip": "172.16.3.197",
          "name": "1RV22MC070"
        },
        {
          "ip": "172.16.3.165",
          "name": "1RV22MC071"
        },
        {
          "ip": "172.16.3.246",
          "name": "1RV22MC072"
        },
        {
          "ip": "172.16.3.231",
          "name": "1RV22MC073"
        },
        {
          "ip": "172.16.3.248",
          "name": "1RV22MC074"
        },
        {
          "ip": "172.16.3.224",
          "name": "1RV22MC075"
        },
        {
          "ip": "172.16.3.141",
          "name": "1RV22MC076"
        },
        {
          "ip": "172.16.3.151",
          "name": "1RV22MC077"
        },
        {
          "ip": "172.16.3.166",
          "name": "1RV22MC078"
        },
        {
          "ip": "172.16.3.134",
          "name": "1RV22MC079"
        },
        {
          "ip": "172.16.3.164",
          "name": "1RV22MC080"
        },
        {
          "ip": "172.16.3.191",
          "name": "1RV22MC081"
        },
        {
          "ip": "172.16.3.180",
          "name": "1RV22MC082"
        },
        {
          "ip": "172.16.3.194",
          "name": "1RV22MC083"
        },
        {
          "ip": "172.16.3.129",
          "name": "1RV22MC084"
        },
        {
          "ip": "172.16.3.201",
          "name": "1RV22MC085"
        },
        {
          "ip": "172.16.3.217",
          "name": "1RV22MC086"
        },
        {
          "ip": "172.16.3.159",
          "name": "1RV22MC087"
        },
        {
          "ip": "172.16.3.206",
          "name": "1RV22MC088"
        },
        {
          "ip": "172.16.3.192",
          "name": "1RV22MC089"
        },
        {
          "ip": "172.16.3.218",
          "name": "1RV22MC090"
        },
        {
          "ip": "172.16.3.230",
          "name": "1RV22MC091"
        },
        {
          "ip": "172.16.3.158",
          "name": "1RV22MC092"
        },
        {
          "ip": "172.16.3.153",
          "name": "1RV22MC093"
        },
        {
          "ip": "172.16.3.207",
          "name": "1RV22MC094"
        },
        {
          "ip": "172.16.3.175",
          "name": "1RV22MC095"
        },
        {
          "ip": "172.16.3.162",
          "name": "1RV22MC096"
        },
        {
          "ip": "172.16.3.145",
          "name": "1RV22MC097"
        },
        {
          "ip": "172.16.3.155",
          "name": "1RV22MC098"
        },
        {
          "ip": "172.16.3.142",
          "name": "1RV22MC099"
        },
        {
          "ip": "172.16.3.219",
          "name": "1RV22MC100"
        },
        {
          "ip": "172.16.3.137",
          "name": "1RV22MC101"
        },
        {
          "ip": "172.16.3.198",
          "name": "1RV22MC102"
        },
        {
          "ip": "172.16.3.138",
          "name": "1RV22MC103"
        },
        {
          "ip": "172.16.3.133",
          "name": "1RV22MC104"
        },
        {
          "ip": "172.16.3.233",
          "name": "1RV22MC105"
        },
        {
          "ip": "172.16.3.204",
          "name": "1RV22MC106"
        },
        {
          "ip": "172.16.3.210",
          "name": "1RV22MC107"
        },
        {
          "ip": "172.16.3.208",
          "name": "1RV22MC108"
        },
        {
          "ip": "172.16.3.212",
          "name": "1RV22MC109"
        },
        {
          "ip": "172.16.3.163",
          "name": "1RV22MC110"
        },
        {
          "ip": "172.16.3.222",
          "name": "1RV22MC111"
        },
        {
          "ip": "172.16.3.225",
          "name": "1RV22MC112"
        },
        {
          "ip": "172.16.3.183",
          "name": "1RV22MC113"
        },
        {
          "ip": "172.16.3.186",
          "name": "1RV22MC114"
        },
        {
          "ip": "172.16.3.185",
          "name": "1RV22MC115"
        },
        {
          "ip": "172.16.3.172",
          "name": "1RV22MC116"
        },
        {
          "ip": "172.16.3.176",
          "name": "1RV22MC117"
        },
        {
          "ip": "172.16.3.157",
          "name": "1RV22MC118"
        },
        {
          "ip": "172.16.3.247",
          "name": "1RV22MC119"
        },
        {
          "ip": "172.16.3.205",
          "name": "1RV22MC120"
        },
        {
          "ip": "172.16.3.220",
          "name": "1RV22MC121"
        },
        {
          "ip": "172.16.3.132",
          "name": "1RV22MC122"
        }
      ],
      "type": [
        "tuple",
        [
          [
            "object",
            {
              "ip": "string",
              "name": "string"
            }
          ],
          [
            "object",
            {
              "ip": "string",
              "name": "string"
            }
          ],
          [
            "object",
            {
              "ip": "string",
              "name": "string"
            }
          ],
          [
            "object",
            {
              "ip": "string",
              "name": "string"
            }
          ],
          [
            "object",
            {
              "ip": "string",
              "name": "string"
            }
          ],
          [
            "object",
            {
              "ip": "string",
              "name": "string"
            }
          ],
          [
            "object",
            {
              "ip": "string",
              "name": "string"
            }
          ],
          [
            "object",
            {
              "ip": "string",
              "name": "string"
            }
          ],
          [
            "object",
            {
              "ip": "string",
              "name": "string"
            }
          ],
          [
            "object",
            {
              "ip": "string",
              "name": "string"
            }
          ],
          [
            "object",
            {
              "ip": "string",
              "name": "string"
            }
          ],
          [
            "object",
            {
              "ip": "string",
              "name": "string"
            }
          ],
          [
            "object",
            {
              "ip": "string",
              "name": "string"
            }
          ],
          [
            "object",
            {
              "ip": "string",
              "name": "string"
            }
          ],
          [
            "object",
            {
              "ip": "string",
              "name": "string"
            }
          ],
          [
            "object",
            {
              "ip": "string",
              "name": "string"
            }
          ],
          [
            "object",
            {
              "ip": "string",
              "name": "string"
            }
          ],
          [
            "object",
            {
              "ip": "string",
              "name": "string"
            }
          ],
          [
            "object",
            {
              "ip": "string",
              "name": "string"
            }
          ],
          [
            "object",
            {
              "ip": "string",
              "name": "string"
            }
          ],
          [
            "object",
            {
              "ip": "string",
              "name": "string"
            }
          ],
          [
            "object",
            {
              "ip": "string",
              "name": "string"
            }
          ],
          [
            "object",
            {
              "ip": "string",
              "name": "string"
            }
          ],
          [
            "object",
            {
              "ip": "string",
              "name": "string"
            }
          ],
          [
            "object",
            {
              "ip": "string",
              "name": "string"
            }
          ],
          [
            "object",
            {
              "ip": "string",
              "name": "string"
            }
          ],
          [
            "object",
            {
              "ip": "string",
              "name": "string"
            }
          ],
          [
            "object",
            {
              "ip": "string",
              "name": "string"
            }
          ],
          [
            "object",
            {
              "ip": "string",
              "name": "string"
            }
          ],
          [
            "object",
            {
              "ip": "string",
              "name": "string"
            }
          ],
          [
            "object",
            {
              "ip": "string",
              "name": "string"
            }
          ],
          [
            "object",
            {
              "ip": "string",
              "name": "string"
            }
          ],
          [
            "object",
            {
              "ip": "string",
              "name": "string"
            }
          ],
          [
            "object",
            {
              "ip": "string",
              "name": "string"
            }
          ],
          [
            "object",
            {
              "ip": "string",
              "name": "string"
            }
          ],
          [
            "object",
            {
              "ip": "string",
              "name": "string"
            }
          ],
          [
            "object",
            {
              "ip": "string",
              "name": "string"
            }
          ],
          [
            "object",
            {
              "ip": "string",
              "name": "string"
            }
          ],
          [
            "object",
            {
              "ip": "string",
              "name": "string"
            }
          ],
          [
            "object",
            {
              "ip": "string",
              "name": "string"
            }
          ],
          [
            "object",
            {
              "ip": "string",
              "name": "string"
            }
          ],
          [
            "object",
            {
              "ip": "string",
              "name": "string"
            }
          ],
          [
            "object",
            {
              "ip": "string",
              "name": "string"
            }
          ],
          [
            "object",
            {
              "ip": "string",
              "name": "string"
            }
          ],
          [
            "object",
            {
              "ip": "string",
              "name": "string"
            }
          ],
          [
            "object",
            {
              "ip": "string",
              "name": "string"
            }
          ],
          [
            "object",
            {
              "ip": "string",
              "name": "string"
            }
          ],
          [
            "object",
            {
              "ip": "string",
              "name": "string"
            }
          ],
          [
            "object",
            {
              "ip": "string",
              "name": "string"
            }
          ],
          [
            "object",
            {
              "ip": "string",
              "name": "string"
            }
          ],
          [
            "object",
            {
              "ip": "string",
              "name": "string"
            }
          ],
          [
            "object",
            {
              "ip": "string",
              "name": "string"
            }
          ],
          [
            "object",
            {
              "ip": "string",
              "name": "string"
            }
          ],
          [
            "object",
            {
              "ip": "string",
              "name": "string"
            }
          ],
          [
            "object",
            {
              "ip": "string",
              "name": "string"
            }
          ],
          [
            "object",
            {
              "ip": "string",
              "name": "string"
            }
          ],
          [
            "object",
            {
              "ip": "string",
              "name": "string"
            }
          ],
          [
            "object",
            {
              "ip": "string",
              "name": "string"
            }
          ],
          [
            "object",
            {
              "ip": "string",
              "name": "string"
            }
          ],
          [
            "object",
            {
              "ip": "string",
              "name": "string"
            }
          ],
          [
            "object",
            {
              "ip": "string",
              "name": "string"
            }
          ],
          [
            "object",
            {
              "ip": "string",
              "name": "string"
            }
          ],
          [
            "object",
            {
              "ip": "string",
              "name": "string"
            }
          ],
          [
            "object",
            {
              "ip": "string",
              "name": "string"
            }
          ],
          [
            "object",
            {
              "ip": "string",
              "name": "string"
            }
          ],
          [
            "object",
            {
              "ip": "string",
              "name": "string"
            }
          ],
          [
            "object",
            {
              "ip": "string",
              "name": "string"
            }
          ],
          [
            "object",
            {
              "ip": "string",
              "name": "string"
            }
          ],
          [
            "object",
            {
              "ip": "string",
              "name": "string"
            }
          ],
          [
            "object",
            {
              "ip": "string",
              "name": "string"
            }
          ],
          [
            "object",
            {
              "ip": "string",
              "name": "string"
            }
          ],
          [
            "object",
            {
              "ip": "string",
              "name": "string"
            }
          ],
          [
            "object",
            {
              "ip": "string",
              "name": "string"
            }
          ],
          [
            "object",
            {
              "ip": "string",
              "name": "string"
            }
          ],
          [
            "object",
            {
              "ip": "string",
              "name": "string"
            }
          ],
          [
            "object",
            {
              "ip": "string",
              "name": "string"
            }
          ],
          [
            "object",
            {
              "ip": "string",
              "name": "string"
            }
          ],
          [
            "object",
            {
              "ip": "string",
              "name": "string"
            }
          ],
          [
            "object",
            {
              "ip": "string",
              "name": "string"
            }
          ],
          [
            "object",
            {
              "ip": "string",
              "name": "string"
            }
          ],
          [
            "object",
            {
              "ip": "string",
              "name": "string"
            }
          ],
          [
            "object",
            {
              "ip": "string",
              "name": "string"
            }
          ],
          [
            "object",
            {
              "ip": "string",
              "name": "string"
            }
          ],
          [
            "object",
            {
              "ip": "string",
              "name": "string"
            }
          ],
          [
            "object",
            {
              "ip": "string",
              "name": "string"
            }
          ],
          [
            "object",
            {
              "ip": "string",
              "name": "string"
            }
          ],
          [
            "object",
            {
              "ip": "string",
              "name": "string"
            }
          ],
          [
            "object",
            {
              "ip": "string",
              "name": "string"
            }
          ],
          [
            "object",
            {
              "ip": "string",
              "name": "string"
            }
          ],
          [
            "object",
            {
              "ip": "string",
              "name": "string"
            }
          ],
          [
            "object",
            {
              "ip": "string",
              "name": "string"
            }
          ],
          [
            "object",
            {
              "ip": "string",
              "name": "string"
            }
          ],
          [
            "object",
            {
              "ip": "string",
              "name": "string"
            }
          ],
          [
            "object",
            {
              "ip": "string",
              "name": "string"
            }
          ],
          [
            "object",
            {
              "ip": "string",
              "name": "string"
            }
          ],
          [
            "object",
            {
              "ip": "string",
              "name": "string"
            }
          ],
          [
            "object",
            {
              "ip": "string",
              "name": "string"
            }
          ],
          [
            "object",
            {
              "ip": "string",
              "name": "string"
            }
          ],
          [
            "object",
            {
              "ip": "string",
              "name": "string"
            }
          ],
          [
            "object",
            {
              "ip": "string",
              "name": "string"
            }
          ],
          [
            "object",
            {
              "ip": "string",
              "name": "string"
            }
          ],
          [
            "object",
            {
              "ip": "string",
              "name": "string"
            }
          ],
          [
            "object",
            {
              "ip": "string",
              "name": "string"
            }
          ],
          [
            "object",
            {
              "ip": "string",
              "name": "string"
            }
          ],
          [
            "object",
            {
              "ip": "string",
              "name": "string"
            }
          ],
          [
            "object",
            {
              "ip": "string",
              "name": "string"
            }
          ],
          [
            "object",
            {
              "ip": "string",
              "name": "string"
            }
          ],
          [
            "object",
            {
              "ip": "string",
              "name": "string"
            }
          ],
          [
            "object",
            {
              "ip": "string",
              "name": "string"
            }
          ],
          [
            "object",
            {
              "ip": "string",
              "name": "string"
            }
          ],
          [
            "object",
            {
              "ip": "string",
              "name": "string"
            }
          ],
          [
            "object",
            {
              "ip": "string",
              "name": "string"
            }
          ],
          [
            "object",
            {
              "ip": "string",
              "name": "string"
            }
          ],
          [
            "object",
            {
              "ip": "string",
              "name": "string"
            }
          ],
          [
            "object",
            {
              "ip": "string",
              "name": "string"
            }
          ],
          [
            "object",
            {
              "ip": "string",
              "name": "string"
            }
          ],
          [
            "object",
            {
              "ip": "string",
              "name": "string"
            }
          ],
          [
            "object",
            {
              "ip": "string",
              "name": "string"
            }
          ],
          [
            "object",
            {
              "ip": "string",
              "name": "string"
            }
          ],
          [
            "object",
            {
              "ip": "string",
              "name": "string"
            }
          ],
          [
            "object",
            {
              "ip": "string",
              "name": "string"
            }
          ],
          [
            "object",
            {
              "ip": "string",
              "name": "string"
            }
          ]
        ]
      ]
    }
  },
  "resources": [
    {
      "mode": "managed",
      "type": "docker-utils_exec",
      "name": "exec",
      "provider": "provider[\"registry.terraform.io/kaginari/docker-utils\"]",
      "instances": [
        {
          "index_key": 0,
          "schema_version": 0,
          "attributes": {
            "attach_stderr": false,
            "attach_stdin": false,
            "attach_stdout": false,
            "commands": [
              "/bin/bash",
              "-c",
              "useradd -s /bin/bash -p $(mkpasswd --hash=SHA-512 '7B_\u0026X') -m 1RV22MC001 \u0026\u0026 usermod -aG sudo 1RV22MC001 \u0026\u0026 service ssh start"
            ],
            "container_name": "1RV22MC001",
            "destroy_commands": null,
            "destroy_environment": null,
            "detach": false,
            "environment": null,
            "id": "98832356534b6d624b81b8a127613e8899320cdeac86ff2d75da2b9dbf2890b7",
            "privileged": false,
            "tty": false,
            "user": null,
            "working_dir": null
          },
          "sensitive_attributes": [
            [
              {
                "type": "get_attr",
                "value": "commands"
              },
              {
                "type": "index",
                "value": {
                  "value": 2,
                  "type": "number"
                }
              }
            ]
          ],
          "private": "bnVsbA==",
          "dependencies": [
            "docker_container.logins",
            "docker_image.rvce-mca-lss-login",
            "docker_network.macvlan",
            "random_password.ps"
          ]
        },
        {
          "index_key": 1,
          "schema_version": 0,
          "attributes": {
            "attach_stderr": false,
            "attach_stdin": false,
            "attach_stdout": false,
            "commands": [
              "/bin/bash",
              "-c",
              "useradd -s /bin/bash -p $(mkpasswd --hash=SHA-512 'KoKr+') -m 1RV22MC002 \u0026\u0026 usermod -aG sudo 1RV22MC002 \u0026\u0026 service ssh start"
            ],
            "container_name": "1RV22MC002",
            "destroy_commands": null,
            "destroy_environment": null,
            "detach": false,
            "environment": null,
            "id": "3523fcc80a4a09db7653792d72af96baae0bf595099c25a91826f7ce666ab427",
            "privileged": false,
            "tty": false,
            "user": null,
            "working_dir": null
          },
          "sensitive_attributes": [
            [
              {
                "type": "get_attr",
                "value": "commands"
              },
              {
                "type": "index",
                "value": {
                  "value": 2,
                  "type": "number"
                }
              }
            ]
          ],
          "private": "bnVsbA==",
          "dependencies": [
            "docker_container.logins",
            "docker_image.rvce-mca-lss-login",
            "docker_network.macvlan",
            "random_password.ps"
          ]
        },
        {
          "index_key": 2,
          "schema_version": 0,
          "attributes": {
            "attach_stderr": false,
            "attach_stdin": false,
            "attach_stdout": false,
            "commands": [
              "/bin/bash",
              "-c",
              "useradd -s /bin/bash -p $(mkpasswd --hash=SHA-512 'lae9H') -m 1RV22MC003 \u0026\u0026 usermod -aG sudo 1RV22MC003 \u0026\u0026 service ssh start"
            ],
            "container_name": "1RV22MC003",
            "destroy_commands": null,
            "destroy_environment": null,
            "detach": false,
            "environment": null,
            "id": "e8ada3d872e1118559cfd21c9a42aed59b19a7fd873f617b242b221215ef720c",
            "privileged": false,
            "tty": false,
            "user": null,
            "working_dir": null
          },
          "sensitive_attributes": [
            [
              {
                "type": "get_attr",
                "value": "commands"
              },
              {
                "type": "index",
                "value": {
                  "value": 2,
                  "type": "number"
                }
              }
            ]
          ],
          "private": "bnVsbA==",
          "dependencies": [
            "docker_container.logins",
            "docker_image.rvce-mca-lss-login",
            "docker_network.macvlan",
            "random_password.ps"
          ]
        },
        {
          "index_key": 3,
          "schema_version": 0,
          "attributes": {
            "attach_stderr": false,
            "attach_stdin": false,
            "attach_stdout": false,
            "commands": [
              "/bin/bash",
              "-c",
              "useradd -s /bin/bash -p $(mkpasswd --hash=SHA-512 'P\u003e\u003e=]') -m 1RV22MC004 \u0026\u0026 usermod -aG sudo 1RV22MC004 \u0026\u0026 service ssh start"
            ],
            "container_name": "1RV22MC004",
            "destroy_commands": null,
            "destroy_environment": null,
            "detach": false,
            "environment": null,
            "id": "37a9604df63ccd0b90528a2728a1c58d0f68611494858f52ddac5528cd01324e",
            "privileged": false,
            "tty": false,
            "user": null,
            "working_dir": null
          },
          "sensitive_attributes": [
            [
              {
                "type": "get_attr",
                "value": "commands"
              },
              {
                "type": "index",
                "value": {
                  "value": 2,
                  "type": "number"
                }
              }
            ]
          ],
          "private": "bnVsbA==",
          "dependencies": [
            "docker_container.logins",
            "docker_image.rvce-mca-lss-login",
            "docker_network.macvlan",
            "random_password.ps"
          ]
        },
        {
          "index_key": 4,
          "schema_version": 0,
          "attributes": {
            "attach_stderr": false,
            "attach_stdin": false,
            "attach_stdout": false,
            "commands": [
              "/bin/bash",
              "-c",
              "useradd -s /bin/bash -p $(mkpasswd --hash=SHA-512 'oXAsI') -m 1RV22MC005 \u0026\u0026 usermod -aG sudo 1RV22MC005 \u0026\u0026 service ssh start"
            ],
            "container_name": "1RV22MC005",
            "destroy_commands": null,
            "destroy_environment": null,
            "detach": false,
            "environment": null,
            "id": "c1142263e1edd90b11f75087693454a3236198736f4af80f0599aa8d3768c607",
            "privileged": false,
            "tty": false,
            "user": null,
            "working_dir": null
          },
          "sensitive_attributes": [
            [
              {
                "type": "get_attr",
                "value": "commands"
              },
              {
                "type": "index",
                "value": {
                  "value": 2,
                  "type": "number"
                }
              }
            ]
          ],
          "private": "bnVsbA==",
          "dependencies": [
            "docker_container.logins",
            "docker_image.rvce-mca-lss-login",
            "docker_network.macvlan",
            "random_password.ps"
          ]
        },
        {
          "index_key": 5,
          "schema_version": 0,
          "attributes": {
            "attach_stderr": false,
            "attach_stdin": false,
            "attach_stdout": false,
            "commands": [
              "/bin/bash",
              "-c",
              "useradd -s /bin/bash -p $(mkpasswd --hash=SHA-512 'e6+uL') -m 1RV22MC006 \u0026\u0026 usermod -aG sudo 1RV22MC006 \u0026\u0026 service ssh start"
            ],
            "container_name": "1RV22MC006",
            "destroy_commands": null,
            "destroy_environment": null,
            "detach": false,
            "environment": null,
            "id": "c7c5dc8a1b33d97fd7151f55ccadb7f16b97146d4ba6f47649749a4d0ce6beeb",
            "privileged": false,
            "tty": false,
            "user": null,
            "working_dir": null
          },
          "sensitive_attributes": [
            [
              {
                "type": "get_attr",
                "value": "commands"
              },
              {
                "type": "index",
                "value": {
                  "value": 2,
                  "type": "number"
                }
              }
            ]
          ],
          "private": "bnVsbA==",
          "dependencies": [
            "docker_container.logins",
            "docker_image.rvce-mca-lss-login",
            "docker_network.macvlan",
            "random_password.ps"
          ]
        },
        {
          "index_key": 6,
          "schema_version": 0,
          "attributes": {
            "attach_stderr": false,
            "attach_stdin": false,
            "attach_stdout": false,
            "commands": [
              "/bin/bash",
              "-c",
              "useradd -s /bin/bash -p $(mkpasswd --hash=SHA-512 'v+X(2') -m 1RV22MC007 \u0026\u0026 usermod -aG sudo 1RV22MC007 \u0026\u0026 service ssh start"
            ],
            "container_name": "1RV22MC007",
            "destroy_commands": null,
            "destroy_environment": null,
            "detach": false,
            "environment": null,
            "id": "0699037f1de8b69d0befcde50061c40247c33f20b07636678dcfe1295ca493db",
            "privileged": false,
            "tty": false,
            "user": null,
            "working_dir": null
          },
          "sensitive_attributes": [
            [
              {
                "type": "get_attr",
                "value": "commands"
              },
              {
                "type": "index",
                "value": {
                  "value": 2,
                  "type": "number"
                }
              }
            ]
          ],
          "private": "bnVsbA==",
          "dependencies": [
            "docker_container.logins",
            "docker_image.rvce-mca-lss-login",
            "docker_network.macvlan",
            "random_password.ps"
          ]
        },
        {
          "index_key": 7,
          "schema_version": 0,
          "attributes": {
            "attach_stderr": false,
            "attach_stdin": false,
            "attach_stdout": false,
            "commands": [
              "/bin/bash",
              "-c",
              "useradd -s /bin/bash -p $(mkpasswd --hash=SHA-512 'wrvi3') -m 1RV22MC008 \u0026\u0026 usermod -aG sudo 1RV22MC008 \u0026\u0026 service ssh start"
            ],
            "container_name": "1RV22MC008",
            "destroy_commands": null,
            "destroy_environment": null,
            "detach": false,
            "environment": null,
            "id": "36cbba656c257cd9b2032f06ab7a38bf4caf2b7a089647eb694438da859348fe",
            "privileged": false,
            "tty": false,
            "user": null,
            "working_dir": null
          },
          "sensitive_attributes": [
            [
              {
                "type": "get_attr",
                "value": "commands"
              },
              {
                "type": "index",
                "value": {
                  "value": 2,
                  "type": "number"
                }
              }
            ]
          ],
          "private": "bnVsbA==",
          "dependencies": [
            "docker_container.logins",
            "docker_image.rvce-mca-lss-login",
            "docker_network.macvlan",
            "random_password.ps"
          ]
        },
        {
          "index_key": 8,
          "schema_version": 0,
          "attributes": {
            "attach_stderr": false,
            "attach_stdin": false,
            "attach_stdout": false,
            "commands": [
              "/bin/bash",
              "-c",
              "useradd -s /bin/bash -p $(mkpasswd --hash=SHA-512 '#4aoq') -m 1RV22MC009 \u0026\u0026 usermod -aG sudo 1RV22MC009 \u0026\u0026 service ssh start"
            ],
            "container_name": "1RV22MC009",
            "destroy_commands": null,
            "destroy_environment": null,
            "detach": false,
            "environment": null,
            "id": "09c8b026b05723f692378530a2ad94eac19ca8ffa3e5f5d98e96c4a7ba4db3b4",
            "privileged": false,
            "tty": false,
            "user": null,
            "working_dir": null
          },
          "sensitive_attributes": [
            [
              {
                "type": "get_attr",
                "value": "commands"
              },
              {
                "type": "index",
                "value": {
                  "value": 2,
                  "type": "number"
                }
              }
            ]
          ],
          "private": "bnVsbA==",
          "dependencies": [
            "docker_container.logins",
            "docker_image.rvce-mca-lss-login",
            "docker_network.macvlan",
            "random_password.ps"
          ]
        },
        {
          "index_key": 9,
          "schema_version": 0,
          "attributes": {
            "attach_stderr": false,
            "attach_stdin": false,
            "attach_stdout": false,
            "commands": [
              "/bin/bash",
              "-c",
              "useradd -s /bin/bash -p $(mkpasswd --hash=SHA-512 'l_%5l') -m 1RV22MC010 \u0026\u0026 usermod -aG sudo 1RV22MC010 \u0026\u0026 service ssh start"
            ],
            "container_name": "1RV22MC010",
            "destroy_commands": null,
            "destroy_environment": null,
            "detach": false,
            "environment": null,
            "id": "bdc9f387ea41002197958ae89df7f6712b9970631d74fd9f6ba9c173e4718f32",
            "privileged": false,
            "tty": false,
            "user": null,
            "working_dir": null
          },
          "sensitive_attributes": [
            [
              {
                "type": "get_attr",
                "value": "commands"
              },
              {
                "type": "index",
                "value": {
                  "value": 2,
                  "type": "number"
                }
              }
            ]
          ],
          "private": "bnVsbA==",
          "dependencies": [
            "docker_container.logins",
            "docker_image.rvce-mca-lss-login",
            "docker_network.macvlan",
            "random_password.ps"
          ]
        },
        {
          "index_key": 10,
          "schema_version": 0,
          "attributes": {
            "attach_stderr": false,
            "attach_stdin": false,
            "attach_stdout": false,
            "commands": [
              "/bin/bash",
              "-c",
              "useradd -s /bin/bash -p $(mkpasswd --hash=SHA-512 'pFS)G') -m 1RV22MC011 \u0026\u0026 usermod -aG sudo 1RV22MC011 \u0026\u0026 service ssh start"
            ],
            "container_name": "1RV22MC011",
            "destroy_commands": null,
            "destroy_environment": null,
            "detach": false,
            "environment": null,
            "id": "fa36ab3786aa1244879cfca60e33cbd15e8c15cb6cae4257bcf421a08dea435b",
            "privileged": false,
            "tty": false,
            "user": null,
            "working_dir": null
          },
          "sensitive_attributes": [
            [
              {
                "type": "get_attr",
                "value": "commands"
              },
              {
                "type": "index",
                "value": {
                  "value": 2,
                  "type": "number"
                }
              }
            ]
          ],
          "private": "bnVsbA==",
          "dependencies": [
            "docker_container.logins",
            "docker_image.rvce-mca-lss-login",
            "docker_network.macvlan",
            "random_password.ps"
          ]
        },
        {
          "index_key": 11,
          "schema_version": 0,
          "attributes": {
            "attach_stderr": false,
            "attach_stdin": false,
            "attach_stdout": false,
            "commands": [
              "/bin/bash",
              "-c",
              "useradd -s /bin/bash -p $(mkpasswd --hash=SHA-512 'y6hQm') -m 1RV22MC012 \u0026\u0026 usermod -aG sudo 1RV22MC012 \u0026\u0026 service ssh start"
            ],
            "container_name": "1RV22MC012",
            "destroy_commands": null,
            "destroy_environment": null,
            "detach": false,
            "environment": null,
            "id": "a23b701aaf137af5284ac1bd5b466727675181554de13d6d06c7fcb3a41e8236",
            "privileged": false,
            "tty": false,
            "user": null,
            "working_dir": null
          },
          "sensitive_attributes": [
            [
              {
                "type": "get_attr",
                "value": "commands"
              },
              {
                "type": "index",
                "value": {
                  "value": 2,
                  "type": "number"
                }
              }
            ]
          ],
          "private": "bnVsbA==",
          "dependencies": [
            "docker_container.logins",
            "docker_image.rvce-mca-lss-login",
            "docker_network.macvlan",
            "random_password.ps"
          ]
        },
        {
          "index_key": 12,
          "schema_version": 0,
          "attributes": {
            "attach_stderr": false,
            "attach_stdin": false,
            "attach_stdout": false,
            "commands": [
              "/bin/bash",
              "-c",
              "useradd -s /bin/bash -p $(mkpasswd --hash=SHA-512 '3\u003c:7R') -m 1RV22MC013 \u0026\u0026 usermod -aG sudo 1RV22MC013 \u0026\u0026 service ssh start"
            ],
            "container_name": "1RV22MC013",
            "destroy_commands": null,
            "destroy_environment": null,
            "detach": false,
            "environment": null,
            "id": "adba4c454e37f48a156e8f3a073c0f5c134a93a6c38af1dc30e14a70af60dcc4",
            "privileged": false,
            "tty": false,
            "user": null,
            "working_dir": null
          },
          "sensitive_attributes": [
            [
              {
                "type": "get_attr",
                "value": "commands"
              },
              {
                "type": "index",
                "value": {
                  "value": 2,
                  "type": "number"
                }
              }
            ]
          ],
          "private": "bnVsbA==",
          "dependencies": [
            "docker_container.logins",
            "docker_image.rvce-mca-lss-login",
            "docker_network.macvlan",
            "random_password.ps"
          ]
        },
        {
          "index_key": 13,
          "schema_version": 0,
          "attributes": {
            "attach_stderr": false,
            "attach_stdin": false,
            "attach_stdout": false,
            "commands": [
              "/bin/bash",
              "-c",
              "useradd -s /bin/bash -p $(mkpasswd --hash=SHA-512 '9aig8') -m 1RV22MC014 \u0026\u0026 usermod -aG sudo 1RV22MC014 \u0026\u0026 service ssh start"
            ],
            "container_name": "1RV22MC014",
            "destroy_commands": null,
            "destroy_environment": null,
            "detach": false,
            "environment": null,
            "id": "f9b3158f8c04c7a446c7450d5e6198c5c7dc22e399e047d0566ed47cd39effcb",
            "privileged": false,
            "tty": false,
            "user": null,
            "working_dir": null
          },
          "sensitive_attributes": [
            [
              {
                "type": "get_attr",
                "value": "commands"
              },
              {
                "type": "index",
                "value": {
                  "value": 2,
                  "type": "number"
                }
              }
            ]
          ],
          "private": "bnVsbA==",
          "dependencies": [
            "docker_container.logins",
            "docker_image.rvce-mca-lss-login",
            "docker_network.macvlan",
            "random_password.ps"
          ]
        },
        {
          "index_key": 14,
          "schema_version": 0,
          "attributes": {
            "attach_stderr": false,
            "attach_stdin": false,
            "attach_stdout": false,
            "commands": [
              "/bin/bash",
              "-c",
              "useradd -s /bin/bash -p $(mkpasswd --hash=SHA-512 '3\u0026_n#') -m 1RV22MC015 \u0026\u0026 usermod -aG sudo 1RV22MC015 \u0026\u0026 service ssh start"
            ],
            "container_name": "1RV22MC015",
            "destroy_commands": null,
            "destroy_environment": null,
            "detach": false,
            "environment": null,
            "id": "5ced29d17cbf26d0fa610d512bbb23aefe1450bbbb76c4b13697eafb744c5d7a",
            "privileged": false,
            "tty": false,
            "user": null,
            "working_dir": null
          },
          "sensitive_attributes": [
            [
              {
                "type": "get_attr",
                "value": "commands"
              },
              {
                "type": "index",
                "value": {
                  "value": 2,
                  "type": "number"
                }
              }
            ]
          ],
          "private": "bnVsbA==",
          "dependencies": [
            "docker_container.logins",
            "docker_image.rvce-mca-lss-login",
            "docker_network.macvlan",
            "random_password.ps"
          ]
        },
        {
          "index_key": 15,
          "schema_version": 0,
          "attributes": {
            "attach_stderr": false,
            "attach_stdin": false,
            "attach_stdout": false,
            "commands": [
              "/bin/bash",
              "-c",
              "useradd -s /bin/bash -p $(mkpasswd --hash=SHA-512 'Mps_y') -m 1RV22MC016 \u0026\u0026 usermod -aG sudo 1RV22MC016 \u0026\u0026 service ssh start"
            ],
            "container_name": "1RV22MC016",
            "destroy_commands": null,
            "destroy_environment": null,
            "detach": false,
            "environment": null,
            "id": "266c5365d796af96549a45b1c52a45de284ca6d4391ea052141928c91efc8446",
            "privileged": false,
            "tty": false,
            "user": null,
            "working_dir": null
          },
          "sensitive_attributes": [
            [
              {
                "type": "get_attr",
                "value": "commands"
              },
              {
                "type": "index",
                "value": {
                  "value": 2,
                  "type": "number"
                }
              }
            ]
          ],
          "private": "bnVsbA==",
          "dependencies": [
            "docker_container.logins",
            "docker_image.rvce-mca-lss-login",
            "docker_network.macvlan",
            "random_password.ps"
          ]
        },
        {
          "index_key": 16,
          "schema_version": 0,
          "attributes": {
            "attach_stderr": false,
            "attach_stdin": false,
            "attach_stdout": false,
            "commands": [
              "/bin/bash",
              "-c",
              "useradd -s /bin/bash -p $(mkpasswd --hash=SHA-512 'bYMB:') -m 1RV22MC017 \u0026\u0026 usermod -aG sudo 1RV22MC017 \u0026\u0026 service ssh start"
            ],
            "container_name": "1RV22MC017",
            "destroy_commands": null,
            "destroy_environment": null,
            "detach": false,
            "environment": null,
            "id": "b25175319fe522cbe33c43ca92b2ad01b21f6af4ce2ae7dfc55da0447c1ced45",
            "privileged": false,
            "tty": false,
            "user": null,
            "working_dir": null
          },
          "sensitive_attributes": [
            [
              {
                "type": "get_attr",
                "value": "commands"
              },
              {
                "type": "index",
                "value": {
                  "value": 2,
                  "type": "number"
                }
              }
            ]
          ],
          "private": "bnVsbA==",
          "dependencies": [
            "docker_container.logins",
            "docker_image.rvce-mca-lss-login",
            "docker_network.macvlan",
            "random_password.ps"
          ]
        },
        {
          "index_key": 17,
          "schema_version": 0,
          "attributes": {
            "attach_stderr": false,
            "attach_stdin": false,
            "attach_stdout": false,
            "commands": [
              "/bin/bash",
              "-c",
              "useradd -s /bin/bash -p $(mkpasswd --hash=SHA-512 'u[Y5k') -m 1RV22MC018 \u0026\u0026 usermod -aG sudo 1RV22MC018 \u0026\u0026 service ssh start"
            ],
            "container_name": "1RV22MC018",
            "destroy_commands": null,
            "destroy_environment": null,
            "detach": false,
            "environment": null,
            "id": "be2550e5f8fc755301e9d64eff465d6f27245febd366305f44163ed753f266ad",
            "privileged": false,
            "tty": false,
            "user": null,
            "working_dir": null
          },
          "sensitive_attributes": [
            [
              {
                "type": "get_attr",
                "value": "commands"
              },
              {
                "type": "index",
                "value": {
                  "value": 2,
                  "type": "number"
                }
              }
            ]
          ],
          "private": "bnVsbA==",
          "dependencies": [
            "docker_container.logins",
            "docker_image.rvce-mca-lss-login",
            "docker_network.macvlan",
            "random_password.ps"
          ]
        },
        {
          "index_key": 18,
          "schema_version": 0,
          "attributes": {
            "attach_stderr": false,
            "attach_stdin": false,
            "attach_stdout": false,
            "commands": [
              "/bin/bash",
              "-c",
              "useradd -s /bin/bash -p $(mkpasswd --hash=SHA-512 'U#crF') -m 1RV22MC019 \u0026\u0026 usermod -aG sudo 1RV22MC019 \u0026\u0026 service ssh start"
            ],
            "container_name": "1RV22MC019",
            "destroy_commands": null,
            "destroy_environment": null,
            "detach": false,
            "environment": null,
            "id": "846230d436a0e93679f7f21b80c5a75fb5ccd7fb19bf5b8ffb505232cc4acf15",
            "privileged": false,
            "tty": false,
            "user": null,
            "working_dir": null
          },
          "sensitive_attributes": [
            [
              {
                "type": "get_attr",
                "value": "commands"
              },
              {
                "type": "index",
                "value": {
                  "value": 2,
                  "type": "number"
                }
              }
            ]
          ],
          "private": "bnVsbA==",
          "dependencies": [
            "docker_container.logins",
            "docker_image.rvce-mca-lss-login",
            "docker_network.macvlan",
            "random_password.ps"
          ]
        },
        {
          "index_key": 19,
          "schema_version": 0,
          "attributes": {
            "attach_stderr": false,
            "attach_stdin": false,
            "attach_stdout": false,
            "commands": [
              "/bin/bash",
              "-c",
              "useradd -s /bin/bash -p $(mkpasswd --hash=SHA-512 'tfVf=') -m 1RV22MC020 \u0026\u0026 usermod -aG sudo 1RV22MC020 \u0026\u0026 service ssh start"
            ],
            "container_name": "1RV22MC020",
            "destroy_commands": null,
            "destroy_environment": null,
            "detach": false,
            "environment": null,
            "id": "10903b8115148dd3774c8f6c60ad2e65b9f36b00b27298ed1b6fba44ca1d061d",
            "privileged": false,
            "tty": false,
            "user": null,
            "working_dir": null
          },
          "sensitive_attributes": [
            [
              {
                "type": "get_attr",
                "value": "commands"
              },
              {
                "type": "index",
                "value": {
                  "value": 2,
                  "type": "number"
                }
              }
            ]
          ],
          "private": "bnVsbA==",
          "dependencies": [
            "docker_container.logins",
            "docker_image.rvce-mca-lss-login",
            "docker_network.macvlan",
            "random_password.ps"
          ]
        },
        {
          "index_key": 20,
          "schema_version": 0,
          "attributes": {
            "attach_stderr": false,
            "attach_stdin": false,
            "attach_stdout": false,
            "commands": [
              "/bin/bash",
              "-c",
              "useradd -s /bin/bash -p $(mkpasswd --hash=SHA-512 'CdXge') -m 1RV22MC021 \u0026\u0026 usermod -aG sudo 1RV22MC021 \u0026\u0026 service ssh start"
            ],
            "container_name": "1RV22MC021",
            "destroy_commands": null,
            "destroy_environment": null,
            "detach": false,
            "environment": null,
            "id": "582486f92af21671a3b95b868e33abf03976ac0b62629f73a8567bcf7f8fd571",
            "privileged": false,
            "tty": false,
            "user": null,
            "working_dir": null
          },
          "sensitive_attributes": [
            [
              {
                "type": "get_attr",
                "value": "commands"
              },
              {
                "type": "index",
                "value": {
                  "value": 2,
                  "type": "number"
                }
              }
            ]
          ],
          "private": "bnVsbA==",
          "dependencies": [
            "docker_container.logins",
            "docker_image.rvce-mca-lss-login",
            "docker_network.macvlan",
            "random_password.ps"
          ]
        },
        {
          "index_key": 21,
          "schema_version": 0,
          "attributes": {
            "attach_stderr": false,
            "attach_stdin": false,
            "attach_stdout": false,
            "commands": [
              "/bin/bash",
              "-c",
              "useradd -s /bin/bash -p $(mkpasswd --hash=SHA-512 'CE!)g') -m 1RV22MC022 \u0026\u0026 usermod -aG sudo 1RV22MC022 \u0026\u0026 service ssh start"
            ],
            "container_name": "1RV22MC022",
            "destroy_commands": null,
            "destroy_environment": null,
            "detach": false,
            "environment": null,
            "id": "fa3fd4f86a464df5b77389296a81929abe64e2421701b2466c5962be0fede336",
            "privileged": false,
            "tty": false,
            "user": null,
            "working_dir": null
          },
          "sensitive_attributes": [
            [
              {
                "type": "get_attr",
                "value": "commands"
              },
              {
                "type": "index",
                "value": {
                  "value": 2,
                  "type": "number"
                }
              }
            ]
          ],
          "private": "bnVsbA==",
          "dependencies": [
            "docker_container.logins",
            "docker_image.rvce-mca-lss-login",
            "docker_network.macvlan",
            "random_password.ps"
          ]
        },
        {
          "index_key": 22,
          "schema_version": 0,
          "attributes": {
            "attach_stderr": false,
            "attach_stdin": false,
            "attach_stdout": false,
            "commands": [
              "/bin/bash",
              "-c",
              "useradd -s /bin/bash -p $(mkpasswd --hash=SHA-512 'zvK0S') -m 1RV22MC023 \u0026\u0026 usermod -aG sudo 1RV22MC023 \u0026\u0026 service ssh start"
            ],
            "container_name": "1RV22MC023",
            "destroy_commands": null,
            "destroy_environment": null,
            "detach": false,
            "environment": null,
            "id": "1b19a24b8baf898e82dc333998eb4c05f8be0340b2f6effc7d32f29c7466c0c9",
            "privileged": false,
            "tty": false,
            "user": null,
            "working_dir": null
          },
          "sensitive_attributes": [
            [
              {
                "type": "get_attr",
                "value": "commands"
              },
              {
                "type": "index",
                "value": {
                  "value": 2,
                  "type": "number"
                }
              }
            ]
          ],
          "private": "bnVsbA==",
          "dependencies": [
            "docker_container.logins",
            "docker_image.rvce-mca-lss-login",
            "docker_network.macvlan",
            "random_password.ps"
          ]
        },
        {
          "index_key": 23,
          "schema_version": 0,
          "attributes": {
            "attach_stderr": false,
            "attach_stdin": false,
            "attach_stdout": false,
            "commands": [
              "/bin/bash",
              "-c",
              "useradd -s /bin/bash -p $(mkpasswd --hash=SHA-512 'Fp=lw') -m 1RV22MC024 \u0026\u0026 usermod -aG sudo 1RV22MC024 \u0026\u0026 service ssh start"
            ],
            "container_name": "1RV22MC024",
            "destroy_commands": null,
            "destroy_environment": null,
            "detach": false,
            "environment": null,
            "id": "de6fe675899ac4116849a756400a38c408522c5415273fd7a22f99202f873922",
            "privileged": false,
            "tty": false,
            "user": null,
            "working_dir": null
          },
          "sensitive_attributes": [
            [
              {
                "type": "get_attr",
                "value": "commands"
              },
              {
                "type": "index",
                "value": {
                  "value": 2,
                  "type": "number"
                }
              }
            ]
          ],
          "private": "bnVsbA==",
          "dependencies": [
            "docker_container.logins",
            "docker_image.rvce-mca-lss-login",
            "docker_network.macvlan",
            "random_password.ps"
          ]
        },
        {
          "index_key": 24,
          "schema_version": 0,
          "attributes": {
            "attach_stderr": false,
            "attach_stdin": false,
            "attach_stdout": false,
            "commands": [
              "/bin/bash",
              "-c",
              "useradd -s /bin/bash -p $(mkpasswd --hash=SHA-512 '8yWQ=') -m 1RV22MC025 \u0026\u0026 usermod -aG sudo 1RV22MC025 \u0026\u0026 service ssh start"
            ],
            "container_name": "1RV22MC025",
            "destroy_commands": null,
            "destroy_environment": null,
            "detach": false,
            "environment": null,
            "id": "543e2c52182a1dbe2c863fa84828590706163663001ce69beb7442a557149ec7",
            "privileged": false,
            "tty": false,
            "user": null,
            "working_dir": null
          },
          "sensitive_attributes": [
            [
              {
                "type": "get_attr",
                "value": "commands"
              },
              {
                "type": "index",
                "value": {
                  "value": 2,
                  "type": "number"
                }
              }
            ]
          ],
          "private": "bnVsbA==",
          "dependencies": [
            "docker_container.logins",
            "docker_image.rvce-mca-lss-login",
            "docker_network.macvlan",
            "random_password.ps"
          ]
        },
        {
          "index_key": 25,
          "schema_version": 0,
          "attributes": {
            "attach_stderr": false,
            "attach_stdin": false,
            "attach_stdout": false,
            "commands": [
              "/bin/bash",
              "-c",
              "useradd -s /bin/bash -p $(mkpasswd --hash=SHA-512 '={6{N') -m 1RV22MC026 \u0026\u0026 usermod -aG sudo 1RV22MC026 \u0026\u0026 service ssh start"
            ],
            "container_name": "1RV22MC026",
            "destroy_commands": null,
            "destroy_environment": null,
            "detach": false,
            "environment": null,
            "id": "e91ba765545c940856daf4f597bed5c9442bf159574477910403cbc43ce95886",
            "privileged": false,
            "tty": false,
            "user": null,
            "working_dir": null
          },
          "sensitive_attributes": [
            [
              {
                "type": "get_attr",
                "value": "commands"
              },
              {
                "type": "index",
                "value": {
                  "value": 2,
                  "type": "number"
                }
              }
            ]
          ],
          "private": "bnVsbA==",
          "dependencies": [
            "docker_container.logins",
            "docker_image.rvce-mca-lss-login",
            "docker_network.macvlan",
            "random_password.ps"
          ]
        },
        {
          "index_key": 26,
          "schema_version": 0,
          "attributes": {
            "attach_stderr": false,
            "attach_stdin": false,
            "attach_stdout": false,
            "commands": [
              "/bin/bash",
              "-c",
              "useradd -s /bin/bash -p $(mkpasswd --hash=SHA-512 '9R9LI') -m 1RV22MC027 \u0026\u0026 usermod -aG sudo 1RV22MC027 \u0026\u0026 service ssh start"
            ],
            "container_name": "1RV22MC027",
            "destroy_commands": null,
            "destroy_environment": null,
            "detach": false,
            "environment": null,
            "id": "4650f9f5b210bbc32cda1e25e2ed473139790349254612c01d1fd9f09d541cd4",
            "privileged": false,
            "tty": false,
            "user": null,
            "working_dir": null
          },
          "sensitive_attributes": [
            [
              {
                "type": "get_attr",
                "value": "commands"
              },
              {
                "type": "index",
                "value": {
                  "value": 2,
                  "type": "number"
                }
              }
            ]
          ],
          "private": "bnVsbA==",
          "dependencies": [
            "docker_container.logins",
            "docker_image.rvce-mca-lss-login",
            "docker_network.macvlan",
            "random_password.ps"
          ]
        },
        {
          "index_key": 27,
          "schema_version": 0,
          "attributes": {
            "attach_stderr": false,
            "attach_stdin": false,
            "attach_stdout": false,
            "commands": [
              "/bin/bash",
              "-c",
              "useradd -s /bin/bash -p $(mkpasswd --hash=SHA-512 'BD++8') -m 1RV22MC028 \u0026\u0026 usermod -aG sudo 1RV22MC028 \u0026\u0026 service ssh start"
            ],
            "container_name": "1RV22MC028",
            "destroy_commands": null,
            "destroy_environment": null,
            "detach": false,
            "environment": null,
            "id": "dfdde1a1cfef4fea650aba3d38f33457417a17ec0d3e57291387c4da66f5a697",
            "privileged": false,
            "tty": false,
            "user": null,
            "working_dir": null
          },
          "sensitive_attributes": [
            [
              {
                "type": "get_attr",
                "value": "commands"
              },
              {
                "type": "index",
                "value": {
                  "value": 2,
                  "type": "number"
                }
              }
            ]
          ],
          "private": "bnVsbA==",
          "dependencies": [
            "docker_container.logins",
            "docker_image.rvce-mca-lss-login",
            "docker_network.macvlan",
            "random_password.ps"
          ]
        },
        {
          "index_key": 28,
          "schema_version": 0,
          "attributes": {
            "attach_stderr": false,
            "attach_stdin": false,
            "attach_stdout": false,
            "commands": [
              "/bin/bash",
              "-c",
              "useradd -s /bin/bash -p $(mkpasswd --hash=SHA-512 'Ecmlx') -m 1RV22MC029 \u0026\u0026 usermod -aG sudo 1RV22MC029 \u0026\u0026 service ssh start"
            ],
            "container_name": "1RV22MC029",
            "destroy_commands": null,
            "destroy_environment": null,
            "detach": false,
            "environment": null,
            "id": "16ba7d2ce04fd9ce84014fbf7b6c9d0b4ba8b8599e7497bc428ab67c738536c1",
            "privileged": false,
            "tty": false,
            "user": null,
            "working_dir": null
          },
          "sensitive_attributes": [
            [
              {
                "type": "get_attr",
                "value": "commands"
              },
              {
                "type": "index",
                "value": {
                  "value": 2,
                  "type": "number"
                }
              }
            ]
          ],
          "private": "bnVsbA==",
          "dependencies": [
            "docker_container.logins",
            "docker_image.rvce-mca-lss-login",
            "docker_network.macvlan",
            "random_password.ps"
          ]
        },
        {
          "index_key": 29,
          "schema_version": 0,
          "attributes": {
            "attach_stderr": false,
            "attach_stdin": false,
            "attach_stdout": false,
            "commands": [
              "/bin/bash",
              "-c",
              "useradd -s /bin/bash -p $(mkpasswd --hash=SHA-512 '7o9YK') -m 1RV22MC030 \u0026\u0026 usermod -aG sudo 1RV22MC030 \u0026\u0026 service ssh start"
            ],
            "container_name": "1RV22MC030",
            "destroy_commands": null,
            "destroy_environment": null,
            "detach": false,
            "environment": null,
            "id": "ecbaf2c5965083b153d586f3fa8e3f359658357b575944f8a43487027ce8428d",
            "privileged": false,
            "tty": false,
            "user": null,
            "working_dir": null
          },
          "sensitive_attributes": [
            [
              {
                "type": "get_attr",
                "value": "commands"
              },
              {
                "type": "index",
                "value": {
                  "value": 2,
                  "type": "number"
                }
              }
            ]
          ],
          "private": "bnVsbA==",
          "dependencies": [
            "docker_container.logins",
            "docker_image.rvce-mca-lss-login",
            "docker_network.macvlan",
            "random_password.ps"
          ]
        },
        {
          "index_key": 30,
          "schema_version": 0,
          "attributes": {
            "attach_stderr": false,
            "attach_stdin": false,
            "attach_stdout": false,
            "commands": [
              "/bin/bash",
              "-c",
              "useradd -s /bin/bash -p $(mkpasswd --hash=SHA-512 '+x[E4') -m 1RV22MC031 \u0026\u0026 usermod -aG sudo 1RV22MC031 \u0026\u0026 service ssh start"
            ],
            "container_name": "1RV22MC031",
            "destroy_commands": null,
            "destroy_environment": null,
            "detach": false,
            "environment": null,
            "id": "97759d410f8da6df9cec3d8996e3fa236f7595e82e25932403711c7b2d4d577d",
            "privileged": false,
            "tty": false,
            "user": null,
            "working_dir": null
          },
          "sensitive_attributes": [
            [
              {
                "type": "get_attr",
                "value": "commands"
              },
              {
                "type": "index",
                "value": {
                  "value": 2,
                  "type": "number"
                }
              }
            ]
          ],
          "private": "bnVsbA==",
          "dependencies": [
            "docker_container.logins",
            "docker_image.rvce-mca-lss-login",
            "docker_network.macvlan",
            "random_password.ps"
          ]
        },
        {
          "index_key": 31,
          "schema_version": 0,
          "attributes": {
            "attach_stderr": false,
            "attach_stdin": false,
            "attach_stdout": false,
            "commands": [
              "/bin/bash",
              "-c",
              "useradd -s /bin/bash -p $(mkpasswd --hash=SHA-512 'ZJ$kn') -m 1RV22MC032 \u0026\u0026 usermod -aG sudo 1RV22MC032 \u0026\u0026 service ssh start"
            ],
            "container_name": "1RV22MC032",
            "destroy_commands": null,
            "destroy_environment": null,
            "detach": false,
            "environment": null,
            "id": "d0f4f501f781e86f7250d1932213df51efd484539575a0a465027c888b275ce5",
            "privileged": false,
            "tty": false,
            "user": null,
            "working_dir": null
          },
          "sensitive_attributes": [
            [
              {
                "type": "get_attr",
                "value": "commands"
              },
              {
                "type": "index",
                "value": {
                  "value": 2,
                  "type": "number"
                }
              }
            ]
          ],
          "private": "bnVsbA==",
          "dependencies": [
            "docker_container.logins",
            "docker_image.rvce-mca-lss-login",
            "docker_network.macvlan",
            "random_password.ps"
          ]
        },
        {
          "index_key": 32,
          "schema_version": 0,
          "attributes": {
            "attach_stderr": false,
            "attach_stdin": false,
            "attach_stdout": false,
            "commands": [
              "/bin/bash",
              "-c",
              "useradd -s /bin/bash -p $(mkpasswd --hash=SHA-512 '0c0if') -m 1RV22MC033 \u0026\u0026 usermod -aG sudo 1RV22MC033 \u0026\u0026 service ssh start"
            ],
            "container_name": "1RV22MC033",
            "destroy_commands": null,
            "destroy_environment": null,
            "detach": false,
            "environment": null,
            "id": "9f87bda01addb29a34923f32c2ea442f8bab0bdfad3628fd394f0812a5962a1b",
            "privileged": false,
            "tty": false,
            "user": null,
            "working_dir": null
          },
          "sensitive_attributes": [
            [
              {
                "type": "get_attr",
                "value": "commands"
              },
              {
                "type": "index",
                "value": {
                  "value": 2,
                  "type": "number"
                }
              }
            ]
          ],
          "private": "bnVsbA==",
          "dependencies": [
            "docker_container.logins",
            "docker_image.rvce-mca-lss-login",
            "docker_network.macvlan",
            "random_password.ps"
          ]
        },
        {
          "index_key": 33,
          "schema_version": 0,
          "attributes": {
            "attach_stderr": false,
            "attach_stdin": false,
            "attach_stdout": false,
            "commands": [
              "/bin/bash",
              "-c",
              "useradd -s /bin/bash -p $(mkpasswd --hash=SHA-512 'v%i0L') -m 1RV22MC034 \u0026\u0026 usermod -aG sudo 1RV22MC034 \u0026\u0026 service ssh start"
            ],
            "container_name": "1RV22MC034",
            "destroy_commands": null,
            "destroy_environment": null,
            "detach": false,
            "environment": null,
            "id": "e060b5d6ccd00f85b333da5b9378edf34b0fd2ca2b9f113ef5652b4e2fad6a2d",
            "privileged": false,
            "tty": false,
            "user": null,
            "working_dir": null
          },
          "sensitive_attributes": [
            [
              {
                "type": "get_attr",
                "value": "commands"
              },
              {
                "type": "index",
                "value": {
                  "value": 2,
                  "type": "number"
                }
              }
            ]
          ],
          "private": "bnVsbA==",
          "dependencies": [
            "docker_container.logins",
            "docker_image.rvce-mca-lss-login",
            "docker_network.macvlan",
            "random_password.ps"
          ]
        },
        {
          "index_key": 34,
          "schema_version": 0,
          "attributes": {
            "attach_stderr": false,
            "attach_stdin": false,
            "attach_stdout": false,
            "commands": [
              "/bin/bash",
              "-c",
              "useradd -s /bin/bash -p $(mkpasswd --hash=SHA-512 ':9_e#') -m 1RV22MC035 \u0026\u0026 usermod -aG sudo 1RV22MC035 \u0026\u0026 service ssh start"
            ],
            "container_name": "1RV22MC035",
            "destroy_commands": null,
            "destroy_environment": null,
            "detach": false,
            "environment": null,
            "id": "303d22112c99b929f5ac6e25476d64fbea8f6112cb2deca05bbdae6bafaa2111",
            "privileged": false,
            "tty": false,
            "user": null,
            "working_dir": null
          },
          "sensitive_attributes": [
            [
              {
                "type": "get_attr",
                "value": "commands"
              },
              {
                "type": "index",
                "value": {
                  "value": 2,
                  "type": "number"
                }
              }
            ]
          ],
          "private": "bnVsbA==",
          "dependencies": [
            "docker_container.logins",
            "docker_image.rvce-mca-lss-login",
            "docker_network.macvlan",
            "random_password.ps"
          ]
        },
        {
          "index_key": 35,
          "schema_version": 0,
          "attributes": {
            "attach_stderr": false,
            "attach_stdin": false,
            "attach_stdout": false,
            "commands": [
              "/bin/bash",
              "-c",
              "useradd -s /bin/bash -p $(mkpasswd --hash=SHA-512 '0*\u0026\u0026{') -m 1RV22MC036 \u0026\u0026 usermod -aG sudo 1RV22MC036 \u0026\u0026 service ssh start"
            ],
            "container_name": "1RV22MC036",
            "destroy_commands": null,
            "destroy_environment": null,
            "detach": false,
            "environment": null,
            "id": "fc70ecb62b0fe7f34aeff89e440cf0d9ef797084d329f88557643ec66644919b",
            "privileged": false,
            "tty": false,
            "user": null,
            "working_dir": null
          },
          "sensitive_attributes": [
            [
              {
                "type": "get_attr",
                "value": "commands"
              },
              {
                "type": "index",
                "value": {
                  "value": 2,
                  "type": "number"
                }
              }
            ]
          ],
          "private": "bnVsbA==",
          "dependencies": [
            "docker_container.logins",
            "docker_image.rvce-mca-lss-login",
            "docker_network.macvlan",
            "random_password.ps"
          ]
        },
        {
          "index_key": 36,
          "schema_version": 0,
          "attributes": {
            "attach_stderr": false,
            "attach_stdin": false,
            "attach_stdout": false,
            "commands": [
              "/bin/bash",
              "-c",
              "useradd -s /bin/bash -p $(mkpasswd --hash=SHA-512 'Fp]4s') -m 1RV22MC037 \u0026\u0026 usermod -aG sudo 1RV22MC037 \u0026\u0026 service ssh start"
            ],
            "container_name": "1RV22MC037",
            "destroy_commands": null,
            "destroy_environment": null,
            "detach": false,
            "environment": null,
            "id": "8ef1490d5c9ac11c01d289fffbc357225d08945ed95e2baa2b28efe40f428d6f",
            "privileged": false,
            "tty": false,
            "user": null,
            "working_dir": null
          },
          "sensitive_attributes": [
            [
              {
                "type": "get_attr",
                "value": "commands"
              },
              {
                "type": "index",
                "value": {
                  "value": 2,
                  "type": "number"
                }
              }
            ]
          ],
          "private": "bnVsbA==",
          "dependencies": [
            "docker_container.logins",
            "docker_image.rvce-mca-lss-login",
            "docker_network.macvlan",
            "random_password.ps"
          ]
        },
        {
          "index_key": 37,
          "schema_version": 0,
          "attributes": {
            "attach_stderr": false,
            "attach_stdin": false,
            "attach_stdout": false,
            "commands": [
              "/bin/bash",
              "-c",
              "useradd -s /bin/bash -p $(mkpasswd --hash=SHA-512 'FLFqA') -m 1RV22MC038 \u0026\u0026 usermod -aG sudo 1RV22MC038 \u0026\u0026 service ssh start"
            ],
            "container_name": "1RV22MC038",
            "destroy_commands": null,
            "destroy_environment": null,
            "detach": false,
            "environment": null,
            "id": "e55378b438841b4491cb10704a08262f4ad42d028240b37ec5b1145869b806e7",
            "privileged": false,
            "tty": false,
            "user": null,
            "working_dir": null
          },
          "sensitive_attributes": [
            [
              {
                "type": "get_attr",
                "value": "commands"
              },
              {
                "type": "index",
                "value": {
                  "value": 2,
                  "type": "number"
                }
              }
            ]
          ],
          "private": "bnVsbA==",
          "dependencies": [
            "docker_container.logins",
            "docker_image.rvce-mca-lss-login",
            "docker_network.macvlan",
            "random_password.ps"
          ]
        },
        {
          "index_key": 38,
          "schema_version": 0,
          "attributes": {
            "attach_stderr": false,
            "attach_stdin": false,
            "attach_stdout": false,
            "commands": [
              "/bin/bash",
              "-c",
              "useradd -s /bin/bash -p $(mkpasswd --hash=SHA-512 'I0\u003c4l') -m 1RV22MC039 \u0026\u0026 usermod -aG sudo 1RV22MC039 \u0026\u0026 service ssh start"
            ],
            "container_name": "1RV22MC039",
            "destroy_commands": null,
            "destroy_environment": null,
            "detach": false,
            "environment": null,
            "id": "53e962a88e22215edddd00d110890f13c1f116d4cf228aea335e0f7c16d5f18d",
            "privileged": false,
            "tty": false,
            "user": null,
            "working_dir": null
          },
          "sensitive_attributes": [
            [
              {
                "type": "get_attr",
                "value": "commands"
              },
              {
                "type": "index",
                "value": {
                  "value": 2,
                  "type": "number"
                }
              }
            ]
          ],
          "private": "bnVsbA==",
          "dependencies": [
            "docker_container.logins",
            "docker_image.rvce-mca-lss-login",
            "docker_network.macvlan",
            "random_password.ps"
          ]
        },
        {
          "index_key": 39,
          "schema_version": 0,
          "attributes": {
            "attach_stderr": false,
            "attach_stdin": false,
            "attach_stdout": false,
            "commands": [
              "/bin/bash",
              "-c",
              "useradd -s /bin/bash -p $(mkpasswd --hash=SHA-512 'n+l)w') -m 1RV22MC040 \u0026\u0026 usermod -aG sudo 1RV22MC040 \u0026\u0026 service ssh start"
            ],
            "container_name": "1RV22MC040",
            "destroy_commands": null,
            "destroy_environment": null,
            "detach": false,
            "environment": null,
            "id": "77cc091d93288dbb9d671e8106755658774e121cf084b7605853409801e312b3",
            "privileged": false,
            "tty": false,
            "user": null,
            "working_dir": null
          },
          "sensitive_attributes": [
            [
              {
                "type": "get_attr",
                "value": "commands"
              },
              {
                "type": "index",
                "value": {
                  "value": 2,
                  "type": "number"
                }
              }
            ]
          ],
          "private": "bnVsbA==",
          "dependencies": [
            "docker_container.logins",
            "docker_image.rvce-mca-lss-login",
            "docker_network.macvlan",
            "random_password.ps"
          ]
        },
        {
          "index_key": 40,
          "schema_version": 0,
          "attributes": {
            "attach_stderr": false,
            "attach_stdin": false,
            "attach_stdout": false,
            "commands": [
              "/bin/bash",
              "-c",
              "useradd -s /bin/bash -p $(mkpasswd --hash=SHA-512 'AM]]y') -m 1RV22MC041 \u0026\u0026 usermod -aG sudo 1RV22MC041 \u0026\u0026 service ssh start"
            ],
            "container_name": "1RV22MC041",
            "destroy_commands": null,
            "destroy_environment": null,
            "detach": false,
            "environment": null,
            "id": "c7c23051770f54a4dba15f359421aba789eca246169981f5038513545a8e62d9",
            "privileged": false,
            "tty": false,
            "user": null,
            "working_dir": null
          },
          "sensitive_attributes": [
            [
              {
                "type": "get_attr",
                "value": "commands"
              },
              {
                "type": "index",
                "value": {
                  "value": 2,
                  "type": "number"
                }
              }
            ]
          ],
          "private": "bnVsbA==",
          "dependencies": [
            "docker_container.logins",
            "docker_image.rvce-mca-lss-login",
            "docker_network.macvlan",
            "random_password.ps"
          ]
        },
        {
          "index_key": 41,
          "schema_version": 0,
          "attributes": {
            "attach_stderr": false,
            "attach_stdin": false,
            "attach_stdout": false,
            "commands": [
              "/bin/bash",
              "-c",
              "useradd -s /bin/bash -p $(mkpasswd --hash=SHA-512 'rREGu') -m 1RV22MC042 \u0026\u0026 usermod -aG sudo 1RV22MC042 \u0026\u0026 service ssh start"
            ],
            "container_name": "1RV22MC042",
            "destroy_commands": null,
            "destroy_environment": null,
            "detach": false,
            "environment": null,
            "id": "06111271616b02d4efb1147b7cc12a05bde22bb8dfad8536606bd46bf516e6a2",
            "privileged": false,
            "tty": false,
            "user": null,
            "working_dir": null
          },
          "sensitive_attributes": [
            [
              {
                "type": "get_attr",
                "value": "commands"
              },
              {
                "type": "index",
                "value": {
                  "value": 2,
                  "type": "number"
                }
              }
            ]
          ],
          "private": "bnVsbA==",
          "dependencies": [
            "docker_container.logins",
            "docker_image.rvce-mca-lss-login",
            "docker_network.macvlan",
            "random_password.ps"
          ]
        },
        {
          "index_key": 42,
          "schema_version": 0,
          "attributes": {
            "attach_stderr": false,
            "attach_stdin": false,
            "attach_stdout": false,
            "commands": [
              "/bin/bash",
              "-c",
              "useradd -s /bin/bash -p $(mkpasswd --hash=SHA-512 'ohF%a') -m 1RV22MC043 \u0026\u0026 usermod -aG sudo 1RV22MC043 \u0026\u0026 service ssh start"
            ],
            "container_name": "1RV22MC043",
            "destroy_commands": null,
            "destroy_environment": null,
            "detach": false,
            "environment": null,
            "id": "1f35df81315991bdac32444313c448718a0c42489548dd7070f2964181ae75d4",
            "privileged": false,
            "tty": false,
            "user": null,
            "working_dir": null
          },
          "sensitive_attributes": [
            [
              {
                "type": "get_attr",
                "value": "commands"
              },
              {
                "type": "index",
                "value": {
                  "value": 2,
                  "type": "number"
                }
              }
            ]
          ],
          "private": "bnVsbA==",
          "dependencies": [
            "docker_container.logins",
            "docker_image.rvce-mca-lss-login",
            "docker_network.macvlan",
            "random_password.ps"
          ]
        },
        {
          "index_key": 43,
          "schema_version": 0,
          "attributes": {
            "attach_stderr": false,
            "attach_stdin": false,
            "attach_stdout": false,
            "commands": [
              "/bin/bash",
              "-c",
              "useradd -s /bin/bash -p $(mkpasswd --hash=SHA-512 '3X2WO') -m 1RV22MC044 \u0026\u0026 usermod -aG sudo 1RV22MC044 \u0026\u0026 service ssh start"
            ],
            "container_name": "1RV22MC044",
            "destroy_commands": null,
            "destroy_environment": null,
            "detach": false,
            "environment": null,
            "id": "b5c93f3bbb5fcc6e145c787eb4bb9ca0f9dad75a40ee8d5156d8af996968bd1e",
            "privileged": false,
            "tty": false,
            "user": null,
            "working_dir": null
          },
          "sensitive_attributes": [
            [
              {
                "type": "get_attr",
                "value": "commands"
              },
              {
                "type": "index",
                "value": {
                  "value": 2,
                  "type": "number"
                }
              }
            ]
          ],
          "private": "bnVsbA==",
          "dependencies": [
            "docker_container.logins",
            "docker_image.rvce-mca-lss-login",
            "docker_network.macvlan",
            "random_password.ps"
          ]
        },
        {
          "index_key": 44,
          "schema_version": 0,
          "attributes": {
            "attach_stderr": false,
            "attach_stdin": false,
            "attach_stdout": false,
            "commands": [
              "/bin/bash",
              "-c",
              "useradd -s /bin/bash -p $(mkpasswd --hash=SHA-512 '7E3T1') -m 1RV22MC045 \u0026\u0026 usermod -aG sudo 1RV22MC045 \u0026\u0026 service ssh start"
            ],
            "container_name": "1RV22MC045",
            "destroy_commands": null,
            "destroy_environment": null,
            "detach": false,
            "environment": null,
            "id": "ba9371285c86e2fab57d944971bf59053f89611367df11bc3d4133841b169043",
            "privileged": false,
            "tty": false,
            "user": null,
            "working_dir": null
          },
          "sensitive_attributes": [
            [
              {
                "type": "get_attr",
                "value": "commands"
              },
              {
                "type": "index",
                "value": {
                  "value": 2,
                  "type": "number"
                }
              }
            ]
          ],
          "private": "bnVsbA==",
          "dependencies": [
            "docker_container.logins",
            "docker_image.rvce-mca-lss-login",
            "docker_network.macvlan",
            "random_password.ps"
          ]
        },
        {
          "index_key": 45,
          "schema_version": 0,
          "attributes": {
            "attach_stderr": false,
            "attach_stdin": false,
            "attach_stdout": false,
            "commands": [
              "/bin/bash",
              "-c",
              "useradd -s /bin/bash -p $(mkpasswd --hash=SHA-512 'rdjv6') -m 1RV22MC046 \u0026\u0026 usermod -aG sudo 1RV22MC046 \u0026\u0026 service ssh start"
            ],
            "container_name": "1RV22MC046",
            "destroy_commands": null,
            "destroy_environment": null,
            "detach": false,
            "environment": null,
            "id": "7807b143f6d87c61d98b986a531cafbda05bcd3c96f7bfb528cd358004dee98a",
            "privileged": false,
            "tty": false,
            "user": null,
            "working_dir": null
          },
          "sensitive_attributes": [
            [
              {
                "type": "get_attr",
                "value": "commands"
              },
              {
                "type": "index",
                "value": {
                  "value": 2,
                  "type": "number"
                }
              }
            ]
          ],
          "private": "bnVsbA==",
          "dependencies": [
            "docker_container.logins",
            "docker_image.rvce-mca-lss-login",
            "docker_network.macvlan",
            "random_password.ps"
          ]
        },
        {
          "index_key": 46,
          "schema_version": 0,
          "attributes": {
            "attach_stderr": false,
            "attach_stdin": false,
            "attach_stdout": false,
            "commands": [
              "/bin/bash",
              "-c",
              "useradd -s /bin/bash -p $(mkpasswd --hash=SHA-512 'N#+kH') -m 1RV22MC047 \u0026\u0026 usermod -aG sudo 1RV22MC047 \u0026\u0026 service ssh start"
            ],
            "container_name": "1RV22MC047",
            "destroy_commands": null,
            "destroy_environment": null,
            "detach": false,
            "environment": null,
            "id": "546ce0e1b3804fcd3a4d700443c0e7faaf42108db02763e061f38b4453bae434",
            "privileged": false,
            "tty": false,
            "user": null,
            "working_dir": null
          },
          "sensitive_attributes": [
            [
              {
                "type": "get_attr",
                "value": "commands"
              },
              {
                "type": "index",
                "value": {
                  "value": 2,
                  "type": "number"
                }
              }
            ]
          ],
          "private": "bnVsbA==",
          "dependencies": [
            "docker_container.logins",
            "docker_image.rvce-mca-lss-login",
            "docker_network.macvlan",
            "random_password.ps"
          ]
        },
        {
          "index_key": 47,
          "schema_version": 0,
          "attributes": {
            "attach_stderr": false,
            "attach_stdin": false,
            "attach_stdout": false,
            "commands": [
              "/bin/bash",
              "-c",
              "useradd -s /bin/bash -p $(mkpasswd --hash=SHA-512 'iXUSN') -m 1RV22MC048 \u0026\u0026 usermod -aG sudo 1RV22MC048 \u0026\u0026 service ssh start"
            ],
            "container_name": "1RV22MC048",
            "destroy_commands": null,
            "destroy_environment": null,
            "detach": false,
            "environment": null,
            "id": "6b6f4a607665625df2b25b96b5849e7628d7a57d01206eb0d3172f74e6b03678",
            "privileged": false,
            "tty": false,
            "user": null,
            "working_dir": null
          },
          "sensitive_attributes": [
            [
              {
                "type": "get_attr",
                "value": "commands"
              },
              {
                "type": "index",
                "value": {
                  "value": 2,
                  "type": "number"
                }
              }
            ]
          ],
          "private": "bnVsbA==",
          "dependencies": [
            "docker_container.logins",
            "docker_image.rvce-mca-lss-login",
            "docker_network.macvlan",
            "random_password.ps"
          ]
        },
        {
          "index_key": 48,
          "schema_version": 0,
          "attributes": {
            "attach_stderr": false,
            "attach_stdin": false,
            "attach_stdout": false,
            "commands": [
              "/bin/bash",
              "-c",
              "useradd -s /bin/bash -p $(mkpasswd --hash=SHA-512 '?sRX!') -m 1RV22MC049 \u0026\u0026 usermod -aG sudo 1RV22MC049 \u0026\u0026 service ssh start"
            ],
            "container_name": "1RV22MC049",
            "destroy_commands": null,
            "destroy_environment": null,
            "detach": false,
            "environment": null,
            "id": "753dcb073af330d482c2efe5ccff9d2273386d61001338d4a6f35534d2fa1e82",
            "privileged": false,
            "tty": false,
            "user": null,
            "working_dir": null
          },
          "sensitive_attributes": [
            [
              {
                "type": "get_attr",
                "value": "commands"
              },
              {
                "type": "index",
                "value": {
                  "value": 2,
                  "type": "number"
                }
              }
            ]
          ],
          "private": "bnVsbA==",
          "dependencies": [
            "docker_container.logins",
            "docker_image.rvce-mca-lss-login",
            "docker_network.macvlan",
            "random_password.ps"
          ]
        },
        {
          "index_key": 49,
          "schema_version": 0,
          "attributes": {
            "attach_stderr": false,
            "attach_stdin": false,
            "attach_stdout": false,
            "commands": [
              "/bin/bash",
              "-c",
              "useradd -s /bin/bash -p $(mkpasswd --hash=SHA-512 '4*v+K') -m 1RV22MC050 \u0026\u0026 usermod -aG sudo 1RV22MC050 \u0026\u0026 service ssh start"
            ],
            "container_name": "1RV22MC050",
            "destroy_commands": null,
            "destroy_environment": null,
            "detach": false,
            "environment": null,
            "id": "9e5f0bba1c4b1f324db10a5ffd12bb5e69159fdeea81e48fd34960f26a83f7c6",
            "privileged": false,
            "tty": false,
            "user": null,
            "working_dir": null
          },
          "sensitive_attributes": [
            [
              {
                "type": "get_attr",
                "value": "commands"
              },
              {
                "type": "index",
                "value": {
                  "value": 2,
                  "type": "number"
                }
              }
            ]
          ],
          "private": "bnVsbA==",
          "dependencies": [
            "docker_container.logins",
            "docker_image.rvce-mca-lss-login",
            "docker_network.macvlan",
            "random_password.ps"
          ]
        },
        {
          "index_key": 50,
          "schema_version": 0,
          "attributes": {
            "attach_stderr": false,
            "attach_stdin": false,
            "attach_stdout": false,
            "commands": [
              "/bin/bash",
              "-c",
              "useradd -s /bin/bash -p $(mkpasswd --hash=SHA-512 'IzBL[') -m 1RV22MC051 \u0026\u0026 usermod -aG sudo 1RV22MC051 \u0026\u0026 service ssh start"
            ],
            "container_name": "1RV22MC051",
            "destroy_commands": null,
            "destroy_environment": null,
            "detach": false,
            "environment": null,
            "id": "008c76e290c77cacd4a7e430a46a52da4d33adca63f351c771d6e66a85600dae",
            "privileged": false,
            "tty": false,
            "user": null,
            "working_dir": null
          },
          "sensitive_attributes": [
            [
              {
                "type": "get_attr",
                "value": "commands"
              },
              {
                "type": "index",
                "value": {
                  "value": 2,
                  "type": "number"
                }
              }
            ]
          ],
          "private": "bnVsbA==",
          "dependencies": [
            "docker_container.logins",
            "docker_image.rvce-mca-lss-login",
            "docker_network.macvlan",
            "random_password.ps"
          ]
        },
        {
          "index_key": 51,
          "schema_version": 0,
          "attributes": {
            "attach_stderr": false,
            "attach_stdin": false,
            "attach_stdout": false,
            "commands": [
              "/bin/bash",
              "-c",
              "useradd -s /bin/bash -p $(mkpasswd --hash=SHA-512 'D[ZnP') -m 1RV22MC052 \u0026\u0026 usermod -aG sudo 1RV22MC052 \u0026\u0026 service ssh start"
            ],
            "container_name": "1RV22MC052",
            "destroy_commands": null,
            "destroy_environment": null,
            "detach": false,
            "environment": null,
            "id": "668807fa24ffcffe13e48d987f128b7176773c1262cdebad54a935432915affd",
            "privileged": false,
            "tty": false,
            "user": null,
            "working_dir": null
          },
          "sensitive_attributes": [
            [
              {
                "type": "get_attr",
                "value": "commands"
              },
              {
                "type": "index",
                "value": {
                  "value": 2,
                  "type": "number"
                }
              }
            ]
          ],
          "private": "bnVsbA==",
          "dependencies": [
            "docker_container.logins",
            "docker_image.rvce-mca-lss-login",
            "docker_network.macvlan",
            "random_password.ps"
          ]
        },
        {
          "index_key": 52,
          "schema_version": 0,
          "attributes": {
            "attach_stderr": false,
            "attach_stdin": false,
            "attach_stdout": false,
            "commands": [
              "/bin/bash",
              "-c",
              "useradd -s /bin/bash -p $(mkpasswd --hash=SHA-512 't{wfO') -m 1RV22MC053 \u0026\u0026 usermod -aG sudo 1RV22MC053 \u0026\u0026 service ssh start"
            ],
            "container_name": "1RV22MC053",
            "destroy_commands": null,
            "destroy_environment": null,
            "detach": false,
            "environment": null,
            "id": "de9dcf8b53e152749bd20909cf6b621b1d255d15272aac09f31e3d73874255ff",
            "privileged": false,
            "tty": false,
            "user": null,
            "working_dir": null
          },
          "sensitive_attributes": [
            [
              {
                "type": "get_attr",
                "value": "commands"
              },
              {
                "type": "index",
                "value": {
                  "value": 2,
                  "type": "number"
                }
              }
            ]
          ],
          "private": "bnVsbA==",
          "dependencies": [
            "docker_container.logins",
            "docker_image.rvce-mca-lss-login",
            "docker_network.macvlan",
            "random_password.ps"
          ]
        },
        {
          "index_key": 53,
          "schema_version": 0,
          "attributes": {
            "attach_stderr": false,
            "attach_stdin": false,
            "attach_stdout": false,
            "commands": [
              "/bin/bash",
              "-c",
              "useradd -s /bin/bash -p $(mkpasswd --hash=SHA-512 'm}Fhg') -m 1RV22MC054 \u0026\u0026 usermod -aG sudo 1RV22MC054 \u0026\u0026 service ssh start"
            ],
            "container_name": "1RV22MC054",
            "destroy_commands": null,
            "destroy_environment": null,
            "detach": false,
            "environment": null,
            "id": "1567b43c7eddc709ff7e7b39213d809e838a8ca85b194f9eead73b2edf7cca1e",
            "privileged": false,
            "tty": false,
            "user": null,
            "working_dir": null
          },
          "sensitive_attributes": [
            [
              {
                "type": "get_attr",
                "value": "commands"
              },
              {
                "type": "index",
                "value": {
                  "value": 2,
                  "type": "number"
                }
              }
            ]
          ],
          "private": "bnVsbA==",
          "dependencies": [
            "docker_container.logins",
            "docker_image.rvce-mca-lss-login",
            "docker_network.macvlan",
            "random_password.ps"
          ]
        },
        {
          "index_key": 54,
          "schema_version": 0,
          "attributes": {
            "attach_stderr": false,
            "attach_stdin": false,
            "attach_stdout": false,
            "commands": [
              "/bin/bash",
              "-c",
              "useradd -s /bin/bash -p $(mkpasswd --hash=SHA-512 'fbD{K') -m 1RV22MC055 \u0026\u0026 usermod -aG sudo 1RV22MC055 \u0026\u0026 service ssh start"
            ],
            "container_name": "1RV22MC055",
            "destroy_commands": null,
            "destroy_environment": null,
            "detach": false,
            "environment": null,
            "id": "c2d72cc25b4553b14ea60b94b3d9af6007584fb43fa2b5e1ba6f9fdcdff73363",
            "privileged": false,
            "tty": false,
            "user": null,
            "working_dir": null
          },
          "sensitive_attributes": [
            [
              {
                "type": "get_attr",
                "value": "commands"
              },
              {
                "type": "index",
                "value": {
                  "value": 2,
                  "type": "number"
                }
              }
            ]
          ],
          "private": "bnVsbA==",
          "dependencies": [
            "docker_container.logins",
            "docker_image.rvce-mca-lss-login",
            "docker_network.macvlan",
            "random_password.ps"
          ]
        },
        {
          "index_key": 55,
          "schema_version": 0,
          "attributes": {
            "attach_stderr": false,
            "attach_stdin": false,
            "attach_stdout": false,
            "commands": [
              "/bin/bash",
              "-c",
              "useradd -s /bin/bash -p $(mkpasswd --hash=SHA-512 'qG*Q\u003e') -m 1RV22MC056 \u0026\u0026 usermod -aG sudo 1RV22MC056 \u0026\u0026 service ssh start"
            ],
            "container_name": "1RV22MC056",
            "destroy_commands": null,
            "destroy_environment": null,
            "detach": false,
            "environment": null,
            "id": "b516d4c48f16538390f9076d6c9c60415188447530d18fd67a1bb64cb6718af7",
            "privileged": false,
            "tty": false,
            "user": null,
            "working_dir": null
          },
          "sensitive_attributes": [
            [
              {
                "type": "get_attr",
                "value": "commands"
              },
              {
                "type": "index",
                "value": {
                  "value": 2,
                  "type": "number"
                }
              }
            ]
          ],
          "private": "bnVsbA==",
          "dependencies": [
            "docker_container.logins",
            "docker_image.rvce-mca-lss-login",
            "docker_network.macvlan",
            "random_password.ps"
          ]
        },
        {
          "index_key": 56,
          "schema_version": 0,
          "attributes": {
            "attach_stderr": false,
            "attach_stdin": false,
            "attach_stdout": false,
            "commands": [
              "/bin/bash",
              "-c",
              "useradd -s /bin/bash -p $(mkpasswd --hash=SHA-512 '}g*Hg') -m 1RV22MC057 \u0026\u0026 usermod -aG sudo 1RV22MC057 \u0026\u0026 service ssh start"
            ],
            "container_name": "1RV22MC057",
            "destroy_commands": null,
            "destroy_environment": null,
            "detach": false,
            "environment": null,
            "id": "2cea981e28bfc689aa03d86e82932d5ac8c73973344feafd5a82e6cfbf1c25e3",
            "privileged": false,
            "tty": false,
            "user": null,
            "working_dir": null
          },
          "sensitive_attributes": [
            [
              {
                "type": "get_attr",
                "value": "commands"
              },
              {
                "type": "index",
                "value": {
                  "value": 2,
                  "type": "number"
                }
              }
            ]
          ],
          "private": "bnVsbA==",
          "dependencies": [
            "docker_container.logins",
            "docker_image.rvce-mca-lss-login",
            "docker_network.macvlan",
            "random_password.ps"
          ]
        },
        {
          "index_key": 57,
          "schema_version": 0,
          "attributes": {
            "attach_stderr": false,
            "attach_stdin": false,
            "attach_stdout": false,
            "commands": [
              "/bin/bash",
              "-c",
              "useradd -s /bin/bash -p $(mkpasswd --hash=SHA-512 'IiW}q') -m 1RV22MC058 \u0026\u0026 usermod -aG sudo 1RV22MC058 \u0026\u0026 service ssh start"
            ],
            "container_name": "1RV22MC058",
            "destroy_commands": null,
            "destroy_environment": null,
            "detach": false,
            "environment": null,
            "id": "7d9718fffe62ab0009c80574312e9f95942410ff05b3416723706ce15c3c0d99",
            "privileged": false,
            "tty": false,
            "user": null,
            "working_dir": null
          },
          "sensitive_attributes": [
            [
              {
                "type": "get_attr",
                "value": "commands"
              },
              {
                "type": "index",
                "value": {
                  "value": 2,
                  "type": "number"
                }
              }
            ]
          ],
          "private": "bnVsbA==",
          "dependencies": [
            "docker_container.logins",
            "docker_image.rvce-mca-lss-login",
            "docker_network.macvlan",
            "random_password.ps"
          ]
        },
        {
          "index_key": 58,
          "schema_version": 0,
          "attributes": {
            "attach_stderr": false,
            "attach_stdin": false,
            "attach_stdout": false,
            "commands": [
              "/bin/bash",
              "-c",
              "useradd -s /bin/bash -p $(mkpasswd --hash=SHA-512 '}[uZQ') -m 1RV22MC059 \u0026\u0026 usermod -aG sudo 1RV22MC059 \u0026\u0026 service ssh start"
            ],
            "container_name": "1RV22MC059",
            "destroy_commands": null,
            "destroy_environment": null,
            "detach": false,
            "environment": null,
            "id": "685f046bff338dc46d04b313193da10333c15ae39448a18196a9bd27422177c8",
            "privileged": false,
            "tty": false,
            "user": null,
            "working_dir": null
          },
          "sensitive_attributes": [
            [
              {
                "type": "get_attr",
                "value": "commands"
              },
              {
                "type": "index",
                "value": {
                  "value": 2,
                  "type": "number"
                }
              }
            ]
          ],
          "private": "bnVsbA==",
          "dependencies": [
            "docker_container.logins",
            "docker_image.rvce-mca-lss-login",
            "docker_network.macvlan",
            "random_password.ps"
          ]
        },
        {
          "index_key": 59,
          "schema_version": 0,
          "attributes": {
            "attach_stderr": false,
            "attach_stdin": false,
            "attach_stdout": false,
            "commands": [
              "/bin/bash",
              "-c",
              "useradd -s /bin/bash -p $(mkpasswd --hash=SHA-512 '7PUxm') -m 1RV22MC060 \u0026\u0026 usermod -aG sudo 1RV22MC060 \u0026\u0026 service ssh start"
            ],
            "container_name": "1RV22MC060",
            "destroy_commands": null,
            "destroy_environment": null,
            "detach": false,
            "environment": null,
            "id": "69d36d4d6caefb13c7dcd6818544da98a8bf339d63754270c3d611d24a8959e4",
            "privileged": false,
            "tty": false,
            "user": null,
            "working_dir": null
          },
          "sensitive_attributes": [
            [
              {
                "type": "get_attr",
                "value": "commands"
              },
              {
                "type": "index",
                "value": {
                  "value": 2,
                  "type": "number"
                }
              }
            ]
          ],
          "private": "bnVsbA==",
          "dependencies": [
            "docker_container.logins",
            "docker_image.rvce-mca-lss-login",
            "docker_network.macvlan",
            "random_password.ps"
          ]
        },
        {
          "index_key": 60,
          "schema_version": 0,
          "attributes": {
            "attach_stderr": false,
            "attach_stdin": false,
            "attach_stdout": false,
            "commands": [
              "/bin/bash",
              "-c",
              "useradd -s /bin/bash -p $(mkpasswd --hash=SHA-512 'ISl%0') -m 1RV22MC061 \u0026\u0026 usermod -aG sudo 1RV22MC061 \u0026\u0026 service ssh start"
            ],
            "container_name": "1RV22MC061",
            "destroy_commands": null,
            "destroy_environment": null,
            "detach": false,
            "environment": null,
            "id": "ae6163afd34ee001aafa2b9dacf820f5ee5864f538d2ad4df4e38ee95716de96",
            "privileged": false,
            "tty": false,
            "user": null,
            "working_dir": null
          },
          "sensitive_attributes": [
            [
              {
                "type": "get_attr",
                "value": "commands"
              },
              {
                "type": "index",
                "value": {
                  "value": 2,
                  "type": "number"
                }
              }
            ]
          ],
          "private": "bnVsbA==",
          "dependencies": [
            "docker_container.logins",
            "docker_image.rvce-mca-lss-login",
            "docker_network.macvlan",
            "random_password.ps"
          ]
        },
        {
          "index_key": 61,
          "schema_version": 0,
          "attributes": {
            "attach_stderr": false,
            "attach_stdin": false,
            "attach_stdout": false,
            "commands": [
              "/bin/bash",
              "-c",
              "useradd -s /bin/bash -p $(mkpasswd --hash=SHA-512 '#p{1N') -m 1RV22MC062 \u0026\u0026 usermod -aG sudo 1RV22MC062 \u0026\u0026 service ssh start"
            ],
            "container_name": "1RV22MC062",
            "destroy_commands": null,
            "destroy_environment": null,
            "detach": false,
            "environment": null,
            "id": "f5e009562ddd2cf615d035f98735eedbc07c052deee404ae0421f8aef4fa51cb",
            "privileged": false,
            "tty": false,
            "user": null,
            "working_dir": null
          },
          "sensitive_attributes": [
            [
              {
                "type": "get_attr",
                "value": "commands"
              },
              {
                "type": "index",
                "value": {
                  "value": 2,
                  "type": "number"
                }
              }
            ]
          ],
          "private": "bnVsbA==",
          "dependencies": [
            "docker_container.logins",
            "docker_image.rvce-mca-lss-login",
            "docker_network.macvlan",
            "random_password.ps"
          ]
        },
        {
          "index_key": 62,
          "schema_version": 0,
          "attributes": {
            "attach_stderr": false,
            "attach_stdin": false,
            "attach_stdout": false,
            "commands": [
              "/bin/bash",
              "-c",
              "useradd -s /bin/bash -p $(mkpasswd --hash=SHA-512 '(Igf}') -m 1RV22MC063 \u0026\u0026 usermod -aG sudo 1RV22MC063 \u0026\u0026 service ssh start"
            ],
            "container_name": "1RV22MC063",
            "destroy_commands": null,
            "destroy_environment": null,
            "detach": false,
            "environment": null,
            "id": "97f8847a050984d9d6b7484111752db5b1703e4791bef2f7d45bb3178169fca0",
            "privileged": false,
            "tty": false,
            "user": null,
            "working_dir": null
          },
          "sensitive_attributes": [
            [
              {
                "type": "get_attr",
                "value": "commands"
              },
              {
                "type": "index",
                "value": {
                  "value": 2,
                  "type": "number"
                }
              }
            ]
          ],
          "private": "bnVsbA==",
          "dependencies": [
            "docker_container.logins",
            "docker_image.rvce-mca-lss-login",
            "docker_network.macvlan",
            "random_password.ps"
          ]
        },
        {
          "index_key": 63,
          "schema_version": 0,
          "attributes": {
            "attach_stderr": false,
            "attach_stdin": false,
            "attach_stdout": false,
            "commands": [
              "/bin/bash",
              "-c",
              "useradd -s /bin/bash -p $(mkpasswd --hash=SHA-512 '#MQ5d') -m 1RV22MC064 \u0026\u0026 usermod -aG sudo 1RV22MC064 \u0026\u0026 service ssh start"
            ],
            "container_name": "1RV22MC064",
            "destroy_commands": null,
            "destroy_environment": null,
            "detach": false,
            "environment": null,
            "id": "49f43d42d36b7bb8c316c084e398a19ad9380758a363137ad300e544c7fca7f6",
            "privileged": false,
            "tty": false,
            "user": null,
            "working_dir": null
          },
          "sensitive_attributes": [
            [
              {
                "type": "get_attr",
                "value": "commands"
              },
              {
                "type": "index",
                "value": {
                  "value": 2,
                  "type": "number"
                }
              }
            ]
          ],
          "private": "bnVsbA==",
          "dependencies": [
            "docker_container.logins",
            "docker_image.rvce-mca-lss-login",
            "docker_network.macvlan",
            "random_password.ps"
          ]
        },
        {
          "index_key": 64,
          "schema_version": 0,
          "attributes": {
            "attach_stderr": false,
            "attach_stdin": false,
            "attach_stdout": false,
            "commands": [
              "/bin/bash",
              "-c",
              "useradd -s /bin/bash -p $(mkpasswd --hash=SHA-512 'TDSak') -m 1RV22MC065 \u0026\u0026 usermod -aG sudo 1RV22MC065 \u0026\u0026 service ssh start"
            ],
            "container_name": "1RV22MC065",
            "destroy_commands": null,
            "destroy_environment": null,
            "detach": false,
            "environment": null,
            "id": "6ac13378421c53e2b1007d1ac5fc0dcbfe56fc65296989efd4702846c1046b06",
            "privileged": false,
            "tty": false,
            "user": null,
            "working_dir": null
          },
          "sensitive_attributes": [
            [
              {
                "type": "get_attr",
                "value": "commands"
              },
              {
                "type": "index",
                "value": {
                  "value": 2,
                  "type": "number"
                }
              }
            ]
          ],
          "private": "bnVsbA==",
          "dependencies": [
            "docker_container.logins",
            "docker_image.rvce-mca-lss-login",
            "docker_network.macvlan",
            "random_password.ps"
          ]
        },
        {
          "index_key": 65,
          "schema_version": 0,
          "attributes": {
            "attach_stderr": false,
            "attach_stdin": false,
            "attach_stdout": false,
            "commands": [
              "/bin/bash",
              "-c",
              "useradd -s /bin/bash -p $(mkpasswd --hash=SHA-512 '?)d[T') -m 1RV22MC066 \u0026\u0026 usermod -aG sudo 1RV22MC066 \u0026\u0026 service ssh start"
            ],
            "container_name": "1RV22MC066",
            "destroy_commands": null,
            "destroy_environment": null,
            "detach": false,
            "environment": null,
            "id": "bbb41d7f5fafc5039453fbd94bd42a0ceb4ccde62580517d71d4e208d845dfac",
            "privileged": false,
            "tty": false,
            "user": null,
            "working_dir": null
          },
          "sensitive_attributes": [
            [
              {
                "type": "get_attr",
                "value": "commands"
              },
              {
                "type": "index",
                "value": {
                  "value": 2,
                  "type": "number"
                }
              }
            ]
          ],
          "private": "bnVsbA==",
          "dependencies": [
            "docker_container.logins",
            "docker_image.rvce-mca-lss-login",
            "docker_network.macvlan",
            "random_password.ps"
          ]
        },
        {
          "index_key": 66,
          "schema_version": 0,
          "attributes": {
            "attach_stderr": false,
            "attach_stdin": false,
            "attach_stdout": false,
            "commands": [
              "/bin/bash",
              "-c",
              "useradd -s /bin/bash -p $(mkpasswd --hash=SHA-512 '-wyt_') -m 1RV22MC067 \u0026\u0026 usermod -aG sudo 1RV22MC067 \u0026\u0026 service ssh start"
            ],
            "container_name": "1RV22MC067",
            "destroy_commands": null,
            "destroy_environment": null,
            "detach": false,
            "environment": null,
            "id": "e270a2d1cbdd929e83a1890df7b82042954cdda3f68b4431bdfb6f038375f0c4",
            "privileged": false,
            "tty": false,
            "user": null,
            "working_dir": null
          },
          "sensitive_attributes": [
            [
              {
                "type": "get_attr",
                "value": "commands"
              },
              {
                "type": "index",
                "value": {
                  "value": 2,
                  "type": "number"
                }
              }
            ]
          ],
          "private": "bnVsbA==",
          "dependencies": [
            "docker_container.logins",
            "docker_image.rvce-mca-lss-login",
            "docker_network.macvlan",
            "random_password.ps"
          ]
        },
        {
          "index_key": 67,
          "schema_version": 0,
          "attributes": {
            "attach_stderr": false,
            "attach_stdin": false,
            "attach_stdout": false,
            "commands": [
              "/bin/bash",
              "-c",
              "useradd -s /bin/bash -p $(mkpasswd --hash=SHA-512 'zHV3A') -m 1RV22MC068 \u0026\u0026 usermod -aG sudo 1RV22MC068 \u0026\u0026 service ssh start"
            ],
            "container_name": "1RV22MC068",
            "destroy_commands": null,
            "destroy_environment": null,
            "detach": false,
            "environment": null,
            "id": "8c4064d2ba57dc5f652cc38d2c89a3ddff3d6fcd1ba912d5369f9bf39c75188e",
            "privileged": false,
            "tty": false,
            "user": null,
            "working_dir": null
          },
          "sensitive_attributes": [
            [
              {
                "type": "get_attr",
                "value": "commands"
              },
              {
                "type": "index",
                "value": {
                  "value": 2,
                  "type": "number"
                }
              }
            ]
          ],
          "private": "bnVsbA==",
          "dependencies": [
            "docker_container.logins",
            "docker_image.rvce-mca-lss-login",
            "docker_network.macvlan",
            "random_password.ps"
          ]
        },
        {
          "index_key": 68,
          "schema_version": 0,
          "attributes": {
            "attach_stderr": false,
            "attach_stdin": false,
            "attach_stdout": false,
            "commands": [
              "/bin/bash",
              "-c",
              "useradd -s /bin/bash -p $(mkpasswd --hash=SHA-512 'P57Qd') -m 1RV22MC069 \u0026\u0026 usermod -aG sudo 1RV22MC069 \u0026\u0026 service ssh start"
            ],
            "container_name": "1RV22MC069",
            "destroy_commands": null,
            "destroy_environment": null,
            "detach": false,
            "environment": null,
            "id": "7ad4ab45dc572734c6e879ea3a761c1106f29a557c7afc234f569febfdea9b09",
            "privileged": false,
            "tty": false,
            "user": null,
            "working_dir": null
          },
          "sensitive_attributes": [
            [
              {
                "type": "get_attr",
                "value": "commands"
              },
              {
                "type": "index",
                "value": {
                  "value": 2,
                  "type": "number"
                }
              }
            ]
          ],
          "private": "bnVsbA==",
          "dependencies": [
            "docker_container.logins",
            "docker_image.rvce-mca-lss-login",
            "docker_network.macvlan",
            "random_password.ps"
          ]
        },
        {
          "index_key": 69,
          "schema_version": 0,
          "attributes": {
            "attach_stderr": false,
            "attach_stdin": false,
            "attach_stdout": false,
            "commands": [
              "/bin/bash",
              "-c",
              "useradd -s /bin/bash -p $(mkpasswd --hash=SHA-512 'x4zWh') -m 1RV22MC070 \u0026\u0026 usermod -aG sudo 1RV22MC070 \u0026\u0026 service ssh start"
            ],
            "container_name": "1RV22MC070",
            "destroy_commands": null,
            "destroy_environment": null,
            "detach": false,
            "environment": null,
            "id": "697d0be9d73b060796ec7b8416bad501bd57bf9e1be3a22e5a85c2d3f9af5e0a",
            "privileged": false,
            "tty": false,
            "user": null,
            "working_dir": null
          },
          "sensitive_attributes": [
            [
              {
                "type": "get_attr",
                "value": "commands"
              },
              {
                "type": "index",
                "value": {
                  "value": 2,
                  "type": "number"
                }
              }
            ]
          ],
          "private": "bnVsbA==",
          "dependencies": [
            "docker_container.logins",
            "docker_image.rvce-mca-lss-login",
            "docker_network.macvlan",
            "random_password.ps"
          ]
        },
        {
          "index_key": 70,
          "schema_version": 0,
          "attributes": {
            "attach_stderr": false,
            "attach_stdin": false,
            "attach_stdout": false,
            "commands": [
              "/bin/bash",
              "-c",
              "useradd -s /bin/bash -p $(mkpasswd --hash=SHA-512 ':WuGd') -m 1RV22MC071 \u0026\u0026 usermod -aG sudo 1RV22MC071 \u0026\u0026 service ssh start"
            ],
            "container_name": "1RV22MC071",
            "destroy_commands": null,
            "destroy_environment": null,
            "detach": false,
            "environment": null,
            "id": "f28b789691b2ab32606d5717d83f34e4964c3c4716512cb1c8f0f6d0cefd1050",
            "privileged": false,
            "tty": false,
            "user": null,
            "working_dir": null
          },
          "sensitive_attributes": [
            [
              {
                "type": "get_attr",
                "value": "commands"
              },
              {
                "type": "index",
                "value": {
                  "value": 2,
                  "type": "number"
                }
              }
            ]
          ],
          "private": "bnVsbA==",
          "dependencies": [
            "docker_container.logins",
            "docker_image.rvce-mca-lss-login",
            "docker_network.macvlan",
            "random_password.ps"
          ]
        },
        {
          "index_key": 71,
          "schema_version": 0,
          "attributes": {
            "attach_stderr": false,
            "attach_stdin": false,
            "attach_stdout": false,
            "commands": [
              "/bin/bash",
              "-c",
              "useradd -s /bin/bash -p $(mkpasswd --hash=SHA-512 ':m}oL') -m 1RV22MC072 \u0026\u0026 usermod -aG sudo 1RV22MC072 \u0026\u0026 service ssh start"
            ],
            "container_name": "1RV22MC072",
            "destroy_commands": null,
            "destroy_environment": null,
            "detach": false,
            "environment": null,
            "id": "07bd60163663eeee5a51a4364c60ede908f12371d6591694431849404f1c95dc",
            "privileged": false,
            "tty": false,
            "user": null,
            "working_dir": null
          },
          "sensitive_attributes": [
            [
              {
                "type": "get_attr",
                "value": "commands"
              },
              {
                "type": "index",
                "value": {
                  "value": 2,
                  "type": "number"
                }
              }
            ]
          ],
          "private": "bnVsbA==",
          "dependencies": [
            "docker_container.logins",
            "docker_image.rvce-mca-lss-login",
            "docker_network.macvlan",
            "random_password.ps"
          ]
        },
        {
          "index_key": 72,
          "schema_version": 0,
          "attributes": {
            "attach_stderr": false,
            "attach_stdin": false,
            "attach_stdout": false,
            "commands": [
              "/bin/bash",
              "-c",
              "useradd -s /bin/bash -p $(mkpasswd --hash=SHA-512 'O[\u003esW') -m 1RV22MC073 \u0026\u0026 usermod -aG sudo 1RV22MC073 \u0026\u0026 service ssh start"
            ],
            "container_name": "1RV22MC073",
            "destroy_commands": null,
            "destroy_environment": null,
            "detach": false,
            "environment": null,
            "id": "ab70d6f6951f857141c5cb76fede5ed6702590dc413d8249c5bae9d156fdde54",
            "privileged": false,
            "tty": false,
            "user": null,
            "working_dir": null
          },
          "sensitive_attributes": [
            [
              {
                "type": "get_attr",
                "value": "commands"
              },
              {
                "type": "index",
                "value": {
                  "value": 2,
                  "type": "number"
                }
              }
            ]
          ],
          "private": "bnVsbA==",
          "dependencies": [
            "docker_container.logins",
            "docker_image.rvce-mca-lss-login",
            "docker_network.macvlan",
            "random_password.ps"
          ]
        },
        {
          "index_key": 73,
          "schema_version": 0,
          "attributes": {
            "attach_stderr": false,
            "attach_stdin": false,
            "attach_stdout": false,
            "commands": [
              "/bin/bash",
              "-c",
              "useradd -s /bin/bash -p $(mkpasswd --hash=SHA-512 '4fsh%') -m 1RV22MC074 \u0026\u0026 usermod -aG sudo 1RV22MC074 \u0026\u0026 service ssh start"
            ],
            "container_name": "1RV22MC074",
            "destroy_commands": null,
            "destroy_environment": null,
            "detach": false,
            "environment": null,
            "id": "76723018dacf292297e5b5bf2a6711a3c526acb15ac2ae25ed9b478a58f10d07",
            "privileged": false,
            "tty": false,
            "user": null,
            "working_dir": null
          },
          "sensitive_attributes": [
            [
              {
                "type": "get_attr",
                "value": "commands"
              },
              {
                "type": "index",
                "value": {
                  "value": 2,
                  "type": "number"
                }
              }
            ]
          ],
          "private": "bnVsbA==",
          "dependencies": [
            "docker_container.logins",
            "docker_image.rvce-mca-lss-login",
            "docker_network.macvlan",
            "random_password.ps"
          ]
        },
        {
          "index_key": 74,
          "schema_version": 0,
          "attributes": {
            "attach_stderr": false,
            "attach_stdin": false,
            "attach_stdout": false,
            "commands": [
              "/bin/bash",
              "-c",
              "useradd -s /bin/bash -p $(mkpasswd --hash=SHA-512 '_J6{n') -m 1RV22MC075 \u0026\u0026 usermod -aG sudo 1RV22MC075 \u0026\u0026 service ssh start"
            ],
            "container_name": "1RV22MC075",
            "destroy_commands": null,
            "destroy_environment": null,
            "detach": false,
            "environment": null,
            "id": "6e8a914958614b2c2e07275913f11ab7b203b2afa525da5fade269df4b3a5bab",
            "privileged": false,
            "tty": false,
            "user": null,
            "working_dir": null
          },
          "sensitive_attributes": [
            [
              {
                "type": "get_attr",
                "value": "commands"
              },
              {
                "type": "index",
                "value": {
                  "value": 2,
                  "type": "number"
                }
              }
            ]
          ],
          "private": "bnVsbA==",
          "dependencies": [
            "docker_container.logins",
            "docker_image.rvce-mca-lss-login",
            "docker_network.macvlan",
            "random_password.ps"
          ]
        },
        {
          "index_key": 75,
          "schema_version": 0,
          "attributes": {
            "attach_stderr": false,
            "attach_stdin": false,
            "attach_stdout": false,
            "commands": [
              "/bin/bash",
              "-c",
              "useradd -s /bin/bash -p $(mkpasswd --hash=SHA-512 'pD56X') -m 1RV22MC076 \u0026\u0026 usermod -aG sudo 1RV22MC076 \u0026\u0026 service ssh start"
            ],
            "container_name": "1RV22MC076",
            "destroy_commands": null,
            "destroy_environment": null,
            "detach": false,
            "environment": null,
            "id": "9be79f008c2d369db6538c8a8999f677ffa3942c0ae0fe7b17814cd0c5851ed6",
            "privileged": false,
            "tty": false,
            "user": null,
            "working_dir": null
          },
          "sensitive_attributes": [
            [
              {
                "type": "get_attr",
                "value": "commands"
              },
              {
                "type": "index",
                "value": {
                  "value": 2,
                  "type": "number"
                }
              }
            ]
          ],
          "private": "bnVsbA==",
          "dependencies": [
            "docker_container.logins",
            "docker_image.rvce-mca-lss-login",
            "docker_network.macvlan",
            "random_password.ps"
          ]
        },
        {
          "index_key": 76,
          "schema_version": 0,
          "attributes": {
            "attach_stderr": false,
            "attach_stdin": false,
            "attach_stdout": false,
            "commands": [
              "/bin/bash",
              "-c",
              "useradd -s /bin/bash -p $(mkpasswd --hash=SHA-512 '[Ed\u003cx') -m 1RV22MC077 \u0026\u0026 usermod -aG sudo 1RV22MC077 \u0026\u0026 service ssh start"
            ],
            "container_name": "1RV22MC077",
            "destroy_commands": null,
            "destroy_environment": null,
            "detach": false,
            "environment": null,
            "id": "1fd7dceae64c70700a21965b641efc2be48524deac497be17ba5a10d809cd929",
            "privileged": false,
            "tty": false,
            "user": null,
            "working_dir": null
          },
          "sensitive_attributes": [
            [
              {
                "type": "get_attr",
                "value": "commands"
              },
              {
                "type": "index",
                "value": {
                  "value": 2,
                  "type": "number"
                }
              }
            ]
          ],
          "private": "bnVsbA==",
          "dependencies": [
            "docker_container.logins",
            "docker_image.rvce-mca-lss-login",
            "docker_network.macvlan",
            "random_password.ps"
          ]
        },
        {
          "index_key": 77,
          "schema_version": 0,
          "attributes": {
            "attach_stderr": false,
            "attach_stdin": false,
            "attach_stdout": false,
            "commands": [
              "/bin/bash",
              "-c",
              "useradd -s /bin/bash -p $(mkpasswd --hash=SHA-512 'zw2:E') -m 1RV22MC078 \u0026\u0026 usermod -aG sudo 1RV22MC078 \u0026\u0026 service ssh start"
            ],
            "container_name": "1RV22MC078",
            "destroy_commands": null,
            "destroy_environment": null,
            "detach": false,
            "environment": null,
            "id": "bfaa4b57b3832b1aaf8d46642e517aba5920786e161754888f5c599b680155d0",
            "privileged": false,
            "tty": false,
            "user": null,
            "working_dir": null
          },
          "sensitive_attributes": [
            [
              {
                "type": "get_attr",
                "value": "commands"
              },
              {
                "type": "index",
                "value": {
                  "value": 2,
                  "type": "number"
                }
              }
            ]
          ],
          "private": "bnVsbA==",
          "dependencies": [
            "docker_container.logins",
            "docker_image.rvce-mca-lss-login",
            "docker_network.macvlan",
            "random_password.ps"
          ]
        },
        {
          "index_key": 78,
          "schema_version": 0,
          "attributes": {
            "attach_stderr": false,
            "attach_stdin": false,
            "attach_stdout": false,
            "commands": [
              "/bin/bash",
              "-c",
              "useradd -s /bin/bash -p $(mkpasswd --hash=SHA-512 'Z5At\u003e') -m 1RV22MC079 \u0026\u0026 usermod -aG sudo 1RV22MC079 \u0026\u0026 service ssh start"
            ],
            "container_name": "1RV22MC079",
            "destroy_commands": null,
            "destroy_environment": null,
            "detach": false,
            "environment": null,
            "id": "4fb6e489036ddd2232caa451e0be87fdd9c519b6ee0612bcc0b4be0b925164f6",
            "privileged": false,
            "tty": false,
            "user": null,
            "working_dir": null
          },
          "sensitive_attributes": [
            [
              {
                "type": "get_attr",
                "value": "commands"
              },
              {
                "type": "index",
                "value": {
                  "value": 2,
                  "type": "number"
                }
              }
            ]
          ],
          "private": "bnVsbA==",
          "dependencies": [
            "docker_container.logins",
            "docker_image.rvce-mca-lss-login",
            "docker_network.macvlan",
            "random_password.ps"
          ]
        },
        {
          "index_key": 79,
          "schema_version": 0,
          "attributes": {
            "attach_stderr": false,
            "attach_stdin": false,
            "attach_stdout": false,
            "commands": [
              "/bin/bash",
              "-c",
              "useradd -s /bin/bash -p $(mkpasswd --hash=SHA-512 '{7)gz') -m 1RV22MC080 \u0026\u0026 usermod -aG sudo 1RV22MC080 \u0026\u0026 service ssh start"
            ],
            "container_name": "1RV22MC080",
            "destroy_commands": null,
            "destroy_environment": null,
            "detach": false,
            "environment": null,
            "id": "4fd997753dc1f8a2a62f5d3127e544372afc838b5b905005db620e77c56ce82f",
            "privileged": false,
            "tty": false,
            "user": null,
            "working_dir": null
          },
          "sensitive_attributes": [
            [
              {
                "type": "get_attr",
                "value": "commands"
              },
              {
                "type": "index",
                "value": {
                  "value": 2,
                  "type": "number"
                }
              }
            ]
          ],
          "private": "bnVsbA==",
          "dependencies": [
            "docker_container.logins",
            "docker_image.rvce-mca-lss-login",
            "docker_network.macvlan",
            "random_password.ps"
          ]
        },
        {
          "index_key": 80,
          "schema_version": 0,
          "attributes": {
            "attach_stderr": false,
            "attach_stdin": false,
            "attach_stdout": false,
            "commands": [
              "/bin/bash",
              "-c",
              "useradd -s /bin/bash -p $(mkpasswd --hash=SHA-512 'V$47a') -m 1RV22MC081 \u0026\u0026 usermod -aG sudo 1RV22MC081 \u0026\u0026 service ssh start"
            ],
            "container_name": "1RV22MC081",
            "destroy_commands": null,
            "destroy_environment": null,
            "detach": false,
            "environment": null,
            "id": "6e610d9737b372f6825d15b61630b37512ee555482ae079161065d71c6ae5596",
            "privileged": false,
            "tty": false,
            "user": null,
            "working_dir": null
          },
          "sensitive_attributes": [
            [
              {
                "type": "get_attr",
                "value": "commands"
              },
              {
                "type": "index",
                "value": {
                  "value": 2,
                  "type": "number"
                }
              }
            ]
          ],
          "private": "bnVsbA==",
          "dependencies": [
            "docker_container.logins",
            "docker_image.rvce-mca-lss-login",
            "docker_network.macvlan",
            "random_password.ps"
          ]
        },
        {
          "index_key": 81,
          "schema_version": 0,
          "attributes": {
            "attach_stderr": false,
            "attach_stdin": false,
            "attach_stdout": false,
            "commands": [
              "/bin/bash",
              "-c",
              "useradd -s /bin/bash -p $(mkpasswd --hash=SHA-512 'pt?V!') -m 1RV22MC082 \u0026\u0026 usermod -aG sudo 1RV22MC082 \u0026\u0026 service ssh start"
            ],
            "container_name": "1RV22MC082",
            "destroy_commands": null,
            "destroy_environment": null,
            "detach": false,
            "environment": null,
            "id": "fcc033445fa83ca624a781cba4a5dd71b1a658f8f110bd1d37ac68857ec9e37c",
            "privileged": false,
            "tty": false,
            "user": null,
            "working_dir": null
          },
          "sensitive_attributes": [
            [
              {
                "type": "get_attr",
                "value": "commands"
              },
              {
                "type": "index",
                "value": {
                  "value": 2,
                  "type": "number"
                }
              }
            ]
          ],
          "private": "bnVsbA==",
          "dependencies": [
            "docker_container.logins",
            "docker_image.rvce-mca-lss-login",
            "docker_network.macvlan",
            "random_password.ps"
          ]
        },
        {
          "index_key": 82,
          "schema_version": 0,
          "attributes": {
            "attach_stderr": false,
            "attach_stdin": false,
            "attach_stdout": false,
            "commands": [
              "/bin/bash",
              "-c",
              "useradd -s /bin/bash -p $(mkpasswd --hash=SHA-512 '\u00266Paq') -m 1RV22MC083 \u0026\u0026 usermod -aG sudo 1RV22MC083 \u0026\u0026 service ssh start"
            ],
            "container_name": "1RV22MC083",
            "destroy_commands": null,
            "destroy_environment": null,
            "detach": false,
            "environment": null,
            "id": "a47872c8e843744b207bfef2b6a32ad1e9be319b0dad3a77043cb72e451d1dba",
            "privileged": false,
            "tty": false,
            "user": null,
            "working_dir": null
          },
          "sensitive_attributes": [
            [
              {
                "type": "get_attr",
                "value": "commands"
              },
              {
                "type": "index",
                "value": {
                  "value": 2,
                  "type": "number"
                }
              }
            ]
          ],
          "private": "bnVsbA==",
          "dependencies": [
            "docker_container.logins",
            "docker_image.rvce-mca-lss-login",
            "docker_network.macvlan",
            "random_password.ps"
          ]
        },
        {
          "index_key": 83,
          "schema_version": 0,
          "attributes": {
            "attach_stderr": false,
            "attach_stdin": false,
            "attach_stdout": false,
            "commands": [
              "/bin/bash",
              "-c",
              "useradd -s /bin/bash -p $(mkpasswd --hash=SHA-512 'GiZCm') -m 1RV22MC084 \u0026\u0026 usermod -aG sudo 1RV22MC084 \u0026\u0026 service ssh start"
            ],
            "container_name": "1RV22MC084",
            "destroy_commands": null,
            "destroy_environment": null,
            "detach": false,
            "environment": null,
            "id": "a35ae72c4fea5d4e074bfd62e5d6d48004d14ce20abb90cbe325a3ae1894737a",
            "privileged": false,
            "tty": false,
            "user": null,
            "working_dir": null
          },
          "sensitive_attributes": [
            [
              {
                "type": "get_attr",
                "value": "commands"
              },
              {
                "type": "index",
                "value": {
                  "value": 2,
                  "type": "number"
                }
              }
            ]
          ],
          "private": "bnVsbA==",
          "dependencies": [
            "docker_container.logins",
            "docker_image.rvce-mca-lss-login",
            "docker_network.macvlan",
            "random_password.ps"
          ]
        },
        {
          "index_key": 84,
          "schema_version": 0,
          "attributes": {
            "attach_stderr": false,
            "attach_stdin": false,
            "attach_stdout": false,
            "commands": [
              "/bin/bash",
              "-c",
              "useradd -s /bin/bash -p $(mkpasswd --hash=SHA-512 'x%=):') -m 1RV22MC085 \u0026\u0026 usermod -aG sudo 1RV22MC085 \u0026\u0026 service ssh start"
            ],
            "container_name": "1RV22MC085",
            "destroy_commands": null,
            "destroy_environment": null,
            "detach": false,
            "environment": null,
            "id": "995ce63f37df97ca7fd68bbf6f9e27a0964aef98b591b3e9dfb5abfbd3eb8831",
            "privileged": false,
            "tty": false,
            "user": null,
            "working_dir": null
          },
          "sensitive_attributes": [
            [
              {
                "type": "get_attr",
                "value": "commands"
              },
              {
                "type": "index",
                "value": {
                  "value": 2,
                  "type": "number"
                }
              }
            ]
          ],
          "private": "bnVsbA==",
          "dependencies": [
            "docker_container.logins",
            "docker_image.rvce-mca-lss-login",
            "docker_network.macvlan",
            "random_password.ps"
          ]
        },
        {
          "index_key": 85,
          "schema_version": 0,
          "attributes": {
            "attach_stderr": false,
            "attach_stdin": false,
            "attach_stdout": false,
            "commands": [
              "/bin/bash",
              "-c",
              "useradd -s /bin/bash -p $(mkpasswd --hash=SHA-512 '6%bqA') -m 1RV22MC086 \u0026\u0026 usermod -aG sudo 1RV22MC086 \u0026\u0026 service ssh start"
            ],
            "container_name": "1RV22MC086",
            "destroy_commands": null,
            "destroy_environment": null,
            "detach": false,
            "environment": null,
            "id": "10c611546312bf6af5a413cb2c7f52705d48b6a169b658cc108966580355fd3a",
            "privileged": false,
            "tty": false,
            "user": null,
            "working_dir": null
          },
          "sensitive_attributes": [
            [
              {
                "type": "get_attr",
                "value": "commands"
              },
              {
                "type": "index",
                "value": {
                  "value": 2,
                  "type": "number"
                }
              }
            ]
          ],
          "private": "bnVsbA==",
          "dependencies": [
            "docker_container.logins",
            "docker_image.rvce-mca-lss-login",
            "docker_network.macvlan",
            "random_password.ps"
          ]
        },
        {
          "index_key": 86,
          "schema_version": 0,
          "attributes": {
            "attach_stderr": false,
            "attach_stdin": false,
            "attach_stdout": false,
            "commands": [
              "/bin/bash",
              "-c",
              "useradd -s /bin/bash -p $(mkpasswd --hash=SHA-512 'JsRsL') -m 1RV22MC087 \u0026\u0026 usermod -aG sudo 1RV22MC087 \u0026\u0026 service ssh start"
            ],
            "container_name": "1RV22MC087",
            "destroy_commands": null,
            "destroy_environment": null,
            "detach": false,
            "environment": null,
            "id": "d25d1c21cc0a0e670b99fe7f1ab3aa517de95034226fc3f685f20e0eb28f00d7",
            "privileged": false,
            "tty": false,
            "user": null,
            "working_dir": null
          },
          "sensitive_attributes": [
            [
              {
                "type": "get_attr",
                "value": "commands"
              },
              {
                "type": "index",
                "value": {
                  "value": 2,
                  "type": "number"
                }
              }
            ]
          ],
          "private": "bnVsbA==",
          "dependencies": [
            "docker_container.logins",
            "docker_image.rvce-mca-lss-login",
            "docker_network.macvlan",
            "random_password.ps"
          ]
        },
        {
          "index_key": 87,
          "schema_version": 0,
          "attributes": {
            "attach_stderr": false,
            "attach_stdin": false,
            "attach_stdout": false,
            "commands": [
              "/bin/bash",
              "-c",
              "useradd -s /bin/bash -p $(mkpasswd --hash=SHA-512 'mZc#Z') -m 1RV22MC088 \u0026\u0026 usermod -aG sudo 1RV22MC088 \u0026\u0026 service ssh start"
            ],
            "container_name": "1RV22MC088",
            "destroy_commands": null,
            "destroy_environment": null,
            "detach": false,
            "environment": null,
            "id": "167f0d98ed6dd97ab38c774edf9f3b8a1618acddb5f910a3eb9383b61ea5a9a3",
            "privileged": false,
            "tty": false,
            "user": null,
            "working_dir": null
          },
          "sensitive_attributes": [
            [
              {
                "type": "get_attr",
                "value": "commands"
              },
              {
                "type": "index",
                "value": {
                  "value": 2,
                  "type": "number"
                }
              }
            ]
          ],
          "private": "bnVsbA==",
          "dependencies": [
            "docker_container.logins",
            "docker_image.rvce-mca-lss-login",
            "docker_network.macvlan",
            "random_password.ps"
          ]
        },
        {
          "index_key": 88,
          "schema_version": 0,
          "attributes": {
            "attach_stderr": false,
            "attach_stdin": false,
            "attach_stdout": false,
            "commands": [
              "/bin/bash",
              "-c",
              "useradd -s /bin/bash -p $(mkpasswd --hash=SHA-512 'CC9sr') -m 1RV22MC089 \u0026\u0026 usermod -aG sudo 1RV22MC089 \u0026\u0026 service ssh start"
            ],
            "container_name": "1RV22MC089",
            "destroy_commands": null,
            "destroy_environment": null,
            "detach": false,
            "environment": null,
            "id": "e978244d5be970ffa07d866a769ac842e6b884101e6323fb3a259731951b7b31",
            "privileged": false,
            "tty": false,
            "user": null,
            "working_dir": null
          },
          "sensitive_attributes": [
            [
              {
                "type": "get_attr",
                "value": "commands"
              },
              {
                "type": "index",
                "value": {
                  "value": 2,
                  "type": "number"
                }
              }
            ]
          ],
          "private": "bnVsbA==",
          "dependencies": [
            "docker_container.logins",
            "docker_image.rvce-mca-lss-login",
            "docker_network.macvlan",
            "random_password.ps"
          ]
        },
        {
          "index_key": 89,
          "schema_version": 0,
          "attributes": {
            "attach_stderr": false,
            "attach_stdin": false,
            "attach_stdout": false,
            "commands": [
              "/bin/bash",
              "-c",
              "useradd -s /bin/bash -p $(mkpasswd --hash=SHA-512 'K-PY_') -m 1RV22MC090 \u0026\u0026 usermod -aG sudo 1RV22MC090 \u0026\u0026 service ssh start"
            ],
            "container_name": "1RV22MC090",
            "destroy_commands": null,
            "destroy_environment": null,
            "detach": false,
            "environment": null,
            "id": "94d37365c976961756a87dd4fdf16c1012a8189a092d5ad7d43186b703975764",
            "privileged": false,
            "tty": false,
            "user": null,
            "working_dir": null
          },
          "sensitive_attributes": [
            [
              {
                "type": "get_attr",
                "value": "commands"
              },
              {
                "type": "index",
                "value": {
                  "value": 2,
                  "type": "number"
                }
              }
            ]
          ],
          "private": "bnVsbA==",
          "dependencies": [
            "docker_container.logins",
            "docker_image.rvce-mca-lss-login",
            "docker_network.macvlan",
            "random_password.ps"
          ]
        },
        {
          "index_key": 90,
          "schema_version": 0,
          "attributes": {
            "attach_stderr": false,
            "attach_stdin": false,
            "attach_stdout": false,
            "commands": [
              "/bin/bash",
              "-c",
              "useradd -s /bin/bash -p $(mkpasswd --hash=SHA-512 'DBnxK') -m 1RV22MC091 \u0026\u0026 usermod -aG sudo 1RV22MC091 \u0026\u0026 service ssh start"
            ],
            "container_name": "1RV22MC091",
            "destroy_commands": null,
            "destroy_environment": null,
            "detach": false,
            "environment": null,
            "id": "1cd7aff45333abe145fbc8f445c6342a6a981678ea727891d5199ff14d76199e",
            "privileged": false,
            "tty": false,
            "user": null,
            "working_dir": null
          },
          "sensitive_attributes": [
            [
              {
                "type": "get_attr",
                "value": "commands"
              },
              {
                "type": "index",
                "value": {
                  "value": 2,
                  "type": "number"
                }
              }
            ]
          ],
          "private": "bnVsbA==",
          "dependencies": [
            "docker_container.logins",
            "docker_image.rvce-mca-lss-login",
            "docker_network.macvlan",
            "random_password.ps"
          ]
        },
        {
          "index_key": 91,
          "schema_version": 0,
          "attributes": {
            "attach_stderr": false,
            "attach_stdin": false,
            "attach_stdout": false,
            "commands": [
              "/bin/bash",
              "-c",
              "useradd -s /bin/bash -p $(mkpasswd --hash=SHA-512 '(3Rs[') -m 1RV22MC092 \u0026\u0026 usermod -aG sudo 1RV22MC092 \u0026\u0026 service ssh start"
            ],
            "container_name": "1RV22MC092",
            "destroy_commands": null,
            "destroy_environment": null,
            "detach": false,
            "environment": null,
            "id": "b530f220bdbe85cd5abcbe22c24cdcd749860f81376eb1402d01d4775e36056a",
            "privileged": false,
            "tty": false,
            "user": null,
            "working_dir": null
          },
          "sensitive_attributes": [
            [
              {
                "type": "get_attr",
                "value": "commands"
              },
              {
                "type": "index",
                "value": {
                  "value": 2,
                  "type": "number"
                }
              }
            ]
          ],
          "private": "bnVsbA==",
          "dependencies": [
            "docker_container.logins",
            "docker_image.rvce-mca-lss-login",
            "docker_network.macvlan",
            "random_password.ps"
          ]
        },
        {
          "index_key": 92,
          "schema_version": 0,
          "attributes": {
            "attach_stderr": false,
            "attach_stdin": false,
            "attach_stdout": false,
            "commands": [
              "/bin/bash",
              "-c",
              "useradd -s /bin/bash -p $(mkpasswd --hash=SHA-512 'i%p9E') -m 1RV22MC093 \u0026\u0026 usermod -aG sudo 1RV22MC093 \u0026\u0026 service ssh start"
            ],
            "container_name": "1RV22MC093",
            "destroy_commands": null,
            "destroy_environment": null,
            "detach": false,
            "environment": null,
            "id": "67fb1e154e40c8f32aefe66aac735efb242aff7dbbabfd8059140976e03623e9",
            "privileged": false,
            "tty": false,
            "user": null,
            "working_dir": null
          },
          "sensitive_attributes": [
            [
              {
                "type": "get_attr",
                "value": "commands"
              },
              {
                "type": "index",
                "value": {
                  "value": 2,
                  "type": "number"
                }
              }
            ]
          ],
          "private": "bnVsbA==",
          "dependencies": [
            "docker_container.logins",
            "docker_image.rvce-mca-lss-login",
            "docker_network.macvlan",
            "random_password.ps"
          ]
        },
        {
          "index_key": 93,
          "schema_version": 0,
          "attributes": {
            "attach_stderr": false,
            "attach_stdin": false,
            "attach_stdout": false,
            "commands": [
              "/bin/bash",
              "-c",
              "useradd -s /bin/bash -p $(mkpasswd --hash=SHA-512 ':d%Ll') -m 1RV22MC094 \u0026\u0026 usermod -aG sudo 1RV22MC094 \u0026\u0026 service ssh start"
            ],
            "container_name": "1RV22MC094",
            "destroy_commands": null,
            "destroy_environment": null,
            "detach": false,
            "environment": null,
            "id": "c49b45edc7e9cbda3c3a8bf16a1a33a5b1fd640ace024189db5480ea56ab6d55",
            "privileged": false,
            "tty": false,
            "user": null,
            "working_dir": null
          },
          "sensitive_attributes": [
            [
              {
                "type": "get_attr",
                "value": "commands"
              },
              {
                "type": "index",
                "value": {
                  "value": 2,
                  "type": "number"
                }
              }
            ]
          ],
          "private": "bnVsbA==",
          "dependencies": [
            "docker_container.logins",
            "docker_image.rvce-mca-lss-login",
            "docker_network.macvlan",
            "random_password.ps"
          ]
        },
        {
          "index_key": 94,
          "schema_version": 0,
          "attributes": {
            "attach_stderr": false,
            "attach_stdin": false,
            "attach_stdout": false,
            "commands": [
              "/bin/bash",
              "-c",
              "useradd -s /bin/bash -p $(mkpasswd --hash=SHA-512 'c(ykZ') -m 1RV22MC095 \u0026\u0026 usermod -aG sudo 1RV22MC095 \u0026\u0026 service ssh start"
            ],
            "container_name": "1RV22MC095",
            "destroy_commands": null,
            "destroy_environment": null,
            "detach": false,
            "environment": null,
            "id": "5cb1e0360cb026d6022653560b25ce41f027fc9b7366b6a53301c5e0d2c0ac64",
            "privileged": false,
            "tty": false,
            "user": null,
            "working_dir": null
          },
          "sensitive_attributes": [
            [
              {
                "type": "get_attr",
                "value": "commands"
              },
              {
                "type": "index",
                "value": {
                  "value": 2,
                  "type": "number"
                }
              }
            ]
          ],
          "private": "bnVsbA==",
          "dependencies": [
            "docker_container.logins",
            "docker_image.rvce-mca-lss-login",
            "docker_network.macvlan",
            "random_password.ps"
          ]
        },
        {
          "index_key": 95,
          "schema_version": 0,
          "attributes": {
            "attach_stderr": false,
            "attach_stdin": false,
            "attach_stdout": false,
            "commands": [
              "/bin/bash",
              "-c",
              "useradd -s /bin/bash -p $(mkpasswd --hash=SHA-512 'r\u003eJc\u003e') -m 1RV22MC096 \u0026\u0026 usermod -aG sudo 1RV22MC096 \u0026\u0026 service ssh start"
            ],
            "container_name": "1RV22MC096",
            "destroy_commands": null,
            "destroy_environment": null,
            "detach": false,
            "environment": null,
            "id": "3fa84f004bc2f087aaf11c0e795d2bff615b98ed1402d71ce9cdfed3bb72a4a5",
            "privileged": false,
            "tty": false,
            "user": null,
            "working_dir": null
          },
          "sensitive_attributes": [
            [
              {
                "type": "get_attr",
                "value": "commands"
              },
              {
                "type": "index",
                "value": {
                  "value": 2,
                  "type": "number"
                }
              }
            ]
          ],
          "private": "bnVsbA==",
          "dependencies": [
            "docker_container.logins",
            "docker_image.rvce-mca-lss-login",
            "docker_network.macvlan",
            "random_password.ps"
          ]
        },
        {
          "index_key": 96,
          "schema_version": 0,
          "attributes": {
            "attach_stderr": false,
            "attach_stdin": false,
            "attach_stdout": false,
            "commands": [
              "/bin/bash",
              "-c",
              "useradd -s /bin/bash -p $(mkpasswd --hash=SHA-512 '7k5yp') -m 1RV22MC097 \u0026\u0026 usermod -aG sudo 1RV22MC097 \u0026\u0026 service ssh start"
            ],
            "container_name": "1RV22MC097",
            "destroy_commands": null,
            "destroy_environment": null,
            "detach": false,
            "environment": null,
            "id": "2b3d0091c35a9e9bee3ebf5bc3c56385a23d16f496d7cddf484c2a388a4036a2",
            "privileged": false,
            "tty": false,
            "user": null,
            "working_dir": null
          },
          "sensitive_attributes": [
            [
              {
                "type": "get_attr",
                "value": "commands"
              },
              {
                "type": "index",
                "value": {
                  "value": 2,
                  "type": "number"
                }
              }
            ]
          ],
          "private": "bnVsbA==",
          "dependencies": [
            "docker_container.logins",
            "docker_image.rvce-mca-lss-login",
            "docker_network.macvlan",
            "random_password.ps"
          ]
        },
        {
          "index_key": 97,
          "schema_version": 0,
          "attributes": {
            "attach_stderr": false,
            "attach_stdin": false,
            "attach_stdout": false,
            "commands": [
              "/bin/bash",
              "-c",
              "useradd -s /bin/bash -p $(mkpasswd --hash=SHA-512 '?s[AX') -m 1RV22MC098 \u0026\u0026 usermod -aG sudo 1RV22MC098 \u0026\u0026 service ssh start"
            ],
            "container_name": "1RV22MC098",
            "destroy_commands": null,
            "destroy_environment": null,
            "detach": false,
            "environment": null,
            "id": "e3a6e08083ae59a6665bd214c8ef1189b35ee9af78971a392beb9d9b4d630851",
            "privileged": false,
            "tty": false,
            "user": null,
            "working_dir": null
          },
          "sensitive_attributes": [
            [
              {
                "type": "get_attr",
                "value": "commands"
              },
              {
                "type": "index",
                "value": {
                  "value": 2,
                  "type": "number"
                }
              }
            ]
          ],
          "private": "bnVsbA==",
          "dependencies": [
            "docker_container.logins",
            "docker_image.rvce-mca-lss-login",
            "docker_network.macvlan",
            "random_password.ps"
          ]
        },
        {
          "index_key": 98,
          "schema_version": 0,
          "attributes": {
            "attach_stderr": false,
            "attach_stdin": false,
            "attach_stdout": false,
            "commands": [
              "/bin/bash",
              "-c",
              "useradd -s /bin/bash -p $(mkpasswd --hash=SHA-512 'I}S1\u0026') -m 1RV22MC099 \u0026\u0026 usermod -aG sudo 1RV22MC099 \u0026\u0026 service ssh start"
            ],
            "container_name": "1RV22MC099",
            "destroy_commands": null,
            "destroy_environment": null,
            "detach": false,
            "environment": null,
            "id": "cb9ceacf945af9f7a454a4d9e4bd7ca880b4f3db08c2f1332b32d0a3669fb7b3",
            "privileged": false,
            "tty": false,
            "user": null,
            "working_dir": null
          },
          "sensitive_attributes": [
            [
              {
                "type": "get_attr",
                "value": "commands"
              },
              {
                "type": "index",
                "value": {
                  "value": 2,
                  "type": "number"
                }
              }
            ]
          ],
          "private": "bnVsbA==",
          "dependencies": [
            "docker_container.logins",
            "docker_image.rvce-mca-lss-login",
            "docker_network.macvlan",
            "random_password.ps"
          ]
        },
        {
          "index_key": 99,
          "schema_version": 0,
          "attributes": {
            "attach_stderr": false,
            "attach_stdin": false,
            "attach_stdout": false,
            "commands": [
              "/bin/bash",
              "-c",
              "useradd -s /bin/bash -p $(mkpasswd --hash=SHA-512 '3_\u003eNC') -m 1RV22MC100 \u0026\u0026 usermod -aG sudo 1RV22MC100 \u0026\u0026 service ssh start"
            ],
            "container_name": "1RV22MC100",
            "destroy_commands": null,
            "destroy_environment": null,
            "detach": false,
            "environment": null,
            "id": "eb70a0e15da7b37649949a1c33396413b2c15f0a8ad3682dfa463fe59d2015a6",
            "privileged": false,
            "tty": false,
            "user": null,
            "working_dir": null
          },
          "sensitive_attributes": [
            [
              {
                "type": "get_attr",
                "value": "commands"
              },
              {
                "type": "index",
                "value": {
                  "value": 2,
                  "type": "number"
                }
              }
            ]
          ],
          "private": "bnVsbA==",
          "dependencies": [
            "docker_container.logins",
            "docker_image.rvce-mca-lss-login",
            "docker_network.macvlan",
            "random_password.ps"
          ]
        },
        {
          "index_key": 100,
          "schema_version": 0,
          "attributes": {
            "attach_stderr": false,
            "attach_stdin": false,
            "attach_stdout": false,
            "commands": [
              "/bin/bash",
              "-c",
              "useradd -s /bin/bash -p $(mkpasswd --hash=SHA-512 'C{*WC') -m 1RV22MC101 \u0026\u0026 usermod -aG sudo 1RV22MC101 \u0026\u0026 service ssh start"
            ],
            "container_name": "1RV22MC101",
            "destroy_commands": null,
            "destroy_environment": null,
            "detach": false,
            "environment": null,
            "id": "08f3e99592282d48566f271309e67307c067a39d97d75e6a3a50850716a50aae",
            "privileged": false,
            "tty": false,
            "user": null,
            "working_dir": null
          },
          "sensitive_attributes": [
            [
              {
                "type": "get_attr",
                "value": "commands"
              },
              {
                "type": "index",
                "value": {
                  "value": 2,
                  "type": "number"
                }
              }
            ]
          ],
          "private": "bnVsbA==",
          "dependencies": [
            "docker_container.logins",
            "docker_image.rvce-mca-lss-login",
            "docker_network.macvlan",
            "random_password.ps"
          ]
        },
        {
          "index_key": 101,
          "schema_version": 0,
          "attributes": {
            "attach_stderr": false,
            "attach_stdin": false,
            "attach_stdout": false,
            "commands": [
              "/bin/bash",
              "-c",
              "useradd -s /bin/bash -p $(mkpasswd --hash=SHA-512 '!o\u0026}t') -m 1RV22MC102 \u0026\u0026 usermod -aG sudo 1RV22MC102 \u0026\u0026 service ssh start"
            ],
            "container_name": "1RV22MC102",
            "destroy_commands": null,
            "destroy_environment": null,
            "detach": false,
            "environment": null,
            "id": "3402cb439e9253d3b6643fe2372b6530bd429f08c50fba6a09a29d623caac86f",
            "privileged": false,
            "tty": false,
            "user": null,
            "working_dir": null
          },
          "sensitive_attributes": [
            [
              {
                "type": "get_attr",
                "value": "commands"
              },
              {
                "type": "index",
                "value": {
                  "value": 2,
                  "type": "number"
                }
              }
            ]
          ],
          "private": "bnVsbA==",
          "dependencies": [
            "docker_container.logins",
            "docker_image.rvce-mca-lss-login",
            "docker_network.macvlan",
            "random_password.ps"
          ]
        },
        {
          "index_key": 102,
          "schema_version": 0,
          "attributes": {
            "attach_stderr": false,
            "attach_stdin": false,
            "attach_stdout": false,
            "commands": [
              "/bin/bash",
              "-c",
              "useradd -s /bin/bash -p $(mkpasswd --hash=SHA-512 'B3$Ug') -m 1RV22MC103 \u0026\u0026 usermod -aG sudo 1RV22MC103 \u0026\u0026 service ssh start"
            ],
            "container_name": "1RV22MC103",
            "destroy_commands": null,
            "destroy_environment": null,
            "detach": false,
            "environment": null,
            "id": "84ed7f5d8757cde5fe269308593bc8247578641d8b79cbd94c09bcc1336ad563",
            "privileged": false,
            "tty": false,
            "user": null,
            "working_dir": null
          },
          "sensitive_attributes": [
            [
              {
                "type": "get_attr",
                "value": "commands"
              },
              {
                "type": "index",
                "value": {
                  "value": 2,
                  "type": "number"
                }
              }
            ]
          ],
          "private": "bnVsbA==",
          "dependencies": [
            "docker_container.logins",
            "docker_image.rvce-mca-lss-login",
            "docker_network.macvlan",
            "random_password.ps"
          ]
        },
        {
          "index_key": 103,
          "schema_version": 0,
          "attributes": {
            "attach_stderr": false,
            "attach_stdin": false,
            "attach_stdout": false,
            "commands": [
              "/bin/bash",
              "-c",
              "useradd -s /bin/bash -p $(mkpasswd --hash=SHA-512 'BvDQX') -m 1RV22MC104 \u0026\u0026 usermod -aG sudo 1RV22MC104 \u0026\u0026 service ssh start"
            ],
            "container_name": "1RV22MC104",
            "destroy_commands": null,
            "destroy_environment": null,
            "detach": false,
            "environment": null,
            "id": "d27233ba50771e256a454e6d4e6752499466c0dd5b3f9d3a21ad08f3cee3ab4d",
            "privileged": false,
            "tty": false,
            "user": null,
            "working_dir": null
          },
          "sensitive_attributes": [
            [
              {
                "type": "get_attr",
                "value": "commands"
              },
              {
                "type": "index",
                "value": {
                  "value": 2,
                  "type": "number"
                }
              }
            ]
          ],
          "private": "bnVsbA==",
          "dependencies": [
            "docker_container.logins",
            "docker_image.rvce-mca-lss-login",
            "docker_network.macvlan",
            "random_password.ps"
          ]
        },
        {
          "index_key": 104,
          "schema_version": 0,
          "attributes": {
            "attach_stderr": false,
            "attach_stdin": false,
            "attach_stdout": false,
            "commands": [
              "/bin/bash",
              "-c",
              "useradd -s /bin/bash -p $(mkpasswd --hash=SHA-512 'qMzPe') -m 1RV22MC105 \u0026\u0026 usermod -aG sudo 1RV22MC105 \u0026\u0026 service ssh start"
            ],
            "container_name": "1RV22MC105",
            "destroy_commands": null,
            "destroy_environment": null,
            "detach": false,
            "environment": null,
            "id": "0dc7f3e73bfb5d4714b2b8986ca4257dc118441a32779c56cc08cf365ffe4b96",
            "privileged": false,
            "tty": false,
            "user": null,
            "working_dir": null
          },
          "sensitive_attributes": [
            [
              {
                "type": "get_attr",
                "value": "commands"
              },
              {
                "type": "index",
                "value": {
                  "value": 2,
                  "type": "number"
                }
              }
            ]
          ],
          "private": "bnVsbA==",
          "dependencies": [
            "docker_container.logins",
            "docker_image.rvce-mca-lss-login",
            "docker_network.macvlan",
            "random_password.ps"
          ]
        },
        {
          "index_key": 105,
          "schema_version": 0,
          "attributes": {
            "attach_stderr": false,
            "attach_stdin": false,
            "attach_stdout": false,
            "commands": [
              "/bin/bash",
              "-c",
              "useradd -s /bin/bash -p $(mkpasswd --hash=SHA-512 'y2(y*') -m 1RV22MC106 \u0026\u0026 usermod -aG sudo 1RV22MC106 \u0026\u0026 service ssh start"
            ],
            "container_name": "1RV22MC106",
            "destroy_commands": null,
            "destroy_environment": null,
            "detach": false,
            "environment": null,
            "id": "e9b272f29a8908e04952ab0dcf80deda4050944e197577676e68ac4a69a1e7fa",
            "privileged": false,
            "tty": false,
            "user": null,
            "working_dir": null
          },
          "sensitive_attributes": [
            [
              {
                "type": "get_attr",
                "value": "commands"
              },
              {
                "type": "index",
                "value": {
                  "value": 2,
                  "type": "number"
                }
              }
            ]
          ],
          "private": "bnVsbA==",
          "dependencies": [
            "docker_container.logins",
            "docker_image.rvce-mca-lss-login",
            "docker_network.macvlan",
            "random_password.ps"
          ]
        },
        {
          "index_key": 106,
          "schema_version": 0,
          "attributes": {
            "attach_stderr": false,
            "attach_stdin": false,
            "attach_stdout": false,
            "commands": [
              "/bin/bash",
              "-c",
              "useradd -s /bin/bash -p $(mkpasswd --hash=SHA-512 '_VsQt') -m 1RV22MC107 \u0026\u0026 usermod -aG sudo 1RV22MC107 \u0026\u0026 service ssh start"
            ],
            "container_name": "1RV22MC107",
            "destroy_commands": null,
            "destroy_environment": null,
            "detach": false,
            "environment": null,
            "id": "950b5136324a912d169e8e1b0322bb39f22fd30f9f9361c69c317d56971caa47",
            "privileged": false,
            "tty": false,
            "user": null,
            "working_dir": null
          },
          "sensitive_attributes": [
            [
              {
                "type": "get_attr",
                "value": "commands"
              },
              {
                "type": "index",
                "value": {
                  "value": 2,
                  "type": "number"
                }
              }
            ]
          ],
          "private": "bnVsbA==",
          "dependencies": [
            "docker_container.logins",
            "docker_image.rvce-mca-lss-login",
            "docker_network.macvlan",
            "random_password.ps"
          ]
        },
        {
          "index_key": 107,
          "schema_version": 0,
          "attributes": {
            "attach_stderr": false,
            "attach_stdin": false,
            "attach_stdout": false,
            "commands": [
              "/bin/bash",
              "-c",
              "useradd -s /bin/bash -p $(mkpasswd --hash=SHA-512 'ZQnXA') -m 1RV22MC108 \u0026\u0026 usermod -aG sudo 1RV22MC108 \u0026\u0026 service ssh start"
            ],
            "container_name": "1RV22MC108",
            "destroy_commands": null,
            "destroy_environment": null,
            "detach": false,
            "environment": null,
            "id": "b2f1e95ee9c26ada54f94337c026d2e2061a0a055ab516b526e8a09837d4b329",
            "privileged": false,
            "tty": false,
            "user": null,
            "working_dir": null
          },
          "sensitive_attributes": [
            [
              {
                "type": "get_attr",
                "value": "commands"
              },
              {
                "type": "index",
                "value": {
                  "value": 2,
                  "type": "number"
                }
              }
            ]
          ],
          "private": "bnVsbA==",
          "dependencies": [
            "docker_container.logins",
            "docker_image.rvce-mca-lss-login",
            "docker_network.macvlan",
            "random_password.ps"
          ]
        },
        {
          "index_key": 108,
          "schema_version": 0,
          "attributes": {
            "attach_stderr": false,
            "attach_stdin": false,
            "attach_stdout": false,
            "commands": [
              "/bin/bash",
              "-c",
              "useradd -s /bin/bash -p $(mkpasswd --hash=SHA-512 '\u003cEOAE') -m 1RV22MC109 \u0026\u0026 usermod -aG sudo 1RV22MC109 \u0026\u0026 service ssh start"
            ],
            "container_name": "1RV22MC109",
            "destroy_commands": null,
            "destroy_environment": null,
            "detach": false,
            "environment": null,
            "id": "c40d61aab3032f843a872d311feb7a095a0efcbc4a511d94a390a265ac16b6e6",
            "privileged": false,
            "tty": false,
            "user": null,
            "working_dir": null
          },
          "sensitive_attributes": [
            [
              {
                "type": "get_attr",
                "value": "commands"
              },
              {
                "type": "index",
                "value": {
                  "value": 2,
                  "type": "number"
                }
              }
            ]
          ],
          "private": "bnVsbA==",
          "dependencies": [
            "docker_container.logins",
            "docker_image.rvce-mca-lss-login",
            "docker_network.macvlan",
            "random_password.ps"
          ]
        },
        {
          "index_key": 109,
          "schema_version": 0,
          "attributes": {
            "attach_stderr": false,
            "attach_stdin": false,
            "attach_stdout": false,
            "commands": [
              "/bin/bash",
              "-c",
              "useradd -s /bin/bash -p $(mkpasswd --hash=SHA-512 'h2r_b') -m 1RV22MC110 \u0026\u0026 usermod -aG sudo 1RV22MC110 \u0026\u0026 service ssh start"
            ],
            "container_name": "1RV22MC110",
            "destroy_commands": null,
            "destroy_environment": null,
            "detach": false,
            "environment": null,
            "id": "3c7d3e1a7d8df6c404095a7d5215d809d32c823dc5a9cf193131f01fcfdf3d68",
            "privileged": false,
            "tty": false,
            "user": null,
            "working_dir": null
          },
          "sensitive_attributes": [
            [
              {
                "type": "get_attr",
                "value": "commands"
              },
              {
                "type": "index",
                "value": {
                  "value": 2,
                  "type": "number"
                }
              }
            ]
          ],
          "private": "bnVsbA==",
          "dependencies": [
            "docker_container.logins",
            "docker_image.rvce-mca-lss-login",
            "docker_network.macvlan",
            "random_password.ps"
          ]
        },
        {
          "index_key": 110,
          "schema_version": 0,
          "attributes": {
            "attach_stderr": false,
            "attach_stdin": false,
            "attach_stdout": false,
            "commands": [
              "/bin/bash",
              "-c",
              "useradd -s /bin/bash -p $(mkpasswd --hash=SHA-512 '-:-Jz') -m 1RV22MC111 \u0026\u0026 usermod -aG sudo 1RV22MC111 \u0026\u0026 service ssh start"
            ],
            "container_name": "1RV22MC111",
            "destroy_commands": null,
            "destroy_environment": null,
            "detach": false,
            "environment": null,
            "id": "50d07aaf5086b27a7f87eb911f4c537ab36bb3429b5f8687e70a3efe1e8f315c",
            "privileged": false,
            "tty": false,
            "user": null,
            "working_dir": null
          },
          "sensitive_attributes": [
            [
              {
                "type": "get_attr",
                "value": "commands"
              },
              {
                "type": "index",
                "value": {
                  "value": 2,
                  "type": "number"
                }
              }
            ]
          ],
          "private": "bnVsbA==",
          "dependencies": [
            "docker_container.logins",
            "docker_image.rvce-mca-lss-login",
            "docker_network.macvlan",
            "random_password.ps"
          ]
        },
        {
          "index_key": 111,
          "schema_version": 0,
          "attributes": {
            "attach_stderr": false,
            "attach_stdin": false,
            "attach_stdout": false,
            "commands": [
              "/bin/bash",
              "-c",
              "useradd -s /bin/bash -p $(mkpasswd --hash=SHA-512 'fqnG_') -m 1RV22MC112 \u0026\u0026 usermod -aG sudo 1RV22MC112 \u0026\u0026 service ssh start"
            ],
            "container_name": "1RV22MC112",
            "destroy_commands": null,
            "destroy_environment": null,
            "detach": false,
            "environment": null,
            "id": "6e331545ad5dc5fd3012d0580f00a1a85c8241b1343048c80bfb5f4c22afb4dc",
            "privileged": false,
            "tty": false,
            "user": null,
            "working_dir": null
          },
          "sensitive_attributes": [
            [
              {
                "type": "get_attr",
                "value": "commands"
              },
              {
                "type": "index",
                "value": {
                  "value": 2,
                  "type": "number"
                }
              }
            ]
          ],
          "private": "bnVsbA==",
          "dependencies": [
            "docker_container.logins",
            "docker_image.rvce-mca-lss-login",
            "docker_network.macvlan",
            "random_password.ps"
          ]
        },
        {
          "index_key": 112,
          "schema_version": 0,
          "attributes": {
            "attach_stderr": false,
            "attach_stdin": false,
            "attach_stdout": false,
            "commands": [
              "/bin/bash",
              "-c",
              "useradd -s /bin/bash -p $(mkpasswd --hash=SHA-512 '%0XKM') -m 1RV22MC113 \u0026\u0026 usermod -aG sudo 1RV22MC113 \u0026\u0026 service ssh start"
            ],
            "container_name": "1RV22MC113",
            "destroy_commands": null,
            "destroy_environment": null,
            "detach": false,
            "environment": null,
            "id": "afbe7d03322e4805a914abdedcefae3dfb6ac164e90ba5844d4cf63eeb86257d",
            "privileged": false,
            "tty": false,
            "user": null,
            "working_dir": null
          },
          "sensitive_attributes": [
            [
              {
                "type": "get_attr",
                "value": "commands"
              },
              {
                "type": "index",
                "value": {
                  "value": 2,
                  "type": "number"
                }
              }
            ]
          ],
          "private": "bnVsbA==",
          "dependencies": [
            "docker_container.logins",
            "docker_image.rvce-mca-lss-login",
            "docker_network.macvlan",
            "random_password.ps"
          ]
        },
        {
          "index_key": 113,
          "schema_version": 0,
          "attributes": {
            "attach_stderr": false,
            "attach_stdin": false,
            "attach_stdout": false,
            "commands": [
              "/bin/bash",
              "-c",
              "useradd -s /bin/bash -p $(mkpasswd --hash=SHA-512 ')PLD\u003c') -m 1RV22MC114 \u0026\u0026 usermod -aG sudo 1RV22MC114 \u0026\u0026 service ssh start"
            ],
            "container_name": "1RV22MC114",
            "destroy_commands": null,
            "destroy_environment": null,
            "detach": false,
            "environment": null,
            "id": "616d26786b7ebe1c6c4d92ed9c172029339f52562790aea4c98e5ff507870e7a",
            "privileged": false,
            "tty": false,
            "user": null,
            "working_dir": null
          },
          "sensitive_attributes": [
            [
              {
                "type": "get_attr",
                "value": "commands"
              },
              {
                "type": "index",
                "value": {
                  "value": 2,
                  "type": "number"
                }
              }
            ]
          ],
          "private": "bnVsbA==",
          "dependencies": [
            "docker_container.logins",
            "docker_image.rvce-mca-lss-login",
            "docker_network.macvlan",
            "random_password.ps"
          ]
        },
        {
          "index_key": 114,
          "schema_version": 0,
          "attributes": {
            "attach_stderr": false,
            "attach_stdin": false,
            "attach_stdout": false,
            "commands": [
              "/bin/bash",
              "-c",
              "useradd -s /bin/bash -p $(mkpasswd --hash=SHA-512 'rHFQa') -m 1RV22MC115 \u0026\u0026 usermod -aG sudo 1RV22MC115 \u0026\u0026 service ssh start"
            ],
            "container_name": "1RV22MC115",
            "destroy_commands": null,
            "destroy_environment": null,
            "detach": false,
            "environment": null,
            "id": "a9bddd138e38cd5d83ca30d0c830063be3af4179161c3147af58271013b784c0",
            "privileged": false,
            "tty": false,
            "user": null,
            "working_dir": null
          },
          "sensitive_attributes": [
            [
              {
                "type": "get_attr",
                "value": "commands"
              },
              {
                "type": "index",
                "value": {
                  "value": 2,
                  "type": "number"
                }
              }
            ]
          ],
          "private": "bnVsbA==",
          "dependencies": [
            "docker_container.logins",
            "docker_image.rvce-mca-lss-login",
            "docker_network.macvlan",
            "random_password.ps"
          ]
        },
        {
          "index_key": 115,
          "schema_version": 0,
          "attributes": {
            "attach_stderr": false,
            "attach_stdin": false,
            "attach_stdout": false,
            "commands": [
              "/bin/bash",
              "-c",
              "useradd -s /bin/bash -p $(mkpasswd --hash=SHA-512 'We=M5') -m 1RV22MC116 \u0026\u0026 usermod -aG sudo 1RV22MC116 \u0026\u0026 service ssh start"
            ],
            "container_name": "1RV22MC116",
            "destroy_commands": null,
            "destroy_environment": null,
            "detach": false,
            "environment": null,
            "id": "cb4913c859d69c4c74b0c991ab0777192acbba44eae72e41a35ab048b526795c",
            "privileged": false,
            "tty": false,
            "user": null,
            "working_dir": null
          },
          "sensitive_attributes": [
            [
              {
                "type": "get_attr",
                "value": "commands"
              },
              {
                "type": "index",
                "value": {
                  "value": 2,
                  "type": "number"
                }
              }
            ]
          ],
          "private": "bnVsbA==",
          "dependencies": [
            "docker_container.logins",
            "docker_image.rvce-mca-lss-login",
            "docker_network.macvlan",
            "random_password.ps"
          ]
        },
        {
          "index_key": 116,
          "schema_version": 0,
          "attributes": {
            "attach_stderr": false,
            "attach_stdin": false,
            "attach_stdout": false,
            "commands": [
              "/bin/bash",
              "-c",
              "useradd -s /bin/bash -p $(mkpasswd --hash=SHA-512 '4dP{w') -m 1RV22MC117 \u0026\u0026 usermod -aG sudo 1RV22MC117 \u0026\u0026 service ssh start"
            ],
            "container_name": "1RV22MC117",
            "destroy_commands": null,
            "destroy_environment": null,
            "detach": false,
            "environment": null,
            "id": "74f83baa2b5ee2285eec094cc459bbf61da5131c1ea146967707c745795edf42",
            "privileged": false,
            "tty": false,
            "user": null,
            "working_dir": null
          },
          "sensitive_attributes": [
            [
              {
                "type": "get_attr",
                "value": "commands"
              },
              {
                "type": "index",
                "value": {
                  "value": 2,
                  "type": "number"
                }
              }
            ]
          ],
          "private": "bnVsbA==",
          "dependencies": [
            "docker_container.logins",
            "docker_image.rvce-mca-lss-login",
            "docker_network.macvlan",
            "random_password.ps"
          ]
        },
        {
          "index_key": 117,
          "schema_version": 0,
          "attributes": {
            "attach_stderr": false,
            "attach_stdin": false,
            "attach_stdout": false,
            "commands": [
              "/bin/bash",
              "-c",
              "useradd -s /bin/bash -p $(mkpasswd --hash=SHA-512 ']O!wV') -m 1RV22MC118 \u0026\u0026 usermod -aG sudo 1RV22MC118 \u0026\u0026 service ssh start"
            ],
            "container_name": "1RV22MC118",
            "destroy_commands": null,
            "destroy_environment": null,
            "detach": false,
            "environment": null,
            "id": "0e2995a07e6c913175dc24c948b22eca2abb7fea59d7359e233d4b5018ac48e7",
            "privileged": false,
            "tty": false,
            "user": null,
            "working_dir": null
          },
          "sensitive_attributes": [
            [
              {
                "type": "get_attr",
                "value": "commands"
              },
              {
                "type": "index",
                "value": {
                  "value": 2,
                  "type": "number"
                }
              }
            ]
          ],
          "private": "bnVsbA==",
          "dependencies": [
            "docker_container.logins",
            "docker_image.rvce-mca-lss-login",
            "docker_network.macvlan",
            "random_password.ps"
          ]
        },
        {
          "index_key": 118,
          "schema_version": 0,
          "attributes": {
            "attach_stderr": false,
            "attach_stdin": false,
            "attach_stdout": false,
            "commands": [
              "/bin/bash",
              "-c",
              "useradd -s /bin/bash -p $(mkpasswd --hash=SHA-512 '+FV-[') -m 1RV22MC119 \u0026\u0026 usermod -aG sudo 1RV22MC119 \u0026\u0026 service ssh start"
            ],
            "container_name": "1RV22MC119",
            "destroy_commands": null,
            "destroy_environment": null,
            "detach": false,
            "environment": null,
            "id": "c473f1c792fca995652bfb19b6c2fc6fa8324e8e082af4ac66ab4e67dc771788",
            "privileged": false,
            "tty": false,
            "user": null,
            "working_dir": null
          },
          "sensitive_attributes": [
            [
              {
                "type": "get_attr",
                "value": "commands"
              },
              {
                "type": "index",
                "value": {
                  "value": 2,
                  "type": "number"
                }
              }
            ]
          ],
          "private": "bnVsbA==",
          "dependencies": [
            "docker_container.logins",
            "docker_image.rvce-mca-lss-login",
            "docker_network.macvlan",
            "random_password.ps"
          ]
        },
        {
          "index_key": 119,
          "schema_version": 0,
          "attributes": {
            "attach_stderr": false,
            "attach_stdin": false,
            "attach_stdout": false,
            "commands": [
              "/bin/bash",
              "-c",
              "useradd -s /bin/bash -p $(mkpasswd --hash=SHA-512 'sYE\u003cE') -m 1RV22MC120 \u0026\u0026 usermod -aG sudo 1RV22MC120 \u0026\u0026 service ssh start"
            ],
            "container_name": "1RV22MC120",
            "destroy_commands": null,
            "destroy_environment": null,
            "detach": false,
            "environment": null,
            "id": "e9991a8e45ae0ae0052848eb98f764c596c99d93334f5d0f83b83629dea175ac",
            "privileged": false,
            "tty": false,
            "user": null,
            "working_dir": null
          },
          "sensitive_attributes": [
            [
              {
                "type": "get_attr",
                "value": "commands"
              },
              {
                "type": "index",
                "value": {
                  "value": 2,
                  "type": "number"
                }
              }
            ]
          ],
          "private": "bnVsbA==",
          "dependencies": [
            "docker_container.logins",
            "docker_image.rvce-mca-lss-login",
            "docker_network.macvlan",
            "random_password.ps"
          ]
        },
        {
          "index_key": 120,
          "schema_version": 0,
          "attributes": {
            "attach_stderr": false,
            "attach_stdin": false,
            "attach_stdout": false,
            "commands": [
              "/bin/bash",
              "-c",
              "useradd -s /bin/bash -p $(mkpasswd --hash=SHA-512 'mCFY5') -m 1RV22MC121 \u0026\u0026 usermod -aG sudo 1RV22MC121 \u0026\u0026 service ssh start"
            ],
            "container_name": "1RV22MC121",
            "destroy_commands": null,
            "destroy_environment": null,
            "detach": false,
            "environment": null,
            "id": "e5235af238976cc2871bf1f1363d07e0da46728cb77f2c33ee5ddf74636c9ea7",
            "privileged": false,
            "tty": false,
            "user": null,
            "working_dir": null
          },
          "sensitive_attributes": [
            [
              {
                "type": "get_attr",
                "value": "commands"
              },
              {
                "type": "index",
                "value": {
                  "value": 2,
                  "type": "number"
                }
              }
            ]
          ],
          "private": "bnVsbA==",
          "dependencies": [
            "docker_container.logins",
            "docker_image.rvce-mca-lss-login",
            "docker_network.macvlan",
            "random_password.ps"
          ]
        },
        {
          "index_key": 121,
          "schema_version": 0,
          "attributes": {
            "attach_stderr": false,
            "attach_stdin": false,
            "attach_stdout": false,
            "commands": [
              "/bin/bash",
              "-c",
              "useradd -s /bin/bash -p $(mkpasswd --hash=SHA-512 ':NKHS') -m 1RV22MC122 \u0026\u0026 usermod -aG sudo 1RV22MC122 \u0026\u0026 service ssh start"
            ],
            "container_name": "1RV22MC122",
            "destroy_commands": null,
            "destroy_environment": null,
            "detach": false,
            "environment": null,
            "id": "d5648f1b46794b99e5d08fcff1d958bfe030eeabdb2721a7e166f80294209487",
            "privileged": false,
            "tty": false,
            "user": null,
            "working_dir": null
          },
          "sensitive_attributes": [
            [
              {
                "type": "get_attr",
                "value": "commands"
              },
              {
                "type": "index",
                "value": {
                  "value": 2,
                  "type": "number"
                }
              }
            ]
          ],
          "private": "bnVsbA==",
          "dependencies": [
            "docker_container.logins",
            "docker_image.rvce-mca-lss-login",
            "docker_network.macvlan",
            "random_password.ps"
          ]
        }
      ]
    },
    {
      "mode": "managed",
      "type": "docker_container",
      "name": "logins",
      "provider": "provider[\"registry.terraform.io/kreuzwerker/docker\"]",
      "instances": [
        {
          "index_key": 0,
          "schema_version": 2,
          "attributes": {
            "attach": false,
            "bridge": "",
            "capabilities": [],
            "cgroupns_mode": null,
            "command": [],
            "container_logs": null,
            "container_read_refresh_timeout_milliseconds": 15000,
            "cpu_set": "",
            "cpu_shares": 0,
            "destroy_grace_seconds": null,
            "devices": [],
            "dns": null,
            "dns_opts": null,
            "dns_search": null,
            "domainname": "",
            "entrypoint": [
              "tail",
              "-f",
              "/dev/null"
            ],
            "env": [],
            "exit_code": null,
            "gpus": null,
            "group_add": null,
            "healthcheck": null,
            "host": [],
            "hostname": "e96fad4174bd",
            "id": "e96fad4174bdb7c20ec82483e0531da074a83931a9931f457eb0701e61cb3678",
            "image": "sha256:16d2b8eb5c875dab2eff47da45892a6b213d437cfb4aaaae3feb5549828fb61d",
            "init": false,
            "ipc_mode": "private",
            "labels": [],
            "log_driver": "json-file",
            "log_opts": null,
            "logs": false,
            "max_retry_count": 0,
            "memory": 512,
            "memory_swap": 1024,
            "mounts": [],
            "must_run": true,
            "name": "1RV22MC001",
            "network_data": [
              {
                "gateway": "172.16.3.254",
                "global_ipv6_address": "",
                "global_ipv6_prefix_length": 0,
                "ip_address": "172.16.3.245",
                "ip_prefix_length": 23,
                "ipv6_gateway": "",
                "network_name": "macvlan"
              }
            ],
            "network_mode": "default",
            "networks_advanced": [
              {
                "aliases": [],
                "ipv4_address": "",
                "ipv6_address": "",
                "name": "2a59b0dd9fcb76519a32ac10f324bd6dcf7f0adab3834219d2c1c80ffb73006a"
              }
            ],
            "pid_mode": "",
            "ports": [],
            "privileged": false,
            "publish_all_ports": false,
            "read_only": false,
            "remove_volumes": true,
            "restart": "no",
            "rm": false,
            "runtime": "runc",
            "security_opts": [],
            "shm_size": 64,
            "start": true,
            "stdin_open": false,
            "stop_signal": "",
            "stop_timeout": 0,
            "storage_opts": null,
            "sysctls": null,
            "tmpfs": null,
            "tty": false,
            "ulimit": [],
            "upload": [],
            "user": "",
            "userns_mode": "",
            "volumes": [],
            "wait": false,
            "wait_timeout": 60,
            "working_dir": ""
          },
          "sensitive_attributes": [],
          "private": "eyJzY2hlbWFfdmVyc2lvbiI6IjIifQ==",
          "dependencies": [
            "docker_image.rvce-mca-lss-login",
            "docker_network.macvlan"
          ]
        },
        {
          "index_key": 1,
          "schema_version": 2,
          "attributes": {
            "attach": false,
            "bridge": "",
            "capabilities": [],
            "cgroupns_mode": null,
            "command": [],
            "container_logs": null,
            "container_read_refresh_timeout_milliseconds": 15000,
            "cpu_set": "",
            "cpu_shares": 0,
            "destroy_grace_seconds": null,
            "devices": [],
            "dns": null,
            "dns_opts": null,
            "dns_search": null,
            "domainname": "",
            "entrypoint": [
              "tail",
              "-f",
              "/dev/null"
            ],
            "env": [],
            "exit_code": null,
            "gpus": null,
            "group_add": null,
            "healthcheck": null,
            "host": [],
            "hostname": "63684741bbb2",
            "id": "63684741bbb2fd3e6b74d7a341b535de3b1ccf35c653d56b202c02a17bfe06a7",
            "image": "sha256:16d2b8eb5c875dab2eff47da45892a6b213d437cfb4aaaae3feb5549828fb61d",
            "init": false,
            "ipc_mode": "private",
            "labels": [],
            "log_driver": "json-file",
            "log_opts": null,
            "logs": false,
            "max_retry_count": 0,
            "memory": 512,
            "memory_swap": 1024,
            "mounts": [],
            "must_run": true,
            "name": "1RV22MC002",
            "network_data": [
              {
                "gateway": "172.16.3.254",
                "global_ipv6_address": "",
                "global_ipv6_prefix_length": 0,
                "ip_address": "172.16.3.240",
                "ip_prefix_length": 23,
                "ipv6_gateway": "",
                "network_name": "macvlan"
              }
            ],
            "network_mode": "default",
            "networks_advanced": [
              {
                "aliases": [],
                "ipv4_address": "",
                "ipv6_address": "",
                "name": "2a59b0dd9fcb76519a32ac10f324bd6dcf7f0adab3834219d2c1c80ffb73006a"
              }
            ],
            "pid_mode": "",
            "ports": [],
            "privileged": false,
            "publish_all_ports": false,
            "read_only": false,
            "remove_volumes": true,
            "restart": "no",
            "rm": false,
            "runtime": "runc",
            "security_opts": [],
            "shm_size": 64,
            "start": true,
            "stdin_open": false,
            "stop_signal": "",
            "stop_timeout": 0,
            "storage_opts": null,
            "sysctls": null,
            "tmpfs": null,
            "tty": false,
            "ulimit": [],
            "upload": [],
            "user": "",
            "userns_mode": "",
            "volumes": [],
            "wait": false,
            "wait_timeout": 60,
            "working_dir": ""
          },
          "sensitive_attributes": [],
          "private": "eyJzY2hlbWFfdmVyc2lvbiI6IjIifQ==",
          "dependencies": [
            "docker_image.rvce-mca-lss-login",
            "docker_network.macvlan"
          ]
        },
        {
          "index_key": 2,
          "schema_version": 2,
          "attributes": {
            "attach": false,
            "bridge": "",
            "capabilities": [],
            "cgroupns_mode": null,
            "command": [],
            "container_logs": null,
            "container_read_refresh_timeout_milliseconds": 15000,
            "cpu_set": "",
            "cpu_shares": 0,
            "destroy_grace_seconds": null,
            "devices": [],
            "dns": null,
            "dns_opts": null,
            "dns_search": null,
            "domainname": "",
            "entrypoint": [
              "tail",
              "-f",
              "/dev/null"
            ],
            "env": [],
            "exit_code": null,
            "gpus": null,
            "group_add": null,
            "healthcheck": null,
            "host": [],
            "hostname": "e69859378e3c",
            "id": "e69859378e3cd7e622d71c26c6ab9453864f8b6064db4dacc12b20dee318abe2",
            "image": "sha256:16d2b8eb5c875dab2eff47da45892a6b213d437cfb4aaaae3feb5549828fb61d",
            "init": false,
            "ipc_mode": "private",
            "labels": [],
            "log_driver": "json-file",
            "log_opts": null,
            "logs": false,
            "max_retry_count": 0,
            "memory": 512,
            "memory_swap": 1024,
            "mounts": [],
            "must_run": true,
            "name": "1RV22MC003",
            "network_data": [
              {
                "gateway": "172.16.3.254",
                "global_ipv6_address": "",
                "global_ipv6_prefix_length": 0,
                "ip_address": "172.16.3.200",
                "ip_prefix_length": 23,
                "ipv6_gateway": "",
                "network_name": "macvlan"
              }
            ],
            "network_mode": "default",
            "networks_advanced": [
              {
                "aliases": [],
                "ipv4_address": "",
                "ipv6_address": "",
                "name": "2a59b0dd9fcb76519a32ac10f324bd6dcf7f0adab3834219d2c1c80ffb73006a"
              }
            ],
            "pid_mode": "",
            "ports": [],
            "privileged": false,
            "publish_all_ports": false,
            "read_only": false,
            "remove_volumes": true,
            "restart": "no",
            "rm": false,
            "runtime": "runc",
            "security_opts": [],
            "shm_size": 64,
            "start": true,
            "stdin_open": false,
            "stop_signal": "",
            "stop_timeout": 0,
            "storage_opts": null,
            "sysctls": null,
            "tmpfs": null,
            "tty": false,
            "ulimit": [],
            "upload": [],
            "user": "",
            "userns_mode": "",
            "volumes": [],
            "wait": false,
            "wait_timeout": 60,
            "working_dir": ""
          },
          "sensitive_attributes": [],
          "private": "eyJzY2hlbWFfdmVyc2lvbiI6IjIifQ==",
          "dependencies": [
            "docker_image.rvce-mca-lss-login",
            "docker_network.macvlan"
          ]
        },
        {
          "index_key": 3,
          "schema_version": 2,
          "attributes": {
            "attach": false,
            "bridge": "",
            "capabilities": [],
            "cgroupns_mode": null,
            "command": [],
            "container_logs": null,
            "container_read_refresh_timeout_milliseconds": 15000,
            "cpu_set": "",
            "cpu_shares": 0,
            "destroy_grace_seconds": null,
            "devices": [],
            "dns": null,
            "dns_opts": null,
            "dns_search": null,
            "domainname": "",
            "entrypoint": [
              "tail",
              "-f",
              "/dev/null"
            ],
            "env": [],
            "exit_code": null,
            "gpus": null,
            "group_add": null,
            "healthcheck": null,
            "host": [],
            "hostname": "881151f6ae0c",
            "id": "881151f6ae0c776636ec5faca5039e9c437a86ad6af9044d41d1d7513469221d",
            "image": "sha256:16d2b8eb5c875dab2eff47da45892a6b213d437cfb4aaaae3feb5549828fb61d",
            "init": false,
            "ipc_mode": "private",
            "labels": [],
            "log_driver": "json-file",
            "log_opts": null,
            "logs": false,
            "max_retry_count": 0,
            "memory": 512,
            "memory_swap": 1024,
            "mounts": [],
            "must_run": true,
            "name": "1RV22MC004",
            "network_data": [
              {
                "gateway": "172.16.3.254",
                "global_ipv6_address": "",
                "global_ipv6_prefix_length": 0,
                "ip_address": "172.16.3.227",
                "ip_prefix_length": 23,
                "ipv6_gateway": "",
                "network_name": "macvlan"
              }
            ],
            "network_mode": "default",
            "networks_advanced": [
              {
                "aliases": [],
                "ipv4_address": "",
                "ipv6_address": "",
                "name": "2a59b0dd9fcb76519a32ac10f324bd6dcf7f0adab3834219d2c1c80ffb73006a"
              }
            ],
            "pid_mode": "",
            "ports": [],
            "privileged": false,
            "publish_all_ports": false,
            "read_only": false,
            "remove_volumes": true,
            "restart": "no",
            "rm": false,
            "runtime": "runc",
            "security_opts": [],
            "shm_size": 64,
            "start": true,
            "stdin_open": false,
            "stop_signal": "",
            "stop_timeout": 0,
            "storage_opts": null,
            "sysctls": null,
            "tmpfs": null,
            "tty": false,
            "ulimit": [],
            "upload": [],
            "user": "",
            "userns_mode": "",
            "volumes": [],
            "wait": false,
            "wait_timeout": 60,
            "working_dir": ""
          },
          "sensitive_attributes": [],
          "private": "eyJzY2hlbWFfdmVyc2lvbiI6IjIifQ==",
          "dependencies": [
            "docker_image.rvce-mca-lss-login",
            "docker_network.macvlan"
          ]
        },
        {
          "index_key": 4,
          "schema_version": 2,
          "attributes": {
            "attach": false,
            "bridge": "",
            "capabilities": [],
            "cgroupns_mode": null,
            "command": [],
            "container_logs": null,
            "container_read_refresh_timeout_milliseconds": 15000,
            "cpu_set": "",
            "cpu_shares": 0,
            "destroy_grace_seconds": null,
            "devices": [],
            "dns": null,
            "dns_opts": null,
            "dns_search": null,
            "domainname": "",
            "entrypoint": [
              "tail",
              "-f",
              "/dev/null"
            ],
            "env": [],
            "exit_code": null,
            "gpus": null,
            "group_add": null,
            "healthcheck": null,
            "host": [],
            "hostname": "12a6d79244a1",
            "id": "12a6d79244a1a37cfc4d2dbb238a71e39938f03c5ec064443b8be202a4d2f400",
            "image": "sha256:16d2b8eb5c875dab2eff47da45892a6b213d437cfb4aaaae3feb5549828fb61d",
            "init": false,
            "ipc_mode": "private",
            "labels": [],
            "log_driver": "json-file",
            "log_opts": null,
            "logs": false,
            "max_retry_count": 0,
            "memory": 512,
            "memory_swap": 1024,
            "mounts": [],
            "must_run": true,
            "name": "1RV22MC005",
            "network_data": [
              {
                "gateway": "172.16.3.254",
                "global_ipv6_address": "",
                "global_ipv6_prefix_length": 0,
                "ip_address": "172.16.3.144",
                "ip_prefix_length": 23,
                "ipv6_gateway": "",
                "network_name": "macvlan"
              }
            ],
            "network_mode": "default",
            "networks_advanced": [
              {
                "aliases": [],
                "ipv4_address": "",
                "ipv6_address": "",
                "name": "2a59b0dd9fcb76519a32ac10f324bd6dcf7f0adab3834219d2c1c80ffb73006a"
              }
            ],
            "pid_mode": "",
            "ports": [],
            "privileged": false,
            "publish_all_ports": false,
            "read_only": false,
            "remove_volumes": true,
            "restart": "no",
            "rm": false,
            "runtime": "runc",
            "security_opts": [],
            "shm_size": 64,
            "start": true,
            "stdin_open": false,
            "stop_signal": "",
            "stop_timeout": 0,
            "storage_opts": null,
            "sysctls": null,
            "tmpfs": null,
            "tty": false,
            "ulimit": [],
            "upload": [],
            "user": "",
            "userns_mode": "",
            "volumes": [],
            "wait": false,
            "wait_timeout": 60,
            "working_dir": ""
          },
          "sensitive_attributes": [],
          "private": "eyJzY2hlbWFfdmVyc2lvbiI6IjIifQ==",
          "dependencies": [
            "docker_image.rvce-mca-lss-login",
            "docker_network.macvlan"
          ]
        },
        {
          "index_key": 5,
          "schema_version": 2,
          "attributes": {
            "attach": false,
            "bridge": "",
            "capabilities": [],
            "cgroupns_mode": null,
            "command": [],
            "container_logs": null,
            "container_read_refresh_timeout_milliseconds": 15000,
            "cpu_set": "",
            "cpu_shares": 0,
            "destroy_grace_seconds": null,
            "devices": [],
            "dns": null,
            "dns_opts": null,
            "dns_search": null,
            "domainname": "",
            "entrypoint": [
              "tail",
              "-f",
              "/dev/null"
            ],
            "env": [],
            "exit_code": null,
            "gpus": null,
            "group_add": null,
            "healthcheck": null,
            "host": [],
            "hostname": "5ce2f023b65d",
            "id": "5ce2f023b65d1665a43d7fa374610435c21b7fb19e62e746dfe1385ca7fe2803",
            "image": "sha256:16d2b8eb5c875dab2eff47da45892a6b213d437cfb4aaaae3feb5549828fb61d",
            "init": false,
            "ipc_mode": "private",
            "labels": [],
            "log_driver": "json-file",
            "log_opts": null,
            "logs": false,
            "max_retry_count": 0,
            "memory": 512,
            "memory_swap": 1024,
            "mounts": [],
            "must_run": true,
            "name": "1RV22MC006",
            "network_data": [
              {
                "gateway": "172.16.3.254",
                "global_ipv6_address": "",
                "global_ipv6_prefix_length": 0,
                "ip_address": "172.16.3.242",
                "ip_prefix_length": 23,
                "ipv6_gateway": "",
                "network_name": "macvlan"
              }
            ],
            "network_mode": "default",
            "networks_advanced": [
              {
                "aliases": [],
                "ipv4_address": "",
                "ipv6_address": "",
                "name": "2a59b0dd9fcb76519a32ac10f324bd6dcf7f0adab3834219d2c1c80ffb73006a"
              }
            ],
            "pid_mode": "",
            "ports": [],
            "privileged": false,
            "publish_all_ports": false,
            "read_only": false,
            "remove_volumes": true,
            "restart": "no",
            "rm": false,
            "runtime": "runc",
            "security_opts": [],
            "shm_size": 64,
            "start": true,
            "stdin_open": false,
            "stop_signal": "",
            "stop_timeout": 0,
            "storage_opts": null,
            "sysctls": null,
            "tmpfs": null,
            "tty": false,
            "ulimit": [],
            "upload": [],
            "user": "",
            "userns_mode": "",
            "volumes": [],
            "wait": false,
            "wait_timeout": 60,
            "working_dir": ""
          },
          "sensitive_attributes": [],
          "private": "eyJzY2hlbWFfdmVyc2lvbiI6IjIifQ==",
          "dependencies": [
            "docker_image.rvce-mca-lss-login",
            "docker_network.macvlan"
          ]
        },
        {
          "index_key": 6,
          "schema_version": 2,
          "attributes": {
            "attach": false,
            "bridge": "",
            "capabilities": [],
            "cgroupns_mode": null,
            "command": [],
            "container_logs": null,
            "container_read_refresh_timeout_milliseconds": 15000,
            "cpu_set": "",
            "cpu_shares": 0,
            "destroy_grace_seconds": null,
            "devices": [],
            "dns": null,
            "dns_opts": null,
            "dns_search": null,
            "domainname": "",
            "entrypoint": [
              "tail",
              "-f",
              "/dev/null"
            ],
            "env": [],
            "exit_code": null,
            "gpus": null,
            "group_add": null,
            "healthcheck": null,
            "host": [],
            "hostname": "c9572c9373eb",
            "id": "c9572c9373eb0b161b84aa9317992a6fa6fb167c39a0b65f1442c536731897dc",
            "image": "sha256:16d2b8eb5c875dab2eff47da45892a6b213d437cfb4aaaae3feb5549828fb61d",
            "init": false,
            "ipc_mode": "private",
            "labels": [],
            "log_driver": "json-file",
            "log_opts": null,
            "logs": false,
            "max_retry_count": 0,
            "memory": 512,
            "memory_swap": 1024,
            "mounts": [],
            "must_run": true,
            "name": "1RV22MC007",
            "network_data": [
              {
                "gateway": "172.16.3.254",
                "global_ipv6_address": "",
                "global_ipv6_prefix_length": 0,
                "ip_address": "172.16.3.160",
                "ip_prefix_length": 23,
                "ipv6_gateway": "",
                "network_name": "macvlan"
              }
            ],
            "network_mode": "default",
            "networks_advanced": [
              {
                "aliases": [],
                "ipv4_address": "",
                "ipv6_address": "",
                "name": "2a59b0dd9fcb76519a32ac10f324bd6dcf7f0adab3834219d2c1c80ffb73006a"
              }
            ],
            "pid_mode": "",
            "ports": [],
            "privileged": false,
            "publish_all_ports": false,
            "read_only": false,
            "remove_volumes": true,
            "restart": "no",
            "rm": false,
            "runtime": "runc",
            "security_opts": [],
            "shm_size": 64,
            "start": true,
            "stdin_open": false,
            "stop_signal": "",
            "stop_timeout": 0,
            "storage_opts": null,
            "sysctls": null,
            "tmpfs": null,
            "tty": false,
            "ulimit": [],
            "upload": [],
            "user": "",
            "userns_mode": "",
            "volumes": [],
            "wait": false,
            "wait_timeout": 60,
            "working_dir": ""
          },
          "sensitive_attributes": [],
          "private": "eyJzY2hlbWFfdmVyc2lvbiI6IjIifQ==",
          "dependencies": [
            "docker_image.rvce-mca-lss-login",
            "docker_network.macvlan"
          ]
        },
        {
          "index_key": 7,
          "schema_version": 2,
          "attributes": {
            "attach": false,
            "bridge": "",
            "capabilities": [],
            "cgroupns_mode": null,
            "command": [],
            "container_logs": null,
            "container_read_refresh_timeout_milliseconds": 15000,
            "cpu_set": "",
            "cpu_shares": 0,
            "destroy_grace_seconds": null,
            "devices": [],
            "dns": null,
            "dns_opts": null,
            "dns_search": null,
            "domainname": "",
            "entrypoint": [
              "tail",
              "-f",
              "/dev/null"
            ],
            "env": [],
            "exit_code": null,
            "gpus": null,
            "group_add": null,
            "healthcheck": null,
            "host": [],
            "hostname": "b926e30572aa",
            "id": "b926e30572aa8d4cfc705ba1a43f55da5cc71b5a44ecdd861f911bba786d7026",
            "image": "sha256:16d2b8eb5c875dab2eff47da45892a6b213d437cfb4aaaae3feb5549828fb61d",
            "init": false,
            "ipc_mode": "private",
            "labels": [],
            "log_driver": "json-file",
            "log_opts": null,
            "logs": false,
            "max_retry_count": 0,
            "memory": 512,
            "memory_swap": 1024,
            "mounts": [],
            "must_run": true,
            "name": "1RV22MC008",
            "network_data": [
              {
                "gateway": "172.16.3.254",
                "global_ipv6_address": "",
                "global_ipv6_prefix_length": 0,
                "ip_address": "172.16.3.213",
                "ip_prefix_length": 23,
                "ipv6_gateway": "",
                "network_name": "macvlan"
              }
            ],
            "network_mode": "default",
            "networks_advanced": [
              {
                "aliases": [],
                "ipv4_address": "",
                "ipv6_address": "",
                "name": "2a59b0dd9fcb76519a32ac10f324bd6dcf7f0adab3834219d2c1c80ffb73006a"
              }
            ],
            "pid_mode": "",
            "ports": [],
            "privileged": false,
            "publish_all_ports": false,
            "read_only": false,
            "remove_volumes": true,
            "restart": "no",
            "rm": false,
            "runtime": "runc",
            "security_opts": [],
            "shm_size": 64,
            "start": true,
            "stdin_open": false,
            "stop_signal": "",
            "stop_timeout": 0,
            "storage_opts": null,
            "sysctls": null,
            "tmpfs": null,
            "tty": false,
            "ulimit": [],
            "upload": [],
            "user": "",
            "userns_mode": "",
            "volumes": [],
            "wait": false,
            "wait_timeout": 60,
            "working_dir": ""
          },
          "sensitive_attributes": [],
          "private": "eyJzY2hlbWFfdmVyc2lvbiI6IjIifQ==",
          "dependencies": [
            "docker_image.rvce-mca-lss-login",
            "docker_network.macvlan"
          ]
        },
        {
          "index_key": 8,
          "schema_version": 2,
          "attributes": {
            "attach": false,
            "bridge": "",
            "capabilities": [],
            "cgroupns_mode": null,
            "command": [],
            "container_logs": null,
            "container_read_refresh_timeout_milliseconds": 15000,
            "cpu_set": "",
            "cpu_shares": 0,
            "destroy_grace_seconds": null,
            "devices": [],
            "dns": null,
            "dns_opts": null,
            "dns_search": null,
            "domainname": "",
            "entrypoint": [
              "tail",
              "-f",
              "/dev/null"
            ],
            "env": [],
            "exit_code": null,
            "gpus": null,
            "group_add": null,
            "healthcheck": null,
            "host": [],
            "hostname": "e46b214b95c4",
            "id": "e46b214b95c473e8abc3cec9221574c5d116ee11a0edb4ddc67988cfeb665152",
            "image": "sha256:16d2b8eb5c875dab2eff47da45892a6b213d437cfb4aaaae3feb5549828fb61d",
            "init": false,
            "ipc_mode": "private",
            "labels": [],
            "log_driver": "json-file",
            "log_opts": null,
            "logs": false,
            "max_retry_count": 0,
            "memory": 512,
            "memory_swap": 1024,
            "mounts": [],
            "must_run": true,
            "name": "1RV22MC009",
            "network_data": [
              {
                "gateway": "172.16.3.254",
                "global_ipv6_address": "",
                "global_ipv6_prefix_length": 0,
                "ip_address": "172.16.3.236",
                "ip_prefix_length": 23,
                "ipv6_gateway": "",
                "network_name": "macvlan"
              }
            ],
            "network_mode": "default",
            "networks_advanced": [
              {
                "aliases": [],
                "ipv4_address": "",
                "ipv6_address": "",
                "name": "2a59b0dd9fcb76519a32ac10f324bd6dcf7f0adab3834219d2c1c80ffb73006a"
              }
            ],
            "pid_mode": "",
            "ports": [],
            "privileged": false,
            "publish_all_ports": false,
            "read_only": false,
            "remove_volumes": true,
            "restart": "no",
            "rm": false,
            "runtime": "runc",
            "security_opts": [],
            "shm_size": 64,
            "start": true,
            "stdin_open": false,
            "stop_signal": "",
            "stop_timeout": 0,
            "storage_opts": null,
            "sysctls": null,
            "tmpfs": null,
            "tty": false,
            "ulimit": [],
            "upload": [],
            "user": "",
            "userns_mode": "",
            "volumes": [],
            "wait": false,
            "wait_timeout": 60,
            "working_dir": ""
          },
          "sensitive_attributes": [],
          "private": "eyJzY2hlbWFfdmVyc2lvbiI6IjIifQ==",
          "dependencies": [
            "docker_image.rvce-mca-lss-login",
            "docker_network.macvlan"
          ]
        },
        {
          "index_key": 9,
          "schema_version": 2,
          "attributes": {
            "attach": false,
            "bridge": "",
            "capabilities": [],
            "cgroupns_mode": null,
            "command": [],
            "container_logs": null,
            "container_read_refresh_timeout_milliseconds": 15000,
            "cpu_set": "",
            "cpu_shares": 0,
            "destroy_grace_seconds": null,
            "devices": [],
            "dns": null,
            "dns_opts": null,
            "dns_search": null,
            "domainname": "",
            "entrypoint": [
              "tail",
              "-f",
              "/dev/null"
            ],
            "env": [],
            "exit_code": null,
            "gpus": null,
            "group_add": null,
            "healthcheck": null,
            "host": [],
            "hostname": "7f646eb3db35",
            "id": "7f646eb3db35b81567721a2ec978a585683bdb243642ff66520e53fe1624bbfa",
            "image": "sha256:16d2b8eb5c875dab2eff47da45892a6b213d437cfb4aaaae3feb5549828fb61d",
            "init": false,
            "ipc_mode": "private",
            "labels": [],
            "log_driver": "json-file",
            "log_opts": null,
            "logs": false,
            "max_retry_count": 0,
            "memory": 512,
            "memory_swap": 1024,
            "mounts": [],
            "must_run": true,
            "name": "1RV22MC010",
            "network_data": [
              {
                "gateway": "172.16.3.254",
                "global_ipv6_address": "",
                "global_ipv6_prefix_length": 0,
                "ip_address": "172.16.3.136",
                "ip_prefix_length": 23,
                "ipv6_gateway": "",
                "network_name": "macvlan"
              }
            ],
            "network_mode": "default",
            "networks_advanced": [
              {
                "aliases": [],
                "ipv4_address": "",
                "ipv6_address": "",
                "name": "2a59b0dd9fcb76519a32ac10f324bd6dcf7f0adab3834219d2c1c80ffb73006a"
              }
            ],
            "pid_mode": "",
            "ports": [],
            "privileged": false,
            "publish_all_ports": false,
            "read_only": false,
            "remove_volumes": true,
            "restart": "no",
            "rm": false,
            "runtime": "runc",
            "security_opts": [],
            "shm_size": 64,
            "start": true,
            "stdin_open": false,
            "stop_signal": "",
            "stop_timeout": 0,
            "storage_opts": null,
            "sysctls": null,
            "tmpfs": null,
            "tty": false,
            "ulimit": [],
            "upload": [],
            "user": "",
            "userns_mode": "",
            "volumes": [],
            "wait": false,
            "wait_timeout": 60,
            "working_dir": ""
          },
          "sensitive_attributes": [],
          "private": "eyJzY2hlbWFfdmVyc2lvbiI6IjIifQ==",
          "dependencies": [
            "docker_image.rvce-mca-lss-login",
            "docker_network.macvlan"
          ]
        },
        {
          "index_key": 10,
          "schema_version": 2,
          "attributes": {
            "attach": false,
            "bridge": "",
            "capabilities": [],
            "cgroupns_mode": null,
            "command": [],
            "container_logs": null,
            "container_read_refresh_timeout_milliseconds": 15000,
            "cpu_set": "",
            "cpu_shares": 0,
            "destroy_grace_seconds": null,
            "devices": [],
            "dns": null,
            "dns_opts": null,
            "dns_search": null,
            "domainname": "",
            "entrypoint": [
              "tail",
              "-f",
              "/dev/null"
            ],
            "env": [],
            "exit_code": null,
            "gpus": null,
            "group_add": null,
            "healthcheck": null,
            "host": [],
            "hostname": "f9ee6625d464",
            "id": "f9ee6625d464cebaac11d5ac8408c205b5f59510ff7d6595294cc9f845df2b14",
            "image": "sha256:16d2b8eb5c875dab2eff47da45892a6b213d437cfb4aaaae3feb5549828fb61d",
            "init": false,
            "ipc_mode": "private",
            "labels": [],
            "log_driver": "json-file",
            "log_opts": null,
            "logs": false,
            "max_retry_count": 0,
            "memory": 512,
            "memory_swap": 1024,
            "mounts": [],
            "must_run": true,
            "name": "1RV22MC011",
            "network_data": [
              {
                "gateway": "172.16.3.254",
                "global_ipv6_address": "",
                "global_ipv6_prefix_length": 0,
                "ip_address": "172.16.3.168",
                "ip_prefix_length": 23,
                "ipv6_gateway": "",
                "network_name": "macvlan"
              }
            ],
            "network_mode": "default",
            "networks_advanced": [
              {
                "aliases": [],
                "ipv4_address": "",
                "ipv6_address": "",
                "name": "2a59b0dd9fcb76519a32ac10f324bd6dcf7f0adab3834219d2c1c80ffb73006a"
              }
            ],
            "pid_mode": "",
            "ports": [],
            "privileged": false,
            "publish_all_ports": false,
            "read_only": false,
            "remove_volumes": true,
            "restart": "no",
            "rm": false,
            "runtime": "runc",
            "security_opts": [],
            "shm_size": 64,
            "start": true,
            "stdin_open": false,
            "stop_signal": "",
            "stop_timeout": 0,
            "storage_opts": null,
            "sysctls": null,
            "tmpfs": null,
            "tty": false,
            "ulimit": [],
            "upload": [],
            "user": "",
            "userns_mode": "",
            "volumes": [],
            "wait": false,
            "wait_timeout": 60,
            "working_dir": ""
          },
          "sensitive_attributes": [],
          "private": "eyJzY2hlbWFfdmVyc2lvbiI6IjIifQ==",
          "dependencies": [
            "docker_image.rvce-mca-lss-login",
            "docker_network.macvlan"
          ]
        },
        {
          "index_key": 11,
          "schema_version": 2,
          "attributes": {
            "attach": false,
            "bridge": "",
            "capabilities": [],
            "cgroupns_mode": null,
            "command": [],
            "container_logs": null,
            "container_read_refresh_timeout_milliseconds": 15000,
            "cpu_set": "",
            "cpu_shares": 0,
            "destroy_grace_seconds": null,
            "devices": [],
            "dns": null,
            "dns_opts": null,
            "dns_search": null,
            "domainname": "",
            "entrypoint": [
              "tail",
              "-f",
              "/dev/null"
            ],
            "env": [],
            "exit_code": null,
            "gpus": null,
            "group_add": null,
            "healthcheck": null,
            "host": [],
            "hostname": "dc9cdb1456ec",
            "id": "dc9cdb1456ec207dcc0baf2aa05a5f93d4f2c4b077403339fdcba71e7faeb49b",
            "image": "sha256:16d2b8eb5c875dab2eff47da45892a6b213d437cfb4aaaae3feb5549828fb61d",
            "init": false,
            "ipc_mode": "private",
            "labels": [],
            "log_driver": "json-file",
            "log_opts": null,
            "logs": false,
            "max_retry_count": 0,
            "memory": 512,
            "memory_swap": 1024,
            "mounts": [],
            "must_run": true,
            "name": "1RV22MC012",
            "network_data": [
              {
                "gateway": "172.16.3.254",
                "global_ipv6_address": "",
                "global_ipv6_prefix_length": 0,
                "ip_address": "172.16.3.211",
                "ip_prefix_length": 23,
                "ipv6_gateway": "",
                "network_name": "macvlan"
              }
            ],
            "network_mode": "default",
            "networks_advanced": [
              {
                "aliases": [],
                "ipv4_address": "",
                "ipv6_address": "",
                "name": "2a59b0dd9fcb76519a32ac10f324bd6dcf7f0adab3834219d2c1c80ffb73006a"
              }
            ],
            "pid_mode": "",
            "ports": [],
            "privileged": false,
            "publish_all_ports": false,
            "read_only": false,
            "remove_volumes": true,
            "restart": "no",
            "rm": false,
            "runtime": "runc",
            "security_opts": [],
            "shm_size": 64,
            "start": true,
            "stdin_open": false,
            "stop_signal": "",
            "stop_timeout": 0,
            "storage_opts": null,
            "sysctls": null,
            "tmpfs": null,
            "tty": false,
            "ulimit": [],
            "upload": [],
            "user": "",
            "userns_mode": "",
            "volumes": [],
            "wait": false,
            "wait_timeout": 60,
            "working_dir": ""
          },
          "sensitive_attributes": [],
          "private": "eyJzY2hlbWFfdmVyc2lvbiI6IjIifQ==",
          "dependencies": [
            "docker_image.rvce-mca-lss-login",
            "docker_network.macvlan"
          ]
        },
        {
          "index_key": 12,
          "schema_version": 2,
          "attributes": {
            "attach": false,
            "bridge": "",
            "capabilities": [],
            "cgroupns_mode": null,
            "command": [],
            "container_logs": null,
            "container_read_refresh_timeout_milliseconds": 15000,
            "cpu_set": "",
            "cpu_shares": 0,
            "destroy_grace_seconds": null,
            "devices": [],
            "dns": null,
            "dns_opts": null,
            "dns_search": null,
            "domainname": "",
            "entrypoint": [
              "tail",
              "-f",
              "/dev/null"
            ],
            "env": [],
            "exit_code": null,
            "gpus": null,
            "group_add": null,
            "healthcheck": null,
            "host": [],
            "hostname": "788f34d8a7a4",
            "id": "788f34d8a7a40c508ed37d8489eab0ded506d3db3bdd20883a3c8ab6c6473799",
            "image": "sha256:16d2b8eb5c875dab2eff47da45892a6b213d437cfb4aaaae3feb5549828fb61d",
            "init": false,
            "ipc_mode": "private",
            "labels": [],
            "log_driver": "json-file",
            "log_opts": null,
            "logs": false,
            "max_retry_count": 0,
            "memory": 512,
            "memory_swap": 1024,
            "mounts": [],
            "must_run": true,
            "name": "1RV22MC013",
            "network_data": [
              {
                "gateway": "172.16.3.254",
                "global_ipv6_address": "",
                "global_ipv6_prefix_length": 0,
                "ip_address": "172.16.3.146",
                "ip_prefix_length": 23,
                "ipv6_gateway": "",
                "network_name": "macvlan"
              }
            ],
            "network_mode": "default",
            "networks_advanced": [
              {
                "aliases": [],
                "ipv4_address": "",
                "ipv6_address": "",
                "name": "2a59b0dd9fcb76519a32ac10f324bd6dcf7f0adab3834219d2c1c80ffb73006a"
              }
            ],
            "pid_mode": "",
            "ports": [],
            "privileged": false,
            "publish_all_ports": false,
            "read_only": false,
            "remove_volumes": true,
            "restart": "no",
            "rm": false,
            "runtime": "runc",
            "security_opts": [],
            "shm_size": 64,
            "start": true,
            "stdin_open": false,
            "stop_signal": "",
            "stop_timeout": 0,
            "storage_opts": null,
            "sysctls": null,
            "tmpfs": null,
            "tty": false,
            "ulimit": [],
            "upload": [],
            "user": "",
            "userns_mode": "",
            "volumes": [],
            "wait": false,
            "wait_timeout": 60,
            "working_dir": ""
          },
          "sensitive_attributes": [],
          "private": "eyJzY2hlbWFfdmVyc2lvbiI6IjIifQ==",
          "dependencies": [
            "docker_image.rvce-mca-lss-login",
            "docker_network.macvlan"
          ]
        },
        {
          "index_key": 13,
          "schema_version": 2,
          "attributes": {
            "attach": false,
            "bridge": "",
            "capabilities": [],
            "cgroupns_mode": null,
            "command": [],
            "container_logs": null,
            "container_read_refresh_timeout_milliseconds": 15000,
            "cpu_set": "",
            "cpu_shares": 0,
            "destroy_grace_seconds": null,
            "devices": [],
            "dns": null,
            "dns_opts": null,
            "dns_search": null,
            "domainname": "",
            "entrypoint": [
              "tail",
              "-f",
              "/dev/null"
            ],
            "env": [],
            "exit_code": null,
            "gpus": null,
            "group_add": null,
            "healthcheck": null,
            "host": [],
            "hostname": "460524afc934",
            "id": "460524afc9340155d87c936518b501e8b71c75cd33904b5554475e6869b20020",
            "image": "sha256:16d2b8eb5c875dab2eff47da45892a6b213d437cfb4aaaae3feb5549828fb61d",
            "init": false,
            "ipc_mode": "private",
            "labels": [],
            "log_driver": "json-file",
            "log_opts": null,
            "logs": false,
            "max_retry_count": 0,
            "memory": 512,
            "memory_swap": 1024,
            "mounts": [],
            "must_run": true,
            "name": "1RV22MC014",
            "network_data": [
              {
                "gateway": "172.16.3.254",
                "global_ipv6_address": "",
                "global_ipv6_prefix_length": 0,
                "ip_address": "172.16.3.187",
                "ip_prefix_length": 23,
                "ipv6_gateway": "",
                "network_name": "macvlan"
              }
            ],
            "network_mode": "default",
            "networks_advanced": [
              {
                "aliases": [],
                "ipv4_address": "",
                "ipv6_address": "",
                "name": "2a59b0dd9fcb76519a32ac10f324bd6dcf7f0adab3834219d2c1c80ffb73006a"
              }
            ],
            "pid_mode": "",
            "ports": [],
            "privileged": false,
            "publish_all_ports": false,
            "read_only": false,
            "remove_volumes": true,
            "restart": "no",
            "rm": false,
            "runtime": "runc",
            "security_opts": [],
            "shm_size": 64,
            "start": true,
            "stdin_open": false,
            "stop_signal": "",
            "stop_timeout": 0,
            "storage_opts": null,
            "sysctls": null,
            "tmpfs": null,
            "tty": false,
            "ulimit": [],
            "upload": [],
            "user": "",
            "userns_mode": "",
            "volumes": [],
            "wait": false,
            "wait_timeout": 60,
            "working_dir": ""
          },
          "sensitive_attributes": [],
          "private": "eyJzY2hlbWFfdmVyc2lvbiI6IjIifQ==",
          "dependencies": [
            "docker_image.rvce-mca-lss-login",
            "docker_network.macvlan"
          ]
        },
        {
          "index_key": 14,
          "schema_version": 2,
          "attributes": {
            "attach": false,
            "bridge": "",
            "capabilities": [],
            "cgroupns_mode": null,
            "command": [],
            "container_logs": null,
            "container_read_refresh_timeout_milliseconds": 15000,
            "cpu_set": "",
            "cpu_shares": 0,
            "destroy_grace_seconds": null,
            "devices": [],
            "dns": null,
            "dns_opts": null,
            "dns_search": null,
            "domainname": "",
            "entrypoint": [
              "tail",
              "-f",
              "/dev/null"
            ],
            "env": [],
            "exit_code": null,
            "gpus": null,
            "group_add": null,
            "healthcheck": null,
            "host": [],
            "hostname": "d3f5eee90b29",
            "id": "d3f5eee90b29aa2e920c289ab18ed99299fec3387bab5fb15c65e35116a93bcc",
            "image": "sha256:16d2b8eb5c875dab2eff47da45892a6b213d437cfb4aaaae3feb5549828fb61d",
            "init": false,
            "ipc_mode": "private",
            "labels": [],
            "log_driver": "json-file",
            "log_opts": null,
            "logs": false,
            "max_retry_count": 0,
            "memory": 512,
            "memory_swap": 1024,
            "mounts": [],
            "must_run": true,
            "name": "1RV22MC015",
            "network_data": [
              {
                "gateway": "172.16.3.254",
                "global_ipv6_address": "",
                "global_ipv6_prefix_length": 0,
                "ip_address": "172.16.3.214",
                "ip_prefix_length": 23,
                "ipv6_gateway": "",
                "network_name": "macvlan"
              }
            ],
            "network_mode": "default",
            "networks_advanced": [
              {
                "aliases": [],
                "ipv4_address": "",
                "ipv6_address": "",
                "name": "2a59b0dd9fcb76519a32ac10f324bd6dcf7f0adab3834219d2c1c80ffb73006a"
              }
            ],
            "pid_mode": "",
            "ports": [],
            "privileged": false,
            "publish_all_ports": false,
            "read_only": false,
            "remove_volumes": true,
            "restart": "no",
            "rm": false,
            "runtime": "runc",
            "security_opts": [],
            "shm_size": 64,
            "start": true,
            "stdin_open": false,
            "stop_signal": "",
            "stop_timeout": 0,
            "storage_opts": null,
            "sysctls": null,
            "tmpfs": null,
            "tty": false,
            "ulimit": [],
            "upload": [],
            "user": "",
            "userns_mode": "",
            "volumes": [],
            "wait": false,
            "wait_timeout": 60,
            "working_dir": ""
          },
          "sensitive_attributes": [],
          "private": "eyJzY2hlbWFfdmVyc2lvbiI6IjIifQ==",
          "dependencies": [
            "docker_image.rvce-mca-lss-login",
            "docker_network.macvlan"
          ]
        },
        {
          "index_key": 15,
          "schema_version": 2,
          "attributes": {
            "attach": false,
            "bridge": "",
            "capabilities": [],
            "cgroupns_mode": null,
            "command": [],
            "container_logs": null,
            "container_read_refresh_timeout_milliseconds": 15000,
            "cpu_set": "",
            "cpu_shares": 0,
            "destroy_grace_seconds": null,
            "devices": [],
            "dns": null,
            "dns_opts": null,
            "dns_search": null,
            "domainname": "",
            "entrypoint": [
              "tail",
              "-f",
              "/dev/null"
            ],
            "env": [],
            "exit_code": null,
            "gpus": null,
            "group_add": null,
            "healthcheck": null,
            "host": [],
            "hostname": "10449c2b3973",
            "id": "10449c2b3973acba9151c481562c4c732c5d45f27dc5ed587634109969a34cf1",
            "image": "sha256:16d2b8eb5c875dab2eff47da45892a6b213d437cfb4aaaae3feb5549828fb61d",
            "init": false,
            "ipc_mode": "private",
            "labels": [],
            "log_driver": "json-file",
            "log_opts": null,
            "logs": false,
            "max_retry_count": 0,
            "memory": 512,
            "memory_swap": 1024,
            "mounts": [],
            "must_run": true,
            "name": "1RV22MC016",
            "network_data": [
              {
                "gateway": "172.16.3.254",
                "global_ipv6_address": "",
                "global_ipv6_prefix_length": 0,
                "ip_address": "172.16.3.234",
                "ip_prefix_length": 23,
                "ipv6_gateway": "",
                "network_name": "macvlan"
              }
            ],
            "network_mode": "default",
            "networks_advanced": [
              {
                "aliases": [],
                "ipv4_address": "",
                "ipv6_address": "",
                "name": "2a59b0dd9fcb76519a32ac10f324bd6dcf7f0adab3834219d2c1c80ffb73006a"
              }
            ],
            "pid_mode": "",
            "ports": [],
            "privileged": false,
            "publish_all_ports": false,
            "read_only": false,
            "remove_volumes": true,
            "restart": "no",
            "rm": false,
            "runtime": "runc",
            "security_opts": [],
            "shm_size": 64,
            "start": true,
            "stdin_open": false,
            "stop_signal": "",
            "stop_timeout": 0,
            "storage_opts": null,
            "sysctls": null,
            "tmpfs": null,
            "tty": false,
            "ulimit": [],
            "upload": [],
            "user": "",
            "userns_mode": "",
            "volumes": [],
            "wait": false,
            "wait_timeout": 60,
            "working_dir": ""
          },
          "sensitive_attributes": [],
          "private": "eyJzY2hlbWFfdmVyc2lvbiI6IjIifQ==",
          "dependencies": [
            "docker_image.rvce-mca-lss-login",
            "docker_network.macvlan"
          ]
        },
        {
          "index_key": 16,
          "schema_version": 2,
          "attributes": {
            "attach": false,
            "bridge": "",
            "capabilities": [],
            "cgroupns_mode": null,
            "command": [],
            "container_logs": null,
            "container_read_refresh_timeout_milliseconds": 15000,
            "cpu_set": "",
            "cpu_shares": 0,
            "destroy_grace_seconds": null,
            "devices": [],
            "dns": null,
            "dns_opts": null,
            "dns_search": null,
            "domainname": "",
            "entrypoint": [
              "tail",
              "-f",
              "/dev/null"
            ],
            "env": [],
            "exit_code": null,
            "gpus": null,
            "group_add": null,
            "healthcheck": null,
            "host": [],
            "hostname": "8f006db798b5",
            "id": "8f006db798b509fea32fe98bfa4024a56c0e52ae8c0092f2512663e7de95218a",
            "image": "sha256:16d2b8eb5c875dab2eff47da45892a6b213d437cfb4aaaae3feb5549828fb61d",
            "init": false,
            "ipc_mode": "private",
            "labels": [],
            "log_driver": "json-file",
            "log_opts": null,
            "logs": false,
            "max_retry_count": 0,
            "memory": 512,
            "memory_swap": 1024,
            "mounts": [],
            "must_run": true,
            "name": "1RV22MC017",
            "network_data": [
              {
                "gateway": "172.16.3.254",
                "global_ipv6_address": "",
                "global_ipv6_prefix_length": 0,
                "ip_address": "172.16.3.156",
                "ip_prefix_length": 23,
                "ipv6_gateway": "",
                "network_name": "macvlan"
              }
            ],
            "network_mode": "default",
            "networks_advanced": [
              {
                "aliases": [],
                "ipv4_address": "",
                "ipv6_address": "",
                "name": "2a59b0dd9fcb76519a32ac10f324bd6dcf7f0adab3834219d2c1c80ffb73006a"
              }
            ],
            "pid_mode": "",
            "ports": [],
            "privileged": false,
            "publish_all_ports": false,
            "read_only": false,
            "remove_volumes": true,
            "restart": "no",
            "rm": false,
            "runtime": "runc",
            "security_opts": [],
            "shm_size": 64,
            "start": true,
            "stdin_open": false,
            "stop_signal": "",
            "stop_timeout": 0,
            "storage_opts": null,
            "sysctls": null,
            "tmpfs": null,
            "tty": false,
            "ulimit": [],
            "upload": [],
            "user": "",
            "userns_mode": "",
            "volumes": [],
            "wait": false,
            "wait_timeout": 60,
            "working_dir": ""
          },
          "sensitive_attributes": [],
          "private": "eyJzY2hlbWFfdmVyc2lvbiI6IjIifQ==",
          "dependencies": [
            "docker_image.rvce-mca-lss-login",
            "docker_network.macvlan"
          ]
        },
        {
          "index_key": 17,
          "schema_version": 2,
          "attributes": {
            "attach": false,
            "bridge": "",
            "capabilities": [],
            "cgroupns_mode": null,
            "command": [],
            "container_logs": null,
            "container_read_refresh_timeout_milliseconds": 15000,
            "cpu_set": "",
            "cpu_shares": 0,
            "destroy_grace_seconds": null,
            "devices": [],
            "dns": null,
            "dns_opts": null,
            "dns_search": null,
            "domainname": "",
            "entrypoint": [
              "tail",
              "-f",
              "/dev/null"
            ],
            "env": [],
            "exit_code": null,
            "gpus": null,
            "group_add": null,
            "healthcheck": null,
            "host": [],
            "hostname": "5e0875a85608",
            "id": "5e0875a856084873f92d76607aa4497d4630b18ce57e7425cc7bfa1b5c4a3d45",
            "image": "sha256:16d2b8eb5c875dab2eff47da45892a6b213d437cfb4aaaae3feb5549828fb61d",
            "init": false,
            "ipc_mode": "private",
            "labels": [],
            "log_driver": "json-file",
            "log_opts": null,
            "logs": false,
            "max_retry_count": 0,
            "memory": 512,
            "memory_swap": 1024,
            "mounts": [],
            "must_run": true,
            "name": "1RV22MC018",
            "network_data": [
              {
                "gateway": "172.16.3.254",
                "global_ipv6_address": "",
                "global_ipv6_prefix_length": 0,
                "ip_address": "172.16.3.235",
                "ip_prefix_length": 23,
                "ipv6_gateway": "",
                "network_name": "macvlan"
              }
            ],
            "network_mode": "default",
            "networks_advanced": [
              {
                "aliases": [],
                "ipv4_address": "",
                "ipv6_address": "",
                "name": "2a59b0dd9fcb76519a32ac10f324bd6dcf7f0adab3834219d2c1c80ffb73006a"
              }
            ],
            "pid_mode": "",
            "ports": [],
            "privileged": false,
            "publish_all_ports": false,
            "read_only": false,
            "remove_volumes": true,
            "restart": "no",
            "rm": false,
            "runtime": "runc",
            "security_opts": [],
            "shm_size": 64,
            "start": true,
            "stdin_open": false,
            "stop_signal": "",
            "stop_timeout": 0,
            "storage_opts": null,
            "sysctls": null,
            "tmpfs": null,
            "tty": false,
            "ulimit": [],
            "upload": [],
            "user": "",
            "userns_mode": "",
            "volumes": [],
            "wait": false,
            "wait_timeout": 60,
            "working_dir": ""
          },
          "sensitive_attributes": [],
          "private": "eyJzY2hlbWFfdmVyc2lvbiI6IjIifQ==",
          "dependencies": [
            "docker_image.rvce-mca-lss-login",
            "docker_network.macvlan"
          ]
        },
        {
          "index_key": 18,
          "schema_version": 2,
          "attributes": {
            "attach": false,
            "bridge": "",
            "capabilities": [],
            "cgroupns_mode": null,
            "command": [],
            "container_logs": null,
            "container_read_refresh_timeout_milliseconds": 15000,
            "cpu_set": "",
            "cpu_shares": 0,
            "destroy_grace_seconds": null,
            "devices": [],
            "dns": null,
            "dns_opts": null,
            "dns_search": null,
            "domainname": "",
            "entrypoint": [
              "tail",
              "-f",
              "/dev/null"
            ],
            "env": [],
            "exit_code": null,
            "gpus": null,
            "group_add": null,
            "healthcheck": null,
            "host": [],
            "hostname": "d1b7717838c3",
            "id": "d1b7717838c3057d070ae8204d52491e1ff02fabe79c7df3031222efbdf36b75",
            "image": "sha256:16d2b8eb5c875dab2eff47da45892a6b213d437cfb4aaaae3feb5549828fb61d",
            "init": false,
            "ipc_mode": "private",
            "labels": [],
            "log_driver": "json-file",
            "log_opts": null,
            "logs": false,
            "max_retry_count": 0,
            "memory": 512,
            "memory_swap": 1024,
            "mounts": [],
            "must_run": true,
            "name": "1RV22MC019",
            "network_data": [
              {
                "gateway": "172.16.3.254",
                "global_ipv6_address": "",
                "global_ipv6_prefix_length": 0,
                "ip_address": "172.16.3.221",
                "ip_prefix_length": 23,
                "ipv6_gateway": "",
                "network_name": "macvlan"
              }
            ],
            "network_mode": "default",
            "networks_advanced": [
              {
                "aliases": [],
                "ipv4_address": "",
                "ipv6_address": "",
                "name": "2a59b0dd9fcb76519a32ac10f324bd6dcf7f0adab3834219d2c1c80ffb73006a"
              }
            ],
            "pid_mode": "",
            "ports": [],
            "privileged": false,
            "publish_all_ports": false,
            "read_only": false,
            "remove_volumes": true,
            "restart": "no",
            "rm": false,
            "runtime": "runc",
            "security_opts": [],
            "shm_size": 64,
            "start": true,
            "stdin_open": false,
            "stop_signal": "",
            "stop_timeout": 0,
            "storage_opts": null,
            "sysctls": null,
            "tmpfs": null,
            "tty": false,
            "ulimit": [],
            "upload": [],
            "user": "",
            "userns_mode": "",
            "volumes": [],
            "wait": false,
            "wait_timeout": 60,
            "working_dir": ""
          },
          "sensitive_attributes": [],
          "private": "eyJzY2hlbWFfdmVyc2lvbiI6IjIifQ==",
          "dependencies": [
            "docker_image.rvce-mca-lss-login",
            "docker_network.macvlan"
          ]
        },
        {
          "index_key": 19,
          "schema_version": 2,
          "attributes": {
            "attach": false,
            "bridge": "",
            "capabilities": [],
            "cgroupns_mode": null,
            "command": [],
            "container_logs": null,
            "container_read_refresh_timeout_milliseconds": 15000,
            "cpu_set": "",
            "cpu_shares": 0,
            "destroy_grace_seconds": null,
            "devices": [],
            "dns": null,
            "dns_opts": null,
            "dns_search": null,
            "domainname": "",
            "entrypoint": [
              "tail",
              "-f",
              "/dev/null"
            ],
            "env": [],
            "exit_code": null,
            "gpus": null,
            "group_add": null,
            "healthcheck": null,
            "host": [],
            "hostname": "d332e37646bc",
            "id": "d332e37646bc80511aa67b4d6c78149f6dd2b02bf5dc7e9c434d5596b6a418fc",
            "image": "sha256:16d2b8eb5c875dab2eff47da45892a6b213d437cfb4aaaae3feb5549828fb61d",
            "init": false,
            "ipc_mode": "private",
            "labels": [],
            "log_driver": "json-file",
            "log_opts": null,
            "logs": false,
            "max_retry_count": 0,
            "memory": 512,
            "memory_swap": 1024,
            "mounts": [],
            "must_run": true,
            "name": "1RV22MC020",
            "network_data": [
              {
                "gateway": "172.16.3.254",
                "global_ipv6_address": "",
                "global_ipv6_prefix_length": 0,
                "ip_address": "172.16.3.128",
                "ip_prefix_length": 23,
                "ipv6_gateway": "",
                "network_name": "macvlan"
              }
            ],
            "network_mode": "default",
            "networks_advanced": [
              {
                "aliases": [],
                "ipv4_address": "",
                "ipv6_address": "",
                "name": "2a59b0dd9fcb76519a32ac10f324bd6dcf7f0adab3834219d2c1c80ffb73006a"
              }
            ],
            "pid_mode": "",
            "ports": [],
            "privileged": false,
            "publish_all_ports": false,
            "read_only": false,
            "remove_volumes": true,
            "restart": "no",
            "rm": false,
            "runtime": "runc",
            "security_opts": [],
            "shm_size": 64,
            "start": true,
            "stdin_open": false,
            "stop_signal": "",
            "stop_timeout": 0,
            "storage_opts": null,
            "sysctls": null,
            "tmpfs": null,
            "tty": false,
            "ulimit": [],
            "upload": [],
            "user": "",
            "userns_mode": "",
            "volumes": [],
            "wait": false,
            "wait_timeout": 60,
            "working_dir": ""
          },
          "sensitive_attributes": [],
          "private": "eyJzY2hlbWFfdmVyc2lvbiI6IjIifQ==",
          "dependencies": [
            "docker_image.rvce-mca-lss-login",
            "docker_network.macvlan"
          ]
        },
        {
          "index_key": 20,
          "schema_version": 2,
          "attributes": {
            "attach": false,
            "bridge": "",
            "capabilities": [],
            "cgroupns_mode": null,
            "command": [],
            "container_logs": null,
            "container_read_refresh_timeout_milliseconds": 15000,
            "cpu_set": "",
            "cpu_shares": 0,
            "destroy_grace_seconds": null,
            "devices": [],
            "dns": null,
            "dns_opts": null,
            "dns_search": null,
            "domainname": "",
            "entrypoint": [
              "tail",
              "-f",
              "/dev/null"
            ],
            "env": [],
            "exit_code": null,
            "gpus": null,
            "group_add": null,
            "healthcheck": null,
            "host": [],
            "hostname": "5f086ef4c8be",
            "id": "5f086ef4c8be02f761e595602f0f2b4f035b3a08df58d6bd0d95e1f3d25a0d44",
            "image": "sha256:16d2b8eb5c875dab2eff47da45892a6b213d437cfb4aaaae3feb5549828fb61d",
            "init": false,
            "ipc_mode": "private",
            "labels": [],
            "log_driver": "json-file",
            "log_opts": null,
            "logs": false,
            "max_retry_count": 0,
            "memory": 512,
            "memory_swap": 1024,
            "mounts": [],
            "must_run": true,
            "name": "1RV22MC021",
            "network_data": [
              {
                "gateway": "172.16.3.254",
                "global_ipv6_address": "",
                "global_ipv6_prefix_length": 0,
                "ip_address": "172.16.3.148",
                "ip_prefix_length": 23,
                "ipv6_gateway": "",
                "network_name": "macvlan"
              }
            ],
            "network_mode": "default",
            "networks_advanced": [
              {
                "aliases": [],
                "ipv4_address": "",
                "ipv6_address": "",
                "name": "2a59b0dd9fcb76519a32ac10f324bd6dcf7f0adab3834219d2c1c80ffb73006a"
              }
            ],
            "pid_mode": "",
            "ports": [],
            "privileged": false,
            "publish_all_ports": false,
            "read_only": false,
            "remove_volumes": true,
            "restart": "no",
            "rm": false,
            "runtime": "runc",
            "security_opts": [],
            "shm_size": 64,
            "start": true,
            "stdin_open": false,
            "stop_signal": "",
            "stop_timeout": 0,
            "storage_opts": null,
            "sysctls": null,
            "tmpfs": null,
            "tty": false,
            "ulimit": [],
            "upload": [],
            "user": "",
            "userns_mode": "",
            "volumes": [],
            "wait": false,
            "wait_timeout": 60,
            "working_dir": ""
          },
          "sensitive_attributes": [],
          "private": "eyJzY2hlbWFfdmVyc2lvbiI6IjIifQ==",
          "dependencies": [
            "docker_image.rvce-mca-lss-login",
            "docker_network.macvlan"
          ]
        },
        {
          "index_key": 21,
          "schema_version": 2,
          "attributes": {
            "attach": false,
            "bridge": "",
            "capabilities": [],
            "cgroupns_mode": null,
            "command": [],
            "container_logs": null,
            "container_read_refresh_timeout_milliseconds": 15000,
            "cpu_set": "",
            "cpu_shares": 0,
            "destroy_grace_seconds": null,
            "devices": [],
            "dns": null,
            "dns_opts": null,
            "dns_search": null,
            "domainname": "",
            "entrypoint": [
              "tail",
              "-f",
              "/dev/null"
            ],
            "env": [],
            "exit_code": null,
            "gpus": null,
            "group_add": null,
            "healthcheck": null,
            "host": [],
            "hostname": "b60e5197116d",
            "id": "b60e5197116dcc98cdc82c404dd0c5fa36fe424aba62606f3aa37e63c60cdb09",
            "image": "sha256:16d2b8eb5c875dab2eff47da45892a6b213d437cfb4aaaae3feb5549828fb61d",
            "init": false,
            "ipc_mode": "private",
            "labels": [],
            "log_driver": "json-file",
            "log_opts": null,
            "logs": false,
            "max_retry_count": 0,
            "memory": 512,
            "memory_swap": 1024,
            "mounts": [],
            "must_run": true,
            "name": "1RV22MC022",
            "network_data": [
              {
                "gateway": "172.16.3.254",
                "global_ipv6_address": "",
                "global_ipv6_prefix_length": 0,
                "ip_address": "172.16.3.169",
                "ip_prefix_length": 23,
                "ipv6_gateway": "",
                "network_name": "macvlan"
              }
            ],
            "network_mode": "default",
            "networks_advanced": [
              {
                "aliases": [],
                "ipv4_address": "",
                "ipv6_address": "",
                "name": "2a59b0dd9fcb76519a32ac10f324bd6dcf7f0adab3834219d2c1c80ffb73006a"
              }
            ],
            "pid_mode": "",
            "ports": [],
            "privileged": false,
            "publish_all_ports": false,
            "read_only": false,
            "remove_volumes": true,
            "restart": "no",
            "rm": false,
            "runtime": "runc",
            "security_opts": [],
            "shm_size": 64,
            "start": true,
            "stdin_open": false,
            "stop_signal": "",
            "stop_timeout": 0,
            "storage_opts": null,
            "sysctls": null,
            "tmpfs": null,
            "tty": false,
            "ulimit": [],
            "upload": [],
            "user": "",
            "userns_mode": "",
            "volumes": [],
            "wait": false,
            "wait_timeout": 60,
            "working_dir": ""
          },
          "sensitive_attributes": [],
          "private": "eyJzY2hlbWFfdmVyc2lvbiI6IjIifQ==",
          "dependencies": [
            "docker_image.rvce-mca-lss-login",
            "docker_network.macvlan"
          ]
        },
        {
          "index_key": 22,
          "schema_version": 2,
          "attributes": {
            "attach": false,
            "bridge": "",
            "capabilities": [],
            "cgroupns_mode": null,
            "command": [],
            "container_logs": null,
            "container_read_refresh_timeout_milliseconds": 15000,
            "cpu_set": "",
            "cpu_shares": 0,
            "destroy_grace_seconds": null,
            "devices": [],
            "dns": null,
            "dns_opts": null,
            "dns_search": null,
            "domainname": "",
            "entrypoint": [
              "tail",
              "-f",
              "/dev/null"
            ],
            "env": [],
            "exit_code": null,
            "gpus": null,
            "group_add": null,
            "healthcheck": null,
            "host": [],
            "hostname": "b40efd0c7b06",
            "id": "b40efd0c7b0649def4996f77b16a01001a22b3d4e23c37e9f4eb600a286d974c",
            "image": "sha256:16d2b8eb5c875dab2eff47da45892a6b213d437cfb4aaaae3feb5549828fb61d",
            "init": false,
            "ipc_mode": "private",
            "labels": [],
            "log_driver": "json-file",
            "log_opts": null,
            "logs": false,
            "max_retry_count": 0,
            "memory": 512,
            "memory_swap": 1024,
            "mounts": [],
            "must_run": true,
            "name": "1RV22MC023",
            "network_data": [
              {
                "gateway": "172.16.3.254",
                "global_ipv6_address": "",
                "global_ipv6_prefix_length": 0,
                "ip_address": "172.16.3.202",
                "ip_prefix_length": 23,
                "ipv6_gateway": "",
                "network_name": "macvlan"
              }
            ],
            "network_mode": "default",
            "networks_advanced": [
              {
                "aliases": [],
                "ipv4_address": "",
                "ipv6_address": "",
                "name": "2a59b0dd9fcb76519a32ac10f324bd6dcf7f0adab3834219d2c1c80ffb73006a"
              }
            ],
            "pid_mode": "",
            "ports": [],
            "privileged": false,
            "publish_all_ports": false,
            "read_only": false,
            "remove_volumes": true,
            "restart": "no",
            "rm": false,
            "runtime": "runc",
            "security_opts": [],
            "shm_size": 64,
            "start": true,
            "stdin_open": false,
            "stop_signal": "",
            "stop_timeout": 0,
            "storage_opts": null,
            "sysctls": null,
            "tmpfs": null,
            "tty": false,
            "ulimit": [],
            "upload": [],
            "user": "",
            "userns_mode": "",
            "volumes": [],
            "wait": false,
            "wait_timeout": 60,
            "working_dir": ""
          },
          "sensitive_attributes": [],
          "private": "eyJzY2hlbWFfdmVyc2lvbiI6IjIifQ==",
          "dependencies": [
            "docker_image.rvce-mca-lss-login",
            "docker_network.macvlan"
          ]
        },
        {
          "index_key": 23,
          "schema_version": 2,
          "attributes": {
            "attach": false,
            "bridge": "",
            "capabilities": [],
            "cgroupns_mode": null,
            "command": [],
            "container_logs": null,
            "container_read_refresh_timeout_milliseconds": 15000,
            "cpu_set": "",
            "cpu_shares": 0,
            "destroy_grace_seconds": null,
            "devices": [],
            "dns": null,
            "dns_opts": null,
            "dns_search": null,
            "domainname": "",
            "entrypoint": [
              "tail",
              "-f",
              "/dev/null"
            ],
            "env": [],
            "exit_code": null,
            "gpus": null,
            "group_add": null,
            "healthcheck": null,
            "host": [],
            "hostname": "6b80b581a5aa",
            "id": "6b80b581a5aa967c524e018e5763d43608b0c68b278554793c13d3caf8f0dcb6",
            "image": "sha256:16d2b8eb5c875dab2eff47da45892a6b213d437cfb4aaaae3feb5549828fb61d",
            "init": false,
            "ipc_mode": "private",
            "labels": [],
            "log_driver": "json-file",
            "log_opts": null,
            "logs": false,
            "max_retry_count": 0,
            "memory": 512,
            "memory_swap": 1024,
            "mounts": [],
            "must_run": true,
            "name": "1RV22MC024",
            "network_data": [
              {
                "gateway": "172.16.3.254",
                "global_ipv6_address": "",
                "global_ipv6_prefix_length": 0,
                "ip_address": "172.16.3.189",
                "ip_prefix_length": 23,
                "ipv6_gateway": "",
                "network_name": "macvlan"
              }
            ],
            "network_mode": "default",
            "networks_advanced": [
              {
                "aliases": [],
                "ipv4_address": "",
                "ipv6_address": "",
                "name": "2a59b0dd9fcb76519a32ac10f324bd6dcf7f0adab3834219d2c1c80ffb73006a"
              }
            ],
            "pid_mode": "",
            "ports": [],
            "privileged": false,
            "publish_all_ports": false,
            "read_only": false,
            "remove_volumes": true,
            "restart": "no",
            "rm": false,
            "runtime": "runc",
            "security_opts": [],
            "shm_size": 64,
            "start": true,
            "stdin_open": false,
            "stop_signal": "",
            "stop_timeout": 0,
            "storage_opts": null,
            "sysctls": null,
            "tmpfs": null,
            "tty": false,
            "ulimit": [],
            "upload": [],
            "user": "",
            "userns_mode": "",
            "volumes": [],
            "wait": false,
            "wait_timeout": 60,
            "working_dir": ""
          },
          "sensitive_attributes": [],
          "private": "eyJzY2hlbWFfdmVyc2lvbiI6IjIifQ==",
          "dependencies": [
            "docker_image.rvce-mca-lss-login",
            "docker_network.macvlan"
          ]
        },
        {
          "index_key": 24,
          "schema_version": 2,
          "attributes": {
            "attach": false,
            "bridge": "",
            "capabilities": [],
            "cgroupns_mode": null,
            "command": [],
            "container_logs": null,
            "container_read_refresh_timeout_milliseconds": 15000,
            "cpu_set": "",
            "cpu_shares": 0,
            "destroy_grace_seconds": null,
            "devices": [],
            "dns": null,
            "dns_opts": null,
            "dns_search": null,
            "domainname": "",
            "entrypoint": [
              "tail",
              "-f",
              "/dev/null"
            ],
            "env": [],
            "exit_code": null,
            "gpus": null,
            "group_add": null,
            "healthcheck": null,
            "host": [],
            "hostname": "c769316ed565",
            "id": "c769316ed56591fe36390c8814ae9405d5fe345820019a404a3e6012223239a2",
            "image": "sha256:16d2b8eb5c875dab2eff47da45892a6b213d437cfb4aaaae3feb5549828fb61d",
            "init": false,
            "ipc_mode": "private",
            "labels": [],
            "log_driver": "json-file",
            "log_opts": null,
            "logs": false,
            "max_retry_count": 0,
            "memory": 512,
            "memory_swap": 1024,
            "mounts": [],
            "must_run": true,
            "name": "1RV22MC025",
            "network_data": [
              {
                "gateway": "172.16.3.254",
                "global_ipv6_address": "",
                "global_ipv6_prefix_length": 0,
                "ip_address": "172.16.3.181",
                "ip_prefix_length": 23,
                "ipv6_gateway": "",
                "network_name": "macvlan"
              }
            ],
            "network_mode": "default",
            "networks_advanced": [
              {
                "aliases": [],
                "ipv4_address": "",
                "ipv6_address": "",
                "name": "2a59b0dd9fcb76519a32ac10f324bd6dcf7f0adab3834219d2c1c80ffb73006a"
              }
            ],
            "pid_mode": "",
            "ports": [],
            "privileged": false,
            "publish_all_ports": false,
            "read_only": false,
            "remove_volumes": true,
            "restart": "no",
            "rm": false,
            "runtime": "runc",
            "security_opts": [],
            "shm_size": 64,
            "start": true,
            "stdin_open": false,
            "stop_signal": "",
            "stop_timeout": 0,
            "storage_opts": null,
            "sysctls": null,
            "tmpfs": null,
            "tty": false,
            "ulimit": [],
            "upload": [],
            "user": "",
            "userns_mode": "",
            "volumes": [],
            "wait": false,
            "wait_timeout": 60,
            "working_dir": ""
          },
          "sensitive_attributes": [],
          "private": "eyJzY2hlbWFfdmVyc2lvbiI6IjIifQ==",
          "dependencies": [
            "docker_image.rvce-mca-lss-login",
            "docker_network.macvlan"
          ]
        },
        {
          "index_key": 25,
          "schema_version": 2,
          "attributes": {
            "attach": false,
            "bridge": "",
            "capabilities": [],
            "cgroupns_mode": null,
            "command": [],
            "container_logs": null,
            "container_read_refresh_timeout_milliseconds": 15000,
            "cpu_set": "",
            "cpu_shares": 0,
            "destroy_grace_seconds": null,
            "devices": [],
            "dns": null,
            "dns_opts": null,
            "dns_search": null,
            "domainname": "",
            "entrypoint": [
              "tail",
              "-f",
              "/dev/null"
            ],
            "env": [],
            "exit_code": null,
            "gpus": null,
            "group_add": null,
            "healthcheck": null,
            "host": [],
            "hostname": "b6a4258d96ec",
            "id": "b6a4258d96ec082b87c408008aaaf16cd01053e35e7b97c3fc5955ce91cf8062",
            "image": "sha256:16d2b8eb5c875dab2eff47da45892a6b213d437cfb4aaaae3feb5549828fb61d",
            "init": false,
            "ipc_mode": "private",
            "labels": [],
            "log_driver": "json-file",
            "log_opts": null,
            "logs": false,
            "max_retry_count": 0,
            "memory": 512,
            "memory_swap": 1024,
            "mounts": [],
            "must_run": true,
            "name": "1RV22MC026",
            "network_data": [
              {
                "gateway": "172.16.3.254",
                "global_ipv6_address": "",
                "global_ipv6_prefix_length": 0,
                "ip_address": "172.16.3.193",
                "ip_prefix_length": 23,
                "ipv6_gateway": "",
                "network_name": "macvlan"
              }
            ],
            "network_mode": "default",
            "networks_advanced": [
              {
                "aliases": [],
                "ipv4_address": "",
                "ipv6_address": "",
                "name": "2a59b0dd9fcb76519a32ac10f324bd6dcf7f0adab3834219d2c1c80ffb73006a"
              }
            ],
            "pid_mode": "",
            "ports": [],
            "privileged": false,
            "publish_all_ports": false,
            "read_only": false,
            "remove_volumes": true,
            "restart": "no",
            "rm": false,
            "runtime": "runc",
            "security_opts": [],
            "shm_size": 64,
            "start": true,
            "stdin_open": false,
            "stop_signal": "",
            "stop_timeout": 0,
            "storage_opts": null,
            "sysctls": null,
            "tmpfs": null,
            "tty": false,
            "ulimit": [],
            "upload": [],
            "user": "",
            "userns_mode": "",
            "volumes": [],
            "wait": false,
            "wait_timeout": 60,
            "working_dir": ""
          },
          "sensitive_attributes": [],
          "private": "eyJzY2hlbWFfdmVyc2lvbiI6IjIifQ==",
          "dependencies": [
            "docker_image.rvce-mca-lss-login",
            "docker_network.macvlan"
          ]
        },
        {
          "index_key": 26,
          "schema_version": 2,
          "attributes": {
            "attach": false,
            "bridge": "",
            "capabilities": [],
            "cgroupns_mode": null,
            "command": [],
            "container_logs": null,
            "container_read_refresh_timeout_milliseconds": 15000,
            "cpu_set": "",
            "cpu_shares": 0,
            "destroy_grace_seconds": null,
            "devices": [],
            "dns": null,
            "dns_opts": null,
            "dns_search": null,
            "domainname": "",
            "entrypoint": [
              "tail",
              "-f",
              "/dev/null"
            ],
            "env": [],
            "exit_code": null,
            "gpus": null,
            "group_add": null,
            "healthcheck": null,
            "host": [],
            "hostname": "a1db023e81ba",
            "id": "a1db023e81baa2d8c0cdef89f9f2975b49ebbb2f01ba413b138597f33e422cc3",
            "image": "sha256:16d2b8eb5c875dab2eff47da45892a6b213d437cfb4aaaae3feb5549828fb61d",
            "init": false,
            "ipc_mode": "private",
            "labels": [],
            "log_driver": "json-file",
            "log_opts": null,
            "logs": false,
            "max_retry_count": 0,
            "memory": 512,
            "memory_swap": 1024,
            "mounts": [],
            "must_run": true,
            "name": "1RV22MC027",
            "network_data": [
              {
                "gateway": "172.16.3.254",
                "global_ipv6_address": "",
                "global_ipv6_prefix_length": 0,
                "ip_address": "172.16.3.241",
                "ip_prefix_length": 23,
                "ipv6_gateway": "",
                "network_name": "macvlan"
              }
            ],
            "network_mode": "default",
            "networks_advanced": [
              {
                "aliases": [],
                "ipv4_address": "",
                "ipv6_address": "",
                "name": "2a59b0dd9fcb76519a32ac10f324bd6dcf7f0adab3834219d2c1c80ffb73006a"
              }
            ],
            "pid_mode": "",
            "ports": [],
            "privileged": false,
            "publish_all_ports": false,
            "read_only": false,
            "remove_volumes": true,
            "restart": "no",
            "rm": false,
            "runtime": "runc",
            "security_opts": [],
            "shm_size": 64,
            "start": true,
            "stdin_open": false,
            "stop_signal": "",
            "stop_timeout": 0,
            "storage_opts": null,
            "sysctls": null,
            "tmpfs": null,
            "tty": false,
            "ulimit": [],
            "upload": [],
            "user": "",
            "userns_mode": "",
            "volumes": [],
            "wait": false,
            "wait_timeout": 60,
            "working_dir": ""
          },
          "sensitive_attributes": [],
          "private": "eyJzY2hlbWFfdmVyc2lvbiI6IjIifQ==",
          "dependencies": [
            "docker_image.rvce-mca-lss-login",
            "docker_network.macvlan"
          ]
        },
        {
          "index_key": 27,
          "schema_version": 2,
          "attributes": {
            "attach": false,
            "bridge": "",
            "capabilities": [],
            "cgroupns_mode": null,
            "command": [],
            "container_logs": null,
            "container_read_refresh_timeout_milliseconds": 15000,
            "cpu_set": "",
            "cpu_shares": 0,
            "destroy_grace_seconds": null,
            "devices": [],
            "dns": null,
            "dns_opts": null,
            "dns_search": null,
            "domainname": "",
            "entrypoint": [
              "tail",
              "-f",
              "/dev/null"
            ],
            "env": [],
            "exit_code": null,
            "gpus": null,
            "group_add": null,
            "healthcheck": null,
            "host": [],
            "hostname": "d1f8a27971df",
            "id": "d1f8a27971df313b375edf5b2c749ca5d2b84d2118fb25949465494fc1eb083e",
            "image": "sha256:16d2b8eb5c875dab2eff47da45892a6b213d437cfb4aaaae3feb5549828fb61d",
            "init": false,
            "ipc_mode": "private",
            "labels": [],
            "log_driver": "json-file",
            "log_opts": null,
            "logs": false,
            "max_retry_count": 0,
            "memory": 512,
            "memory_swap": 1024,
            "mounts": [],
            "must_run": true,
            "name": "1RV22MC028",
            "network_data": [
              {
                "gateway": "172.16.3.254",
                "global_ipv6_address": "",
                "global_ipv6_prefix_length": 0,
                "ip_address": "172.16.3.188",
                "ip_prefix_length": 23,
                "ipv6_gateway": "",
                "network_name": "macvlan"
              }
            ],
            "network_mode": "default",
            "networks_advanced": [
              {
                "aliases": [],
                "ipv4_address": "",
                "ipv6_address": "",
                "name": "2a59b0dd9fcb76519a32ac10f324bd6dcf7f0adab3834219d2c1c80ffb73006a"
              }
            ],
            "pid_mode": "",
            "ports": [],
            "privileged": false,
            "publish_all_ports": false,
            "read_only": false,
            "remove_volumes": true,
            "restart": "no",
            "rm": false,
            "runtime": "runc",
            "security_opts": [],
            "shm_size": 64,
            "start": true,
            "stdin_open": false,
            "stop_signal": "",
            "stop_timeout": 0,
            "storage_opts": null,
            "sysctls": null,
            "tmpfs": null,
            "tty": false,
            "ulimit": [],
            "upload": [],
            "user": "",
            "userns_mode": "",
            "volumes": [],
            "wait": false,
            "wait_timeout": 60,
            "working_dir": ""
          },
          "sensitive_attributes": [],
          "private": "eyJzY2hlbWFfdmVyc2lvbiI6IjIifQ==",
          "dependencies": [
            "docker_image.rvce-mca-lss-login",
            "docker_network.macvlan"
          ]
        },
        {
          "index_key": 28,
          "schema_version": 2,
          "attributes": {
            "attach": false,
            "bridge": "",
            "capabilities": [],
            "cgroupns_mode": null,
            "command": [],
            "container_logs": null,
            "container_read_refresh_timeout_milliseconds": 15000,
            "cpu_set": "",
            "cpu_shares": 0,
            "destroy_grace_seconds": null,
            "devices": [],
            "dns": null,
            "dns_opts": null,
            "dns_search": null,
            "domainname": "",
            "entrypoint": [
              "tail",
              "-f",
              "/dev/null"
            ],
            "env": [],
            "exit_code": null,
            "gpus": null,
            "group_add": null,
            "healthcheck": null,
            "host": [],
            "hostname": "a5c116ae4804",
            "id": "a5c116ae4804d26063f4d8c6303b2e7f361b73464e52a60a25f9c7b8c8916e74",
            "image": "sha256:16d2b8eb5c875dab2eff47da45892a6b213d437cfb4aaaae3feb5549828fb61d",
            "init": false,
            "ipc_mode": "private",
            "labels": [],
            "log_driver": "json-file",
            "log_opts": null,
            "logs": false,
            "max_retry_count": 0,
            "memory": 512,
            "memory_swap": 1024,
            "mounts": [],
            "must_run": true,
            "name": "1RV22MC029",
            "network_data": [
              {
                "gateway": "172.16.3.254",
                "global_ipv6_address": "",
                "global_ipv6_prefix_length": 0,
                "ip_address": "172.16.3.140",
                "ip_prefix_length": 23,
                "ipv6_gateway": "",
                "network_name": "macvlan"
              }
            ],
            "network_mode": "default",
            "networks_advanced": [
              {
                "aliases": [],
                "ipv4_address": "",
                "ipv6_address": "",
                "name": "2a59b0dd9fcb76519a32ac10f324bd6dcf7f0adab3834219d2c1c80ffb73006a"
              }
            ],
            "pid_mode": "",
            "ports": [],
            "privileged": false,
            "publish_all_ports": false,
            "read_only": false,
            "remove_volumes": true,
            "restart": "no",
            "rm": false,
            "runtime": "runc",
            "security_opts": [],
            "shm_size": 64,
            "start": true,
            "stdin_open": false,
            "stop_signal": "",
            "stop_timeout": 0,
            "storage_opts": null,
            "sysctls": null,
            "tmpfs": null,
            "tty": false,
            "ulimit": [],
            "upload": [],
            "user": "",
            "userns_mode": "",
            "volumes": [],
            "wait": false,
            "wait_timeout": 60,
            "working_dir": ""
          },
          "sensitive_attributes": [],
          "private": "eyJzY2hlbWFfdmVyc2lvbiI6IjIifQ==",
          "dependencies": [
            "docker_image.rvce-mca-lss-login",
            "docker_network.macvlan"
          ]
        },
        {
          "index_key": 29,
          "schema_version": 2,
          "attributes": {
            "attach": false,
            "bridge": "",
            "capabilities": [],
            "cgroupns_mode": null,
            "command": [],
            "container_logs": null,
            "container_read_refresh_timeout_milliseconds": 15000,
            "cpu_set": "",
            "cpu_shares": 0,
            "destroy_grace_seconds": null,
            "devices": [],
            "dns": null,
            "dns_opts": null,
            "dns_search": null,
            "domainname": "",
            "entrypoint": [
              "tail",
              "-f",
              "/dev/null"
            ],
            "env": [],
            "exit_code": null,
            "gpus": null,
            "group_add": null,
            "healthcheck": null,
            "host": [],
            "hostname": "9c30fcb67d43",
            "id": "9c30fcb67d43bfecf11a3f68f4a8a23fd1d798354d90e15a52a5818529149441",
            "image": "sha256:16d2b8eb5c875dab2eff47da45892a6b213d437cfb4aaaae3feb5549828fb61d",
            "init": false,
            "ipc_mode": "private",
            "labels": [],
            "log_driver": "json-file",
            "log_opts": null,
            "logs": false,
            "max_retry_count": 0,
            "memory": 512,
            "memory_swap": 1024,
            "mounts": [],
            "must_run": true,
            "name": "1RV22MC030",
            "network_data": [
              {
                "gateway": "172.16.3.254",
                "global_ipv6_address": "",
                "global_ipv6_prefix_length": 0,
                "ip_address": "172.16.3.215",
                "ip_prefix_length": 23,
                "ipv6_gateway": "",
                "network_name": "macvlan"
              }
            ],
            "network_mode": "default",
            "networks_advanced": [
              {
                "aliases": [],
                "ipv4_address": "",
                "ipv6_address": "",
                "name": "2a59b0dd9fcb76519a32ac10f324bd6dcf7f0adab3834219d2c1c80ffb73006a"
              }
            ],
            "pid_mode": "",
            "ports": [],
            "privileged": false,
            "publish_all_ports": false,
            "read_only": false,
            "remove_volumes": true,
            "restart": "no",
            "rm": false,
            "runtime": "runc",
            "security_opts": [],
            "shm_size": 64,
            "start": true,
            "stdin_open": false,
            "stop_signal": "",
            "stop_timeout": 0,
            "storage_opts": null,
            "sysctls": null,
            "tmpfs": null,
            "tty": false,
            "ulimit": [],
            "upload": [],
            "user": "",
            "userns_mode": "",
            "volumes": [],
            "wait": false,
            "wait_timeout": 60,
            "working_dir": ""
          },
          "sensitive_attributes": [],
          "private": "eyJzY2hlbWFfdmVyc2lvbiI6IjIifQ==",
          "dependencies": [
            "docker_image.rvce-mca-lss-login",
            "docker_network.macvlan"
          ]
        },
        {
          "index_key": 30,
          "schema_version": 2,
          "attributes": {
            "attach": false,
            "bridge": "",
            "capabilities": [],
            "cgroupns_mode": null,
            "command": [],
            "container_logs": null,
            "container_read_refresh_timeout_milliseconds": 15000,
            "cpu_set": "",
            "cpu_shares": 0,
            "destroy_grace_seconds": null,
            "devices": [],
            "dns": null,
            "dns_opts": null,
            "dns_search": null,
            "domainname": "",
            "entrypoint": [
              "tail",
              "-f",
              "/dev/null"
            ],
            "env": [],
            "exit_code": null,
            "gpus": null,
            "group_add": null,
            "healthcheck": null,
            "host": [],
            "hostname": "00dc9b34637b",
            "id": "00dc9b34637b91f3cbb1bf049b6aa29914991d40794cbb7d19945aeb464a260b",
            "image": "sha256:16d2b8eb5c875dab2eff47da45892a6b213d437cfb4aaaae3feb5549828fb61d",
            "init": false,
            "ipc_mode": "private",
            "labels": [],
            "log_driver": "json-file",
            "log_opts": null,
            "logs": false,
            "max_retry_count": 0,
            "memory": 512,
            "memory_swap": 1024,
            "mounts": [],
            "must_run": true,
            "name": "1RV22MC031",
            "network_data": [
              {
                "gateway": "172.16.3.254",
                "global_ipv6_address": "",
                "global_ipv6_prefix_length": 0,
                "ip_address": "172.16.3.130",
                "ip_prefix_length": 23,
                "ipv6_gateway": "",
                "network_name": "macvlan"
              }
            ],
            "network_mode": "default",
            "networks_advanced": [
              {
                "aliases": [],
                "ipv4_address": "",
                "ipv6_address": "",
                "name": "2a59b0dd9fcb76519a32ac10f324bd6dcf7f0adab3834219d2c1c80ffb73006a"
              }
            ],
            "pid_mode": "",
            "ports": [],
            "privileged": false,
            "publish_all_ports": false,
            "read_only": false,
            "remove_volumes": true,
            "restart": "no",
            "rm": false,
            "runtime": "runc",
            "security_opts": [],
            "shm_size": 64,
            "start": true,
            "stdin_open": false,
            "stop_signal": "",
            "stop_timeout": 0,
            "storage_opts": null,
            "sysctls": null,
            "tmpfs": null,
            "tty": false,
            "ulimit": [],
            "upload": [],
            "user": "",
            "userns_mode": "",
            "volumes": [],
            "wait": false,
            "wait_timeout": 60,
            "working_dir": ""
          },
          "sensitive_attributes": [],
          "private": "eyJzY2hlbWFfdmVyc2lvbiI6IjIifQ==",
          "dependencies": [
            "docker_image.rvce-mca-lss-login",
            "docker_network.macvlan"
          ]
        },
        {
          "index_key": 31,
          "schema_version": 2,
          "attributes": {
            "attach": false,
            "bridge": "",
            "capabilities": [],
            "cgroupns_mode": null,
            "command": [],
            "container_logs": null,
            "container_read_refresh_timeout_milliseconds": 15000,
            "cpu_set": "",
            "cpu_shares": 0,
            "destroy_grace_seconds": null,
            "devices": [],
            "dns": null,
            "dns_opts": null,
            "dns_search": null,
            "domainname": "",
            "entrypoint": [
              "tail",
              "-f",
              "/dev/null"
            ],
            "env": [],
            "exit_code": null,
            "gpus": null,
            "group_add": null,
            "healthcheck": null,
            "host": [],
            "hostname": "9372d7f90f6d",
            "id": "9372d7f90f6d72539087ef49af588cd4358c08b46a99993d819f1bbcc6b6ba86",
            "image": "sha256:16d2b8eb5c875dab2eff47da45892a6b213d437cfb4aaaae3feb5549828fb61d",
            "init": false,
            "ipc_mode": "private",
            "labels": [],
            "log_driver": "json-file",
            "log_opts": null,
            "logs": false,
            "max_retry_count": 0,
            "memory": 512,
            "memory_swap": 1024,
            "mounts": [],
            "must_run": true,
            "name": "1RV22MC032",
            "network_data": [
              {
                "gateway": "172.16.3.254",
                "global_ipv6_address": "",
                "global_ipv6_prefix_length": 0,
                "ip_address": "172.16.3.131",
                "ip_prefix_length": 23,
                "ipv6_gateway": "",
                "network_name": "macvlan"
              }
            ],
            "network_mode": "default",
            "networks_advanced": [
              {
                "aliases": [],
                "ipv4_address": "",
                "ipv6_address": "",
                "name": "2a59b0dd9fcb76519a32ac10f324bd6dcf7f0adab3834219d2c1c80ffb73006a"
              }
            ],
            "pid_mode": "",
            "ports": [],
            "privileged": false,
            "publish_all_ports": false,
            "read_only": false,
            "remove_volumes": true,
            "restart": "no",
            "rm": false,
            "runtime": "runc",
            "security_opts": [],
            "shm_size": 64,
            "start": true,
            "stdin_open": false,
            "stop_signal": "",
            "stop_timeout": 0,
            "storage_opts": null,
            "sysctls": null,
            "tmpfs": null,
            "tty": false,
            "ulimit": [],
            "upload": [],
            "user": "",
            "userns_mode": "",
            "volumes": [],
            "wait": false,
            "wait_timeout": 60,
            "working_dir": ""
          },
          "sensitive_attributes": [],
          "private": "eyJzY2hlbWFfdmVyc2lvbiI6IjIifQ==",
          "dependencies": [
            "docker_image.rvce-mca-lss-login",
            "docker_network.macvlan"
          ]
        },
        {
          "index_key": 32,
          "schema_version": 2,
          "attributes": {
            "attach": false,
            "bridge": "",
            "capabilities": [],
            "cgroupns_mode": null,
            "command": [],
            "container_logs": null,
            "container_read_refresh_timeout_milliseconds": 15000,
            "cpu_set": "",
            "cpu_shares": 0,
            "destroy_grace_seconds": null,
            "devices": [],
            "dns": null,
            "dns_opts": null,
            "dns_search": null,
            "domainname": "",
            "entrypoint": [
              "tail",
              "-f",
              "/dev/null"
            ],
            "env": [],
            "exit_code": null,
            "gpus": null,
            "group_add": null,
            "healthcheck": null,
            "host": [],
            "hostname": "a72257493ccd",
            "id": "a72257493ccd8386e1d983ef378a701a8549d9c36105e8de3ffdcbd8210a7bcb",
            "image": "sha256:16d2b8eb5c875dab2eff47da45892a6b213d437cfb4aaaae3feb5549828fb61d",
            "init": false,
            "ipc_mode": "private",
            "labels": [],
            "log_driver": "json-file",
            "log_opts": null,
            "logs": false,
            "max_retry_count": 0,
            "memory": 512,
            "memory_swap": 1024,
            "mounts": [],
            "must_run": true,
            "name": "1RV22MC033",
            "network_data": [
              {
                "gateway": "172.16.3.254",
                "global_ipv6_address": "",
                "global_ipv6_prefix_length": 0,
                "ip_address": "172.16.3.226",
                "ip_prefix_length": 23,
                "ipv6_gateway": "",
                "network_name": "macvlan"
              }
            ],
            "network_mode": "default",
            "networks_advanced": [
              {
                "aliases": [],
                "ipv4_address": "",
                "ipv6_address": "",
                "name": "2a59b0dd9fcb76519a32ac10f324bd6dcf7f0adab3834219d2c1c80ffb73006a"
              }
            ],
            "pid_mode": "",
            "ports": [],
            "privileged": false,
            "publish_all_ports": false,
            "read_only": false,
            "remove_volumes": true,
            "restart": "no",
            "rm": false,
            "runtime": "runc",
            "security_opts": [],
            "shm_size": 64,
            "start": true,
            "stdin_open": false,
            "stop_signal": "",
            "stop_timeout": 0,
            "storage_opts": null,
            "sysctls": null,
            "tmpfs": null,
            "tty": false,
            "ulimit": [],
            "upload": [],
            "user": "",
            "userns_mode": "",
            "volumes": [],
            "wait": false,
            "wait_timeout": 60,
            "working_dir": ""
          },
          "sensitive_attributes": [],
          "private": "eyJzY2hlbWFfdmVyc2lvbiI6IjIifQ==",
          "dependencies": [
            "docker_image.rvce-mca-lss-login",
            "docker_network.macvlan"
          ]
        },
        {
          "index_key": 33,
          "schema_version": 2,
          "attributes": {
            "attach": false,
            "bridge": "",
            "capabilities": [],
            "cgroupns_mode": null,
            "command": [],
            "container_logs": null,
            "container_read_refresh_timeout_milliseconds": 15000,
            "cpu_set": "",
            "cpu_shares": 0,
            "destroy_grace_seconds": null,
            "devices": [],
            "dns": null,
            "dns_opts": null,
            "dns_search": null,
            "domainname": "",
            "entrypoint": [
              "tail",
              "-f",
              "/dev/null"
            ],
            "env": [],
            "exit_code": null,
            "gpus": null,
            "group_add": null,
            "healthcheck": null,
            "host": [],
            "hostname": "c7e8dd913aed",
            "id": "c7e8dd913aed9eb266306171b7b9d10651fa148b414ce3c0013c9e1b7a685a9c",
            "image": "sha256:16d2b8eb5c875dab2eff47da45892a6b213d437cfb4aaaae3feb5549828fb61d",
            "init": false,
            "ipc_mode": "private",
            "labels": [],
            "log_driver": "json-file",
            "log_opts": null,
            "logs": false,
            "max_retry_count": 0,
            "memory": 512,
            "memory_swap": 1024,
            "mounts": [],
            "must_run": true,
            "name": "1RV22MC034",
            "network_data": [
              {
                "gateway": "172.16.3.254",
                "global_ipv6_address": "",
                "global_ipv6_prefix_length": 0,
                "ip_address": "172.16.3.182",
                "ip_prefix_length": 23,
                "ipv6_gateway": "",
                "network_name": "macvlan"
              }
            ],
            "network_mode": "default",
            "networks_advanced": [
              {
                "aliases": [],
                "ipv4_address": "",
                "ipv6_address": "",
                "name": "2a59b0dd9fcb76519a32ac10f324bd6dcf7f0adab3834219d2c1c80ffb73006a"
              }
            ],
            "pid_mode": "",
            "ports": [],
            "privileged": false,
            "publish_all_ports": false,
            "read_only": false,
            "remove_volumes": true,
            "restart": "no",
            "rm": false,
            "runtime": "runc",
            "security_opts": [],
            "shm_size": 64,
            "start": true,
            "stdin_open": false,
            "stop_signal": "",
            "stop_timeout": 0,
            "storage_opts": null,
            "sysctls": null,
            "tmpfs": null,
            "tty": false,
            "ulimit": [],
            "upload": [],
            "user": "",
            "userns_mode": "",
            "volumes": [],
            "wait": false,
            "wait_timeout": 60,
            "working_dir": ""
          },
          "sensitive_attributes": [],
          "private": "eyJzY2hlbWFfdmVyc2lvbiI6IjIifQ==",
          "dependencies": [
            "docker_image.rvce-mca-lss-login",
            "docker_network.macvlan"
          ]
        },
        {
          "index_key": 34,
          "schema_version": 2,
          "attributes": {
            "attach": false,
            "bridge": "",
            "capabilities": [],
            "cgroupns_mode": null,
            "command": [],
            "container_logs": null,
            "container_read_refresh_timeout_milliseconds": 15000,
            "cpu_set": "",
            "cpu_shares": 0,
            "destroy_grace_seconds": null,
            "devices": [],
            "dns": null,
            "dns_opts": null,
            "dns_search": null,
            "domainname": "",
            "entrypoint": [
              "tail",
              "-f",
              "/dev/null"
            ],
            "env": [],
            "exit_code": null,
            "gpus": null,
            "group_add": null,
            "healthcheck": null,
            "host": [],
            "hostname": "bc614538b35d",
            "id": "bc614538b35d47736e9022bed6d496a04a889b81acdefcf76adff106be6a5322",
            "image": "sha256:16d2b8eb5c875dab2eff47da45892a6b213d437cfb4aaaae3feb5549828fb61d",
            "init": false,
            "ipc_mode": "private",
            "labels": [],
            "log_driver": "json-file",
            "log_opts": null,
            "logs": false,
            "max_retry_count": 0,
            "memory": 512,
            "memory_swap": 1024,
            "mounts": [],
            "must_run": true,
            "name": "1RV22MC035",
            "network_data": [
              {
                "gateway": "172.16.3.254",
                "global_ipv6_address": "",
                "global_ipv6_prefix_length": 0,
                "ip_address": "172.16.3.173",
                "ip_prefix_length": 23,
                "ipv6_gateway": "",
                "network_name": "macvlan"
              }
            ],
            "network_mode": "default",
            "networks_advanced": [
              {
                "aliases": [],
                "ipv4_address": "",
                "ipv6_address": "",
                "name": "2a59b0dd9fcb76519a32ac10f324bd6dcf7f0adab3834219d2c1c80ffb73006a"
              }
            ],
            "pid_mode": "",
            "ports": [],
            "privileged": false,
            "publish_all_ports": false,
            "read_only": false,
            "remove_volumes": true,
            "restart": "no",
            "rm": false,
            "runtime": "runc",
            "security_opts": [],
            "shm_size": 64,
            "start": true,
            "stdin_open": false,
            "stop_signal": "",
            "stop_timeout": 0,
            "storage_opts": null,
            "sysctls": null,
            "tmpfs": null,
            "tty": false,
            "ulimit": [],
            "upload": [],
            "user": "",
            "userns_mode": "",
            "volumes": [],
            "wait": false,
            "wait_timeout": 60,
            "working_dir": ""
          },
          "sensitive_attributes": [],
          "private": "eyJzY2hlbWFfdmVyc2lvbiI6IjIifQ==",
          "dependencies": [
            "docker_image.rvce-mca-lss-login",
            "docker_network.macvlan"
          ]
        },
        {
          "index_key": 35,
          "schema_version": 2,
          "attributes": {
            "attach": false,
            "bridge": "",
            "capabilities": [],
            "cgroupns_mode": null,
            "command": [],
            "container_logs": null,
            "container_read_refresh_timeout_milliseconds": 15000,
            "cpu_set": "",
            "cpu_shares": 0,
            "destroy_grace_seconds": null,
            "devices": [],
            "dns": null,
            "dns_opts": null,
            "dns_search": null,
            "domainname": "",
            "entrypoint": [
              "tail",
              "-f",
              "/dev/null"
            ],
            "env": [],
            "exit_code": null,
            "gpus": null,
            "group_add": null,
            "healthcheck": null,
            "host": [],
            "hostname": "5146ce5caca0",
            "id": "5146ce5caca01f64c61a84a077a339cde4d2c92e4124ba86cce9ad18b7b83336",
            "image": "sha256:16d2b8eb5c875dab2eff47da45892a6b213d437cfb4aaaae3feb5549828fb61d",
            "init": false,
            "ipc_mode": "private",
            "labels": [],
            "log_driver": "json-file",
            "log_opts": null,
            "logs": false,
            "max_retry_count": 0,
            "memory": 512,
            "memory_swap": 1024,
            "mounts": [],
            "must_run": true,
            "name": "1RV22MC036",
            "network_data": [
              {
                "gateway": "172.16.3.254",
                "global_ipv6_address": "",
                "global_ipv6_prefix_length": 0,
                "ip_address": "172.16.3.177",
                "ip_prefix_length": 23,
                "ipv6_gateway": "",
                "network_name": "macvlan"
              }
            ],
            "network_mode": "default",
            "networks_advanced": [
              {
                "aliases": [],
                "ipv4_address": "",
                "ipv6_address": "",
                "name": "2a59b0dd9fcb76519a32ac10f324bd6dcf7f0adab3834219d2c1c80ffb73006a"
              }
            ],
            "pid_mode": "",
            "ports": [],
            "privileged": false,
            "publish_all_ports": false,
            "read_only": false,
            "remove_volumes": true,
            "restart": "no",
            "rm": false,
            "runtime": "runc",
            "security_opts": [],
            "shm_size": 64,
            "start": true,
            "stdin_open": false,
            "stop_signal": "",
            "stop_timeout": 0,
            "storage_opts": null,
            "sysctls": null,
            "tmpfs": null,
            "tty": false,
            "ulimit": [],
            "upload": [],
            "user": "",
            "userns_mode": "",
            "volumes": [],
            "wait": false,
            "wait_timeout": 60,
            "working_dir": ""
          },
          "sensitive_attributes": [],
          "private": "eyJzY2hlbWFfdmVyc2lvbiI6IjIifQ==",
          "dependencies": [
            "docker_image.rvce-mca-lss-login",
            "docker_network.macvlan"
          ]
        },
        {
          "index_key": 36,
          "schema_version": 2,
          "attributes": {
            "attach": false,
            "bridge": "",
            "capabilities": [],
            "cgroupns_mode": null,
            "command": [],
            "container_logs": null,
            "container_read_refresh_timeout_milliseconds": 15000,
            "cpu_set": "",
            "cpu_shares": 0,
            "destroy_grace_seconds": null,
            "devices": [],
            "dns": null,
            "dns_opts": null,
            "dns_search": null,
            "domainname": "",
            "entrypoint": [
              "tail",
              "-f",
              "/dev/null"
            ],
            "env": [],
            "exit_code": null,
            "gpus": null,
            "group_add": null,
            "healthcheck": null,
            "host": [],
            "hostname": "e6412551f235",
            "id": "e6412551f235f7e09460429c4ddf7cf5b66eec432320eef1440236d791f92623",
            "image": "sha256:16d2b8eb5c875dab2eff47da45892a6b213d437cfb4aaaae3feb5549828fb61d",
            "init": false,
            "ipc_mode": "private",
            "labels": [],
            "log_driver": "json-file",
            "log_opts": null,
            "logs": false,
            "max_retry_count": 0,
            "memory": 512,
            "memory_swap": 1024,
            "mounts": [],
            "must_run": true,
            "name": "1RV22MC037",
            "network_data": [
              {
                "gateway": "172.16.3.254",
                "global_ipv6_address": "",
                "global_ipv6_prefix_length": 0,
                "ip_address": "172.16.3.244",
                "ip_prefix_length": 23,
                "ipv6_gateway": "",
                "network_name": "macvlan"
              }
            ],
            "network_mode": "default",
            "networks_advanced": [
              {
                "aliases": [],
                "ipv4_address": "",
                "ipv6_address": "",
                "name": "2a59b0dd9fcb76519a32ac10f324bd6dcf7f0adab3834219d2c1c80ffb73006a"
              }
            ],
            "pid_mode": "",
            "ports": [],
            "privileged": false,
            "publish_all_ports": false,
            "read_only": false,
            "remove_volumes": true,
            "restart": "no",
            "rm": false,
            "runtime": "runc",
            "security_opts": [],
            "shm_size": 64,
            "start": true,
            "stdin_open": false,
            "stop_signal": "",
            "stop_timeout": 0,
            "storage_opts": null,
            "sysctls": null,
            "tmpfs": null,
            "tty": false,
            "ulimit": [],
            "upload": [],
            "user": "",
            "userns_mode": "",
            "volumes": [],
            "wait": false,
            "wait_timeout": 60,
            "working_dir": ""
          },
          "sensitive_attributes": [],
          "private": "eyJzY2hlbWFfdmVyc2lvbiI6IjIifQ==",
          "dependencies": [
            "docker_image.rvce-mca-lss-login",
            "docker_network.macvlan"
          ]
        },
        {
          "index_key": 37,
          "schema_version": 2,
          "attributes": {
            "attach": false,
            "bridge": "",
            "capabilities": [],
            "cgroupns_mode": null,
            "command": [],
            "container_logs": null,
            "container_read_refresh_timeout_milliseconds": 15000,
            "cpu_set": "",
            "cpu_shares": 0,
            "destroy_grace_seconds": null,
            "devices": [],
            "dns": null,
            "dns_opts": null,
            "dns_search": null,
            "domainname": "",
            "entrypoint": [
              "tail",
              "-f",
              "/dev/null"
            ],
            "env": [],
            "exit_code": null,
            "gpus": null,
            "group_add": null,
            "healthcheck": null,
            "host": [],
            "hostname": "a67a95f9b83a",
            "id": "a67a95f9b83a4f21d19ab5170a25e4c1ebb853aff60648bf32d58e581dea1c8d",
            "image": "sha256:16d2b8eb5c875dab2eff47da45892a6b213d437cfb4aaaae3feb5549828fb61d",
            "init": false,
            "ipc_mode": "private",
            "labels": [],
            "log_driver": "json-file",
            "log_opts": null,
            "logs": false,
            "max_retry_count": 0,
            "memory": 512,
            "memory_swap": 1024,
            "mounts": [],
            "must_run": true,
            "name": "1RV22MC038",
            "network_data": [
              {
                "gateway": "172.16.3.254",
                "global_ipv6_address": "",
                "global_ipv6_prefix_length": 0,
                "ip_address": "172.16.3.154",
                "ip_prefix_length": 23,
                "ipv6_gateway": "",
                "network_name": "macvlan"
              }
            ],
            "network_mode": "default",
            "networks_advanced": [
              {
                "aliases": [],
                "ipv4_address": "",
                "ipv6_address": "",
                "name": "2a59b0dd9fcb76519a32ac10f324bd6dcf7f0adab3834219d2c1c80ffb73006a"
              }
            ],
            "pid_mode": "",
            "ports": [],
            "privileged": false,
            "publish_all_ports": false,
            "read_only": false,
            "remove_volumes": true,
            "restart": "no",
            "rm": false,
            "runtime": "runc",
            "security_opts": [],
            "shm_size": 64,
            "start": true,
            "stdin_open": false,
            "stop_signal": "",
            "stop_timeout": 0,
            "storage_opts": null,
            "sysctls": null,
            "tmpfs": null,
            "tty": false,
            "ulimit": [],
            "upload": [],
            "user": "",
            "userns_mode": "",
            "volumes": [],
            "wait": false,
            "wait_timeout": 60,
            "working_dir": ""
          },
          "sensitive_attributes": [],
          "private": "eyJzY2hlbWFfdmVyc2lvbiI6IjIifQ==",
          "dependencies": [
            "docker_image.rvce-mca-lss-login",
            "docker_network.macvlan"
          ]
        },
        {
          "index_key": 38,
          "schema_version": 2,
          "attributes": {
            "attach": false,
            "bridge": "",
            "capabilities": [],
            "cgroupns_mode": null,
            "command": [],
            "container_logs": null,
            "container_read_refresh_timeout_milliseconds": 15000,
            "cpu_set": "",
            "cpu_shares": 0,
            "destroy_grace_seconds": null,
            "devices": [],
            "dns": null,
            "dns_opts": null,
            "dns_search": null,
            "domainname": "",
            "entrypoint": [
              "tail",
              "-f",
              "/dev/null"
            ],
            "env": [],
            "exit_code": null,
            "gpus": null,
            "group_add": null,
            "healthcheck": null,
            "host": [],
            "hostname": "ba6eb286a233",
            "id": "ba6eb286a233bbc142d407a77df2e991b16f0515b370be7e035594e1973b2654",
            "image": "sha256:16d2b8eb5c875dab2eff47da45892a6b213d437cfb4aaaae3feb5549828fb61d",
            "init": false,
            "ipc_mode": "private",
            "labels": [],
            "log_driver": "json-file",
            "log_opts": null,
            "logs": false,
            "max_retry_count": 0,
            "memory": 512,
            "memory_swap": 1024,
            "mounts": [],
            "must_run": true,
            "name": "1RV22MC039",
            "network_data": [
              {
                "gateway": "172.16.3.254",
                "global_ipv6_address": "",
                "global_ipv6_prefix_length": 0,
                "ip_address": "172.16.3.196",
                "ip_prefix_length": 23,
                "ipv6_gateway": "",
                "network_name": "macvlan"
              }
            ],
            "network_mode": "default",
            "networks_advanced": [
              {
                "aliases": [],
                "ipv4_address": "",
                "ipv6_address": "",
                "name": "2a59b0dd9fcb76519a32ac10f324bd6dcf7f0adab3834219d2c1c80ffb73006a"
              }
            ],
            "pid_mode": "",
            "ports": [],
            "privileged": false,
            "publish_all_ports": false,
            "read_only": false,
            "remove_volumes": true,
            "restart": "no",
            "rm": false,
            "runtime": "runc",
            "security_opts": [],
            "shm_size": 64,
            "start": true,
            "stdin_open": false,
            "stop_signal": "",
            "stop_timeout": 0,
            "storage_opts": null,
            "sysctls": null,
            "tmpfs": null,
            "tty": false,
            "ulimit": [],
            "upload": [],
            "user": "",
            "userns_mode": "",
            "volumes": [],
            "wait": false,
            "wait_timeout": 60,
            "working_dir": ""
          },
          "sensitive_attributes": [],
          "private": "eyJzY2hlbWFfdmVyc2lvbiI6IjIifQ==",
          "dependencies": [
            "docker_image.rvce-mca-lss-login",
            "docker_network.macvlan"
          ]
        },
        {
          "index_key": 39,
          "schema_version": 2,
          "attributes": {
            "attach": false,
            "bridge": "",
            "capabilities": [],
            "cgroupns_mode": null,
            "command": [],
            "container_logs": null,
            "container_read_refresh_timeout_milliseconds": 15000,
            "cpu_set": "",
            "cpu_shares": 0,
            "destroy_grace_seconds": null,
            "devices": [],
            "dns": null,
            "dns_opts": null,
            "dns_search": null,
            "domainname": "",
            "entrypoint": [
              "tail",
              "-f",
              "/dev/null"
            ],
            "env": [],
            "exit_code": null,
            "gpus": null,
            "group_add": null,
            "healthcheck": null,
            "host": [],
            "hostname": "73bdfbfb15ef",
            "id": "73bdfbfb15efd4205cf7ddcc4af52e00e6b93b7a29b6d11d885b1f11ef5eb165",
            "image": "sha256:16d2b8eb5c875dab2eff47da45892a6b213d437cfb4aaaae3feb5549828fb61d",
            "init": false,
            "ipc_mode": "private",
            "labels": [],
            "log_driver": "json-file",
            "log_opts": null,
            "logs": false,
            "max_retry_count": 0,
            "memory": 512,
            "memory_swap": 1024,
            "mounts": [],
            "must_run": true,
            "name": "1RV22MC040",
            "network_data": [
              {
                "gateway": "172.16.3.254",
                "global_ipv6_address": "",
                "global_ipv6_prefix_length": 0,
                "ip_address": "172.16.3.143",
                "ip_prefix_length": 23,
                "ipv6_gateway": "",
                "network_name": "macvlan"
              }
            ],
            "network_mode": "default",
            "networks_advanced": [
              {
                "aliases": [],
                "ipv4_address": "",
                "ipv6_address": "",
                "name": "2a59b0dd9fcb76519a32ac10f324bd6dcf7f0adab3834219d2c1c80ffb73006a"
              }
            ],
            "pid_mode": "",
            "ports": [],
            "privileged": false,
            "publish_all_ports": false,
            "read_only": false,
            "remove_volumes": true,
            "restart": "no",
            "rm": false,
            "runtime": "runc",
            "security_opts": [],
            "shm_size": 64,
            "start": true,
            "stdin_open": false,
            "stop_signal": "",
            "stop_timeout": 0,
            "storage_opts": null,
            "sysctls": null,
            "tmpfs": null,
            "tty": false,
            "ulimit": [],
            "upload": [],
            "user": "",
            "userns_mode": "",
            "volumes": [],
            "wait": false,
            "wait_timeout": 60,
            "working_dir": ""
          },
          "sensitive_attributes": [],
          "private": "eyJzY2hlbWFfdmVyc2lvbiI6IjIifQ==",
          "dependencies": [
            "docker_image.rvce-mca-lss-login",
            "docker_network.macvlan"
          ]
        },
        {
          "index_key": 40,
          "schema_version": 2,
          "attributes": {
            "attach": false,
            "bridge": "",
            "capabilities": [],
            "cgroupns_mode": null,
            "command": [],
            "container_logs": null,
            "container_read_refresh_timeout_milliseconds": 15000,
            "cpu_set": "",
            "cpu_shares": 0,
            "destroy_grace_seconds": null,
            "devices": [],
            "dns": null,
            "dns_opts": null,
            "dns_search": null,
            "domainname": "",
            "entrypoint": [
              "tail",
              "-f",
              "/dev/null"
            ],
            "env": [],
            "exit_code": null,
            "gpus": null,
            "group_add": null,
            "healthcheck": null,
            "host": [],
            "hostname": "4f29a14c1f50",
            "id": "4f29a14c1f505f94e8f63c5a22e95c74082ad1fef4562e297c2588d214440b64",
            "image": "sha256:16d2b8eb5c875dab2eff47da45892a6b213d437cfb4aaaae3feb5549828fb61d",
            "init": false,
            "ipc_mode": "private",
            "labels": [],
            "log_driver": "json-file",
            "log_opts": null,
            "logs": false,
            "max_retry_count": 0,
            "memory": 512,
            "memory_swap": 1024,
            "mounts": [],
            "must_run": true,
            "name": "1RV22MC041",
            "network_data": [
              {
                "gateway": "172.16.3.254",
                "global_ipv6_address": "",
                "global_ipv6_prefix_length": 0,
                "ip_address": "172.16.3.161",
                "ip_prefix_length": 23,
                "ipv6_gateway": "",
                "network_name": "macvlan"
              }
            ],
            "network_mode": "default",
            "networks_advanced": [
              {
                "aliases": [],
                "ipv4_address": "",
                "ipv6_address": "",
                "name": "2a59b0dd9fcb76519a32ac10f324bd6dcf7f0adab3834219d2c1c80ffb73006a"
              }
            ],
            "pid_mode": "",
            "ports": [],
            "privileged": false,
            "publish_all_ports": false,
            "read_only": false,
            "remove_volumes": true,
            "restart": "no",
            "rm": false,
            "runtime": "runc",
            "security_opts": [],
            "shm_size": 64,
            "start": true,
            "stdin_open": false,
            "stop_signal": "",
            "stop_timeout": 0,
            "storage_opts": null,
            "sysctls": null,
            "tmpfs": null,
            "tty": false,
            "ulimit": [],
            "upload": [],
            "user": "",
            "userns_mode": "",
            "volumes": [],
            "wait": false,
            "wait_timeout": 60,
            "working_dir": ""
          },
          "sensitive_attributes": [],
          "private": "eyJzY2hlbWFfdmVyc2lvbiI6IjIifQ==",
          "dependencies": [
            "docker_image.rvce-mca-lss-login",
            "docker_network.macvlan"
          ]
        },
        {
          "index_key": 41,
          "schema_version": 2,
          "attributes": {
            "attach": false,
            "bridge": "",
            "capabilities": [],
            "cgroupns_mode": null,
            "command": [],
            "container_logs": null,
            "container_read_refresh_timeout_milliseconds": 15000,
            "cpu_set": "",
            "cpu_shares": 0,
            "destroy_grace_seconds": null,
            "devices": [],
            "dns": null,
            "dns_opts": null,
            "dns_search": null,
            "domainname": "",
            "entrypoint": [
              "tail",
              "-f",
              "/dev/null"
            ],
            "env": [],
            "exit_code": null,
            "gpus": null,
            "group_add": null,
            "healthcheck": null,
            "host": [],
            "hostname": "7bf8ba18f08b",
            "id": "7bf8ba18f08b36cb9a93fa1ee87c7d1268da4f0bad529778f0b7936c6de0a713",
            "image": "sha256:16d2b8eb5c875dab2eff47da45892a6b213d437cfb4aaaae3feb5549828fb61d",
            "init": false,
            "ipc_mode": "private",
            "labels": [],
            "log_driver": "json-file",
            "log_opts": null,
            "logs": false,
            "max_retry_count": 0,
            "memory": 512,
            "memory_swap": 1024,
            "mounts": [],
            "must_run": true,
            "name": "1RV22MC042",
            "network_data": [
              {
                "gateway": "172.16.3.254",
                "global_ipv6_address": "",
                "global_ipv6_prefix_length": 0,
                "ip_address": "172.16.3.232",
                "ip_prefix_length": 23,
                "ipv6_gateway": "",
                "network_name": "macvlan"
              }
            ],
            "network_mode": "default",
            "networks_advanced": [
              {
                "aliases": [],
                "ipv4_address": "",
                "ipv6_address": "",
                "name": "2a59b0dd9fcb76519a32ac10f324bd6dcf7f0adab3834219d2c1c80ffb73006a"
              }
            ],
            "pid_mode": "",
            "ports": [],
            "privileged": false,
            "publish_all_ports": false,
            "read_only": false,
            "remove_volumes": true,
            "restart": "no",
            "rm": false,
            "runtime": "runc",
            "security_opts": [],
            "shm_size": 64,
            "start": true,
            "stdin_open": false,
            "stop_signal": "",
            "stop_timeout": 0,
            "storage_opts": null,
            "sysctls": null,
            "tmpfs": null,
            "tty": false,
            "ulimit": [],
            "upload": [],
            "user": "",
            "userns_mode": "",
            "volumes": [],
            "wait": false,
            "wait_timeout": 60,
            "working_dir": ""
          },
          "sensitive_attributes": [],
          "private": "eyJzY2hlbWFfdmVyc2lvbiI6IjIifQ==",
          "dependencies": [
            "docker_image.rvce-mca-lss-login",
            "docker_network.macvlan"
          ]
        },
        {
          "index_key": 42,
          "schema_version": 2,
          "attributes": {
            "attach": false,
            "bridge": "",
            "capabilities": [],
            "cgroupns_mode": null,
            "command": [],
            "container_logs": null,
            "container_read_refresh_timeout_milliseconds": 15000,
            "cpu_set": "",
            "cpu_shares": 0,
            "destroy_grace_seconds": null,
            "devices": [],
            "dns": null,
            "dns_opts": null,
            "dns_search": null,
            "domainname": "",
            "entrypoint": [
              "tail",
              "-f",
              "/dev/null"
            ],
            "env": [],
            "exit_code": null,
            "gpus": null,
            "group_add": null,
            "healthcheck": null,
            "host": [],
            "hostname": "9ab4dd1f0b48",
            "id": "9ab4dd1f0b48d626eff703c23f0c5a182adca990f2e939a3796047eccb444864",
            "image": "sha256:16d2b8eb5c875dab2eff47da45892a6b213d437cfb4aaaae3feb5549828fb61d",
            "init": false,
            "ipc_mode": "private",
            "labels": [],
            "log_driver": "json-file",
            "log_opts": null,
            "logs": false,
            "max_retry_count": 0,
            "memory": 512,
            "memory_swap": 1024,
            "mounts": [],
            "must_run": true,
            "name": "1RV22MC043",
            "network_data": [
              {
                "gateway": "172.16.3.254",
                "global_ipv6_address": "",
                "global_ipv6_prefix_length": 0,
                "ip_address": "172.16.3.149",
                "ip_prefix_length": 23,
                "ipv6_gateway": "",
                "network_name": "macvlan"
              }
            ],
            "network_mode": "default",
            "networks_advanced": [
              {
                "aliases": [],
                "ipv4_address": "",
                "ipv6_address": "",
                "name": "2a59b0dd9fcb76519a32ac10f324bd6dcf7f0adab3834219d2c1c80ffb73006a"
              }
            ],
            "pid_mode": "",
            "ports": [],
            "privileged": false,
            "publish_all_ports": false,
            "read_only": false,
            "remove_volumes": true,
            "restart": "no",
            "rm": false,
            "runtime": "runc",
            "security_opts": [],
            "shm_size": 64,
            "start": true,
            "stdin_open": false,
            "stop_signal": "",
            "stop_timeout": 0,
            "storage_opts": null,
            "sysctls": null,
            "tmpfs": null,
            "tty": false,
            "ulimit": [],
            "upload": [],
            "user": "",
            "userns_mode": "",
            "volumes": [],
            "wait": false,
            "wait_timeout": 60,
            "working_dir": ""
          },
          "sensitive_attributes": [],
          "private": "eyJzY2hlbWFfdmVyc2lvbiI6IjIifQ==",
          "dependencies": [
            "docker_image.rvce-mca-lss-login",
            "docker_network.macvlan"
          ]
        },
        {
          "index_key": 43,
          "schema_version": 2,
          "attributes": {
            "attach": false,
            "bridge": "",
            "capabilities": [],
            "cgroupns_mode": null,
            "command": [],
            "container_logs": null,
            "container_read_refresh_timeout_milliseconds": 15000,
            "cpu_set": "",
            "cpu_shares": 0,
            "destroy_grace_seconds": null,
            "devices": [],
            "dns": null,
            "dns_opts": null,
            "dns_search": null,
            "domainname": "",
            "entrypoint": [
              "tail",
              "-f",
              "/dev/null"
            ],
            "env": [],
            "exit_code": null,
            "gpus": null,
            "group_add": null,
            "healthcheck": null,
            "host": [],
            "hostname": "b4be3ebe20fe",
            "id": "b4be3ebe20fea9ab54319f9d1fbf63079dd870b6f8be99abf36215a49fc2ee92",
            "image": "sha256:16d2b8eb5c875dab2eff47da45892a6b213d437cfb4aaaae3feb5549828fb61d",
            "init": false,
            "ipc_mode": "private",
            "labels": [],
            "log_driver": "json-file",
            "log_opts": null,
            "logs": false,
            "max_retry_count": 0,
            "memory": 512,
            "memory_swap": 1024,
            "mounts": [],
            "must_run": true,
            "name": "1RV22MC044",
            "network_data": [
              {
                "gateway": "172.16.3.254",
                "global_ipv6_address": "",
                "global_ipv6_prefix_length": 0,
                "ip_address": "172.16.3.147",
                "ip_prefix_length": 23,
                "ipv6_gateway": "",
                "network_name": "macvlan"
              }
            ],
            "network_mode": "default",
            "networks_advanced": [
              {
                "aliases": [],
                "ipv4_address": "",
                "ipv6_address": "",
                "name": "2a59b0dd9fcb76519a32ac10f324bd6dcf7f0adab3834219d2c1c80ffb73006a"
              }
            ],
            "pid_mode": "",
            "ports": [],
            "privileged": false,
            "publish_all_ports": false,
            "read_only": false,
            "remove_volumes": true,
            "restart": "no",
            "rm": false,
            "runtime": "runc",
            "security_opts": [],
            "shm_size": 64,
            "start": true,
            "stdin_open": false,
            "stop_signal": "",
            "stop_timeout": 0,
            "storage_opts": null,
            "sysctls": null,
            "tmpfs": null,
            "tty": false,
            "ulimit": [],
            "upload": [],
            "user": "",
            "userns_mode": "",
            "volumes": [],
            "wait": false,
            "wait_timeout": 60,
            "working_dir": ""
          },
          "sensitive_attributes": [],
          "private": "eyJzY2hlbWFfdmVyc2lvbiI6IjIifQ==",
          "dependencies": [
            "docker_image.rvce-mca-lss-login",
            "docker_network.macvlan"
          ]
        },
        {
          "index_key": 44,
          "schema_version": 2,
          "attributes": {
            "attach": false,
            "bridge": "",
            "capabilities": [],
            "cgroupns_mode": null,
            "command": [],
            "container_logs": null,
            "container_read_refresh_timeout_milliseconds": 15000,
            "cpu_set": "",
            "cpu_shares": 0,
            "destroy_grace_seconds": null,
            "devices": [],
            "dns": null,
            "dns_opts": null,
            "dns_search": null,
            "domainname": "",
            "entrypoint": [
              "tail",
              "-f",
              "/dev/null"
            ],
            "env": [],
            "exit_code": null,
            "gpus": null,
            "group_add": null,
            "healthcheck": null,
            "host": [],
            "hostname": "1fe37fecd345",
            "id": "1fe37fecd345a09855c949f15937fb1a6725cc9b51cdc8735d2fea2fa2cbc260",
            "image": "sha256:16d2b8eb5c875dab2eff47da45892a6b213d437cfb4aaaae3feb5549828fb61d",
            "init": false,
            "ipc_mode": "private",
            "labels": [],
            "log_driver": "json-file",
            "log_opts": null,
            "logs": false,
            "max_retry_count": 0,
            "memory": 512,
            "memory_swap": 1024,
            "mounts": [],
            "must_run": true,
            "name": "1RV22MC045",
            "network_data": [
              {
                "gateway": "172.16.3.254",
                "global_ipv6_address": "",
                "global_ipv6_prefix_length": 0,
                "ip_address": "172.16.3.170",
                "ip_prefix_length": 23,
                "ipv6_gateway": "",
                "network_name": "macvlan"
              }
            ],
            "network_mode": "default",
            "networks_advanced": [
              {
                "aliases": [],
                "ipv4_address": "",
                "ipv6_address": "",
                "name": "2a59b0dd9fcb76519a32ac10f324bd6dcf7f0adab3834219d2c1c80ffb73006a"
              }
            ],
            "pid_mode": "",
            "ports": [],
            "privileged": false,
            "publish_all_ports": false,
            "read_only": false,
            "remove_volumes": true,
            "restart": "no",
            "rm": false,
            "runtime": "runc",
            "security_opts": [],
            "shm_size": 64,
            "start": true,
            "stdin_open": false,
            "stop_signal": "",
            "stop_timeout": 0,
            "storage_opts": null,
            "sysctls": null,
            "tmpfs": null,
            "tty": false,
            "ulimit": [],
            "upload": [],
            "user": "",
            "userns_mode": "",
            "volumes": [],
            "wait": false,
            "wait_timeout": 60,
            "working_dir": ""
          },
          "sensitive_attributes": [],
          "private": "eyJzY2hlbWFfdmVyc2lvbiI6IjIifQ==",
          "dependencies": [
            "docker_image.rvce-mca-lss-login",
            "docker_network.macvlan"
          ]
        },
        {
          "index_key": 45,
          "schema_version": 2,
          "attributes": {
            "attach": false,
            "bridge": "",
            "capabilities": [],
            "cgroupns_mode": null,
            "command": [],
            "container_logs": null,
            "container_read_refresh_timeout_milliseconds": 15000,
            "cpu_set": "",
            "cpu_shares": 0,
            "destroy_grace_seconds": null,
            "devices": [],
            "dns": null,
            "dns_opts": null,
            "dns_search": null,
            "domainname": "",
            "entrypoint": [
              "tail",
              "-f",
              "/dev/null"
            ],
            "env": [],
            "exit_code": null,
            "gpus": null,
            "group_add": null,
            "healthcheck": null,
            "host": [],
            "hostname": "a9f5940f236d",
            "id": "a9f5940f236d2e9987a02bd4f4a54ee80708a0459fcf25f09b58a181a42cbafb",
            "image": "sha256:16d2b8eb5c875dab2eff47da45892a6b213d437cfb4aaaae3feb5549828fb61d",
            "init": false,
            "ipc_mode": "private",
            "labels": [],
            "log_driver": "json-file",
            "log_opts": null,
            "logs": false,
            "max_retry_count": 0,
            "memory": 512,
            "memory_swap": 1024,
            "mounts": [],
            "must_run": true,
            "name": "1RV22MC046",
            "network_data": [
              {
                "gateway": "172.16.3.254",
                "global_ipv6_address": "",
                "global_ipv6_prefix_length": 0,
                "ip_address": "172.16.3.171",
                "ip_prefix_length": 23,
                "ipv6_gateway": "",
                "network_name": "macvlan"
              }
            ],
            "network_mode": "default",
            "networks_advanced": [
              {
                "aliases": [],
                "ipv4_address": "",
                "ipv6_address": "",
                "name": "2a59b0dd9fcb76519a32ac10f324bd6dcf7f0adab3834219d2c1c80ffb73006a"
              }
            ],
            "pid_mode": "",
            "ports": [],
            "privileged": false,
            "publish_all_ports": false,
            "read_only": false,
            "remove_volumes": true,
            "restart": "no",
            "rm": false,
            "runtime": "runc",
            "security_opts": [],
            "shm_size": 64,
            "start": true,
            "stdin_open": false,
            "stop_signal": "",
            "stop_timeout": 0,
            "storage_opts": null,
            "sysctls": null,
            "tmpfs": null,
            "tty": false,
            "ulimit": [],
            "upload": [],
            "user": "",
            "userns_mode": "",
            "volumes": [],
            "wait": false,
            "wait_timeout": 60,
            "working_dir": ""
          },
          "sensitive_attributes": [],
          "private": "eyJzY2hlbWFfdmVyc2lvbiI6IjIifQ==",
          "dependencies": [
            "docker_image.rvce-mca-lss-login",
            "docker_network.macvlan"
          ]
        },
        {
          "index_key": 46,
          "schema_version": 2,
          "attributes": {
            "attach": false,
            "bridge": "",
            "capabilities": [],
            "cgroupns_mode": null,
            "command": [],
            "container_logs": null,
            "container_read_refresh_timeout_milliseconds": 15000,
            "cpu_set": "",
            "cpu_shares": 0,
            "destroy_grace_seconds": null,
            "devices": [],
            "dns": null,
            "dns_opts": null,
            "dns_search": null,
            "domainname": "",
            "entrypoint": [
              "tail",
              "-f",
              "/dev/null"
            ],
            "env": [],
            "exit_code": null,
            "gpus": null,
            "group_add": null,
            "healthcheck": null,
            "host": [],
            "hostname": "ac6f37ba5b53",
            "id": "ac6f37ba5b539540ad296cc139920d71a7c89db47e3058e641ee2d16c9c72977",
            "image": "sha256:16d2b8eb5c875dab2eff47da45892a6b213d437cfb4aaaae3feb5549828fb61d",
            "init": false,
            "ipc_mode": "private",
            "labels": [],
            "log_driver": "json-file",
            "log_opts": null,
            "logs": false,
            "max_retry_count": 0,
            "memory": 512,
            "memory_swap": 1024,
            "mounts": [],
            "must_run": true,
            "name": "1RV22MC047",
            "network_data": [
              {
                "gateway": "172.16.3.254",
                "global_ipv6_address": "",
                "global_ipv6_prefix_length": 0,
                "ip_address": "172.16.3.178",
                "ip_prefix_length": 23,
                "ipv6_gateway": "",
                "network_name": "macvlan"
              }
            ],
            "network_mode": "default",
            "networks_advanced": [
              {
                "aliases": [],
                "ipv4_address": "",
                "ipv6_address": "",
                "name": "2a59b0dd9fcb76519a32ac10f324bd6dcf7f0adab3834219d2c1c80ffb73006a"
              }
            ],
            "pid_mode": "",
            "ports": [],
            "privileged": false,
            "publish_all_ports": false,
            "read_only": false,
            "remove_volumes": true,
            "restart": "no",
            "rm": false,
            "runtime": "runc",
            "security_opts": [],
            "shm_size": 64,
            "start": true,
            "stdin_open": false,
            "stop_signal": "",
            "stop_timeout": 0,
            "storage_opts": null,
            "sysctls": null,
            "tmpfs": null,
            "tty": false,
            "ulimit": [],
            "upload": [],
            "user": "",
            "userns_mode": "",
            "volumes": [],
            "wait": false,
            "wait_timeout": 60,
            "working_dir": ""
          },
          "sensitive_attributes": [],
          "private": "eyJzY2hlbWFfdmVyc2lvbiI6IjIifQ==",
          "dependencies": [
            "docker_image.rvce-mca-lss-login",
            "docker_network.macvlan"
          ]
        },
        {
          "index_key": 47,
          "schema_version": 2,
          "attributes": {
            "attach": false,
            "bridge": "",
            "capabilities": [],
            "cgroupns_mode": null,
            "command": [],
            "container_logs": null,
            "container_read_refresh_timeout_milliseconds": 15000,
            "cpu_set": "",
            "cpu_shares": 0,
            "destroy_grace_seconds": null,
            "devices": [],
            "dns": null,
            "dns_opts": null,
            "dns_search": null,
            "domainname": "",
            "entrypoint": [
              "tail",
              "-f",
              "/dev/null"
            ],
            "env": [],
            "exit_code": null,
            "gpus": null,
            "group_add": null,
            "healthcheck": null,
            "host": [],
            "hostname": "fe004c2eef06",
            "id": "fe004c2eef0696f7f516fc77f3f8ef14f9ca43218a16ea4e4de65259062498cf",
            "image": "sha256:16d2b8eb5c875dab2eff47da45892a6b213d437cfb4aaaae3feb5549828fb61d",
            "init": false,
            "ipc_mode": "private",
            "labels": [],
            "log_driver": "json-file",
            "log_opts": null,
            "logs": false,
            "max_retry_count": 0,
            "memory": 512,
            "memory_swap": 1024,
            "mounts": [],
            "must_run": true,
            "name": "1RV22MC048",
            "network_data": [
              {
                "gateway": "172.16.3.254",
                "global_ipv6_address": "",
                "global_ipv6_prefix_length": 0,
                "ip_address": "172.16.3.237",
                "ip_prefix_length": 23,
                "ipv6_gateway": "",
                "network_name": "macvlan"
              }
            ],
            "network_mode": "default",
            "networks_advanced": [
              {
                "aliases": [],
                "ipv4_address": "",
                "ipv6_address": "",
                "name": "2a59b0dd9fcb76519a32ac10f324bd6dcf7f0adab3834219d2c1c80ffb73006a"
              }
            ],
            "pid_mode": "",
            "ports": [],
            "privileged": false,
            "publish_all_ports": false,
            "read_only": false,
            "remove_volumes": true,
            "restart": "no",
            "rm": false,
            "runtime": "runc",
            "security_opts": [],
            "shm_size": 64,
            "start": true,
            "stdin_open": false,
            "stop_signal": "",
            "stop_timeout": 0,
            "storage_opts": null,
            "sysctls": null,
            "tmpfs": null,
            "tty": false,
            "ulimit": [],
            "upload": [],
            "user": "",
            "userns_mode": "",
            "volumes": [],
            "wait": false,
            "wait_timeout": 60,
            "working_dir": ""
          },
          "sensitive_attributes": [],
          "private": "eyJzY2hlbWFfdmVyc2lvbiI6IjIifQ==",
          "dependencies": [
            "docker_image.rvce-mca-lss-login",
            "docker_network.macvlan"
          ]
        },
        {
          "index_key": 48,
          "schema_version": 2,
          "attributes": {
            "attach": false,
            "bridge": "",
            "capabilities": [],
            "cgroupns_mode": null,
            "command": [],
            "container_logs": null,
            "container_read_refresh_timeout_milliseconds": 15000,
            "cpu_set": "",
            "cpu_shares": 0,
            "destroy_grace_seconds": null,
            "devices": [],
            "dns": null,
            "dns_opts": null,
            "dns_search": null,
            "domainname": "",
            "entrypoint": [
              "tail",
              "-f",
              "/dev/null"
            ],
            "env": [],
            "exit_code": null,
            "gpus": null,
            "group_add": null,
            "healthcheck": null,
            "host": [],
            "hostname": "43dc50a9f126",
            "id": "43dc50a9f1263cc04bf971c2202ed4dd083b444b421cd68d7ef178410a892aa6",
            "image": "sha256:16d2b8eb5c875dab2eff47da45892a6b213d437cfb4aaaae3feb5549828fb61d",
            "init": false,
            "ipc_mode": "private",
            "labels": [],
            "log_driver": "json-file",
            "log_opts": null,
            "logs": false,
            "max_retry_count": 0,
            "memory": 512,
            "memory_swap": 1024,
            "mounts": [],
            "must_run": true,
            "name": "1RV22MC049",
            "network_data": [
              {
                "gateway": "172.16.3.254",
                "global_ipv6_address": "",
                "global_ipv6_prefix_length": 0,
                "ip_address": "172.16.3.209",
                "ip_prefix_length": 23,
                "ipv6_gateway": "",
                "network_name": "macvlan"
              }
            ],
            "network_mode": "default",
            "networks_advanced": [
              {
                "aliases": [],
                "ipv4_address": "",
                "ipv6_address": "",
                "name": "2a59b0dd9fcb76519a32ac10f324bd6dcf7f0adab3834219d2c1c80ffb73006a"
              }
            ],
            "pid_mode": "",
            "ports": [],
            "privileged": false,
            "publish_all_ports": false,
            "read_only": false,
            "remove_volumes": true,
            "restart": "no",
            "rm": false,
            "runtime": "runc",
            "security_opts": [],
            "shm_size": 64,
            "start": true,
            "stdin_open": false,
            "stop_signal": "",
            "stop_timeout": 0,
            "storage_opts": null,
            "sysctls": null,
            "tmpfs": null,
            "tty": false,
            "ulimit": [],
            "upload": [],
            "user": "",
            "userns_mode": "",
            "volumes": [],
            "wait": false,
            "wait_timeout": 60,
            "working_dir": ""
          },
          "sensitive_attributes": [],
          "private": "eyJzY2hlbWFfdmVyc2lvbiI6IjIifQ==",
          "dependencies": [
            "docker_image.rvce-mca-lss-login",
            "docker_network.macvlan"
          ]
        },
        {
          "index_key": 49,
          "schema_version": 2,
          "attributes": {
            "attach": false,
            "bridge": "",
            "capabilities": [],
            "cgroupns_mode": null,
            "command": [],
            "container_logs": null,
            "container_read_refresh_timeout_milliseconds": 15000,
            "cpu_set": "",
            "cpu_shares": 0,
            "destroy_grace_seconds": null,
            "devices": [],
            "dns": null,
            "dns_opts": null,
            "dns_search": null,
            "domainname": "",
            "entrypoint": [
              "tail",
              "-f",
              "/dev/null"
            ],
            "env": [],
            "exit_code": null,
            "gpus": null,
            "group_add": null,
            "healthcheck": null,
            "host": [],
            "hostname": "207793f3d457",
            "id": "207793f3d4576c56530a2af7078b2b607c53bded8d8fc8444e8261a51773bcf8",
            "image": "sha256:16d2b8eb5c875dab2eff47da45892a6b213d437cfb4aaaae3feb5549828fb61d",
            "init": false,
            "ipc_mode": "private",
            "labels": [],
            "log_driver": "json-file",
            "log_opts": null,
            "logs": false,
            "max_retry_count": 0,
            "memory": 512,
            "memory_swap": 1024,
            "mounts": [],
            "must_run": true,
            "name": "1RV22MC050",
            "network_data": [
              {
                "gateway": "172.16.3.254",
                "global_ipv6_address": "",
                "global_ipv6_prefix_length": 0,
                "ip_address": "172.16.3.223",
                "ip_prefix_length": 23,
                "ipv6_gateway": "",
                "network_name": "macvlan"
              }
            ],
            "network_mode": "default",
            "networks_advanced": [
              {
                "aliases": [],
                "ipv4_address": "",
                "ipv6_address": "",
                "name": "2a59b0dd9fcb76519a32ac10f324bd6dcf7f0adab3834219d2c1c80ffb73006a"
              }
            ],
            "pid_mode": "",
            "ports": [],
            "privileged": false,
            "publish_all_ports": false,
            "read_only": false,
            "remove_volumes": true,
            "restart": "no",
            "rm": false,
            "runtime": "runc",
            "security_opts": [],
            "shm_size": 64,
            "start": true,
            "stdin_open": false,
            "stop_signal": "",
            "stop_timeout": 0,
            "storage_opts": null,
            "sysctls": null,
            "tmpfs": null,
            "tty": false,
            "ulimit": [],
            "upload": [],
            "user": "",
            "userns_mode": "",
            "volumes": [],
            "wait": false,
            "wait_timeout": 60,
            "working_dir": ""
          },
          "sensitive_attributes": [],
          "private": "eyJzY2hlbWFfdmVyc2lvbiI6IjIifQ==",
          "dependencies": [
            "docker_image.rvce-mca-lss-login",
            "docker_network.macvlan"
          ]
        },
        {
          "index_key": 50,
          "schema_version": 2,
          "attributes": {
            "attach": false,
            "bridge": "",
            "capabilities": [],
            "cgroupns_mode": null,
            "command": [],
            "container_logs": null,
            "container_read_refresh_timeout_milliseconds": 15000,
            "cpu_set": "",
            "cpu_shares": 0,
            "destroy_grace_seconds": null,
            "devices": [],
            "dns": null,
            "dns_opts": null,
            "dns_search": null,
            "domainname": "",
            "entrypoint": [
              "tail",
              "-f",
              "/dev/null"
            ],
            "env": [],
            "exit_code": null,
            "gpus": null,
            "group_add": null,
            "healthcheck": null,
            "host": [],
            "hostname": "a9e8326fef30",
            "id": "a9e8326fef308c24b65c4e8093e004b556ab30454d256a140c4f3407491fe4bb",
            "image": "sha256:16d2b8eb5c875dab2eff47da45892a6b213d437cfb4aaaae3feb5549828fb61d",
            "init": false,
            "ipc_mode": "private",
            "labels": [],
            "log_driver": "json-file",
            "log_opts": null,
            "logs": false,
            "max_retry_count": 0,
            "memory": 512,
            "memory_swap": 1024,
            "mounts": [],
            "must_run": true,
            "name": "1RV22MC051",
            "network_data": [
              {
                "gateway": "172.16.3.254",
                "global_ipv6_address": "",
                "global_ipv6_prefix_length": 0,
                "ip_address": "172.16.3.139",
                "ip_prefix_length": 23,
                "ipv6_gateway": "",
                "network_name": "macvlan"
              }
            ],
            "network_mode": "default",
            "networks_advanced": [
              {
                "aliases": [],
                "ipv4_address": "",
                "ipv6_address": "",
                "name": "2a59b0dd9fcb76519a32ac10f324bd6dcf7f0adab3834219d2c1c80ffb73006a"
              }
            ],
            "pid_mode": "",
            "ports": [],
            "privileged": false,
            "publish_all_ports": false,
            "read_only": false,
            "remove_volumes": true,
            "restart": "no",
            "rm": false,
            "runtime": "runc",
            "security_opts": [],
            "shm_size": 64,
            "start": true,
            "stdin_open": false,
            "stop_signal": "",
            "stop_timeout": 0,
            "storage_opts": null,
            "sysctls": null,
            "tmpfs": null,
            "tty": false,
            "ulimit": [],
            "upload": [],
            "user": "",
            "userns_mode": "",
            "volumes": [],
            "wait": false,
            "wait_timeout": 60,
            "working_dir": ""
          },
          "sensitive_attributes": [],
          "private": "eyJzY2hlbWFfdmVyc2lvbiI6IjIifQ==",
          "dependencies": [
            "docker_image.rvce-mca-lss-login",
            "docker_network.macvlan"
          ]
        },
        {
          "index_key": 51,
          "schema_version": 2,
          "attributes": {
            "attach": false,
            "bridge": "",
            "capabilities": [],
            "cgroupns_mode": null,
            "command": [],
            "container_logs": null,
            "container_read_refresh_timeout_milliseconds": 15000,
            "cpu_set": "",
            "cpu_shares": 0,
            "destroy_grace_seconds": null,
            "devices": [],
            "dns": null,
            "dns_opts": null,
            "dns_search": null,
            "domainname": "",
            "entrypoint": [
              "tail",
              "-f",
              "/dev/null"
            ],
            "env": [],
            "exit_code": null,
            "gpus": null,
            "group_add": null,
            "healthcheck": null,
            "host": [],
            "hostname": "31454a2290cc",
            "id": "31454a2290ccedc902efafec901d1d0fd0003e709009c56243ee644414ae473e",
            "image": "sha256:16d2b8eb5c875dab2eff47da45892a6b213d437cfb4aaaae3feb5549828fb61d",
            "init": false,
            "ipc_mode": "private",
            "labels": [],
            "log_driver": "json-file",
            "log_opts": null,
            "logs": false,
            "max_retry_count": 0,
            "memory": 512,
            "memory_swap": 1024,
            "mounts": [],
            "must_run": true,
            "name": "1RV22MC052",
            "network_data": [
              {
                "gateway": "172.16.3.254",
                "global_ipv6_address": "",
                "global_ipv6_prefix_length": 0,
                "ip_address": "172.16.3.239",
                "ip_prefix_length": 23,
                "ipv6_gateway": "",
                "network_name": "macvlan"
              }
            ],
            "network_mode": "default",
            "networks_advanced": [
              {
                "aliases": [],
                "ipv4_address": "",
                "ipv6_address": "",
                "name": "2a59b0dd9fcb76519a32ac10f324bd6dcf7f0adab3834219d2c1c80ffb73006a"
              }
            ],
            "pid_mode": "",
            "ports": [],
            "privileged": false,
            "publish_all_ports": false,
            "read_only": false,
            "remove_volumes": true,
            "restart": "no",
            "rm": false,
            "runtime": "runc",
            "security_opts": [],
            "shm_size": 64,
            "start": true,
            "stdin_open": false,
            "stop_signal": "",
            "stop_timeout": 0,
            "storage_opts": null,
            "sysctls": null,
            "tmpfs": null,
            "tty": false,
            "ulimit": [],
            "upload": [],
            "user": "",
            "userns_mode": "",
            "volumes": [],
            "wait": false,
            "wait_timeout": 60,
            "working_dir": ""
          },
          "sensitive_attributes": [],
          "private": "eyJzY2hlbWFfdmVyc2lvbiI6IjIifQ==",
          "dependencies": [
            "docker_image.rvce-mca-lss-login",
            "docker_network.macvlan"
          ]
        },
        {
          "index_key": 52,
          "schema_version": 2,
          "attributes": {
            "attach": false,
            "bridge": "",
            "capabilities": [],
            "cgroupns_mode": null,
            "command": [],
            "container_logs": null,
            "container_read_refresh_timeout_milliseconds": 15000,
            "cpu_set": "",
            "cpu_shares": 0,
            "destroy_grace_seconds": null,
            "devices": [],
            "dns": null,
            "dns_opts": null,
            "dns_search": null,
            "domainname": "",
            "entrypoint": [
              "tail",
              "-f",
              "/dev/null"
            ],
            "env": [],
            "exit_code": null,
            "gpus": null,
            "group_add": null,
            "healthcheck": null,
            "host": [],
            "hostname": "6f863a020c02",
            "id": "6f863a020c02b5c3df16cd874596a68f432041e9e7a9342115331e28f6cdcf36",
            "image": "sha256:16d2b8eb5c875dab2eff47da45892a6b213d437cfb4aaaae3feb5549828fb61d",
            "init": false,
            "ipc_mode": "private",
            "labels": [],
            "log_driver": "json-file",
            "log_opts": null,
            "logs": false,
            "max_retry_count": 0,
            "memory": 512,
            "memory_swap": 1024,
            "mounts": [],
            "must_run": true,
            "name": "1RV22MC053",
            "network_data": [
              {
                "gateway": "172.16.3.254",
                "global_ipv6_address": "",
                "global_ipv6_prefix_length": 0,
                "ip_address": "172.16.3.249",
                "ip_prefix_length": 23,
                "ipv6_gateway": "",
                "network_name": "macvlan"
              }
            ],
            "network_mode": "default",
            "networks_advanced": [
              {
                "aliases": [],
                "ipv4_address": "",
                "ipv6_address": "",
                "name": "2a59b0dd9fcb76519a32ac10f324bd6dcf7f0adab3834219d2c1c80ffb73006a"
              }
            ],
            "pid_mode": "",
            "ports": [],
            "privileged": false,
            "publish_all_ports": false,
            "read_only": false,
            "remove_volumes": true,
            "restart": "no",
            "rm": false,
            "runtime": "runc",
            "security_opts": [],
            "shm_size": 64,
            "start": true,
            "stdin_open": false,
            "stop_signal": "",
            "stop_timeout": 0,
            "storage_opts": null,
            "sysctls": null,
            "tmpfs": null,
            "tty": false,
            "ulimit": [],
            "upload": [],
            "user": "",
            "userns_mode": "",
            "volumes": [],
            "wait": false,
            "wait_timeout": 60,
            "working_dir": ""
          },
          "sensitive_attributes": [],
          "private": "eyJzY2hlbWFfdmVyc2lvbiI6IjIifQ==",
          "dependencies": [
            "docker_image.rvce-mca-lss-login",
            "docker_network.macvlan"
          ]
        },
        {
          "index_key": 53,
          "schema_version": 2,
          "attributes": {
            "attach": false,
            "bridge": "",
            "capabilities": [],
            "cgroupns_mode": null,
            "command": [],
            "container_logs": null,
            "container_read_refresh_timeout_milliseconds": 15000,
            "cpu_set": "",
            "cpu_shares": 0,
            "destroy_grace_seconds": null,
            "devices": [],
            "dns": null,
            "dns_opts": null,
            "dns_search": null,
            "domainname": "",
            "entrypoint": [
              "tail",
              "-f",
              "/dev/null"
            ],
            "env": [],
            "exit_code": null,
            "gpus": null,
            "group_add": null,
            "healthcheck": null,
            "host": [],
            "hostname": "b45a0b85336b",
            "id": "b45a0b85336b1933469f30ed90d0f1b3b13491074c82e81b4b81e9b580ed070c",
            "image": "sha256:16d2b8eb5c875dab2eff47da45892a6b213d437cfb4aaaae3feb5549828fb61d",
            "init": false,
            "ipc_mode": "private",
            "labels": [],
            "log_driver": "json-file",
            "log_opts": null,
            "logs": false,
            "max_retry_count": 0,
            "memory": 512,
            "memory_swap": 1024,
            "mounts": [],
            "must_run": true,
            "name": "1RV22MC054",
            "network_data": [
              {
                "gateway": "172.16.3.254",
                "global_ipv6_address": "",
                "global_ipv6_prefix_length": 0,
                "ip_address": "172.16.3.167",
                "ip_prefix_length": 23,
                "ipv6_gateway": "",
                "network_name": "macvlan"
              }
            ],
            "network_mode": "default",
            "networks_advanced": [
              {
                "aliases": [],
                "ipv4_address": "",
                "ipv6_address": "",
                "name": "2a59b0dd9fcb76519a32ac10f324bd6dcf7f0adab3834219d2c1c80ffb73006a"
              }
            ],
            "pid_mode": "",
            "ports": [],
            "privileged": false,
            "publish_all_ports": false,
            "read_only": false,
            "remove_volumes": true,
            "restart": "no",
            "rm": false,
            "runtime": "runc",
            "security_opts": [],
            "shm_size": 64,
            "start": true,
            "stdin_open": false,
            "stop_signal": "",
            "stop_timeout": 0,
            "storage_opts": null,
            "sysctls": null,
            "tmpfs": null,
            "tty": false,
            "ulimit": [],
            "upload": [],
            "user": "",
            "userns_mode": "",
            "volumes": [],
            "wait": false,
            "wait_timeout": 60,
            "working_dir": ""
          },
          "sensitive_attributes": [],
          "private": "eyJzY2hlbWFfdmVyc2lvbiI6IjIifQ==",
          "dependencies": [
            "docker_image.rvce-mca-lss-login",
            "docker_network.macvlan"
          ]
        },
        {
          "index_key": 54,
          "schema_version": 2,
          "attributes": {
            "attach": false,
            "bridge": "",
            "capabilities": [],
            "cgroupns_mode": null,
            "command": [],
            "container_logs": null,
            "container_read_refresh_timeout_milliseconds": 15000,
            "cpu_set": "",
            "cpu_shares": 0,
            "destroy_grace_seconds": null,
            "devices": [],
            "dns": null,
            "dns_opts": null,
            "dns_search": null,
            "domainname": "",
            "entrypoint": [
              "tail",
              "-f",
              "/dev/null"
            ],
            "env": [],
            "exit_code": null,
            "gpus": null,
            "group_add": null,
            "healthcheck": null,
            "host": [],
            "hostname": "726a7245b6e7",
            "id": "726a7245b6e7e06829f3e58239e841e544b01ceb5a67ff4b4870f8fa51b9ac0e",
            "image": "sha256:16d2b8eb5c875dab2eff47da45892a6b213d437cfb4aaaae3feb5549828fb61d",
            "init": false,
            "ipc_mode": "private",
            "labels": [],
            "log_driver": "json-file",
            "log_opts": null,
            "logs": false,
            "max_retry_count": 0,
            "memory": 512,
            "memory_swap": 1024,
            "mounts": [],
            "must_run": true,
            "name": "1RV22MC055",
            "network_data": [
              {
                "gateway": "172.16.3.254",
                "global_ipv6_address": "",
                "global_ipv6_prefix_length": 0,
                "ip_address": "172.16.3.190",
                "ip_prefix_length": 23,
                "ipv6_gateway": "",
                "network_name": "macvlan"
              }
            ],
            "network_mode": "default",
            "networks_advanced": [
              {
                "aliases": [],
                "ipv4_address": "",
                "ipv6_address": "",
                "name": "2a59b0dd9fcb76519a32ac10f324bd6dcf7f0adab3834219d2c1c80ffb73006a"
              }
            ],
            "pid_mode": "",
            "ports": [],
            "privileged": false,
            "publish_all_ports": false,
            "read_only": false,
            "remove_volumes": true,
            "restart": "no",
            "rm": false,
            "runtime": "runc",
            "security_opts": [],
            "shm_size": 64,
            "start": true,
            "stdin_open": false,
            "stop_signal": "",
            "stop_timeout": 0,
            "storage_opts": null,
            "sysctls": null,
            "tmpfs": null,
            "tty": false,
            "ulimit": [],
            "upload": [],
            "user": "",
            "userns_mode": "",
            "volumes": [],
            "wait": false,
            "wait_timeout": 60,
            "working_dir": ""
          },
          "sensitive_attributes": [],
          "private": "eyJzY2hlbWFfdmVyc2lvbiI6IjIifQ==",
          "dependencies": [
            "docker_image.rvce-mca-lss-login",
            "docker_network.macvlan"
          ]
        },
        {
          "index_key": 55,
          "schema_version": 2,
          "attributes": {
            "attach": false,
            "bridge": "",
            "capabilities": [],
            "cgroupns_mode": null,
            "command": [],
            "container_logs": null,
            "container_read_refresh_timeout_milliseconds": 15000,
            "cpu_set": "",
            "cpu_shares": 0,
            "destroy_grace_seconds": null,
            "devices": [],
            "dns": null,
            "dns_opts": null,
            "dns_search": null,
            "domainname": "",
            "entrypoint": [
              "tail",
              "-f",
              "/dev/null"
            ],
            "env": [],
            "exit_code": null,
            "gpus": null,
            "group_add": null,
            "healthcheck": null,
            "host": [],
            "hostname": "d2b94e908cf3",
            "id": "d2b94e908cf3b65b336a59e75e785b36638ba3a6ee2d6bb1eb9e67b6f5fa6549",
            "image": "sha256:16d2b8eb5c875dab2eff47da45892a6b213d437cfb4aaaae3feb5549828fb61d",
            "init": false,
            "ipc_mode": "private",
            "labels": [],
            "log_driver": "json-file",
            "log_opts": null,
            "logs": false,
            "max_retry_count": 0,
            "memory": 512,
            "memory_swap": 1024,
            "mounts": [],
            "must_run": true,
            "name": "1RV22MC056",
            "network_data": [
              {
                "gateway": "172.16.3.254",
                "global_ipv6_address": "",
                "global_ipv6_prefix_length": 0,
                "ip_address": "172.16.3.179",
                "ip_prefix_length": 23,
                "ipv6_gateway": "",
                "network_name": "macvlan"
              }
            ],
            "network_mode": "default",
            "networks_advanced": [
              {
                "aliases": [],
                "ipv4_address": "",
                "ipv6_address": "",
                "name": "2a59b0dd9fcb76519a32ac10f324bd6dcf7f0adab3834219d2c1c80ffb73006a"
              }
            ],
            "pid_mode": "",
            "ports": [],
            "privileged": false,
            "publish_all_ports": false,
            "read_only": false,
            "remove_volumes": true,
            "restart": "no",
            "rm": false,
            "runtime": "runc",
            "security_opts": [],
            "shm_size": 64,
            "start": true,
            "stdin_open": false,
            "stop_signal": "",
            "stop_timeout": 0,
            "storage_opts": null,
            "sysctls": null,
            "tmpfs": null,
            "tty": false,
            "ulimit": [],
            "upload": [],
            "user": "",
            "userns_mode": "",
            "volumes": [],
            "wait": false,
            "wait_timeout": 60,
            "working_dir": ""
          },
          "sensitive_attributes": [],
          "private": "eyJzY2hlbWFfdmVyc2lvbiI6IjIifQ==",
          "dependencies": [
            "docker_image.rvce-mca-lss-login",
            "docker_network.macvlan"
          ]
        },
        {
          "index_key": 56,
          "schema_version": 2,
          "attributes": {
            "attach": false,
            "bridge": "",
            "capabilities": [],
            "cgroupns_mode": null,
            "command": [],
            "container_logs": null,
            "container_read_refresh_timeout_milliseconds": 15000,
            "cpu_set": "",
            "cpu_shares": 0,
            "destroy_grace_seconds": null,
            "devices": [],
            "dns": null,
            "dns_opts": null,
            "dns_search": null,
            "domainname": "",
            "entrypoint": [
              "tail",
              "-f",
              "/dev/null"
            ],
            "env": [],
            "exit_code": null,
            "gpus": null,
            "group_add": null,
            "healthcheck": null,
            "host": [],
            "hostname": "320cf22f7b78",
            "id": "320cf22f7b78fe3233f9ba9fac496deeed03f9fde0f16c4634b088e747033b5a",
            "image": "sha256:16d2b8eb5c875dab2eff47da45892a6b213d437cfb4aaaae3feb5549828fb61d",
            "init": false,
            "ipc_mode": "private",
            "labels": [],
            "log_driver": "json-file",
            "log_opts": null,
            "logs": false,
            "max_retry_count": 0,
            "memory": 512,
            "memory_swap": 1024,
            "mounts": [],
            "must_run": true,
            "name": "1RV22MC057",
            "network_data": [
              {
                "gateway": "172.16.3.254",
                "global_ipv6_address": "",
                "global_ipv6_prefix_length": 0,
                "ip_address": "172.16.3.216",
                "ip_prefix_length": 23,
                "ipv6_gateway": "",
                "network_name": "macvlan"
              }
            ],
            "network_mode": "default",
            "networks_advanced": [
              {
                "aliases": [],
                "ipv4_address": "",
                "ipv6_address": "",
                "name": "2a59b0dd9fcb76519a32ac10f324bd6dcf7f0adab3834219d2c1c80ffb73006a"
              }
            ],
            "pid_mode": "",
            "ports": [],
            "privileged": false,
            "publish_all_ports": false,
            "read_only": false,
            "remove_volumes": true,
            "restart": "no",
            "rm": false,
            "runtime": "runc",
            "security_opts": [],
            "shm_size": 64,
            "start": true,
            "stdin_open": false,
            "stop_signal": "",
            "stop_timeout": 0,
            "storage_opts": null,
            "sysctls": null,
            "tmpfs": null,
            "tty": false,
            "ulimit": [],
            "upload": [],
            "user": "",
            "userns_mode": "",
            "volumes": [],
            "wait": false,
            "wait_timeout": 60,
            "working_dir": ""
          },
          "sensitive_attributes": [],
          "private": "eyJzY2hlbWFfdmVyc2lvbiI6IjIifQ==",
          "dependencies": [
            "docker_image.rvce-mca-lss-login",
            "docker_network.macvlan"
          ]
        },
        {
          "index_key": 57,
          "schema_version": 2,
          "attributes": {
            "attach": false,
            "bridge": "",
            "capabilities": [],
            "cgroupns_mode": null,
            "command": [],
            "container_logs": null,
            "container_read_refresh_timeout_milliseconds": 15000,
            "cpu_set": "",
            "cpu_shares": 0,
            "destroy_grace_seconds": null,
            "devices": [],
            "dns": null,
            "dns_opts": null,
            "dns_search": null,
            "domainname": "",
            "entrypoint": [
              "tail",
              "-f",
              "/dev/null"
            ],
            "env": [],
            "exit_code": null,
            "gpus": null,
            "group_add": null,
            "healthcheck": null,
            "host": [],
            "hostname": "2f250ca097a6",
            "id": "2f250ca097a67d039d0af05675bc0e5b2d704813461cbb3db37b060a41a69cd5",
            "image": "sha256:16d2b8eb5c875dab2eff47da45892a6b213d437cfb4aaaae3feb5549828fb61d",
            "init": false,
            "ipc_mode": "private",
            "labels": [],
            "log_driver": "json-file",
            "log_opts": null,
            "logs": false,
            "max_retry_count": 0,
            "memory": 512,
            "memory_swap": 1024,
            "mounts": [],
            "must_run": true,
            "name": "1RV22MC058",
            "network_data": [
              {
                "gateway": "172.16.3.254",
                "global_ipv6_address": "",
                "global_ipv6_prefix_length": 0,
                "ip_address": "172.16.3.195",
                "ip_prefix_length": 23,
                "ipv6_gateway": "",
                "network_name": "macvlan"
              }
            ],
            "network_mode": "default",
            "networks_advanced": [
              {
                "aliases": [],
                "ipv4_address": "",
                "ipv6_address": "",
                "name": "2a59b0dd9fcb76519a32ac10f324bd6dcf7f0adab3834219d2c1c80ffb73006a"
              }
            ],
            "pid_mode": "",
            "ports": [],
            "privileged": false,
            "publish_all_ports": false,
            "read_only": false,
            "remove_volumes": true,
            "restart": "no",
            "rm": false,
            "runtime": "runc",
            "security_opts": [],
            "shm_size": 64,
            "start": true,
            "stdin_open": false,
            "stop_signal": "",
            "stop_timeout": 0,
            "storage_opts": null,
            "sysctls": null,
            "tmpfs": null,
            "tty": false,
            "ulimit": [],
            "upload": [],
            "user": "",
            "userns_mode": "",
            "volumes": [],
            "wait": false,
            "wait_timeout": 60,
            "working_dir": ""
          },
          "sensitive_attributes": [],
          "private": "eyJzY2hlbWFfdmVyc2lvbiI6IjIifQ==",
          "dependencies": [
            "docker_image.rvce-mca-lss-login",
            "docker_network.macvlan"
          ]
        },
        {
          "index_key": 58,
          "schema_version": 2,
          "attributes": {
            "attach": false,
            "bridge": "",
            "capabilities": [],
            "cgroupns_mode": null,
            "command": [],
            "container_logs": null,
            "container_read_refresh_timeout_milliseconds": 15000,
            "cpu_set": "",
            "cpu_shares": 0,
            "destroy_grace_seconds": null,
            "devices": [],
            "dns": null,
            "dns_opts": null,
            "dns_search": null,
            "domainname": "",
            "entrypoint": [
              "tail",
              "-f",
              "/dev/null"
            ],
            "env": [],
            "exit_code": null,
            "gpus": null,
            "group_add": null,
            "healthcheck": null,
            "host": [],
            "hostname": "55ff481f8275",
            "id": "55ff481f827528da261f04cd5e21bd07b190a62acf1f430fedd81311b3f94b5e",
            "image": "sha256:16d2b8eb5c875dab2eff47da45892a6b213d437cfb4aaaae3feb5549828fb61d",
            "init": false,
            "ipc_mode": "private",
            "labels": [],
            "log_driver": "json-file",
            "log_opts": null,
            "logs": false,
            "max_retry_count": 0,
            "memory": 512,
            "memory_swap": 1024,
            "mounts": [],
            "must_run": true,
            "name": "1RV22MC059",
            "network_data": [
              {
                "gateway": "172.16.3.254",
                "global_ipv6_address": "",
                "global_ipv6_prefix_length": 0,
                "ip_address": "172.16.3.174",
                "ip_prefix_length": 23,
                "ipv6_gateway": "",
                "network_name": "macvlan"
              }
            ],
            "network_mode": "default",
            "networks_advanced": [
              {
                "aliases": [],
                "ipv4_address": "",
                "ipv6_address": "",
                "name": "2a59b0dd9fcb76519a32ac10f324bd6dcf7f0adab3834219d2c1c80ffb73006a"
              }
            ],
            "pid_mode": "",
            "ports": [],
            "privileged": false,
            "publish_all_ports": false,
            "read_only": false,
            "remove_volumes": true,
            "restart": "no",
            "rm": false,
            "runtime": "runc",
            "security_opts": [],
            "shm_size": 64,
            "start": true,
            "stdin_open": false,
            "stop_signal": "",
            "stop_timeout": 0,
            "storage_opts": null,
            "sysctls": null,
            "tmpfs": null,
            "tty": false,
            "ulimit": [],
            "upload": [],
            "user": "",
            "userns_mode": "",
            "volumes": [],
            "wait": false,
            "wait_timeout": 60,
            "working_dir": ""
          },
          "sensitive_attributes": [],
          "private": "eyJzY2hlbWFfdmVyc2lvbiI6IjIifQ==",
          "dependencies": [
            "docker_image.rvce-mca-lss-login",
            "docker_network.macvlan"
          ]
        },
        {
          "index_key": 59,
          "schema_version": 2,
          "attributes": {
            "attach": false,
            "bridge": "",
            "capabilities": [],
            "cgroupns_mode": null,
            "command": [],
            "container_logs": null,
            "container_read_refresh_timeout_milliseconds": 15000,
            "cpu_set": "",
            "cpu_shares": 0,
            "destroy_grace_seconds": null,
            "devices": [],
            "dns": null,
            "dns_opts": null,
            "dns_search": null,
            "domainname": "",
            "entrypoint": [
              "tail",
              "-f",
              "/dev/null"
            ],
            "env": [],
            "exit_code": null,
            "gpus": null,
            "group_add": null,
            "healthcheck": null,
            "host": [],
            "hostname": "b95c2fc35e1e",
            "id": "b95c2fc35e1e62c5b8a67d762c01062ca7a54ddb20942bf40ac0534bc4e2767b",
            "image": "sha256:16d2b8eb5c875dab2eff47da45892a6b213d437cfb4aaaae3feb5549828fb61d",
            "init": false,
            "ipc_mode": "private",
            "labels": [],
            "log_driver": "json-file",
            "log_opts": null,
            "logs": false,
            "max_retry_count": 0,
            "memory": 512,
            "memory_swap": 1024,
            "mounts": [],
            "must_run": true,
            "name": "1RV22MC060",
            "network_data": [
              {
                "gateway": "172.16.3.254",
                "global_ipv6_address": "",
                "global_ipv6_prefix_length": 0,
                "ip_address": "172.16.3.238",
                "ip_prefix_length": 23,
                "ipv6_gateway": "",
                "network_name": "macvlan"
              }
            ],
            "network_mode": "default",
            "networks_advanced": [
              {
                "aliases": [],
                "ipv4_address": "",
                "ipv6_address": "",
                "name": "2a59b0dd9fcb76519a32ac10f324bd6dcf7f0adab3834219d2c1c80ffb73006a"
              }
            ],
            "pid_mode": "",
            "ports": [],
            "privileged": false,
            "publish_all_ports": false,
            "read_only": false,
            "remove_volumes": true,
            "restart": "no",
            "rm": false,
            "runtime": "runc",
            "security_opts": [],
            "shm_size": 64,
            "start": true,
            "stdin_open": false,
            "stop_signal": "",
            "stop_timeout": 0,
            "storage_opts": null,
            "sysctls": null,
            "tmpfs": null,
            "tty": false,
            "ulimit": [],
            "upload": [],
            "user": "",
            "userns_mode": "",
            "volumes": [],
            "wait": false,
            "wait_timeout": 60,
            "working_dir": ""
          },
          "sensitive_attributes": [],
          "private": "eyJzY2hlbWFfdmVyc2lvbiI6IjIifQ==",
          "dependencies": [
            "docker_image.rvce-mca-lss-login",
            "docker_network.macvlan"
          ]
        },
        {
          "index_key": 60,
          "schema_version": 2,
          "attributes": {
            "attach": false,
            "bridge": "",
            "capabilities": [],
            "cgroupns_mode": null,
            "command": [],
            "container_logs": null,
            "container_read_refresh_timeout_milliseconds": 15000,
            "cpu_set": "",
            "cpu_shares": 0,
            "destroy_grace_seconds": null,
            "devices": [],
            "dns": null,
            "dns_opts": null,
            "dns_search": null,
            "domainname": "",
            "entrypoint": [
              "tail",
              "-f",
              "/dev/null"
            ],
            "env": [],
            "exit_code": null,
            "gpus": null,
            "group_add": null,
            "healthcheck": null,
            "host": [],
            "hostname": "44895e5486ca",
            "id": "44895e5486ca34357235f71745fb09cb5be272275afd62de66127f5249ab8f39",
            "image": "sha256:16d2b8eb5c875dab2eff47da45892a6b213d437cfb4aaaae3feb5549828fb61d",
            "init": false,
            "ipc_mode": "private",
            "labels": [],
            "log_driver": "json-file",
            "log_opts": null,
            "logs": false,
            "max_retry_count": 0,
            "memory": 512,
            "memory_swap": 1024,
            "mounts": [],
            "must_run": true,
            "name": "1RV22MC061",
            "network_data": [
              {
                "gateway": "172.16.3.254",
                "global_ipv6_address": "",
                "global_ipv6_prefix_length": 0,
                "ip_address": "172.16.3.243",
                "ip_prefix_length": 23,
                "ipv6_gateway": "",
                "network_name": "macvlan"
              }
            ],
            "network_mode": "default",
            "networks_advanced": [
              {
                "aliases": [],
                "ipv4_address": "",
                "ipv6_address": "",
                "name": "2a59b0dd9fcb76519a32ac10f324bd6dcf7f0adab3834219d2c1c80ffb73006a"
              }
            ],
            "pid_mode": "",
            "ports": [],
            "privileged": false,
            "publish_all_ports": false,
            "read_only": false,
            "remove_volumes": true,
            "restart": "no",
            "rm": false,
            "runtime": "runc",
            "security_opts": [],
            "shm_size": 64,
            "start": true,
            "stdin_open": false,
            "stop_signal": "",
            "stop_timeout": 0,
            "storage_opts": null,
            "sysctls": null,
            "tmpfs": null,
            "tty": false,
            "ulimit": [],
            "upload": [],
            "user": "",
            "userns_mode": "",
            "volumes": [],
            "wait": false,
            "wait_timeout": 60,
            "working_dir": ""
          },
          "sensitive_attributes": [],
          "private": "eyJzY2hlbWFfdmVyc2lvbiI6IjIifQ==",
          "dependencies": [
            "docker_image.rvce-mca-lss-login",
            "docker_network.macvlan"
          ]
        },
        {
          "index_key": 61,
          "schema_version": 2,
          "attributes": {
            "attach": false,
            "bridge": "",
            "capabilities": [],
            "cgroupns_mode": null,
            "command": [],
            "container_logs": null,
            "container_read_refresh_timeout_milliseconds": 15000,
            "cpu_set": "",
            "cpu_shares": 0,
            "destroy_grace_seconds": null,
            "devices": [],
            "dns": null,
            "dns_opts": null,
            "dns_search": null,
            "domainname": "",
            "entrypoint": [
              "tail",
              "-f",
              "/dev/null"
            ],
            "env": [],
            "exit_code": null,
            "gpus": null,
            "group_add": null,
            "healthcheck": null,
            "host": [],
            "hostname": "109b0856138b",
            "id": "109b0856138ba30ff496f34ecc3a5a729277f8a13d29b2992450bbde7529ab0d",
            "image": "sha256:16d2b8eb5c875dab2eff47da45892a6b213d437cfb4aaaae3feb5549828fb61d",
            "init": false,
            "ipc_mode": "private",
            "labels": [],
            "log_driver": "json-file",
            "log_opts": null,
            "logs": false,
            "max_retry_count": 0,
            "memory": 512,
            "memory_swap": 1024,
            "mounts": [],
            "must_run": true,
            "name": "1RV22MC062",
            "network_data": [
              {
                "gateway": "172.16.3.254",
                "global_ipv6_address": "",
                "global_ipv6_prefix_length": 0,
                "ip_address": "172.16.3.228",
                "ip_prefix_length": 23,
                "ipv6_gateway": "",
                "network_name": "macvlan"
              }
            ],
            "network_mode": "default",
            "networks_advanced": [
              {
                "aliases": [],
                "ipv4_address": "",
                "ipv6_address": "",
                "name": "2a59b0dd9fcb76519a32ac10f324bd6dcf7f0adab3834219d2c1c80ffb73006a"
              }
            ],
            "pid_mode": "",
            "ports": [],
            "privileged": false,
            "publish_all_ports": false,
            "read_only": false,
            "remove_volumes": true,
            "restart": "no",
            "rm": false,
            "runtime": "runc",
            "security_opts": [],
            "shm_size": 64,
            "start": true,
            "stdin_open": false,
            "stop_signal": "",
            "stop_timeout": 0,
            "storage_opts": null,
            "sysctls": null,
            "tmpfs": null,
            "tty": false,
            "ulimit": [],
            "upload": [],
            "user": "",
            "userns_mode": "",
            "volumes": [],
            "wait": false,
            "wait_timeout": 60,
            "working_dir": ""
          },
          "sensitive_attributes": [],
          "private": "eyJzY2hlbWFfdmVyc2lvbiI6IjIifQ==",
          "dependencies": [
            "docker_image.rvce-mca-lss-login",
            "docker_network.macvlan"
          ]
        },
        {
          "index_key": 62,
          "schema_version": 2,
          "attributes": {
            "attach": false,
            "bridge": "",
            "capabilities": [],
            "cgroupns_mode": null,
            "command": [],
            "container_logs": null,
            "container_read_refresh_timeout_milliseconds": 15000,
            "cpu_set": "",
            "cpu_shares": 0,
            "destroy_grace_seconds": null,
            "devices": [],
            "dns": null,
            "dns_opts": null,
            "dns_search": null,
            "domainname": "",
            "entrypoint": [
              "tail",
              "-f",
              "/dev/null"
            ],
            "env": [],
            "exit_code": null,
            "gpus": null,
            "group_add": null,
            "healthcheck": null,
            "host": [],
            "hostname": "e732ef3afab4",
            "id": "e732ef3afab48825c18ee3300dfdcf6d3ee00e7e473fb95761f77755c4fbee5a",
            "image": "sha256:16d2b8eb5c875dab2eff47da45892a6b213d437cfb4aaaae3feb5549828fb61d",
            "init": false,
            "ipc_mode": "private",
            "labels": [],
            "log_driver": "json-file",
            "log_opts": null,
            "logs": false,
            "max_retry_count": 0,
            "memory": 512,
            "memory_swap": 1024,
            "mounts": [],
            "must_run": true,
            "name": "1RV22MC063",
            "network_data": [
              {
                "gateway": "172.16.3.254",
                "global_ipv6_address": "",
                "global_ipv6_prefix_length": 0,
                "ip_address": "172.16.3.199",
                "ip_prefix_length": 23,
                "ipv6_gateway": "",
                "network_name": "macvlan"
              }
            ],
            "network_mode": "default",
            "networks_advanced": [
              {
                "aliases": [],
                "ipv4_address": "",
                "ipv6_address": "",
                "name": "2a59b0dd9fcb76519a32ac10f324bd6dcf7f0adab3834219d2c1c80ffb73006a"
              }
            ],
            "pid_mode": "",
            "ports": [],
            "privileged": false,
            "publish_all_ports": false,
            "read_only": false,
            "remove_volumes": true,
            "restart": "no",
            "rm": false,
            "runtime": "runc",
            "security_opts": [],
            "shm_size": 64,
            "start": true,
            "stdin_open": false,
            "stop_signal": "",
            "stop_timeout": 0,
            "storage_opts": null,
            "sysctls": null,
            "tmpfs": null,
            "tty": false,
            "ulimit": [],
            "upload": [],
            "user": "",
            "userns_mode": "",
            "volumes": [],
            "wait": false,
            "wait_timeout": 60,
            "working_dir": ""
          },
          "sensitive_attributes": [],
          "private": "eyJzY2hlbWFfdmVyc2lvbiI6IjIifQ==",
          "dependencies": [
            "docker_image.rvce-mca-lss-login",
            "docker_network.macvlan"
          ]
        },
        {
          "index_key": 63,
          "schema_version": 2,
          "attributes": {
            "attach": false,
            "bridge": "",
            "capabilities": [],
            "cgroupns_mode": null,
            "command": [],
            "container_logs": null,
            "container_read_refresh_timeout_milliseconds": 15000,
            "cpu_set": "",
            "cpu_shares": 0,
            "destroy_grace_seconds": null,
            "devices": [],
            "dns": null,
            "dns_opts": null,
            "dns_search": null,
            "domainname": "",
            "entrypoint": [
              "tail",
              "-f",
              "/dev/null"
            ],
            "env": [],
            "exit_code": null,
            "gpus": null,
            "group_add": null,
            "healthcheck": null,
            "host": [],
            "hostname": "ef8d60a20f68",
            "id": "ef8d60a20f6810e24745ce3d23a935df40c06a9fa73f08198820e2c5c68a2256",
            "image": "sha256:16d2b8eb5c875dab2eff47da45892a6b213d437cfb4aaaae3feb5549828fb61d",
            "init": false,
            "ipc_mode": "private",
            "labels": [],
            "log_driver": "json-file",
            "log_opts": null,
            "logs": false,
            "max_retry_count": 0,
            "memory": 512,
            "memory_swap": 1024,
            "mounts": [],
            "must_run": true,
            "name": "1RV22MC064",
            "network_data": [
              {
                "gateway": "172.16.3.254",
                "global_ipv6_address": "",
                "global_ipv6_prefix_length": 0,
                "ip_address": "172.16.3.135",
                "ip_prefix_length": 23,
                "ipv6_gateway": "",
                "network_name": "macvlan"
              }
            ],
            "network_mode": "default",
            "networks_advanced": [
              {
                "aliases": [],
                "ipv4_address": "",
                "ipv6_address": "",
                "name": "2a59b0dd9fcb76519a32ac10f324bd6dcf7f0adab3834219d2c1c80ffb73006a"
              }
            ],
            "pid_mode": "",
            "ports": [],
            "privileged": false,
            "publish_all_ports": false,
            "read_only": false,
            "remove_volumes": true,
            "restart": "no",
            "rm": false,
            "runtime": "runc",
            "security_opts": [],
            "shm_size": 64,
            "start": true,
            "stdin_open": false,
            "stop_signal": "",
            "stop_timeout": 0,
            "storage_opts": null,
            "sysctls": null,
            "tmpfs": null,
            "tty": false,
            "ulimit": [],
            "upload": [],
            "user": "",
            "userns_mode": "",
            "volumes": [],
            "wait": false,
            "wait_timeout": 60,
            "working_dir": ""
          },
          "sensitive_attributes": [],
          "private": "eyJzY2hlbWFfdmVyc2lvbiI6IjIifQ==",
          "dependencies": [
            "docker_image.rvce-mca-lss-login",
            "docker_network.macvlan"
          ]
        },
        {
          "index_key": 64,
          "schema_version": 2,
          "attributes": {
            "attach": false,
            "bridge": "",
            "capabilities": [],
            "cgroupns_mode": null,
            "command": [],
            "container_logs": null,
            "container_read_refresh_timeout_milliseconds": 15000,
            "cpu_set": "",
            "cpu_shares": 0,
            "destroy_grace_seconds": null,
            "devices": [],
            "dns": null,
            "dns_opts": null,
            "dns_search": null,
            "domainname": "",
            "entrypoint": [
              "tail",
              "-f",
              "/dev/null"
            ],
            "env": [],
            "exit_code": null,
            "gpus": null,
            "group_add": null,
            "healthcheck": null,
            "host": [],
            "hostname": "a98e890bfa74",
            "id": "a98e890bfa74e20352f4a72bd97fcadcd8d96c6d14c982c95e485168d54028a5",
            "image": "sha256:16d2b8eb5c875dab2eff47da45892a6b213d437cfb4aaaae3feb5549828fb61d",
            "init": false,
            "ipc_mode": "private",
            "labels": [],
            "log_driver": "json-file",
            "log_opts": null,
            "logs": false,
            "max_retry_count": 0,
            "memory": 512,
            "memory_swap": 1024,
            "mounts": [],
            "must_run": true,
            "name": "1RV22MC065",
            "network_data": [
              {
                "gateway": "172.16.3.254",
                "global_ipv6_address": "",
                "global_ipv6_prefix_length": 0,
                "ip_address": "172.16.3.150",
                "ip_prefix_length": 23,
                "ipv6_gateway": "",
                "network_name": "macvlan"
              }
            ],
            "network_mode": "default",
            "networks_advanced": [
              {
                "aliases": [],
                "ipv4_address": "",
                "ipv6_address": "",
                "name": "2a59b0dd9fcb76519a32ac10f324bd6dcf7f0adab3834219d2c1c80ffb73006a"
              }
            ],
            "pid_mode": "",
            "ports": [],
            "privileged": false,
            "publish_all_ports": false,
            "read_only": false,
            "remove_volumes": true,
            "restart": "no",
            "rm": false,
            "runtime": "runc",
            "security_opts": [],
            "shm_size": 64,
            "start": true,
            "stdin_open": false,
            "stop_signal": "",
            "stop_timeout": 0,
            "storage_opts": null,
            "sysctls": null,
            "tmpfs": null,
            "tty": false,
            "ulimit": [],
            "upload": [],
            "user": "",
            "userns_mode": "",
            "volumes": [],
            "wait": false,
            "wait_timeout": 60,
            "working_dir": ""
          },
          "sensitive_attributes": [],
          "private": "eyJzY2hlbWFfdmVyc2lvbiI6IjIifQ==",
          "dependencies": [
            "docker_image.rvce-mca-lss-login",
            "docker_network.macvlan"
          ]
        },
        {
          "index_key": 65,
          "schema_version": 2,
          "attributes": {
            "attach": false,
            "bridge": "",
            "capabilities": [],
            "cgroupns_mode": null,
            "command": [],
            "container_logs": null,
            "container_read_refresh_timeout_milliseconds": 15000,
            "cpu_set": "",
            "cpu_shares": 0,
            "destroy_grace_seconds": null,
            "devices": [],
            "dns": null,
            "dns_opts": null,
            "dns_search": null,
            "domainname": "",
            "entrypoint": [
              "tail",
              "-f",
              "/dev/null"
            ],
            "env": [],
            "exit_code": null,
            "gpus": null,
            "group_add": null,
            "healthcheck": null,
            "host": [],
            "hostname": "9e5734ec3268",
            "id": "9e5734ec32687b1cfe6026711ff2f6ee433777700920cf0861b2097facf086fc",
            "image": "sha256:16d2b8eb5c875dab2eff47da45892a6b213d437cfb4aaaae3feb5549828fb61d",
            "init": false,
            "ipc_mode": "private",
            "labels": [],
            "log_driver": "json-file",
            "log_opts": null,
            "logs": false,
            "max_retry_count": 0,
            "memory": 512,
            "memory_swap": 1024,
            "mounts": [],
            "must_run": true,
            "name": "1RV22MC066",
            "network_data": [
              {
                "gateway": "172.16.3.254",
                "global_ipv6_address": "",
                "global_ipv6_prefix_length": 0,
                "ip_address": "172.16.3.152",
                "ip_prefix_length": 23,
                "ipv6_gateway": "",
                "network_name": "macvlan"
              }
            ],
            "network_mode": "default",
            "networks_advanced": [
              {
                "aliases": [],
                "ipv4_address": "",
                "ipv6_address": "",
                "name": "2a59b0dd9fcb76519a32ac10f324bd6dcf7f0adab3834219d2c1c80ffb73006a"
              }
            ],
            "pid_mode": "",
            "ports": [],
            "privileged": false,
            "publish_all_ports": false,
            "read_only": false,
            "remove_volumes": true,
            "restart": "no",
            "rm": false,
            "runtime": "runc",
            "security_opts": [],
            "shm_size": 64,
            "start": true,
            "stdin_open": false,
            "stop_signal": "",
            "stop_timeout": 0,
            "storage_opts": null,
            "sysctls": null,
            "tmpfs": null,
            "tty": false,
            "ulimit": [],
            "upload": [],
            "user": "",
            "userns_mode": "",
            "volumes": [],
            "wait": false,
            "wait_timeout": 60,
            "working_dir": ""
          },
          "sensitive_attributes": [],
          "private": "eyJzY2hlbWFfdmVyc2lvbiI6IjIifQ==",
          "dependencies": [
            "docker_image.rvce-mca-lss-login",
            "docker_network.macvlan"
          ]
        },
        {
          "index_key": 66,
          "schema_version": 2,
          "attributes": {
            "attach": false,
            "bridge": "",
            "capabilities": [],
            "cgroupns_mode": null,
            "command": [],
            "container_logs": null,
            "container_read_refresh_timeout_milliseconds": 15000,
            "cpu_set": "",
            "cpu_shares": 0,
            "destroy_grace_seconds": null,
            "devices": [],
            "dns": null,
            "dns_opts": null,
            "dns_search": null,
            "domainname": "",
            "entrypoint": [
              "tail",
              "-f",
              "/dev/null"
            ],
            "env": [],
            "exit_code": null,
            "gpus": null,
            "group_add": null,
            "healthcheck": null,
            "host": [],
            "hostname": "fefb301c5eb9",
            "id": "fefb301c5eb965304387fcf429b9f270725dd656a8071d5417b911a75d037b91",
            "image": "sha256:16d2b8eb5c875dab2eff47da45892a6b213d437cfb4aaaae3feb5549828fb61d",
            "init": false,
            "ipc_mode": "private",
            "labels": [],
            "log_driver": "json-file",
            "log_opts": null,
            "logs": false,
            "max_retry_count": 0,
            "memory": 512,
            "memory_swap": 1024,
            "mounts": [],
            "must_run": true,
            "name": "1RV22MC067",
            "network_data": [
              {
                "gateway": "172.16.3.254",
                "global_ipv6_address": "",
                "global_ipv6_prefix_length": 0,
                "ip_address": "172.16.3.184",
                "ip_prefix_length": 23,
                "ipv6_gateway": "",
                "network_name": "macvlan"
              }
            ],
            "network_mode": "default",
            "networks_advanced": [
              {
                "aliases": [],
                "ipv4_address": "",
                "ipv6_address": "",
                "name": "2a59b0dd9fcb76519a32ac10f324bd6dcf7f0adab3834219d2c1c80ffb73006a"
              }
            ],
            "pid_mode": "",
            "ports": [],
            "privileged": false,
            "publish_all_ports": false,
            "read_only": false,
            "remove_volumes": true,
            "restart": "no",
            "rm": false,
            "runtime": "runc",
            "security_opts": [],
            "shm_size": 64,
            "start": true,
            "stdin_open": false,
            "stop_signal": "",
            "stop_timeout": 0,
            "storage_opts": null,
            "sysctls": null,
            "tmpfs": null,
            "tty": false,
            "ulimit": [],
            "upload": [],
            "user": "",
            "userns_mode": "",
            "volumes": [],
            "wait": false,
            "wait_timeout": 60,
            "working_dir": ""
          },
          "sensitive_attributes": [],
          "private": "eyJzY2hlbWFfdmVyc2lvbiI6IjIifQ==",
          "dependencies": [
            "docker_image.rvce-mca-lss-login",
            "docker_network.macvlan"
          ]
        },
        {
          "index_key": 67,
          "schema_version": 2,
          "attributes": {
            "attach": false,
            "bridge": "",
            "capabilities": [],
            "cgroupns_mode": null,
            "command": [],
            "container_logs": null,
            "container_read_refresh_timeout_milliseconds": 15000,
            "cpu_set": "",
            "cpu_shares": 0,
            "destroy_grace_seconds": null,
            "devices": [],
            "dns": null,
            "dns_opts": null,
            "dns_search": null,
            "domainname": "",
            "entrypoint": [
              "tail",
              "-f",
              "/dev/null"
            ],
            "env": [],
            "exit_code": null,
            "gpus": null,
            "group_add": null,
            "healthcheck": null,
            "host": [],
            "hostname": "41b1a7edab19",
            "id": "41b1a7edab199642dea6877893a57caf6df149e4f03a72b4dd3a82abff8b0e30",
            "image": "sha256:16d2b8eb5c875dab2eff47da45892a6b213d437cfb4aaaae3feb5549828fb61d",
            "init": false,
            "ipc_mode": "private",
            "labels": [],
            "log_driver": "json-file",
            "log_opts": null,
            "logs": false,
            "max_retry_count": 0,
            "memory": 512,
            "memory_swap": 1024,
            "mounts": [],
            "must_run": true,
            "name": "1RV22MC068",
            "network_data": [
              {
                "gateway": "172.16.3.254",
                "global_ipv6_address": "",
                "global_ipv6_prefix_length": 0,
                "ip_address": "172.16.3.203",
                "ip_prefix_length": 23,
                "ipv6_gateway": "",
                "network_name": "macvlan"
              }
            ],
            "network_mode": "default",
            "networks_advanced": [
              {
                "aliases": [],
                "ipv4_address": "",
                "ipv6_address": "",
                "name": "2a59b0dd9fcb76519a32ac10f324bd6dcf7f0adab3834219d2c1c80ffb73006a"
              }
            ],
            "pid_mode": "",
            "ports": [],
            "privileged": false,
            "publish_all_ports": false,
            "read_only": false,
            "remove_volumes": true,
            "restart": "no",
            "rm": false,
            "runtime": "runc",
            "security_opts": [],
            "shm_size": 64,
            "start": true,
            "stdin_open": false,
            "stop_signal": "",
            "stop_timeout": 0,
            "storage_opts": null,
            "sysctls": null,
            "tmpfs": null,
            "tty": false,
            "ulimit": [],
            "upload": [],
            "user": "",
            "userns_mode": "",
            "volumes": [],
            "wait": false,
            "wait_timeout": 60,
            "working_dir": ""
          },
          "sensitive_attributes": [],
          "private": "eyJzY2hlbWFfdmVyc2lvbiI6IjIifQ==",
          "dependencies": [
            "docker_image.rvce-mca-lss-login",
            "docker_network.macvlan"
          ]
        },
        {
          "index_key": 68,
          "schema_version": 2,
          "attributes": {
            "attach": false,
            "bridge": "",
            "capabilities": [],
            "cgroupns_mode": null,
            "command": [],
            "container_logs": null,
            "container_read_refresh_timeout_milliseconds": 15000,
            "cpu_set": "",
            "cpu_shares": 0,
            "destroy_grace_seconds": null,
            "devices": [],
            "dns": null,
            "dns_opts": null,
            "dns_search": null,
            "domainname": "",
            "entrypoint": [
              "tail",
              "-f",
              "/dev/null"
            ],
            "env": [],
            "exit_code": null,
            "gpus": null,
            "group_add": null,
            "healthcheck": null,
            "host": [],
            "hostname": "708d7851e196",
            "id": "708d7851e1967d93f2d1b3cc1760ba94f78ca65d4e9995d0d3d8971a1975e70c",
            "image": "sha256:16d2b8eb5c875dab2eff47da45892a6b213d437cfb4aaaae3feb5549828fb61d",
            "init": false,
            "ipc_mode": "private",
            "labels": [],
            "log_driver": "json-file",
            "log_opts": null,
            "logs": false,
            "max_retry_count": 0,
            "memory": 512,
            "memory_swap": 1024,
            "mounts": [],
            "must_run": true,
            "name": "1RV22MC069",
            "network_data": [
              {
                "gateway": "172.16.3.254",
                "global_ipv6_address": "",
                "global_ipv6_prefix_length": 0,
                "ip_address": "172.16.3.229",
                "ip_prefix_length": 23,
                "ipv6_gateway": "",
                "network_name": "macvlan"
              }
            ],
            "network_mode": "default",
            "networks_advanced": [
              {
                "aliases": [],
                "ipv4_address": "",
                "ipv6_address": "",
                "name": "2a59b0dd9fcb76519a32ac10f324bd6dcf7f0adab3834219d2c1c80ffb73006a"
              }
            ],
            "pid_mode": "",
            "ports": [],
            "privileged": false,
            "publish_all_ports": false,
            "read_only": false,
            "remove_volumes": true,
            "restart": "no",
            "rm": false,
            "runtime": "runc",
            "security_opts": [],
            "shm_size": 64,
            "start": true,
            "stdin_open": false,
            "stop_signal": "",
            "stop_timeout": 0,
            "storage_opts": null,
            "sysctls": null,
            "tmpfs": null,
            "tty": false,
            "ulimit": [],
            "upload": [],
            "user": "",
            "userns_mode": "",
            "volumes": [],
            "wait": false,
            "wait_timeout": 60,
            "working_dir": ""
          },
          "sensitive_attributes": [],
          "private": "eyJzY2hlbWFfdmVyc2lvbiI6IjIifQ==",
          "dependencies": [
            "docker_image.rvce-mca-lss-login",
            "docker_network.macvlan"
          ]
        },
        {
          "index_key": 69,
          "schema_version": 2,
          "attributes": {
            "attach": false,
            "bridge": "",
            "capabilities": [],
            "cgroupns_mode": null,
            "command": [],
            "container_logs": null,
            "container_read_refresh_timeout_milliseconds": 15000,
            "cpu_set": "",
            "cpu_shares": 0,
            "destroy_grace_seconds": null,
            "devices": [],
            "dns": null,
            "dns_opts": null,
            "dns_search": null,
            "domainname": "",
            "entrypoint": [
              "tail",
              "-f",
              "/dev/null"
            ],
            "env": [],
            "exit_code": null,
            "gpus": null,
            "group_add": null,
            "healthcheck": null,
            "host": [],
            "hostname": "89fd0ffbe840",
            "id": "89fd0ffbe8401b01936e9db3c81080e9985a8ce6e166716406b1201b46d455c8",
            "image": "sha256:16d2b8eb5c875dab2eff47da45892a6b213d437cfb4aaaae3feb5549828fb61d",
            "init": false,
            "ipc_mode": "private",
            "labels": [],
            "log_driver": "json-file",
            "log_opts": null,
            "logs": false,
            "max_retry_count": 0,
            "memory": 512,
            "memory_swap": 1024,
            "mounts": [],
            "must_run": true,
            "name": "1RV22MC070",
            "network_data": [
              {
                "gateway": "172.16.3.254",
                "global_ipv6_address": "",
                "global_ipv6_prefix_length": 0,
                "ip_address": "172.16.3.197",
                "ip_prefix_length": 23,
                "ipv6_gateway": "",
                "network_name": "macvlan"
              }
            ],
            "network_mode": "default",
            "networks_advanced": [
              {
                "aliases": [],
                "ipv4_address": "",
                "ipv6_address": "",
                "name": "2a59b0dd9fcb76519a32ac10f324bd6dcf7f0adab3834219d2c1c80ffb73006a"
              }
            ],
            "pid_mode": "",
            "ports": [],
            "privileged": false,
            "publish_all_ports": false,
            "read_only": false,
            "remove_volumes": true,
            "restart": "no",
            "rm": false,
            "runtime": "runc",
            "security_opts": [],
            "shm_size": 64,
            "start": true,
            "stdin_open": false,
            "stop_signal": "",
            "stop_timeout": 0,
            "storage_opts": null,
            "sysctls": null,
            "tmpfs": null,
            "tty": false,
            "ulimit": [],
            "upload": [],
            "user": "",
            "userns_mode": "",
            "volumes": [],
            "wait": false,
            "wait_timeout": 60,
            "working_dir": ""
          },
          "sensitive_attributes": [],
          "private": "eyJzY2hlbWFfdmVyc2lvbiI6IjIifQ==",
          "dependencies": [
            "docker_image.rvce-mca-lss-login",
            "docker_network.macvlan"
          ]
        },
        {
          "index_key": 70,
          "schema_version": 2,
          "attributes": {
            "attach": false,
            "bridge": "",
            "capabilities": [],
            "cgroupns_mode": null,
            "command": [],
            "container_logs": null,
            "container_read_refresh_timeout_milliseconds": 15000,
            "cpu_set": "",
            "cpu_shares": 0,
            "destroy_grace_seconds": null,
            "devices": [],
            "dns": null,
            "dns_opts": null,
            "dns_search": null,
            "domainname": "",
            "entrypoint": [
              "tail",
              "-f",
              "/dev/null"
            ],
            "env": [],
            "exit_code": null,
            "gpus": null,
            "group_add": null,
            "healthcheck": null,
            "host": [],
            "hostname": "8dfa277638d4",
            "id": "8dfa277638d4515f3ffb589ffdb56497344e563239f8a7702604a30562730e7a",
            "image": "sha256:16d2b8eb5c875dab2eff47da45892a6b213d437cfb4aaaae3feb5549828fb61d",
            "init": false,
            "ipc_mode": "private",
            "labels": [],
            "log_driver": "json-file",
            "log_opts": null,
            "logs": false,
            "max_retry_count": 0,
            "memory": 512,
            "memory_swap": 1024,
            "mounts": [],
            "must_run": true,
            "name": "1RV22MC071",
            "network_data": [
              {
                "gateway": "172.16.3.254",
                "global_ipv6_address": "",
                "global_ipv6_prefix_length": 0,
                "ip_address": "172.16.3.165",
                "ip_prefix_length": 23,
                "ipv6_gateway": "",
                "network_name": "macvlan"
              }
            ],
            "network_mode": "default",
            "networks_advanced": [
              {
                "aliases": [],
                "ipv4_address": "",
                "ipv6_address": "",
                "name": "2a59b0dd9fcb76519a32ac10f324bd6dcf7f0adab3834219d2c1c80ffb73006a"
              }
            ],
            "pid_mode": "",
            "ports": [],
            "privileged": false,
            "publish_all_ports": false,
            "read_only": false,
            "remove_volumes": true,
            "restart": "no",
            "rm": false,
            "runtime": "runc",
            "security_opts": [],
            "shm_size": 64,
            "start": true,
            "stdin_open": false,
            "stop_signal": "",
            "stop_timeout": 0,
            "storage_opts": null,
            "sysctls": null,
            "tmpfs": null,
            "tty": false,
            "ulimit": [],
            "upload": [],
            "user": "",
            "userns_mode": "",
            "volumes": [],
            "wait": false,
            "wait_timeout": 60,
            "working_dir": ""
          },
          "sensitive_attributes": [],
          "private": "eyJzY2hlbWFfdmVyc2lvbiI6IjIifQ==",
          "dependencies": [
            "docker_image.rvce-mca-lss-login",
            "docker_network.macvlan"
          ]
        },
        {
          "index_key": 71,
          "schema_version": 2,
          "attributes": {
            "attach": false,
            "bridge": "",
            "capabilities": [],
            "cgroupns_mode": null,
            "command": [],
            "container_logs": null,
            "container_read_refresh_timeout_milliseconds": 15000,
            "cpu_set": "",
            "cpu_shares": 0,
            "destroy_grace_seconds": null,
            "devices": [],
            "dns": null,
            "dns_opts": null,
            "dns_search": null,
            "domainname": "",
            "entrypoint": [
              "tail",
              "-f",
              "/dev/null"
            ],
            "env": [],
            "exit_code": null,
            "gpus": null,
            "group_add": null,
            "healthcheck": null,
            "host": [],
            "hostname": "e7d64a3935c2",
            "id": "e7d64a3935c230d131a05355a6190ede1333dfd5cf85f71762af68413c81fad0",
            "image": "sha256:16d2b8eb5c875dab2eff47da45892a6b213d437cfb4aaaae3feb5549828fb61d",
            "init": false,
            "ipc_mode": "private",
            "labels": [],
            "log_driver": "json-file",
            "log_opts": null,
            "logs": false,
            "max_retry_count": 0,
            "memory": 512,
            "memory_swap": 1024,
            "mounts": [],
            "must_run": true,
            "name": "1RV22MC072",
            "network_data": [
              {
                "gateway": "172.16.3.254",
                "global_ipv6_address": "",
                "global_ipv6_prefix_length": 0,
                "ip_address": "172.16.3.246",
                "ip_prefix_length": 23,
                "ipv6_gateway": "",
                "network_name": "macvlan"
              }
            ],
            "network_mode": "default",
            "networks_advanced": [
              {
                "aliases": [],
                "ipv4_address": "",
                "ipv6_address": "",
                "name": "2a59b0dd9fcb76519a32ac10f324bd6dcf7f0adab3834219d2c1c80ffb73006a"
              }
            ],
            "pid_mode": "",
            "ports": [],
            "privileged": false,
            "publish_all_ports": false,
            "read_only": false,
            "remove_volumes": true,
            "restart": "no",
            "rm": false,
            "runtime": "runc",
            "security_opts": [],
            "shm_size": 64,
            "start": true,
            "stdin_open": false,
            "stop_signal": "",
            "stop_timeout": 0,
            "storage_opts": null,
            "sysctls": null,
            "tmpfs": null,
            "tty": false,
            "ulimit": [],
            "upload": [],
            "user": "",
            "userns_mode": "",
            "volumes": [],
            "wait": false,
            "wait_timeout": 60,
            "working_dir": ""
          },
          "sensitive_attributes": [],
          "private": "eyJzY2hlbWFfdmVyc2lvbiI6IjIifQ==",
          "dependencies": [
            "docker_image.rvce-mca-lss-login",
            "docker_network.macvlan"
          ]
        },
        {
          "index_key": 72,
          "schema_version": 2,
          "attributes": {
            "attach": false,
            "bridge": "",
            "capabilities": [],
            "cgroupns_mode": null,
            "command": [],
            "container_logs": null,
            "container_read_refresh_timeout_milliseconds": 15000,
            "cpu_set": "",
            "cpu_shares": 0,
            "destroy_grace_seconds": null,
            "devices": [],
            "dns": null,
            "dns_opts": null,
            "dns_search": null,
            "domainname": "",
            "entrypoint": [
              "tail",
              "-f",
              "/dev/null"
            ],
            "env": [],
            "exit_code": null,
            "gpus": null,
            "group_add": null,
            "healthcheck": null,
            "host": [],
            "hostname": "7a8a0b496187",
            "id": "7a8a0b496187d0e26b96649b13f3f68b80b98eebcd412cc2889bf4971c8d8d5c",
            "image": "sha256:16d2b8eb5c875dab2eff47da45892a6b213d437cfb4aaaae3feb5549828fb61d",
            "init": false,
            "ipc_mode": "private",
            "labels": [],
            "log_driver": "json-file",
            "log_opts": null,
            "logs": false,
            "max_retry_count": 0,
            "memory": 512,
            "memory_swap": 1024,
            "mounts": [],
            "must_run": true,
            "name": "1RV22MC073",
            "network_data": [
              {
                "gateway": "172.16.3.254",
                "global_ipv6_address": "",
                "global_ipv6_prefix_length": 0,
                "ip_address": "172.16.3.231",
                "ip_prefix_length": 23,
                "ipv6_gateway": "",
                "network_name": "macvlan"
              }
            ],
            "network_mode": "default",
            "networks_advanced": [
              {
                "aliases": [],
                "ipv4_address": "",
                "ipv6_address": "",
                "name": "2a59b0dd9fcb76519a32ac10f324bd6dcf7f0adab3834219d2c1c80ffb73006a"
              }
            ],
            "pid_mode": "",
            "ports": [],
            "privileged": false,
            "publish_all_ports": false,
            "read_only": false,
            "remove_volumes": true,
            "restart": "no",
            "rm": false,
            "runtime": "runc",
            "security_opts": [],
            "shm_size": 64,
            "start": true,
            "stdin_open": false,
            "stop_signal": "",
            "stop_timeout": 0,
            "storage_opts": null,
            "sysctls": null,
            "tmpfs": null,
            "tty": false,
            "ulimit": [],
            "upload": [],
            "user": "",
            "userns_mode": "",
            "volumes": [],
            "wait": false,
            "wait_timeout": 60,
            "working_dir": ""
          },
          "sensitive_attributes": [],
          "private": "eyJzY2hlbWFfdmVyc2lvbiI6IjIifQ==",
          "dependencies": [
            "docker_image.rvce-mca-lss-login",
            "docker_network.macvlan"
          ]
        },
        {
          "index_key": 73,
          "schema_version": 2,
          "attributes": {
            "attach": false,
            "bridge": "",
            "capabilities": [],
            "cgroupns_mode": null,
            "command": [],
            "container_logs": null,
            "container_read_refresh_timeout_milliseconds": 15000,
            "cpu_set": "",
            "cpu_shares": 0,
            "destroy_grace_seconds": null,
            "devices": [],
            "dns": null,
            "dns_opts": null,
            "dns_search": null,
            "domainname": "",
            "entrypoint": [
              "tail",
              "-f",
              "/dev/null"
            ],
            "env": [],
            "exit_code": null,
            "gpus": null,
            "group_add": null,
            "healthcheck": null,
            "host": [],
            "hostname": "ce35126d5caa",
            "id": "ce35126d5caa9914ee3982b92c8f3338c28c573499e7e20f0ebe3ef03d292965",
            "image": "sha256:16d2b8eb5c875dab2eff47da45892a6b213d437cfb4aaaae3feb5549828fb61d",
            "init": false,
            "ipc_mode": "private",
            "labels": [],
            "log_driver": "json-file",
            "log_opts": null,
            "logs": false,
            "max_retry_count": 0,
            "memory": 512,
            "memory_swap": 1024,
            "mounts": [],
            "must_run": true,
            "name": "1RV22MC074",
            "network_data": [
              {
                "gateway": "172.16.3.254",
                "global_ipv6_address": "",
                "global_ipv6_prefix_length": 0,
                "ip_address": "172.16.3.248",
                "ip_prefix_length": 23,
                "ipv6_gateway": "",
                "network_name": "macvlan"
              }
            ],
            "network_mode": "default",
            "networks_advanced": [
              {
                "aliases": [],
                "ipv4_address": "",
                "ipv6_address": "",
                "name": "2a59b0dd9fcb76519a32ac10f324bd6dcf7f0adab3834219d2c1c80ffb73006a"
              }
            ],
            "pid_mode": "",
            "ports": [],
            "privileged": false,
            "publish_all_ports": false,
            "read_only": false,
            "remove_volumes": true,
            "restart": "no",
            "rm": false,
            "runtime": "runc",
            "security_opts": [],
            "shm_size": 64,
            "start": true,
            "stdin_open": false,
            "stop_signal": "",
            "stop_timeout": 0,
            "storage_opts": null,
            "sysctls": null,
            "tmpfs": null,
            "tty": false,
            "ulimit": [],
            "upload": [],
            "user": "",
            "userns_mode": "",
            "volumes": [],
            "wait": false,
            "wait_timeout": 60,
            "working_dir": ""
          },
          "sensitive_attributes": [],
          "private": "eyJzY2hlbWFfdmVyc2lvbiI6IjIifQ==",
          "dependencies": [
            "docker_image.rvce-mca-lss-login",
            "docker_network.macvlan"
          ]
        },
        {
          "index_key": 74,
          "schema_version": 2,
          "attributes": {
            "attach": false,
            "bridge": "",
            "capabilities": [],
            "cgroupns_mode": null,
            "command": [],
            "container_logs": null,
            "container_read_refresh_timeout_milliseconds": 15000,
            "cpu_set": "",
            "cpu_shares": 0,
            "destroy_grace_seconds": null,
            "devices": [],
            "dns": null,
            "dns_opts": null,
            "dns_search": null,
            "domainname": "",
            "entrypoint": [
              "tail",
              "-f",
              "/dev/null"
            ],
            "env": [],
            "exit_code": null,
            "gpus": null,
            "group_add": null,
            "healthcheck": null,
            "host": [],
            "hostname": "b04c61a00638",
            "id": "b04c61a00638992a7129cb4ac214d0d6a3d1996c59a7be2c941cb93151f1aa3c",
            "image": "sha256:16d2b8eb5c875dab2eff47da45892a6b213d437cfb4aaaae3feb5549828fb61d",
            "init": false,
            "ipc_mode": "private",
            "labels": [],
            "log_driver": "json-file",
            "log_opts": null,
            "logs": false,
            "max_retry_count": 0,
            "memory": 512,
            "memory_swap": 1024,
            "mounts": [],
            "must_run": true,
            "name": "1RV22MC075",
            "network_data": [
              {
                "gateway": "172.16.3.254",
                "global_ipv6_address": "",
                "global_ipv6_prefix_length": 0,
                "ip_address": "172.16.3.224",
                "ip_prefix_length": 23,
                "ipv6_gateway": "",
                "network_name": "macvlan"
              }
            ],
            "network_mode": "default",
            "networks_advanced": [
              {
                "aliases": [],
                "ipv4_address": "",
                "ipv6_address": "",
                "name": "2a59b0dd9fcb76519a32ac10f324bd6dcf7f0adab3834219d2c1c80ffb73006a"
              }
            ],
            "pid_mode": "",
            "ports": [],
            "privileged": false,
            "publish_all_ports": false,
            "read_only": false,
            "remove_volumes": true,
            "restart": "no",
            "rm": false,
            "runtime": "runc",
            "security_opts": [],
            "shm_size": 64,
            "start": true,
            "stdin_open": false,
            "stop_signal": "",
            "stop_timeout": 0,
            "storage_opts": null,
            "sysctls": null,
            "tmpfs": null,
            "tty": false,
            "ulimit": [],
            "upload": [],
            "user": "",
            "userns_mode": "",
            "volumes": [],
            "wait": false,
            "wait_timeout": 60,
            "working_dir": ""
          },
          "sensitive_attributes": [],
          "private": "eyJzY2hlbWFfdmVyc2lvbiI6IjIifQ==",
          "dependencies": [
            "docker_image.rvce-mca-lss-login",
            "docker_network.macvlan"
          ]
        },
        {
          "index_key": 75,
          "schema_version": 2,
          "attributes": {
            "attach": false,
            "bridge": "",
            "capabilities": [],
            "cgroupns_mode": null,
            "command": [],
            "container_logs": null,
            "container_read_refresh_timeout_milliseconds": 15000,
            "cpu_set": "",
            "cpu_shares": 0,
            "destroy_grace_seconds": null,
            "devices": [],
            "dns": null,
            "dns_opts": null,
            "dns_search": null,
            "domainname": "",
            "entrypoint": [
              "tail",
              "-f",
              "/dev/null"
            ],
            "env": [],
            "exit_code": null,
            "gpus": null,
            "group_add": null,
            "healthcheck": null,
            "host": [],
            "hostname": "80674777bf7a",
            "id": "80674777bf7ac6a1d843d1e92c83ef03804ab6c87464294b76bc6c6dd77eac5b",
            "image": "sha256:16d2b8eb5c875dab2eff47da45892a6b213d437cfb4aaaae3feb5549828fb61d",
            "init": false,
            "ipc_mode": "private",
            "labels": [],
            "log_driver": "json-file",
            "log_opts": null,
            "logs": false,
            "max_retry_count": 0,
            "memory": 512,
            "memory_swap": 1024,
            "mounts": [],
            "must_run": true,
            "name": "1RV22MC076",
            "network_data": [
              {
                "gateway": "172.16.3.254",
                "global_ipv6_address": "",
                "global_ipv6_prefix_length": 0,
                "ip_address": "172.16.3.141",
                "ip_prefix_length": 23,
                "ipv6_gateway": "",
                "network_name": "macvlan"
              }
            ],
            "network_mode": "default",
            "networks_advanced": [
              {
                "aliases": [],
                "ipv4_address": "",
                "ipv6_address": "",
                "name": "2a59b0dd9fcb76519a32ac10f324bd6dcf7f0adab3834219d2c1c80ffb73006a"
              }
            ],
            "pid_mode": "",
            "ports": [],
            "privileged": false,
            "publish_all_ports": false,
            "read_only": false,
            "remove_volumes": true,
            "restart": "no",
            "rm": false,
            "runtime": "runc",
            "security_opts": [],
            "shm_size": 64,
            "start": true,
            "stdin_open": false,
            "stop_signal": "",
            "stop_timeout": 0,
            "storage_opts": null,
            "sysctls": null,
            "tmpfs": null,
            "tty": false,
            "ulimit": [],
            "upload": [],
            "user": "",
            "userns_mode": "",
            "volumes": [],
            "wait": false,
            "wait_timeout": 60,
            "working_dir": ""
          },
          "sensitive_attributes": [],
          "private": "eyJzY2hlbWFfdmVyc2lvbiI6IjIifQ==",
          "dependencies": [
            "docker_image.rvce-mca-lss-login",
            "docker_network.macvlan"
          ]
        },
        {
          "index_key": 76,
          "schema_version": 2,
          "attributes": {
            "attach": false,
            "bridge": "",
            "capabilities": [],
            "cgroupns_mode": null,
            "command": [],
            "container_logs": null,
            "container_read_refresh_timeout_milliseconds": 15000,
            "cpu_set": "",
            "cpu_shares": 0,
            "destroy_grace_seconds": null,
            "devices": [],
            "dns": null,
            "dns_opts": null,
            "dns_search": null,
            "domainname": "",
            "entrypoint": [
              "tail",
              "-f",
              "/dev/null"
            ],
            "env": [],
            "exit_code": null,
            "gpus": null,
            "group_add": null,
            "healthcheck": null,
            "host": [],
            "hostname": "8f1a1c983662",
            "id": "8f1a1c983662d88716bed541e991e82f8b589cd228dfb283ef149785e1274c49",
            "image": "sha256:16d2b8eb5c875dab2eff47da45892a6b213d437cfb4aaaae3feb5549828fb61d",
            "init": false,
            "ipc_mode": "private",
            "labels": [],
            "log_driver": "json-file",
            "log_opts": null,
            "logs": false,
            "max_retry_count": 0,
            "memory": 512,
            "memory_swap": 1024,
            "mounts": [],
            "must_run": true,
            "name": "1RV22MC077",
            "network_data": [
              {
                "gateway": "172.16.3.254",
                "global_ipv6_address": "",
                "global_ipv6_prefix_length": 0,
                "ip_address": "172.16.3.151",
                "ip_prefix_length": 23,
                "ipv6_gateway": "",
                "network_name": "macvlan"
              }
            ],
            "network_mode": "default",
            "networks_advanced": [
              {
                "aliases": [],
                "ipv4_address": "",
                "ipv6_address": "",
                "name": "2a59b0dd9fcb76519a32ac10f324bd6dcf7f0adab3834219d2c1c80ffb73006a"
              }
            ],
            "pid_mode": "",
            "ports": [],
            "privileged": false,
            "publish_all_ports": false,
            "read_only": false,
            "remove_volumes": true,
            "restart": "no",
            "rm": false,
            "runtime": "runc",
            "security_opts": [],
            "shm_size": 64,
            "start": true,
            "stdin_open": false,
            "stop_signal": "",
            "stop_timeout": 0,
            "storage_opts": null,
            "sysctls": null,
            "tmpfs": null,
            "tty": false,
            "ulimit": [],
            "upload": [],
            "user": "",
            "userns_mode": "",
            "volumes": [],
            "wait": false,
            "wait_timeout": 60,
            "working_dir": ""
          },
          "sensitive_attributes": [],
          "private": "eyJzY2hlbWFfdmVyc2lvbiI6IjIifQ==",
          "dependencies": [
            "docker_image.rvce-mca-lss-login",
            "docker_network.macvlan"
          ]
        },
        {
          "index_key": 77,
          "schema_version": 2,
          "attributes": {
            "attach": false,
            "bridge": "",
            "capabilities": [],
            "cgroupns_mode": null,
            "command": [],
            "container_logs": null,
            "container_read_refresh_timeout_milliseconds": 15000,
            "cpu_set": "",
            "cpu_shares": 0,
            "destroy_grace_seconds": null,
            "devices": [],
            "dns": null,
            "dns_opts": null,
            "dns_search": null,
            "domainname": "",
            "entrypoint": [
              "tail",
              "-f",
              "/dev/null"
            ],
            "env": [],
            "exit_code": null,
            "gpus": null,
            "group_add": null,
            "healthcheck": null,
            "host": [],
            "hostname": "bc854040bce8",
            "id": "bc854040bce80350445fdf9c60612277fef4e4c28341264cecd0e2a5c8c964a2",
            "image": "sha256:16d2b8eb5c875dab2eff47da45892a6b213d437cfb4aaaae3feb5549828fb61d",
            "init": false,
            "ipc_mode": "private",
            "labels": [],
            "log_driver": "json-file",
            "log_opts": null,
            "logs": false,
            "max_retry_count": 0,
            "memory": 512,
            "memory_swap": 1024,
            "mounts": [],
            "must_run": true,
            "name": "1RV22MC078",
            "network_data": [
              {
                "gateway": "172.16.3.254",
                "global_ipv6_address": "",
                "global_ipv6_prefix_length": 0,
                "ip_address": "172.16.3.166",
                "ip_prefix_length": 23,
                "ipv6_gateway": "",
                "network_name": "macvlan"
              }
            ],
            "network_mode": "default",
            "networks_advanced": [
              {
                "aliases": [],
                "ipv4_address": "",
                "ipv6_address": "",
                "name": "2a59b0dd9fcb76519a32ac10f324bd6dcf7f0adab3834219d2c1c80ffb73006a"
              }
            ],
            "pid_mode": "",
            "ports": [],
            "privileged": false,
            "publish_all_ports": false,
            "read_only": false,
            "remove_volumes": true,
            "restart": "no",
            "rm": false,
            "runtime": "runc",
            "security_opts": [],
            "shm_size": 64,
            "start": true,
            "stdin_open": false,
            "stop_signal": "",
            "stop_timeout": 0,
            "storage_opts": null,
            "sysctls": null,
            "tmpfs": null,
            "tty": false,
            "ulimit": [],
            "upload": [],
            "user": "",
            "userns_mode": "",
            "volumes": [],
            "wait": false,
            "wait_timeout": 60,
            "working_dir": ""
          },
          "sensitive_attributes": [],
          "private": "eyJzY2hlbWFfdmVyc2lvbiI6IjIifQ==",
          "dependencies": [
            "docker_image.rvce-mca-lss-login",
            "docker_network.macvlan"
          ]
        },
        {
          "index_key": 78,
          "schema_version": 2,
          "attributes": {
            "attach": false,
            "bridge": "",
            "capabilities": [],
            "cgroupns_mode": null,
            "command": [],
            "container_logs": null,
            "container_read_refresh_timeout_milliseconds": 15000,
            "cpu_set": "",
            "cpu_shares": 0,
            "destroy_grace_seconds": null,
            "devices": [],
            "dns": null,
            "dns_opts": null,
            "dns_search": null,
            "domainname": "",
            "entrypoint": [
              "tail",
              "-f",
              "/dev/null"
            ],
            "env": [],
            "exit_code": null,
            "gpus": null,
            "group_add": null,
            "healthcheck": null,
            "host": [],
            "hostname": "1661bd57ecee",
            "id": "1661bd57eceee91e33caa4a44d3b9fd9225002c44d865fed3a1cc385a2e711a6",
            "image": "sha256:16d2b8eb5c875dab2eff47da45892a6b213d437cfb4aaaae3feb5549828fb61d",
            "init": false,
            "ipc_mode": "private",
            "labels": [],
            "log_driver": "json-file",
            "log_opts": null,
            "logs": false,
            "max_retry_count": 0,
            "memory": 512,
            "memory_swap": 1024,
            "mounts": [],
            "must_run": true,
            "name": "1RV22MC079",
            "network_data": [
              {
                "gateway": "172.16.3.254",
                "global_ipv6_address": "",
                "global_ipv6_prefix_length": 0,
                "ip_address": "172.16.3.134",
                "ip_prefix_length": 23,
                "ipv6_gateway": "",
                "network_name": "macvlan"
              }
            ],
            "network_mode": "default",
            "networks_advanced": [
              {
                "aliases": [],
                "ipv4_address": "",
                "ipv6_address": "",
                "name": "2a59b0dd9fcb76519a32ac10f324bd6dcf7f0adab3834219d2c1c80ffb73006a"
              }
            ],
            "pid_mode": "",
            "ports": [],
            "privileged": false,
            "publish_all_ports": false,
            "read_only": false,
            "remove_volumes": true,
            "restart": "no",
            "rm": false,
            "runtime": "runc",
            "security_opts": [],
            "shm_size": 64,
            "start": true,
            "stdin_open": false,
            "stop_signal": "",
            "stop_timeout": 0,
            "storage_opts": null,
            "sysctls": null,
            "tmpfs": null,
            "tty": false,
            "ulimit": [],
            "upload": [],
            "user": "",
            "userns_mode": "",
            "volumes": [],
            "wait": false,
            "wait_timeout": 60,
            "working_dir": ""
          },
          "sensitive_attributes": [],
          "private": "eyJzY2hlbWFfdmVyc2lvbiI6IjIifQ==",
          "dependencies": [
            "docker_image.rvce-mca-lss-login",
            "docker_network.macvlan"
          ]
        },
        {
          "index_key": 79,
          "schema_version": 2,
          "attributes": {
            "attach": false,
            "bridge": "",
            "capabilities": [],
            "cgroupns_mode": null,
            "command": [],
            "container_logs": null,
            "container_read_refresh_timeout_milliseconds": 15000,
            "cpu_set": "",
            "cpu_shares": 0,
            "destroy_grace_seconds": null,
            "devices": [],
            "dns": null,
            "dns_opts": null,
            "dns_search": null,
            "domainname": "",
            "entrypoint": [
              "tail",
              "-f",
              "/dev/null"
            ],
            "env": [],
            "exit_code": null,
            "gpus": null,
            "group_add": null,
            "healthcheck": null,
            "host": [],
            "hostname": "bf2d3748944c",
            "id": "bf2d3748944c3e7abd3a61949af356b70bc9989b1658906be365d972ea8bd24d",
            "image": "sha256:16d2b8eb5c875dab2eff47da45892a6b213d437cfb4aaaae3feb5549828fb61d",
            "init": false,
            "ipc_mode": "private",
            "labels": [],
            "log_driver": "json-file",
            "log_opts": null,
            "logs": false,
            "max_retry_count": 0,
            "memory": 512,
            "memory_swap": 1024,
            "mounts": [],
            "must_run": true,
            "name": "1RV22MC080",
            "network_data": [
              {
                "gateway": "172.16.3.254",
                "global_ipv6_address": "",
                "global_ipv6_prefix_length": 0,
                "ip_address": "172.16.3.164",
                "ip_prefix_length": 23,
                "ipv6_gateway": "",
                "network_name": "macvlan"
              }
            ],
            "network_mode": "default",
            "networks_advanced": [
              {
                "aliases": [],
                "ipv4_address": "",
                "ipv6_address": "",
                "name": "2a59b0dd9fcb76519a32ac10f324bd6dcf7f0adab3834219d2c1c80ffb73006a"
              }
            ],
            "pid_mode": "",
            "ports": [],
            "privileged": false,
            "publish_all_ports": false,
            "read_only": false,
            "remove_volumes": true,
            "restart": "no",
            "rm": false,
            "runtime": "runc",
            "security_opts": [],
            "shm_size": 64,
            "start": true,
            "stdin_open": false,
            "stop_signal": "",
            "stop_timeout": 0,
            "storage_opts": null,
            "sysctls": null,
            "tmpfs": null,
            "tty": false,
            "ulimit": [],
            "upload": [],
            "user": "",
            "userns_mode": "",
            "volumes": [],
            "wait": false,
            "wait_timeout": 60,
            "working_dir": ""
          },
          "sensitive_attributes": [],
          "private": "eyJzY2hlbWFfdmVyc2lvbiI6IjIifQ==",
          "dependencies": [
            "docker_image.rvce-mca-lss-login",
            "docker_network.macvlan"
          ]
        },
        {
          "index_key": 80,
          "schema_version": 2,
          "attributes": {
            "attach": false,
            "bridge": "",
            "capabilities": [],
            "cgroupns_mode": null,
            "command": [],
            "container_logs": null,
            "container_read_refresh_timeout_milliseconds": 15000,
            "cpu_set": "",
            "cpu_shares": 0,
            "destroy_grace_seconds": null,
            "devices": [],
            "dns": null,
            "dns_opts": null,
            "dns_search": null,
            "domainname": "",
            "entrypoint": [
              "tail",
              "-f",
              "/dev/null"
            ],
            "env": [],
            "exit_code": null,
            "gpus": null,
            "group_add": null,
            "healthcheck": null,
            "host": [],
            "hostname": "18d2332505e4",
            "id": "18d2332505e4e568f8be0aa7ce37633c61b1fc401e48dd22cb6a139638c52378",
            "image": "sha256:16d2b8eb5c875dab2eff47da45892a6b213d437cfb4aaaae3feb5549828fb61d",
            "init": false,
            "ipc_mode": "private",
            "labels": [],
            "log_driver": "json-file",
            "log_opts": null,
            "logs": false,
            "max_retry_count": 0,
            "memory": 512,
            "memory_swap": 1024,
            "mounts": [],
            "must_run": true,
            "name": "1RV22MC081",
            "network_data": [
              {
                "gateway": "172.16.3.254",
                "global_ipv6_address": "",
                "global_ipv6_prefix_length": 0,
                "ip_address": "172.16.3.191",
                "ip_prefix_length": 23,
                "ipv6_gateway": "",
                "network_name": "macvlan"
              }
            ],
            "network_mode": "default",
            "networks_advanced": [
              {
                "aliases": [],
                "ipv4_address": "",
                "ipv6_address": "",
                "name": "2a59b0dd9fcb76519a32ac10f324bd6dcf7f0adab3834219d2c1c80ffb73006a"
              }
            ],
            "pid_mode": "",
            "ports": [],
            "privileged": false,
            "publish_all_ports": false,
            "read_only": false,
            "remove_volumes": true,
            "restart": "no",
            "rm": false,
            "runtime": "runc",
            "security_opts": [],
            "shm_size": 64,
            "start": true,
            "stdin_open": false,
            "stop_signal": "",
            "stop_timeout": 0,
            "storage_opts": null,
            "sysctls": null,
            "tmpfs": null,
            "tty": false,
            "ulimit": [],
            "upload": [],
            "user": "",
            "userns_mode": "",
            "volumes": [],
            "wait": false,
            "wait_timeout": 60,
            "working_dir": ""
          },
          "sensitive_attributes": [],
          "private": "eyJzY2hlbWFfdmVyc2lvbiI6IjIifQ==",
          "dependencies": [
            "docker_image.rvce-mca-lss-login",
            "docker_network.macvlan"
          ]
        },
        {
          "index_key": 81,
          "schema_version": 2,
          "attributes": {
            "attach": false,
            "bridge": "",
            "capabilities": [],
            "cgroupns_mode": null,
            "command": [],
            "container_logs": null,
            "container_read_refresh_timeout_milliseconds": 15000,
            "cpu_set": "",
            "cpu_shares": 0,
            "destroy_grace_seconds": null,
            "devices": [],
            "dns": null,
            "dns_opts": null,
            "dns_search": null,
            "domainname": "",
            "entrypoint": [
              "tail",
              "-f",
              "/dev/null"
            ],
            "env": [],
            "exit_code": null,
            "gpus": null,
            "group_add": null,
            "healthcheck": null,
            "host": [],
            "hostname": "a7cb233f8e5c",
            "id": "a7cb233f8e5cc91643b6d003dc106963bc862bacb8ae8fac960000a3961eda45",
            "image": "sha256:16d2b8eb5c875dab2eff47da45892a6b213d437cfb4aaaae3feb5549828fb61d",
            "init": false,
            "ipc_mode": "private",
            "labels": [],
            "log_driver": "json-file",
            "log_opts": null,
            "logs": false,
            "max_retry_count": 0,
            "memory": 512,
            "memory_swap": 1024,
            "mounts": [],
            "must_run": true,
            "name": "1RV22MC082",
            "network_data": [
              {
                "gateway": "172.16.3.254",
                "global_ipv6_address": "",
                "global_ipv6_prefix_length": 0,
                "ip_address": "172.16.3.180",
                "ip_prefix_length": 23,
                "ipv6_gateway": "",
                "network_name": "macvlan"
              }
            ],
            "network_mode": "default",
            "networks_advanced": [
              {
                "aliases": [],
                "ipv4_address": "",
                "ipv6_address": "",
                "name": "2a59b0dd9fcb76519a32ac10f324bd6dcf7f0adab3834219d2c1c80ffb73006a"
              }
            ],
            "pid_mode": "",
            "ports": [],
            "privileged": false,
            "publish_all_ports": false,
            "read_only": false,
            "remove_volumes": true,
            "restart": "no",
            "rm": false,
            "runtime": "runc",
            "security_opts": [],
            "shm_size": 64,
            "start": true,
            "stdin_open": false,
            "stop_signal": "",
            "stop_timeout": 0,
            "storage_opts": null,
            "sysctls": null,
            "tmpfs": null,
            "tty": false,
            "ulimit": [],
            "upload": [],
            "user": "",
            "userns_mode": "",
            "volumes": [],
            "wait": false,
            "wait_timeout": 60,
            "working_dir": ""
          },
          "sensitive_attributes": [],
          "private": "eyJzY2hlbWFfdmVyc2lvbiI6IjIifQ==",
          "dependencies": [
            "docker_image.rvce-mca-lss-login",
            "docker_network.macvlan"
          ]
        },
        {
          "index_key": 82,
          "schema_version": 2,
          "attributes": {
            "attach": false,
            "bridge": "",
            "capabilities": [],
            "cgroupns_mode": null,
            "command": [],
            "container_logs": null,
            "container_read_refresh_timeout_milliseconds": 15000,
            "cpu_set": "",
            "cpu_shares": 0,
            "destroy_grace_seconds": null,
            "devices": [],
            "dns": null,
            "dns_opts": null,
            "dns_search": null,
            "domainname": "",
            "entrypoint": [
              "tail",
              "-f",
              "/dev/null"
            ],
            "env": [],
            "exit_code": null,
            "gpus": null,
            "group_add": null,
            "healthcheck": null,
            "host": [],
            "hostname": "58cf08d20382",
            "id": "58cf08d20382b8b7dc22c4863be1a19c413d01b22813351403a3e88b46084579",
            "image": "sha256:16d2b8eb5c875dab2eff47da45892a6b213d437cfb4aaaae3feb5549828fb61d",
            "init": false,
            "ipc_mode": "private",
            "labels": [],
            "log_driver": "json-file",
            "log_opts": null,
            "logs": false,
            "max_retry_count": 0,
            "memory": 512,
            "memory_swap": 1024,
            "mounts": [],
            "must_run": true,
            "name": "1RV22MC083",
            "network_data": [
              {
                "gateway": "172.16.3.254",
                "global_ipv6_address": "",
                "global_ipv6_prefix_length": 0,
                "ip_address": "172.16.3.194",
                "ip_prefix_length": 23,
                "ipv6_gateway": "",
                "network_name": "macvlan"
              }
            ],
            "network_mode": "default",
            "networks_advanced": [
              {
                "aliases": [],
                "ipv4_address": "",
                "ipv6_address": "",
                "name": "2a59b0dd9fcb76519a32ac10f324bd6dcf7f0adab3834219d2c1c80ffb73006a"
              }
            ],
            "pid_mode": "",
            "ports": [],
            "privileged": false,
            "publish_all_ports": false,
            "read_only": false,
            "remove_volumes": true,
            "restart": "no",
            "rm": false,
            "runtime": "runc",
            "security_opts": [],
            "shm_size": 64,
            "start": true,
            "stdin_open": false,
            "stop_signal": "",
            "stop_timeout": 0,
            "storage_opts": null,
            "sysctls": null,
            "tmpfs": null,
            "tty": false,
            "ulimit": [],
            "upload": [],
            "user": "",
            "userns_mode": "",
            "volumes": [],
            "wait": false,
            "wait_timeout": 60,
            "working_dir": ""
          },
          "sensitive_attributes": [],
          "private": "eyJzY2hlbWFfdmVyc2lvbiI6IjIifQ==",
          "dependencies": [
            "docker_image.rvce-mca-lss-login",
            "docker_network.macvlan"
          ]
        },
        {
          "index_key": 83,
          "schema_version": 2,
          "attributes": {
            "attach": false,
            "bridge": "",
            "capabilities": [],
            "cgroupns_mode": null,
            "command": [],
            "container_logs": null,
            "container_read_refresh_timeout_milliseconds": 15000,
            "cpu_set": "",
            "cpu_shares": 0,
            "destroy_grace_seconds": null,
            "devices": [],
            "dns": null,
            "dns_opts": null,
            "dns_search": null,
            "domainname": "",
            "entrypoint": [
              "tail",
              "-f",
              "/dev/null"
            ],
            "env": [],
            "exit_code": null,
            "gpus": null,
            "group_add": null,
            "healthcheck": null,
            "host": [],
            "hostname": "90d00479ba8f",
            "id": "90d00479ba8ff16c9163a059cfdc96b3d2552e3fc1882cb9e065c7f0247b5edc",
            "image": "sha256:16d2b8eb5c875dab2eff47da45892a6b213d437cfb4aaaae3feb5549828fb61d",
            "init": false,
            "ipc_mode": "private",
            "labels": [],
            "log_driver": "json-file",
            "log_opts": null,
            "logs": false,
            "max_retry_count": 0,
            "memory": 512,
            "memory_swap": 1024,
            "mounts": [],
            "must_run": true,
            "name": "1RV22MC084",
            "network_data": [
              {
                "gateway": "172.16.3.254",
                "global_ipv6_address": "",
                "global_ipv6_prefix_length": 0,
                "ip_address": "172.16.3.129",
                "ip_prefix_length": 23,
                "ipv6_gateway": "",
                "network_name": "macvlan"
              }
            ],
            "network_mode": "default",
            "networks_advanced": [
              {
                "aliases": [],
                "ipv4_address": "",
                "ipv6_address": "",
                "name": "2a59b0dd9fcb76519a32ac10f324bd6dcf7f0adab3834219d2c1c80ffb73006a"
              }
            ],
            "pid_mode": "",
            "ports": [],
            "privileged": false,
            "publish_all_ports": false,
            "read_only": false,
            "remove_volumes": true,
            "restart": "no",
            "rm": false,
            "runtime": "runc",
            "security_opts": [],
            "shm_size": 64,
            "start": true,
            "stdin_open": false,
            "stop_signal": "",
            "stop_timeout": 0,
            "storage_opts": null,
            "sysctls": null,
            "tmpfs": null,
            "tty": false,
            "ulimit": [],
            "upload": [],
            "user": "",
            "userns_mode": "",
            "volumes": [],
            "wait": false,
            "wait_timeout": 60,
            "working_dir": ""
          },
          "sensitive_attributes": [],
          "private": "eyJzY2hlbWFfdmVyc2lvbiI6IjIifQ==",
          "dependencies": [
            "docker_image.rvce-mca-lss-login",
            "docker_network.macvlan"
          ]
        },
        {
          "index_key": 84,
          "schema_version": 2,
          "attributes": {
            "attach": false,
            "bridge": "",
            "capabilities": [],
            "cgroupns_mode": null,
            "command": [],
            "container_logs": null,
            "container_read_refresh_timeout_milliseconds": 15000,
            "cpu_set": "",
            "cpu_shares": 0,
            "destroy_grace_seconds": null,
            "devices": [],
            "dns": null,
            "dns_opts": null,
            "dns_search": null,
            "domainname": "",
            "entrypoint": [
              "tail",
              "-f",
              "/dev/null"
            ],
            "env": [],
            "exit_code": null,
            "gpus": null,
            "group_add": null,
            "healthcheck": null,
            "host": [],
            "hostname": "16e229d88a98",
            "id": "16e229d88a9800e96b69b6c584c82ad096cb6e1148a5304a741ea88584c826a1",
            "image": "sha256:16d2b8eb5c875dab2eff47da45892a6b213d437cfb4aaaae3feb5549828fb61d",
            "init": false,
            "ipc_mode": "private",
            "labels": [],
            "log_driver": "json-file",
            "log_opts": null,
            "logs": false,
            "max_retry_count": 0,
            "memory": 512,
            "memory_swap": 1024,
            "mounts": [],
            "must_run": true,
            "name": "1RV22MC085",
            "network_data": [
              {
                "gateway": "172.16.3.254",
                "global_ipv6_address": "",
                "global_ipv6_prefix_length": 0,
                "ip_address": "172.16.3.201",
                "ip_prefix_length": 23,
                "ipv6_gateway": "",
                "network_name": "macvlan"
              }
            ],
            "network_mode": "default",
            "networks_advanced": [
              {
                "aliases": [],
                "ipv4_address": "",
                "ipv6_address": "",
                "name": "2a59b0dd9fcb76519a32ac10f324bd6dcf7f0adab3834219d2c1c80ffb73006a"
              }
            ],
            "pid_mode": "",
            "ports": [],
            "privileged": false,
            "publish_all_ports": false,
            "read_only": false,
            "remove_volumes": true,
            "restart": "no",
            "rm": false,
            "runtime": "runc",
            "security_opts": [],
            "shm_size": 64,
            "start": true,
            "stdin_open": false,
            "stop_signal": "",
            "stop_timeout": 0,
            "storage_opts": null,
            "sysctls": null,
            "tmpfs": null,
            "tty": false,
            "ulimit": [],
            "upload": [],
            "user": "",
            "userns_mode": "",
            "volumes": [],
            "wait": false,
            "wait_timeout": 60,
            "working_dir": ""
          },
          "sensitive_attributes": [],
          "private": "eyJzY2hlbWFfdmVyc2lvbiI6IjIifQ==",
          "dependencies": [
            "docker_image.rvce-mca-lss-login",
            "docker_network.macvlan"
          ]
        },
        {
          "index_key": 85,
          "schema_version": 2,
          "attributes": {
            "attach": false,
            "bridge": "",
            "capabilities": [],
            "cgroupns_mode": null,
            "command": [],
            "container_logs": null,
            "container_read_refresh_timeout_milliseconds": 15000,
            "cpu_set": "",
            "cpu_shares": 0,
            "destroy_grace_seconds": null,
            "devices": [],
            "dns": null,
            "dns_opts": null,
            "dns_search": null,
            "domainname": "",
            "entrypoint": [
              "tail",
              "-f",
              "/dev/null"
            ],
            "env": [],
            "exit_code": null,
            "gpus": null,
            "group_add": null,
            "healthcheck": null,
            "host": [],
            "hostname": "15ec683c61d5",
            "id": "15ec683c61d50ae85c52ec500f5870db3a8be45285fdd6858be739982077a479",
            "image": "sha256:16d2b8eb5c875dab2eff47da45892a6b213d437cfb4aaaae3feb5549828fb61d",
            "init": false,
            "ipc_mode": "private",
            "labels": [],
            "log_driver": "json-file",
            "log_opts": null,
            "logs": false,
            "max_retry_count": 0,
            "memory": 512,
            "memory_swap": 1024,
            "mounts": [],
            "must_run": true,
            "name": "1RV22MC086",
            "network_data": [
              {
                "gateway": "172.16.3.254",
                "global_ipv6_address": "",
                "global_ipv6_prefix_length": 0,
                "ip_address": "172.16.3.217",
                "ip_prefix_length": 23,
                "ipv6_gateway": "",
                "network_name": "macvlan"
              }
            ],
            "network_mode": "default",
            "networks_advanced": [
              {
                "aliases": [],
                "ipv4_address": "",
                "ipv6_address": "",
                "name": "2a59b0dd9fcb76519a32ac10f324bd6dcf7f0adab3834219d2c1c80ffb73006a"
              }
            ],
            "pid_mode": "",
            "ports": [],
            "privileged": false,
            "publish_all_ports": false,
            "read_only": false,
            "remove_volumes": true,
            "restart": "no",
            "rm": false,
            "runtime": "runc",
            "security_opts": [],
            "shm_size": 64,
            "start": true,
            "stdin_open": false,
            "stop_signal": "",
            "stop_timeout": 0,
            "storage_opts": null,
            "sysctls": null,
            "tmpfs": null,
            "tty": false,
            "ulimit": [],
            "upload": [],
            "user": "",
            "userns_mode": "",
            "volumes": [],
            "wait": false,
            "wait_timeout": 60,
            "working_dir": ""
          },
          "sensitive_attributes": [],
          "private": "eyJzY2hlbWFfdmVyc2lvbiI6IjIifQ==",
          "dependencies": [
            "docker_image.rvce-mca-lss-login",
            "docker_network.macvlan"
          ]
        },
        {
          "index_key": 86,
          "schema_version": 2,
          "attributes": {
            "attach": false,
            "bridge": "",
            "capabilities": [],
            "cgroupns_mode": null,
            "command": [],
            "container_logs": null,
            "container_read_refresh_timeout_milliseconds": 15000,
            "cpu_set": "",
            "cpu_shares": 0,
            "destroy_grace_seconds": null,
            "devices": [],
            "dns": null,
            "dns_opts": null,
            "dns_search": null,
            "domainname": "",
            "entrypoint": [
              "tail",
              "-f",
              "/dev/null"
            ],
            "env": [],
            "exit_code": null,
            "gpus": null,
            "group_add": null,
            "healthcheck": null,
            "host": [],
            "hostname": "5cf6fd6b520f",
            "id": "5cf6fd6b520f294f80899f74b003a0a1d8ca1e0713fd7dc87c7ee0863d558bbc",
            "image": "sha256:16d2b8eb5c875dab2eff47da45892a6b213d437cfb4aaaae3feb5549828fb61d",
            "init": false,
            "ipc_mode": "private",
            "labels": [],
            "log_driver": "json-file",
            "log_opts": null,
            "logs": false,
            "max_retry_count": 0,
            "memory": 512,
            "memory_swap": 1024,
            "mounts": [],
            "must_run": true,
            "name": "1RV22MC087",
            "network_data": [
              {
                "gateway": "172.16.3.254",
                "global_ipv6_address": "",
                "global_ipv6_prefix_length": 0,
                "ip_address": "172.16.3.159",
                "ip_prefix_length": 23,
                "ipv6_gateway": "",
                "network_name": "macvlan"
              }
            ],
            "network_mode": "default",
            "networks_advanced": [
              {
                "aliases": [],
                "ipv4_address": "",
                "ipv6_address": "",
                "name": "2a59b0dd9fcb76519a32ac10f324bd6dcf7f0adab3834219d2c1c80ffb73006a"
              }
            ],
            "pid_mode": "",
            "ports": [],
            "privileged": false,
            "publish_all_ports": false,
            "read_only": false,
            "remove_volumes": true,
            "restart": "no",
            "rm": false,
            "runtime": "runc",
            "security_opts": [],
            "shm_size": 64,
            "start": true,
            "stdin_open": false,
            "stop_signal": "",
            "stop_timeout": 0,
            "storage_opts": null,
            "sysctls": null,
            "tmpfs": null,
            "tty": false,
            "ulimit": [],
            "upload": [],
            "user": "",
            "userns_mode": "",
            "volumes": [],
            "wait": false,
            "wait_timeout": 60,
            "working_dir": ""
          },
          "sensitive_attributes": [],
          "private": "eyJzY2hlbWFfdmVyc2lvbiI6IjIifQ==",
          "dependencies": [
            "docker_image.rvce-mca-lss-login",
            "docker_network.macvlan"
          ]
        },
        {
          "index_key": 87,
          "schema_version": 2,
          "attributes": {
            "attach": false,
            "bridge": "",
            "capabilities": [],
            "cgroupns_mode": null,
            "command": [],
            "container_logs": null,
            "container_read_refresh_timeout_milliseconds": 15000,
            "cpu_set": "",
            "cpu_shares": 0,
            "destroy_grace_seconds": null,
            "devices": [],
            "dns": null,
            "dns_opts": null,
            "dns_search": null,
            "domainname": "",
            "entrypoint": [
              "tail",
              "-f",
              "/dev/null"
            ],
            "env": [],
            "exit_code": null,
            "gpus": null,
            "group_add": null,
            "healthcheck": null,
            "host": [],
            "hostname": "b271e39ac135",
            "id": "b271e39ac135d088004e628e4514df5119d78e4a1209982f050494429588810f",
            "image": "sha256:16d2b8eb5c875dab2eff47da45892a6b213d437cfb4aaaae3feb5549828fb61d",
            "init": false,
            "ipc_mode": "private",
            "labels": [],
            "log_driver": "json-file",
            "log_opts": null,
            "logs": false,
            "max_retry_count": 0,
            "memory": 512,
            "memory_swap": 1024,
            "mounts": [],
            "must_run": true,
            "name": "1RV22MC088",
            "network_data": [
              {
                "gateway": "172.16.3.254",
                "global_ipv6_address": "",
                "global_ipv6_prefix_length": 0,
                "ip_address": "172.16.3.206",
                "ip_prefix_length": 23,
                "ipv6_gateway": "",
                "network_name": "macvlan"
              }
            ],
            "network_mode": "default",
            "networks_advanced": [
              {
                "aliases": [],
                "ipv4_address": "",
                "ipv6_address": "",
                "name": "2a59b0dd9fcb76519a32ac10f324bd6dcf7f0adab3834219d2c1c80ffb73006a"
              }
            ],
            "pid_mode": "",
            "ports": [],
            "privileged": false,
            "publish_all_ports": false,
            "read_only": false,
            "remove_volumes": true,
            "restart": "no",
            "rm": false,
            "runtime": "runc",
            "security_opts": [],
            "shm_size": 64,
            "start": true,
            "stdin_open": false,
            "stop_signal": "",
            "stop_timeout": 0,
            "storage_opts": null,
            "sysctls": null,
            "tmpfs": null,
            "tty": false,
            "ulimit": [],
            "upload": [],
            "user": "",
            "userns_mode": "",
            "volumes": [],
            "wait": false,
            "wait_timeout": 60,
            "working_dir": ""
          },
          "sensitive_attributes": [],
          "private": "eyJzY2hlbWFfdmVyc2lvbiI6IjIifQ==",
          "dependencies": [
            "docker_image.rvce-mca-lss-login",
            "docker_network.macvlan"
          ]
        },
        {
          "index_key": 88,
          "schema_version": 2,
          "attributes": {
            "attach": false,
            "bridge": "",
            "capabilities": [],
            "cgroupns_mode": null,
            "command": [],
            "container_logs": null,
            "container_read_refresh_timeout_milliseconds": 15000,
            "cpu_set": "",
            "cpu_shares": 0,
            "destroy_grace_seconds": null,
            "devices": [],
            "dns": null,
            "dns_opts": null,
            "dns_search": null,
            "domainname": "",
            "entrypoint": [
              "tail",
              "-f",
              "/dev/null"
            ],
            "env": [],
            "exit_code": null,
            "gpus": null,
            "group_add": null,
            "healthcheck": null,
            "host": [],
            "hostname": "115827a0d17d",
            "id": "115827a0d17d18a2e967971e21df29ecc54dd5cb8b42199539b21b020e3818fd",
            "image": "sha256:16d2b8eb5c875dab2eff47da45892a6b213d437cfb4aaaae3feb5549828fb61d",
            "init": false,
            "ipc_mode": "private",
            "labels": [],
            "log_driver": "json-file",
            "log_opts": null,
            "logs": false,
            "max_retry_count": 0,
            "memory": 512,
            "memory_swap": 1024,
            "mounts": [],
            "must_run": true,
            "name": "1RV22MC089",
            "network_data": [
              {
                "gateway": "172.16.3.254",
                "global_ipv6_address": "",
                "global_ipv6_prefix_length": 0,
                "ip_address": "172.16.3.192",
                "ip_prefix_length": 23,
                "ipv6_gateway": "",
                "network_name": "macvlan"
              }
            ],
            "network_mode": "default",
            "networks_advanced": [
              {
                "aliases": [],
                "ipv4_address": "",
                "ipv6_address": "",
                "name": "2a59b0dd9fcb76519a32ac10f324bd6dcf7f0adab3834219d2c1c80ffb73006a"
              }
            ],
            "pid_mode": "",
            "ports": [],
            "privileged": false,
            "publish_all_ports": false,
            "read_only": false,
            "remove_volumes": true,
            "restart": "no",
            "rm": false,
            "runtime": "runc",
            "security_opts": [],
            "shm_size": 64,
            "start": true,
            "stdin_open": false,
            "stop_signal": "",
            "stop_timeout": 0,
            "storage_opts": null,
            "sysctls": null,
            "tmpfs": null,
            "tty": false,
            "ulimit": [],
            "upload": [],
            "user": "",
            "userns_mode": "",
            "volumes": [],
            "wait": false,
            "wait_timeout": 60,
            "working_dir": ""
          },
          "sensitive_attributes": [],
          "private": "eyJzY2hlbWFfdmVyc2lvbiI6IjIifQ==",
          "dependencies": [
            "docker_image.rvce-mca-lss-login",
            "docker_network.macvlan"
          ]
        },
        {
          "index_key": 89,
          "schema_version": 2,
          "attributes": {
            "attach": false,
            "bridge": "",
            "capabilities": [],
            "cgroupns_mode": null,
            "command": [],
            "container_logs": null,
            "container_read_refresh_timeout_milliseconds": 15000,
            "cpu_set": "",
            "cpu_shares": 0,
            "destroy_grace_seconds": null,
            "devices": [],
            "dns": null,
            "dns_opts": null,
            "dns_search": null,
            "domainname": "",
            "entrypoint": [
              "tail",
              "-f",
              "/dev/null"
            ],
            "env": [],
            "exit_code": null,
            "gpus": null,
            "group_add": null,
            "healthcheck": null,
            "host": [],
            "hostname": "9802f4351a61",
            "id": "9802f4351a6149255c9b675c3ef4bd442cc8d5292bab35aa3fbfd3c4967ab40e",
            "image": "sha256:16d2b8eb5c875dab2eff47da45892a6b213d437cfb4aaaae3feb5549828fb61d",
            "init": false,
            "ipc_mode": "private",
            "labels": [],
            "log_driver": "json-file",
            "log_opts": null,
            "logs": false,
            "max_retry_count": 0,
            "memory": 512,
            "memory_swap": 1024,
            "mounts": [],
            "must_run": true,
            "name": "1RV22MC090",
            "network_data": [
              {
                "gateway": "172.16.3.254",
                "global_ipv6_address": "",
                "global_ipv6_prefix_length": 0,
                "ip_address": "172.16.3.218",
                "ip_prefix_length": 23,
                "ipv6_gateway": "",
                "network_name": "macvlan"
              }
            ],
            "network_mode": "default",
            "networks_advanced": [
              {
                "aliases": [],
                "ipv4_address": "",
                "ipv6_address": "",
                "name": "2a59b0dd9fcb76519a32ac10f324bd6dcf7f0adab3834219d2c1c80ffb73006a"
              }
            ],
            "pid_mode": "",
            "ports": [],
            "privileged": false,
            "publish_all_ports": false,
            "read_only": false,
            "remove_volumes": true,
            "restart": "no",
            "rm": false,
            "runtime": "runc",
            "security_opts": [],
            "shm_size": 64,
            "start": true,
            "stdin_open": false,
            "stop_signal": "",
            "stop_timeout": 0,
            "storage_opts": null,
            "sysctls": null,
            "tmpfs": null,
            "tty": false,
            "ulimit": [],
            "upload": [],
            "user": "",
            "userns_mode": "",
            "volumes": [],
            "wait": false,
            "wait_timeout": 60,
            "working_dir": ""
          },
          "sensitive_attributes": [],
          "private": "eyJzY2hlbWFfdmVyc2lvbiI6IjIifQ==",
          "dependencies": [
            "docker_image.rvce-mca-lss-login",
            "docker_network.macvlan"
          ]
        },
        {
          "index_key": 90,
          "schema_version": 2,
          "attributes": {
            "attach": false,
            "bridge": "",
            "capabilities": [],
            "cgroupns_mode": null,
            "command": [],
            "container_logs": null,
            "container_read_refresh_timeout_milliseconds": 15000,
            "cpu_set": "",
            "cpu_shares": 0,
            "destroy_grace_seconds": null,
            "devices": [],
            "dns": null,
            "dns_opts": null,
            "dns_search": null,
            "domainname": "",
            "entrypoint": [
              "tail",
              "-f",
              "/dev/null"
            ],
            "env": [],
            "exit_code": null,
            "gpus": null,
            "group_add": null,
            "healthcheck": null,
            "host": [],
            "hostname": "f7ff657a6d34",
            "id": "f7ff657a6d343c3392a78960e4a19a2954b0271f6a6b14f82da92af2146c225d",
            "image": "sha256:16d2b8eb5c875dab2eff47da45892a6b213d437cfb4aaaae3feb5549828fb61d",
            "init": false,
            "ipc_mode": "private",
            "labels": [],
            "log_driver": "json-file",
            "log_opts": null,
            "logs": false,
            "max_retry_count": 0,
            "memory": 512,
            "memory_swap": 1024,
            "mounts": [],
            "must_run": true,
            "name": "1RV22MC091",
            "network_data": [
              {
                "gateway": "172.16.3.254",
                "global_ipv6_address": "",
                "global_ipv6_prefix_length": 0,
                "ip_address": "172.16.3.230",
                "ip_prefix_length": 23,
                "ipv6_gateway": "",
                "network_name": "macvlan"
              }
            ],
            "network_mode": "default",
            "networks_advanced": [
              {
                "aliases": [],
                "ipv4_address": "",
                "ipv6_address": "",
                "name": "2a59b0dd9fcb76519a32ac10f324bd6dcf7f0adab3834219d2c1c80ffb73006a"
              }
            ],
            "pid_mode": "",
            "ports": [],
            "privileged": false,
            "publish_all_ports": false,
            "read_only": false,
            "remove_volumes": true,
            "restart": "no",
            "rm": false,
            "runtime": "runc",
            "security_opts": [],
            "shm_size": 64,
            "start": true,
            "stdin_open": false,
            "stop_signal": "",
            "stop_timeout": 0,
            "storage_opts": null,
            "sysctls": null,
            "tmpfs": null,
            "tty": false,
            "ulimit": [],
            "upload": [],
            "user": "",
            "userns_mode": "",
            "volumes": [],
            "wait": false,
            "wait_timeout": 60,
            "working_dir": ""
          },
          "sensitive_attributes": [],
          "private": "eyJzY2hlbWFfdmVyc2lvbiI6IjIifQ==",
          "dependencies": [
            "docker_image.rvce-mca-lss-login",
            "docker_network.macvlan"
          ]
        },
        {
          "index_key": 91,
          "schema_version": 2,
          "attributes": {
            "attach": false,
            "bridge": "",
            "capabilities": [],
            "cgroupns_mode": null,
            "command": [],
            "container_logs": null,
            "container_read_refresh_timeout_milliseconds": 15000,
            "cpu_set": "",
            "cpu_shares": 0,
            "destroy_grace_seconds": null,
            "devices": [],
            "dns": null,
            "dns_opts": null,
            "dns_search": null,
            "domainname": "",
            "entrypoint": [
              "tail",
              "-f",
              "/dev/null"
            ],
            "env": [],
            "exit_code": null,
            "gpus": null,
            "group_add": null,
            "healthcheck": null,
            "host": [],
            "hostname": "b17480c686c8",
            "id": "b17480c686c839b209055e51169efc61d2beb02f0d1e8b150ab864e22e003e3f",
            "image": "sha256:16d2b8eb5c875dab2eff47da45892a6b213d437cfb4aaaae3feb5549828fb61d",
            "init": false,
            "ipc_mode": "private",
            "labels": [],
            "log_driver": "json-file",
            "log_opts": null,
            "logs": false,
            "max_retry_count": 0,
            "memory": 512,
            "memory_swap": 1024,
            "mounts": [],
            "must_run": true,
            "name": "1RV22MC092",
            "network_data": [
              {
                "gateway": "172.16.3.254",
                "global_ipv6_address": "",
                "global_ipv6_prefix_length": 0,
                "ip_address": "172.16.3.158",
                "ip_prefix_length": 23,
                "ipv6_gateway": "",
                "network_name": "macvlan"
              }
            ],
            "network_mode": "default",
            "networks_advanced": [
              {
                "aliases": [],
                "ipv4_address": "",
                "ipv6_address": "",
                "name": "2a59b0dd9fcb76519a32ac10f324bd6dcf7f0adab3834219d2c1c80ffb73006a"
              }
            ],
            "pid_mode": "",
            "ports": [],
            "privileged": false,
            "publish_all_ports": false,
            "read_only": false,
            "remove_volumes": true,
            "restart": "no",
            "rm": false,
            "runtime": "runc",
            "security_opts": [],
            "shm_size": 64,
            "start": true,
            "stdin_open": false,
            "stop_signal": "",
            "stop_timeout": 0,
            "storage_opts": null,
            "sysctls": null,
            "tmpfs": null,
            "tty": false,
            "ulimit": [],
            "upload": [],
            "user": "",
            "userns_mode": "",
            "volumes": [],
            "wait": false,
            "wait_timeout": 60,
            "working_dir": ""
          },
          "sensitive_attributes": [],
          "private": "eyJzY2hlbWFfdmVyc2lvbiI6IjIifQ==",
          "dependencies": [
            "docker_image.rvce-mca-lss-login",
            "docker_network.macvlan"
          ]
        },
        {
          "index_key": 92,
          "schema_version": 2,
          "attributes": {
            "attach": false,
            "bridge": "",
            "capabilities": [],
            "cgroupns_mode": null,
            "command": [],
            "container_logs": null,
            "container_read_refresh_timeout_milliseconds": 15000,
            "cpu_set": "",
            "cpu_shares": 0,
            "destroy_grace_seconds": null,
            "devices": [],
            "dns": null,
            "dns_opts": null,
            "dns_search": null,
            "domainname": "",
            "entrypoint": [
              "tail",
              "-f",
              "/dev/null"
            ],
            "env": [],
            "exit_code": null,
            "gpus": null,
            "group_add": null,
            "healthcheck": null,
            "host": [],
            "hostname": "40ee62b222f8",
            "id": "40ee62b222f8a5c42ff0444ae29d2b04c99b1bc6d9046defd41f934fdab3bf43",
            "image": "sha256:16d2b8eb5c875dab2eff47da45892a6b213d437cfb4aaaae3feb5549828fb61d",
            "init": false,
            "ipc_mode": "private",
            "labels": [],
            "log_driver": "json-file",
            "log_opts": null,
            "logs": false,
            "max_retry_count": 0,
            "memory": 512,
            "memory_swap": 1024,
            "mounts": [],
            "must_run": true,
            "name": "1RV22MC093",
            "network_data": [
              {
                "gateway": "172.16.3.254",
                "global_ipv6_address": "",
                "global_ipv6_prefix_length": 0,
                "ip_address": "172.16.3.153",
                "ip_prefix_length": 23,
                "ipv6_gateway": "",
                "network_name": "macvlan"
              }
            ],
            "network_mode": "default",
            "networks_advanced": [
              {
                "aliases": [],
                "ipv4_address": "",
                "ipv6_address": "",
                "name": "2a59b0dd9fcb76519a32ac10f324bd6dcf7f0adab3834219d2c1c80ffb73006a"
              }
            ],
            "pid_mode": "",
            "ports": [],
            "privileged": false,
            "publish_all_ports": false,
            "read_only": false,
            "remove_volumes": true,
            "restart": "no",
            "rm": false,
            "runtime": "runc",
            "security_opts": [],
            "shm_size": 64,
            "start": true,
            "stdin_open": false,
            "stop_signal": "",
            "stop_timeout": 0,
            "storage_opts": null,
            "sysctls": null,
            "tmpfs": null,
            "tty": false,
            "ulimit": [],
            "upload": [],
            "user": "",
            "userns_mode": "",
            "volumes": [],
            "wait": false,
            "wait_timeout": 60,
            "working_dir": ""
          },
          "sensitive_attributes": [],
          "private": "eyJzY2hlbWFfdmVyc2lvbiI6IjIifQ==",
          "dependencies": [
            "docker_image.rvce-mca-lss-login",
            "docker_network.macvlan"
          ]
        },
        {
          "index_key": 93,
          "schema_version": 2,
          "attributes": {
            "attach": false,
            "bridge": "",
            "capabilities": [],
            "cgroupns_mode": null,
            "command": [],
            "container_logs": null,
            "container_read_refresh_timeout_milliseconds": 15000,
            "cpu_set": "",
            "cpu_shares": 0,
            "destroy_grace_seconds": null,
            "devices": [],
            "dns": null,
            "dns_opts": null,
            "dns_search": null,
            "domainname": "",
            "entrypoint": [
              "tail",
              "-f",
              "/dev/null"
            ],
            "env": [],
            "exit_code": null,
            "gpus": null,
            "group_add": null,
            "healthcheck": null,
            "host": [],
            "hostname": "eae6e5e1104f",
            "id": "eae6e5e1104f18671c691714364cee727fa1298ac94651f7606a4d9be408375f",
            "image": "sha256:16d2b8eb5c875dab2eff47da45892a6b213d437cfb4aaaae3feb5549828fb61d",
            "init": false,
            "ipc_mode": "private",
            "labels": [],
            "log_driver": "json-file",
            "log_opts": null,
            "logs": false,
            "max_retry_count": 0,
            "memory": 512,
            "memory_swap": 1024,
            "mounts": [],
            "must_run": true,
            "name": "1RV22MC094",
            "network_data": [
              {
                "gateway": "172.16.3.254",
                "global_ipv6_address": "",
                "global_ipv6_prefix_length": 0,
                "ip_address": "172.16.3.207",
                "ip_prefix_length": 23,
                "ipv6_gateway": "",
                "network_name": "macvlan"
              }
            ],
            "network_mode": "default",
            "networks_advanced": [
              {
                "aliases": [],
                "ipv4_address": "",
                "ipv6_address": "",
                "name": "2a59b0dd9fcb76519a32ac10f324bd6dcf7f0adab3834219d2c1c80ffb73006a"
              }
            ],
            "pid_mode": "",
            "ports": [],
            "privileged": false,
            "publish_all_ports": false,
            "read_only": false,
            "remove_volumes": true,
            "restart": "no",
            "rm": false,
            "runtime": "runc",
            "security_opts": [],
            "shm_size": 64,
            "start": true,
            "stdin_open": false,
            "stop_signal": "",
            "stop_timeout": 0,
            "storage_opts": null,
            "sysctls": null,
            "tmpfs": null,
            "tty": false,
            "ulimit": [],
            "upload": [],
            "user": "",
            "userns_mode": "",
            "volumes": [],
            "wait": false,
            "wait_timeout": 60,
            "working_dir": ""
          },
          "sensitive_attributes": [],
          "private": "eyJzY2hlbWFfdmVyc2lvbiI6IjIifQ==",
          "dependencies": [
            "docker_image.rvce-mca-lss-login",
            "docker_network.macvlan"
          ]
        },
        {
          "index_key": 94,
          "schema_version": 2,
          "attributes": {
            "attach": false,
            "bridge": "",
            "capabilities": [],
            "cgroupns_mode": null,
            "command": [],
            "container_logs": null,
            "container_read_refresh_timeout_milliseconds": 15000,
            "cpu_set": "",
            "cpu_shares": 0,
            "destroy_grace_seconds": null,
            "devices": [],
            "dns": null,
            "dns_opts": null,
            "dns_search": null,
            "domainname": "",
            "entrypoint": [
              "tail",
              "-f",
              "/dev/null"
            ],
            "env": [],
            "exit_code": null,
            "gpus": null,
            "group_add": null,
            "healthcheck": null,
            "host": [],
            "hostname": "f09316f9d040",
            "id": "f09316f9d0401580b526ebe7f3307b389fcaf7f61ba522b3a3605e0caf3ec8e1",
            "image": "sha256:16d2b8eb5c875dab2eff47da45892a6b213d437cfb4aaaae3feb5549828fb61d",
            "init": false,
            "ipc_mode": "private",
            "labels": [],
            "log_driver": "json-file",
            "log_opts": null,
            "logs": false,
            "max_retry_count": 0,
            "memory": 512,
            "memory_swap": 1024,
            "mounts": [],
            "must_run": true,
            "name": "1RV22MC095",
            "network_data": [
              {
                "gateway": "172.16.3.254",
                "global_ipv6_address": "",
                "global_ipv6_prefix_length": 0,
                "ip_address": "172.16.3.175",
                "ip_prefix_length": 23,
                "ipv6_gateway": "",
                "network_name": "macvlan"
              }
            ],
            "network_mode": "default",
            "networks_advanced": [
              {
                "aliases": [],
                "ipv4_address": "",
                "ipv6_address": "",
                "name": "2a59b0dd9fcb76519a32ac10f324bd6dcf7f0adab3834219d2c1c80ffb73006a"
              }
            ],
            "pid_mode": "",
            "ports": [],
            "privileged": false,
            "publish_all_ports": false,
            "read_only": false,
            "remove_volumes": true,
            "restart": "no",
            "rm": false,
            "runtime": "runc",
            "security_opts": [],
            "shm_size": 64,
            "start": true,
            "stdin_open": false,
            "stop_signal": "",
            "stop_timeout": 0,
            "storage_opts": null,
            "sysctls": null,
            "tmpfs": null,
            "tty": false,
            "ulimit": [],
            "upload": [],
            "user": "",
            "userns_mode": "",
            "volumes": [],
            "wait": false,
            "wait_timeout": 60,
            "working_dir": ""
          },
          "sensitive_attributes": [],
          "private": "eyJzY2hlbWFfdmVyc2lvbiI6IjIifQ==",
          "dependencies": [
            "docker_image.rvce-mca-lss-login",
            "docker_network.macvlan"
          ]
        },
        {
          "index_key": 95,
          "schema_version": 2,
          "attributes": {
            "attach": false,
            "bridge": "",
            "capabilities": [],
            "cgroupns_mode": null,
            "command": [],
            "container_logs": null,
            "container_read_refresh_timeout_milliseconds": 15000,
            "cpu_set": "",
            "cpu_shares": 0,
            "destroy_grace_seconds": null,
            "devices": [],
            "dns": null,
            "dns_opts": null,
            "dns_search": null,
            "domainname": "",
            "entrypoint": [
              "tail",
              "-f",
              "/dev/null"
            ],
            "env": [],
            "exit_code": null,
            "gpus": null,
            "group_add": null,
            "healthcheck": null,
            "host": [],
            "hostname": "5f1b1c9c15f8",
            "id": "5f1b1c9c15f806586e15aa83cb44cdc8ccdffa27eedf8070c52020ddfd9ea785",
            "image": "sha256:16d2b8eb5c875dab2eff47da45892a6b213d437cfb4aaaae3feb5549828fb61d",
            "init": false,
            "ipc_mode": "private",
            "labels": [],
            "log_driver": "json-file",
            "log_opts": null,
            "logs": false,
            "max_retry_count": 0,
            "memory": 512,
            "memory_swap": 1024,
            "mounts": [],
            "must_run": true,
            "name": "1RV22MC096",
            "network_data": [
              {
                "gateway": "172.16.3.254",
                "global_ipv6_address": "",
                "global_ipv6_prefix_length": 0,
                "ip_address": "172.16.3.162",
                "ip_prefix_length": 23,
                "ipv6_gateway": "",
                "network_name": "macvlan"
              }
            ],
            "network_mode": "default",
            "networks_advanced": [
              {
                "aliases": [],
                "ipv4_address": "",
                "ipv6_address": "",
                "name": "2a59b0dd9fcb76519a32ac10f324bd6dcf7f0adab3834219d2c1c80ffb73006a"
              }
            ],
            "pid_mode": "",
            "ports": [],
            "privileged": false,
            "publish_all_ports": false,
            "read_only": false,
            "remove_volumes": true,
            "restart": "no",
            "rm": false,
            "runtime": "runc",
            "security_opts": [],
            "shm_size": 64,
            "start": true,
            "stdin_open": false,
            "stop_signal": "",
            "stop_timeout": 0,
            "storage_opts": null,
            "sysctls": null,
            "tmpfs": null,
            "tty": false,
            "ulimit": [],
            "upload": [],
            "user": "",
            "userns_mode": "",
            "volumes": [],
            "wait": false,
            "wait_timeout": 60,
            "working_dir": ""
          },
          "sensitive_attributes": [],
          "private": "eyJzY2hlbWFfdmVyc2lvbiI6IjIifQ==",
          "dependencies": [
            "docker_image.rvce-mca-lss-login",
            "docker_network.macvlan"
          ]
        },
        {
          "index_key": 96,
          "schema_version": 2,
          "attributes": {
            "attach": false,
            "bridge": "",
            "capabilities": [],
            "cgroupns_mode": null,
            "command": [],
            "container_logs": null,
            "container_read_refresh_timeout_milliseconds": 15000,
            "cpu_set": "",
            "cpu_shares": 0,
            "destroy_grace_seconds": null,
            "devices": [],
            "dns": null,
            "dns_opts": null,
            "dns_search": null,
            "domainname": "",
            "entrypoint": [
              "tail",
              "-f",
              "/dev/null"
            ],
            "env": [],
            "exit_code": null,
            "gpus": null,
            "group_add": null,
            "healthcheck": null,
            "host": [],
            "hostname": "30d609fef472",
            "id": "30d609fef472cc35b04a47375ed942d8c0ea56f82440b037d589648216aa98c9",
            "image": "sha256:16d2b8eb5c875dab2eff47da45892a6b213d437cfb4aaaae3feb5549828fb61d",
            "init": false,
            "ipc_mode": "private",
            "labels": [],
            "log_driver": "json-file",
            "log_opts": null,
            "logs": false,
            "max_retry_count": 0,
            "memory": 512,
            "memory_swap": 1024,
            "mounts": [],
            "must_run": true,
            "name": "1RV22MC097",
            "network_data": [
              {
                "gateway": "172.16.3.254",
                "global_ipv6_address": "",
                "global_ipv6_prefix_length": 0,
                "ip_address": "172.16.3.145",
                "ip_prefix_length": 23,
                "ipv6_gateway": "",
                "network_name": "macvlan"
              }
            ],
            "network_mode": "default",
            "networks_advanced": [
              {
                "aliases": [],
                "ipv4_address": "",
                "ipv6_address": "",
                "name": "2a59b0dd9fcb76519a32ac10f324bd6dcf7f0adab3834219d2c1c80ffb73006a"
              }
            ],
            "pid_mode": "",
            "ports": [],
            "privileged": false,
            "publish_all_ports": false,
            "read_only": false,
            "remove_volumes": true,
            "restart": "no",
            "rm": false,
            "runtime": "runc",
            "security_opts": [],
            "shm_size": 64,
            "start": true,
            "stdin_open": false,
            "stop_signal": "",
            "stop_timeout": 0,
            "storage_opts": null,
            "sysctls": null,
            "tmpfs": null,
            "tty": false,
            "ulimit": [],
            "upload": [],
            "user": "",
            "userns_mode": "",
            "volumes": [],
            "wait": false,
            "wait_timeout": 60,
            "working_dir": ""
          },
          "sensitive_attributes": [],
          "private": "eyJzY2hlbWFfdmVyc2lvbiI6IjIifQ==",
          "dependencies": [
            "docker_image.rvce-mca-lss-login",
            "docker_network.macvlan"
          ]
        },
        {
          "index_key": 97,
          "schema_version": 2,
          "attributes": {
            "attach": false,
            "bridge": "",
            "capabilities": [],
            "cgroupns_mode": null,
            "command": [],
            "container_logs": null,
            "container_read_refresh_timeout_milliseconds": 15000,
            "cpu_set": "",
            "cpu_shares": 0,
            "destroy_grace_seconds": null,
            "devices": [],
            "dns": null,
            "dns_opts": null,
            "dns_search": null,
            "domainname": "",
            "entrypoint": [
              "tail",
              "-f",
              "/dev/null"
            ],
            "env": [],
            "exit_code": null,
            "gpus": null,
            "group_add": null,
            "healthcheck": null,
            "host": [],
            "hostname": "51ee1f7a20fa",
            "id": "51ee1f7a20facfa4d0caba2c4729880ae1a6709c7837ce1e243bcfcc3f9369f4",
            "image": "sha256:16d2b8eb5c875dab2eff47da45892a6b213d437cfb4aaaae3feb5549828fb61d",
            "init": false,
            "ipc_mode": "private",
            "labels": [],
            "log_driver": "json-file",
            "log_opts": null,
            "logs": false,
            "max_retry_count": 0,
            "memory": 512,
            "memory_swap": 1024,
            "mounts": [],
            "must_run": true,
            "name": "1RV22MC098",
            "network_data": [
              {
                "gateway": "172.16.3.254",
                "global_ipv6_address": "",
                "global_ipv6_prefix_length": 0,
                "ip_address": "172.16.3.155",
                "ip_prefix_length": 23,
                "ipv6_gateway": "",
                "network_name": "macvlan"
              }
            ],
            "network_mode": "default",
            "networks_advanced": [
              {
                "aliases": [],
                "ipv4_address": "",
                "ipv6_address": "",
                "name": "2a59b0dd9fcb76519a32ac10f324bd6dcf7f0adab3834219d2c1c80ffb73006a"
              }
            ],
            "pid_mode": "",
            "ports": [],
            "privileged": false,
            "publish_all_ports": false,
            "read_only": false,
            "remove_volumes": true,
            "restart": "no",
            "rm": false,
            "runtime": "runc",
            "security_opts": [],
            "shm_size": 64,
            "start": true,
            "stdin_open": false,
            "stop_signal": "",
            "stop_timeout": 0,
            "storage_opts": null,
            "sysctls": null,
            "tmpfs": null,
            "tty": false,
            "ulimit": [],
            "upload": [],
            "user": "",
            "userns_mode": "",
            "volumes": [],
            "wait": false,
            "wait_timeout": 60,
            "working_dir": ""
          },
          "sensitive_attributes": [],
          "private": "eyJzY2hlbWFfdmVyc2lvbiI6IjIifQ==",
          "dependencies": [
            "docker_image.rvce-mca-lss-login",
            "docker_network.macvlan"
          ]
        },
        {
          "index_key": 98,
          "schema_version": 2,
          "attributes": {
            "attach": false,
            "bridge": "",
            "capabilities": [],
            "cgroupns_mode": null,
            "command": [],
            "container_logs": null,
            "container_read_refresh_timeout_milliseconds": 15000,
            "cpu_set": "",
            "cpu_shares": 0,
            "destroy_grace_seconds": null,
            "devices": [],
            "dns": null,
            "dns_opts": null,
            "dns_search": null,
            "domainname": "",
            "entrypoint": [
              "tail",
              "-f",
              "/dev/null"
            ],
            "env": [],
            "exit_code": null,
            "gpus": null,
            "group_add": null,
            "healthcheck": null,
            "host": [],
            "hostname": "77369d9a4d80",
            "id": "77369d9a4d80e8411591466c46faae1a975d479f937837b24896566d1730f443",
            "image": "sha256:16d2b8eb5c875dab2eff47da45892a6b213d437cfb4aaaae3feb5549828fb61d",
            "init": false,
            "ipc_mode": "private",
            "labels": [],
            "log_driver": "json-file",
            "log_opts": null,
            "logs": false,
            "max_retry_count": 0,
            "memory": 512,
            "memory_swap": 1024,
            "mounts": [],
            "must_run": true,
            "name": "1RV22MC099",
            "network_data": [
              {
                "gateway": "172.16.3.254",
                "global_ipv6_address": "",
                "global_ipv6_prefix_length": 0,
                "ip_address": "172.16.3.142",
                "ip_prefix_length": 23,
                "ipv6_gateway": "",
                "network_name": "macvlan"
              }
            ],
            "network_mode": "default",
            "networks_advanced": [
              {
                "aliases": [],
                "ipv4_address": "",
                "ipv6_address": "",
                "name": "2a59b0dd9fcb76519a32ac10f324bd6dcf7f0adab3834219d2c1c80ffb73006a"
              }
            ],
            "pid_mode": "",
            "ports": [],
            "privileged": false,
            "publish_all_ports": false,
            "read_only": false,
            "remove_volumes": true,
            "restart": "no",
            "rm": false,
            "runtime": "runc",
            "security_opts": [],
            "shm_size": 64,
            "start": true,
            "stdin_open": false,
            "stop_signal": "",
            "stop_timeout": 0,
            "storage_opts": null,
            "sysctls": null,
            "tmpfs": null,
            "tty": false,
            "ulimit": [],
            "upload": [],
            "user": "",
            "userns_mode": "",
            "volumes": [],
            "wait": false,
            "wait_timeout": 60,
            "working_dir": ""
          },
          "sensitive_attributes": [],
          "private": "eyJzY2hlbWFfdmVyc2lvbiI6IjIifQ==",
          "dependencies": [
            "docker_image.rvce-mca-lss-login",
            "docker_network.macvlan"
          ]
        },
        {
          "index_key": 99,
          "schema_version": 2,
          "attributes": {
            "attach": false,
            "bridge": "",
            "capabilities": [],
            "cgroupns_mode": null,
            "command": [],
            "container_logs": null,
            "container_read_refresh_timeout_milliseconds": 15000,
            "cpu_set": "",
            "cpu_shares": 0,
            "destroy_grace_seconds": null,
            "devices": [],
            "dns": null,
            "dns_opts": null,
            "dns_search": null,
            "domainname": "",
            "entrypoint": [
              "tail",
              "-f",
              "/dev/null"
            ],
            "env": [],
            "exit_code": null,
            "gpus": null,
            "group_add": null,
            "healthcheck": null,
            "host": [],
            "hostname": "720f8f92b805",
            "id": "720f8f92b80531f3355a8ed23dd076790247c445cf24484c8b06b8c26545a332",
            "image": "sha256:16d2b8eb5c875dab2eff47da45892a6b213d437cfb4aaaae3feb5549828fb61d",
            "init": false,
            "ipc_mode": "private",
            "labels": [],
            "log_driver": "json-file",
            "log_opts": null,
            "logs": false,
            "max_retry_count": 0,
            "memory": 512,
            "memory_swap": 1024,
            "mounts": [],
            "must_run": true,
            "name": "1RV22MC100",
            "network_data": [
              {
                "gateway": "172.16.3.254",
                "global_ipv6_address": "",
                "global_ipv6_prefix_length": 0,
                "ip_address": "172.16.3.219",
                "ip_prefix_length": 23,
                "ipv6_gateway": "",
                "network_name": "macvlan"
              }
            ],
            "network_mode": "default",
            "networks_advanced": [
              {
                "aliases": [],
                "ipv4_address": "",
                "ipv6_address": "",
                "name": "2a59b0dd9fcb76519a32ac10f324bd6dcf7f0adab3834219d2c1c80ffb73006a"
              }
            ],
            "pid_mode": "",
            "ports": [],
            "privileged": false,
            "publish_all_ports": false,
            "read_only": false,
            "remove_volumes": true,
            "restart": "no",
            "rm": false,
            "runtime": "runc",
            "security_opts": [],
            "shm_size": 64,
            "start": true,
            "stdin_open": false,
            "stop_signal": "",
            "stop_timeout": 0,
            "storage_opts": null,
            "sysctls": null,
            "tmpfs": null,
            "tty": false,
            "ulimit": [],
            "upload": [],
            "user": "",
            "userns_mode": "",
            "volumes": [],
            "wait": false,
            "wait_timeout": 60,
            "working_dir": ""
          },
          "sensitive_attributes": [],
          "private": "eyJzY2hlbWFfdmVyc2lvbiI6IjIifQ==",
          "dependencies": [
            "docker_image.rvce-mca-lss-login",
            "docker_network.macvlan"
          ]
        },
        {
          "index_key": 100,
          "schema_version": 2,
          "attributes": {
            "attach": false,
            "bridge": "",
            "capabilities": [],
            "cgroupns_mode": null,
            "command": [],
            "container_logs": null,
            "container_read_refresh_timeout_milliseconds": 15000,
            "cpu_set": "",
            "cpu_shares": 0,
            "destroy_grace_seconds": null,
            "devices": [],
            "dns": null,
            "dns_opts": null,
            "dns_search": null,
            "domainname": "",
            "entrypoint": [
              "tail",
              "-f",
              "/dev/null"
            ],
            "env": [],
            "exit_code": null,
            "gpus": null,
            "group_add": null,
            "healthcheck": null,
            "host": [],
            "hostname": "2dc45de279ab",
            "id": "2dc45de279ab9aeb3bf817c96eb4021fa4b6ab312598a8d0b9bd112804320f71",
            "image": "sha256:16d2b8eb5c875dab2eff47da45892a6b213d437cfb4aaaae3feb5549828fb61d",
            "init": false,
            "ipc_mode": "private",
            "labels": [],
            "log_driver": "json-file",
            "log_opts": null,
            "logs": false,
            "max_retry_count": 0,
            "memory": 512,
            "memory_swap": 1024,
            "mounts": [],
            "must_run": true,
            "name": "1RV22MC101",
            "network_data": [
              {
                "gateway": "172.16.3.254",
                "global_ipv6_address": "",
                "global_ipv6_prefix_length": 0,
                "ip_address": "172.16.3.137",
                "ip_prefix_length": 23,
                "ipv6_gateway": "",
                "network_name": "macvlan"
              }
            ],
            "network_mode": "default",
            "networks_advanced": [
              {
                "aliases": [],
                "ipv4_address": "",
                "ipv6_address": "",
                "name": "2a59b0dd9fcb76519a32ac10f324bd6dcf7f0adab3834219d2c1c80ffb73006a"
              }
            ],
            "pid_mode": "",
            "ports": [],
            "privileged": false,
            "publish_all_ports": false,
            "read_only": false,
            "remove_volumes": true,
            "restart": "no",
            "rm": false,
            "runtime": "runc",
            "security_opts": [],
            "shm_size": 64,
            "start": true,
            "stdin_open": false,
            "stop_signal": "",
            "stop_timeout": 0,
            "storage_opts": null,
            "sysctls": null,
            "tmpfs": null,
            "tty": false,
            "ulimit": [],
            "upload": [],
            "user": "",
            "userns_mode": "",
            "volumes": [],
            "wait": false,
            "wait_timeout": 60,
            "working_dir": ""
          },
          "sensitive_attributes": [],
          "private": "eyJzY2hlbWFfdmVyc2lvbiI6IjIifQ==",
          "dependencies": [
            "docker_image.rvce-mca-lss-login",
            "docker_network.macvlan"
          ]
        },
        {
          "index_key": 101,
          "schema_version": 2,
          "attributes": {
            "attach": false,
            "bridge": "",
            "capabilities": [],
            "cgroupns_mode": null,
            "command": [],
            "container_logs": null,
            "container_read_refresh_timeout_milliseconds": 15000,
            "cpu_set": "",
            "cpu_shares": 0,
            "destroy_grace_seconds": null,
            "devices": [],
            "dns": null,
            "dns_opts": null,
            "dns_search": null,
            "domainname": "",
            "entrypoint": [
              "tail",
              "-f",
              "/dev/null"
            ],
            "env": [],
            "exit_code": null,
            "gpus": null,
            "group_add": null,
            "healthcheck": null,
            "host": [],
            "hostname": "0b32ff75348b",
            "id": "0b32ff75348bcbba4f1a710fe47f0056044580a098377e1241c980db3eba4193",
            "image": "sha256:16d2b8eb5c875dab2eff47da45892a6b213d437cfb4aaaae3feb5549828fb61d",
            "init": false,
            "ipc_mode": "private",
            "labels": [],
            "log_driver": "json-file",
            "log_opts": null,
            "logs": false,
            "max_retry_count": 0,
            "memory": 512,
            "memory_swap": 1024,
            "mounts": [],
            "must_run": true,
            "name": "1RV22MC102",
            "network_data": [
              {
                "gateway": "172.16.3.254",
                "global_ipv6_address": "",
                "global_ipv6_prefix_length": 0,
                "ip_address": "172.16.3.198",
                "ip_prefix_length": 23,
                "ipv6_gateway": "",
                "network_name": "macvlan"
              }
            ],
            "network_mode": "default",
            "networks_advanced": [
              {
                "aliases": [],
                "ipv4_address": "",
                "ipv6_address": "",
                "name": "2a59b0dd9fcb76519a32ac10f324bd6dcf7f0adab3834219d2c1c80ffb73006a"
              }
            ],
            "pid_mode": "",
            "ports": [],
            "privileged": false,
            "publish_all_ports": false,
            "read_only": false,
            "remove_volumes": true,
            "restart": "no",
            "rm": false,
            "runtime": "runc",
            "security_opts": [],
            "shm_size": 64,
            "start": true,
            "stdin_open": false,
            "stop_signal": "",
            "stop_timeout": 0,
            "storage_opts": null,
            "sysctls": null,
            "tmpfs": null,
            "tty": false,
            "ulimit": [],
            "upload": [],
            "user": "",
            "userns_mode": "",
            "volumes": [],
            "wait": false,
            "wait_timeout": 60,
            "working_dir": ""
          },
          "sensitive_attributes": [],
          "private": "eyJzY2hlbWFfdmVyc2lvbiI6IjIifQ==",
          "dependencies": [
            "docker_image.rvce-mca-lss-login",
            "docker_network.macvlan"
          ]
        },
        {
          "index_key": 102,
          "schema_version": 2,
          "attributes": {
            "attach": false,
            "bridge": "",
            "capabilities": [],
            "cgroupns_mode": null,
            "command": [],
            "container_logs": null,
            "container_read_refresh_timeout_milliseconds": 15000,
            "cpu_set": "",
            "cpu_shares": 0,
            "destroy_grace_seconds": null,
            "devices": [],
            "dns": null,
            "dns_opts": null,
            "dns_search": null,
            "domainname": "",
            "entrypoint": [
              "tail",
              "-f",
              "/dev/null"
            ],
            "env": [],
            "exit_code": null,
            "gpus": null,
            "group_add": null,
            "healthcheck": null,
            "host": [],
            "hostname": "50099443c571",
            "id": "50099443c57180d87cf5ee267f39114f096b5ecf2555079643dd73b065e7c3d1",
            "image": "sha256:16d2b8eb5c875dab2eff47da45892a6b213d437cfb4aaaae3feb5549828fb61d",
            "init": false,
            "ipc_mode": "private",
            "labels": [],
            "log_driver": "json-file",
            "log_opts": null,
            "logs": false,
            "max_retry_count": 0,
            "memory": 512,
            "memory_swap": 1024,
            "mounts": [],
            "must_run": true,
            "name": "1RV22MC103",
            "network_data": [
              {
                "gateway": "172.16.3.254",
                "global_ipv6_address": "",
                "global_ipv6_prefix_length": 0,
                "ip_address": "172.16.3.138",
                "ip_prefix_length": 23,
                "ipv6_gateway": "",
                "network_name": "macvlan"
              }
            ],
            "network_mode": "default",
            "networks_advanced": [
              {
                "aliases": [],
                "ipv4_address": "",
                "ipv6_address": "",
                "name": "2a59b0dd9fcb76519a32ac10f324bd6dcf7f0adab3834219d2c1c80ffb73006a"
              }
            ],
            "pid_mode": "",
            "ports": [],
            "privileged": false,
            "publish_all_ports": false,
            "read_only": false,
            "remove_volumes": true,
            "restart": "no",
            "rm": false,
            "runtime": "runc",
            "security_opts": [],
            "shm_size": 64,
            "start": true,
            "stdin_open": false,
            "stop_signal": "",
            "stop_timeout": 0,
            "storage_opts": null,
            "sysctls": null,
            "tmpfs": null,
            "tty": false,
            "ulimit": [],
            "upload": [],
            "user": "",
            "userns_mode": "",
            "volumes": [],
            "wait": false,
            "wait_timeout": 60,
            "working_dir": ""
          },
          "sensitive_attributes": [],
          "private": "eyJzY2hlbWFfdmVyc2lvbiI6IjIifQ==",
          "dependencies": [
            "docker_image.rvce-mca-lss-login",
            "docker_network.macvlan"
          ]
        },
        {
          "index_key": 103,
          "schema_version": 2,
          "attributes": {
            "attach": false,
            "bridge": "",
            "capabilities": [],
            "cgroupns_mode": null,
            "command": [],
            "container_logs": null,
            "container_read_refresh_timeout_milliseconds": 15000,
            "cpu_set": "",
            "cpu_shares": 0,
            "destroy_grace_seconds": null,
            "devices": [],
            "dns": null,
            "dns_opts": null,
            "dns_search": null,
            "domainname": "",
            "entrypoint": [
              "tail",
              "-f",
              "/dev/null"
            ],
            "env": [],
            "exit_code": null,
            "gpus": null,
            "group_add": null,
            "healthcheck": null,
            "host": [],
            "hostname": "48538efeb92a",
            "id": "48538efeb92acfddc906a8834a308321a88082c2d72e05eb172a823a742e71ab",
            "image": "sha256:16d2b8eb5c875dab2eff47da45892a6b213d437cfb4aaaae3feb5549828fb61d",
            "init": false,
            "ipc_mode": "private",
            "labels": [],
            "log_driver": "json-file",
            "log_opts": null,
            "logs": false,
            "max_retry_count": 0,
            "memory": 512,
            "memory_swap": 1024,
            "mounts": [],
            "must_run": true,
            "name": "1RV22MC104",
            "network_data": [
              {
                "gateway": "172.16.3.254",
                "global_ipv6_address": "",
                "global_ipv6_prefix_length": 0,
                "ip_address": "172.16.3.133",
                "ip_prefix_length": 23,
                "ipv6_gateway": "",
                "network_name": "macvlan"
              }
            ],
            "network_mode": "default",
            "networks_advanced": [
              {
                "aliases": [],
                "ipv4_address": "",
                "ipv6_address": "",
                "name": "2a59b0dd9fcb76519a32ac10f324bd6dcf7f0adab3834219d2c1c80ffb73006a"
              }
            ],
            "pid_mode": "",
            "ports": [],
            "privileged": false,
            "publish_all_ports": false,
            "read_only": false,
            "remove_volumes": true,
            "restart": "no",
            "rm": false,
            "runtime": "runc",
            "security_opts": [],
            "shm_size": 64,
            "start": true,
            "stdin_open": false,
            "stop_signal": "",
            "stop_timeout": 0,
            "storage_opts": null,
            "sysctls": null,
            "tmpfs": null,
            "tty": false,
            "ulimit": [],
            "upload": [],
            "user": "",
            "userns_mode": "",
            "volumes": [],
            "wait": false,
            "wait_timeout": 60,
            "working_dir": ""
          },
          "sensitive_attributes": [],
          "private": "eyJzY2hlbWFfdmVyc2lvbiI6IjIifQ==",
          "dependencies": [
            "docker_image.rvce-mca-lss-login",
            "docker_network.macvlan"
          ]
        },
        {
          "index_key": 104,
          "schema_version": 2,
          "attributes": {
            "attach": false,
            "bridge": "",
            "capabilities": [],
            "cgroupns_mode": null,
            "command": [],
            "container_logs": null,
            "container_read_refresh_timeout_milliseconds": 15000,
            "cpu_set": "",
            "cpu_shares": 0,
            "destroy_grace_seconds": null,
            "devices": [],
            "dns": null,
            "dns_opts": null,
            "dns_search": null,
            "domainname": "",
            "entrypoint": [
              "tail",
              "-f",
              "/dev/null"
            ],
            "env": [],
            "exit_code": null,
            "gpus": null,
            "group_add": null,
            "healthcheck": null,
            "host": [],
            "hostname": "8dbbb8e960dc",
            "id": "8dbbb8e960dc97e6573dc399f8de97f35151e1c2a57dc625a70da7aedcecb631",
            "image": "sha256:16d2b8eb5c875dab2eff47da45892a6b213d437cfb4aaaae3feb5549828fb61d",
            "init": false,
            "ipc_mode": "private",
            "labels": [],
            "log_driver": "json-file",
            "log_opts": null,
            "logs": false,
            "max_retry_count": 0,
            "memory": 512,
            "memory_swap": 1024,
            "mounts": [],
            "must_run": true,
            "name": "1RV22MC105",
            "network_data": [
              {
                "gateway": "172.16.3.254",
                "global_ipv6_address": "",
                "global_ipv6_prefix_length": 0,
                "ip_address": "172.16.3.233",
                "ip_prefix_length": 23,
                "ipv6_gateway": "",
                "network_name": "macvlan"
              }
            ],
            "network_mode": "default",
            "networks_advanced": [
              {
                "aliases": [],
                "ipv4_address": "",
                "ipv6_address": "",
                "name": "2a59b0dd9fcb76519a32ac10f324bd6dcf7f0adab3834219d2c1c80ffb73006a"
              }
            ],
            "pid_mode": "",
            "ports": [],
            "privileged": false,
            "publish_all_ports": false,
            "read_only": false,
            "remove_volumes": true,
            "restart": "no",
            "rm": false,
            "runtime": "runc",
            "security_opts": [],
            "shm_size": 64,
            "start": true,
            "stdin_open": false,
            "stop_signal": "",
            "stop_timeout": 0,
            "storage_opts": null,
            "sysctls": null,
            "tmpfs": null,
            "tty": false,
            "ulimit": [],
            "upload": [],
            "user": "",
            "userns_mode": "",
            "volumes": [],
            "wait": false,
            "wait_timeout": 60,
            "working_dir": ""
          },
          "sensitive_attributes": [],
          "private": "eyJzY2hlbWFfdmVyc2lvbiI6IjIifQ==",
          "dependencies": [
            "docker_image.rvce-mca-lss-login",
            "docker_network.macvlan"
          ]
        },
        {
          "index_key": 105,
          "schema_version": 2,
          "attributes": {
            "attach": false,
            "bridge": "",
            "capabilities": [],
            "cgroupns_mode": null,
            "command": [],
            "container_logs": null,
            "container_read_refresh_timeout_milliseconds": 15000,
            "cpu_set": "",
            "cpu_shares": 0,
            "destroy_grace_seconds": null,
            "devices": [],
            "dns": null,
            "dns_opts": null,
            "dns_search": null,
            "domainname": "",
            "entrypoint": [
              "tail",
              "-f",
              "/dev/null"
            ],
            "env": [],
            "exit_code": null,
            "gpus": null,
            "group_add": null,
            "healthcheck": null,
            "host": [],
            "hostname": "2e9543c56f07",
            "id": "2e9543c56f078b58edfd0f372372a656610ccb8842a02b74f80c779865a5f80c",
            "image": "sha256:16d2b8eb5c875dab2eff47da45892a6b213d437cfb4aaaae3feb5549828fb61d",
            "init": false,
            "ipc_mode": "private",
            "labels": [],
            "log_driver": "json-file",
            "log_opts": null,
            "logs": false,
            "max_retry_count": 0,
            "memory": 512,
            "memory_swap": 1024,
            "mounts": [],
            "must_run": true,
            "name": "1RV22MC106",
            "network_data": [
              {
                "gateway": "172.16.3.254",
                "global_ipv6_address": "",
                "global_ipv6_prefix_length": 0,
                "ip_address": "172.16.3.204",
                "ip_prefix_length": 23,
                "ipv6_gateway": "",
                "network_name": "macvlan"
              }
            ],
            "network_mode": "default",
            "networks_advanced": [
              {
                "aliases": [],
                "ipv4_address": "",
                "ipv6_address": "",
                "name": "2a59b0dd9fcb76519a32ac10f324bd6dcf7f0adab3834219d2c1c80ffb73006a"
              }
            ],
            "pid_mode": "",
            "ports": [],
            "privileged": false,
            "publish_all_ports": false,
            "read_only": false,
            "remove_volumes": true,
            "restart": "no",
            "rm": false,
            "runtime": "runc",
            "security_opts": [],
            "shm_size": 64,
            "start": true,
            "stdin_open": false,
            "stop_signal": "",
            "stop_timeout": 0,
            "storage_opts": null,
            "sysctls": null,
            "tmpfs": null,
            "tty": false,
            "ulimit": [],
            "upload": [],
            "user": "",
            "userns_mode": "",
            "volumes": [],
            "wait": false,
            "wait_timeout": 60,
            "working_dir": ""
          },
          "sensitive_attributes": [],
          "private": "eyJzY2hlbWFfdmVyc2lvbiI6IjIifQ==",
          "dependencies": [
            "docker_image.rvce-mca-lss-login",
            "docker_network.macvlan"
          ]
        },
        {
          "index_key": 106,
          "schema_version": 2,
          "attributes": {
            "attach": false,
            "bridge": "",
            "capabilities": [],
            "cgroupns_mode": null,
            "command": [],
            "container_logs": null,
            "container_read_refresh_timeout_milliseconds": 15000,
            "cpu_set": "",
            "cpu_shares": 0,
            "destroy_grace_seconds": null,
            "devices": [],
            "dns": null,
            "dns_opts": null,
            "dns_search": null,
            "domainname": "",
            "entrypoint": [
              "tail",
              "-f",
              "/dev/null"
            ],
            "env": [],
            "exit_code": null,
            "gpus": null,
            "group_add": null,
            "healthcheck": null,
            "host": [],
            "hostname": "da510986ec2b",
            "id": "da510986ec2bec8da2d867970d628a388ccfae8fc49e7fb999aeb71531004379",
            "image": "sha256:16d2b8eb5c875dab2eff47da45892a6b213d437cfb4aaaae3feb5549828fb61d",
            "init": false,
            "ipc_mode": "private",
            "labels": [],
            "log_driver": "json-file",
            "log_opts": null,
            "logs": false,
            "max_retry_count": 0,
            "memory": 512,
            "memory_swap": 1024,
            "mounts": [],
            "must_run": true,
            "name": "1RV22MC107",
            "network_data": [
              {
                "gateway": "172.16.3.254",
                "global_ipv6_address": "",
                "global_ipv6_prefix_length": 0,
                "ip_address": "172.16.3.210",
                "ip_prefix_length": 23,
                "ipv6_gateway": "",
                "network_name": "macvlan"
              }
            ],
            "network_mode": "default",
            "networks_advanced": [
              {
                "aliases": [],
                "ipv4_address": "",
                "ipv6_address": "",
                "name": "2a59b0dd9fcb76519a32ac10f324bd6dcf7f0adab3834219d2c1c80ffb73006a"
              }
            ],
            "pid_mode": "",
            "ports": [],
            "privileged": false,
            "publish_all_ports": false,
            "read_only": false,
            "remove_volumes": true,
            "restart": "no",
            "rm": false,
            "runtime": "runc",
            "security_opts": [],
            "shm_size": 64,
            "start": true,
            "stdin_open": false,
            "stop_signal": "",
            "stop_timeout": 0,
            "storage_opts": null,
            "sysctls": null,
            "tmpfs": null,
            "tty": false,
            "ulimit": [],
            "upload": [],
            "user": "",
            "userns_mode": "",
            "volumes": [],
            "wait": false,
            "wait_timeout": 60,
            "working_dir": ""
          },
          "sensitive_attributes": [],
          "private": "eyJzY2hlbWFfdmVyc2lvbiI6IjIifQ==",
          "dependencies": [
            "docker_image.rvce-mca-lss-login",
            "docker_network.macvlan"
          ]
        },
        {
          "index_key": 107,
          "schema_version": 2,
          "attributes": {
            "attach": false,
            "bridge": "",
            "capabilities": [],
            "cgroupns_mode": null,
            "command": [],
            "container_logs": null,
            "container_read_refresh_timeout_milliseconds": 15000,
            "cpu_set": "",
            "cpu_shares": 0,
            "destroy_grace_seconds": null,
            "devices": [],
            "dns": null,
            "dns_opts": null,
            "dns_search": null,
            "domainname": "",
            "entrypoint": [
              "tail",
              "-f",
              "/dev/null"
            ],
            "env": [],
            "exit_code": null,
            "gpus": null,
            "group_add": null,
            "healthcheck": null,
            "host": [],
            "hostname": "4f5e9dbfa392",
            "id": "4f5e9dbfa392acf1ad22f52641156ac0e9f6514762b6480b14bab6ba1fb032b4",
            "image": "sha256:16d2b8eb5c875dab2eff47da45892a6b213d437cfb4aaaae3feb5549828fb61d",
            "init": false,
            "ipc_mode": "private",
            "labels": [],
            "log_driver": "json-file",
            "log_opts": null,
            "logs": false,
            "max_retry_count": 0,
            "memory": 512,
            "memory_swap": 1024,
            "mounts": [],
            "must_run": true,
            "name": "1RV22MC108",
            "network_data": [
              {
                "gateway": "172.16.3.254",
                "global_ipv6_address": "",
                "global_ipv6_prefix_length": 0,
                "ip_address": "172.16.3.208",
                "ip_prefix_length": 23,
                "ipv6_gateway": "",
                "network_name": "macvlan"
              }
            ],
            "network_mode": "default",
            "networks_advanced": [
              {
                "aliases": [],
                "ipv4_address": "",
                "ipv6_address": "",
                "name": "2a59b0dd9fcb76519a32ac10f324bd6dcf7f0adab3834219d2c1c80ffb73006a"
              }
            ],
            "pid_mode": "",
            "ports": [],
            "privileged": false,
            "publish_all_ports": false,
            "read_only": false,
            "remove_volumes": true,
            "restart": "no",
            "rm": false,
            "runtime": "runc",
            "security_opts": [],
            "shm_size": 64,
            "start": true,
            "stdin_open": false,
            "stop_signal": "",
            "stop_timeout": 0,
            "storage_opts": null,
            "sysctls": null,
            "tmpfs": null,
            "tty": false,
            "ulimit": [],
            "upload": [],
            "user": "",
            "userns_mode": "",
            "volumes": [],
            "wait": false,
            "wait_timeout": 60,
            "working_dir": ""
          },
          "sensitive_attributes": [],
          "private": "eyJzY2hlbWFfdmVyc2lvbiI6IjIifQ==",
          "dependencies": [
            "docker_image.rvce-mca-lss-login",
            "docker_network.macvlan"
          ]
        },
        {
          "index_key": 108,
          "schema_version": 2,
          "attributes": {
            "attach": false,
            "bridge": "",
            "capabilities": [],
            "cgroupns_mode": null,
            "command": [],
            "container_logs": null,
            "container_read_refresh_timeout_milliseconds": 15000,
            "cpu_set": "",
            "cpu_shares": 0,
            "destroy_grace_seconds": null,
            "devices": [],
            "dns": null,
            "dns_opts": null,
            "dns_search": null,
            "domainname": "",
            "entrypoint": [
              "tail",
              "-f",
              "/dev/null"
            ],
            "env": [],
            "exit_code": null,
            "gpus": null,
            "group_add": null,
            "healthcheck": null,
            "host": [],
            "hostname": "c033adbb8a74",
            "id": "c033adbb8a74f299e7905619196ffeab9d1ad41e0e810a635282eb6ded519b94",
            "image": "sha256:16d2b8eb5c875dab2eff47da45892a6b213d437cfb4aaaae3feb5549828fb61d",
            "init": false,
            "ipc_mode": "private",
            "labels": [],
            "log_driver": "json-file",
            "log_opts": null,
            "logs": false,
            "max_retry_count": 0,
            "memory": 512,
            "memory_swap": 1024,
            "mounts": [],
            "must_run": true,
            "name": "1RV22MC109",
            "network_data": [
              {
                "gateway": "172.16.3.254",
                "global_ipv6_address": "",
                "global_ipv6_prefix_length": 0,
                "ip_address": "172.16.3.212",
                "ip_prefix_length": 23,
                "ipv6_gateway": "",
                "network_name": "macvlan"
              }
            ],
            "network_mode": "default",
            "networks_advanced": [
              {
                "aliases": [],
                "ipv4_address": "",
                "ipv6_address": "",
                "name": "2a59b0dd9fcb76519a32ac10f324bd6dcf7f0adab3834219d2c1c80ffb73006a"
              }
            ],
            "pid_mode": "",
            "ports": [],
            "privileged": false,
            "publish_all_ports": false,
            "read_only": false,
            "remove_volumes": true,
            "restart": "no",
            "rm": false,
            "runtime": "runc",
            "security_opts": [],
            "shm_size": 64,
            "start": true,
            "stdin_open": false,
            "stop_signal": "",
            "stop_timeout": 0,
            "storage_opts": null,
            "sysctls": null,
            "tmpfs": null,
            "tty": false,
            "ulimit": [],
            "upload": [],
            "user": "",
            "userns_mode": "",
            "volumes": [],
            "wait": false,
            "wait_timeout": 60,
            "working_dir": ""
          },
          "sensitive_attributes": [],
          "private": "eyJzY2hlbWFfdmVyc2lvbiI6IjIifQ==",
          "dependencies": [
            "docker_image.rvce-mca-lss-login",
            "docker_network.macvlan"
          ]
        },
        {
          "index_key": 109,
          "schema_version": 2,
          "attributes": {
            "attach": false,
            "bridge": "",
            "capabilities": [],
            "cgroupns_mode": null,
            "command": [],
            "container_logs": null,
            "container_read_refresh_timeout_milliseconds": 15000,
            "cpu_set": "",
            "cpu_shares": 0,
            "destroy_grace_seconds": null,
            "devices": [],
            "dns": null,
            "dns_opts": null,
            "dns_search": null,
            "domainname": "",
            "entrypoint": [
              "tail",
              "-f",
              "/dev/null"
            ],
            "env": [],
            "exit_code": null,
            "gpus": null,
            "group_add": null,
            "healthcheck": null,
            "host": [],
            "hostname": "d8584ba6f44d",
            "id": "d8584ba6f44dde5630fa7fbfcd3c36760050972823daffa605a19653e4c80669",
            "image": "sha256:16d2b8eb5c875dab2eff47da45892a6b213d437cfb4aaaae3feb5549828fb61d",
            "init": false,
            "ipc_mode": "private",
            "labels": [],
            "log_driver": "json-file",
            "log_opts": null,
            "logs": false,
            "max_retry_count": 0,
            "memory": 512,
            "memory_swap": 1024,
            "mounts": [],
            "must_run": true,
            "name": "1RV22MC110",
            "network_data": [
              {
                "gateway": "172.16.3.254",
                "global_ipv6_address": "",
                "global_ipv6_prefix_length": 0,
                "ip_address": "172.16.3.163",
                "ip_prefix_length": 23,
                "ipv6_gateway": "",
                "network_name": "macvlan"
              }
            ],
            "network_mode": "default",
            "networks_advanced": [
              {
                "aliases": [],
                "ipv4_address": "",
                "ipv6_address": "",
                "name": "2a59b0dd9fcb76519a32ac10f324bd6dcf7f0adab3834219d2c1c80ffb73006a"
              }
            ],
            "pid_mode": "",
            "ports": [],
            "privileged": false,
            "publish_all_ports": false,
            "read_only": false,
            "remove_volumes": true,
            "restart": "no",
            "rm": false,
            "runtime": "runc",
            "security_opts": [],
            "shm_size": 64,
            "start": true,
            "stdin_open": false,
            "stop_signal": "",
            "stop_timeout": 0,
            "storage_opts": null,
            "sysctls": null,
            "tmpfs": null,
            "tty": false,
            "ulimit": [],
            "upload": [],
            "user": "",
            "userns_mode": "",
            "volumes": [],
            "wait": false,
            "wait_timeout": 60,
            "working_dir": ""
          },
          "sensitive_attributes": [],
          "private": "eyJzY2hlbWFfdmVyc2lvbiI6IjIifQ==",
          "dependencies": [
            "docker_image.rvce-mca-lss-login",
            "docker_network.macvlan"
          ]
        },
        {
          "index_key": 110,
          "schema_version": 2,
          "attributes": {
            "attach": false,
            "bridge": "",
            "capabilities": [],
            "cgroupns_mode": null,
            "command": [],
            "container_logs": null,
            "container_read_refresh_timeout_milliseconds": 15000,
            "cpu_set": "",
            "cpu_shares": 0,
            "destroy_grace_seconds": null,
            "devices": [],
            "dns": null,
            "dns_opts": null,
            "dns_search": null,
            "domainname": "",
            "entrypoint": [
              "tail",
              "-f",
              "/dev/null"
            ],
            "env": [],
            "exit_code": null,
            "gpus": null,
            "group_add": null,
            "healthcheck": null,
            "host": [],
            "hostname": "d9677867addf",
            "id": "d9677867addf6283afeb0c0b4bf8d44d51b1c8ecc17432ad74c1571d5dd95adf",
            "image": "sha256:16d2b8eb5c875dab2eff47da45892a6b213d437cfb4aaaae3feb5549828fb61d",
            "init": false,
            "ipc_mode": "private",
            "labels": [],
            "log_driver": "json-file",
            "log_opts": null,
            "logs": false,
            "max_retry_count": 0,
            "memory": 512,
            "memory_swap": 1024,
            "mounts": [],
            "must_run": true,
            "name": "1RV22MC111",
            "network_data": [
              {
                "gateway": "172.16.3.254",
                "global_ipv6_address": "",
                "global_ipv6_prefix_length": 0,
                "ip_address": "172.16.3.222",
                "ip_prefix_length": 23,
                "ipv6_gateway": "",
                "network_name": "macvlan"
              }
            ],
            "network_mode": "default",
            "networks_advanced": [
              {
                "aliases": [],
                "ipv4_address": "",
                "ipv6_address": "",
                "name": "2a59b0dd9fcb76519a32ac10f324bd6dcf7f0adab3834219d2c1c80ffb73006a"
              }
            ],
            "pid_mode": "",
            "ports": [],
            "privileged": false,
            "publish_all_ports": false,
            "read_only": false,
            "remove_volumes": true,
            "restart": "no",
            "rm": false,
            "runtime": "runc",
            "security_opts": [],
            "shm_size": 64,
            "start": true,
            "stdin_open": false,
            "stop_signal": "",
            "stop_timeout": 0,
            "storage_opts": null,
            "sysctls": null,
            "tmpfs": null,
            "tty": false,
            "ulimit": [],
            "upload": [],
            "user": "",
            "userns_mode": "",
            "volumes": [],
            "wait": false,
            "wait_timeout": 60,
            "working_dir": ""
          },
          "sensitive_attributes": [],
          "private": "eyJzY2hlbWFfdmVyc2lvbiI6IjIifQ==",
          "dependencies": [
            "docker_image.rvce-mca-lss-login",
            "docker_network.macvlan"
          ]
        },
        {
          "index_key": 111,
          "schema_version": 2,
          "attributes": {
            "attach": false,
            "bridge": "",
            "capabilities": [],
            "cgroupns_mode": null,
            "command": [],
            "container_logs": null,
            "container_read_refresh_timeout_milliseconds": 15000,
            "cpu_set": "",
            "cpu_shares": 0,
            "destroy_grace_seconds": null,
            "devices": [],
            "dns": null,
            "dns_opts": null,
            "dns_search": null,
            "domainname": "",
            "entrypoint": [
              "tail",
              "-f",
              "/dev/null"
            ],
            "env": [],
            "exit_code": null,
            "gpus": null,
            "group_add": null,
            "healthcheck": null,
            "host": [],
            "hostname": "0031cea83cf2",
            "id": "0031cea83cf2028a1bff63225044f895e75f8507512812aeb2e7f9d7455cb328",
            "image": "sha256:16d2b8eb5c875dab2eff47da45892a6b213d437cfb4aaaae3feb5549828fb61d",
            "init": false,
            "ipc_mode": "private",
            "labels": [],
            "log_driver": "json-file",
            "log_opts": null,
            "logs": false,
            "max_retry_count": 0,
            "memory": 512,
            "memory_swap": 1024,
            "mounts": [],
            "must_run": true,
            "name": "1RV22MC112",
            "network_data": [
              {
                "gateway": "172.16.3.254",
                "global_ipv6_address": "",
                "global_ipv6_prefix_length": 0,
                "ip_address": "172.16.3.225",
                "ip_prefix_length": 23,
                "ipv6_gateway": "",
                "network_name": "macvlan"
              }
            ],
            "network_mode": "default",
            "networks_advanced": [
              {
                "aliases": [],
                "ipv4_address": "",
                "ipv6_address": "",
                "name": "2a59b0dd9fcb76519a32ac10f324bd6dcf7f0adab3834219d2c1c80ffb73006a"
              }
            ],
            "pid_mode": "",
            "ports": [],
            "privileged": false,
            "publish_all_ports": false,
            "read_only": false,
            "remove_volumes": true,
            "restart": "no",
            "rm": false,
            "runtime": "runc",
            "security_opts": [],
            "shm_size": 64,
            "start": true,
            "stdin_open": false,
            "stop_signal": "",
            "stop_timeout": 0,
            "storage_opts": null,
            "sysctls": null,
            "tmpfs": null,
            "tty": false,
            "ulimit": [],
            "upload": [],
            "user": "",
            "userns_mode": "",
            "volumes": [],
            "wait": false,
            "wait_timeout": 60,
            "working_dir": ""
          },
          "sensitive_attributes": [],
          "private": "eyJzY2hlbWFfdmVyc2lvbiI6IjIifQ==",
          "dependencies": [
            "docker_image.rvce-mca-lss-login",
            "docker_network.macvlan"
          ]
        },
        {
          "index_key": 112,
          "schema_version": 2,
          "attributes": {
            "attach": false,
            "bridge": "",
            "capabilities": [],
            "cgroupns_mode": null,
            "command": [],
            "container_logs": null,
            "container_read_refresh_timeout_milliseconds": 15000,
            "cpu_set": "",
            "cpu_shares": 0,
            "destroy_grace_seconds": null,
            "devices": [],
            "dns": null,
            "dns_opts": null,
            "dns_search": null,
            "domainname": "",
            "entrypoint": [
              "tail",
              "-f",
              "/dev/null"
            ],
            "env": [],
            "exit_code": null,
            "gpus": null,
            "group_add": null,
            "healthcheck": null,
            "host": [],
            "hostname": "0746efca6b86",
            "id": "0746efca6b8696aaef912dce383ac1cf531b6d0df5e57e66afff468b383da964",
            "image": "sha256:16d2b8eb5c875dab2eff47da45892a6b213d437cfb4aaaae3feb5549828fb61d",
            "init": false,
            "ipc_mode": "private",
            "labels": [],
            "log_driver": "json-file",
            "log_opts": null,
            "logs": false,
            "max_retry_count": 0,
            "memory": 512,
            "memory_swap": 1024,
            "mounts": [],
            "must_run": true,
            "name": "1RV22MC113",
            "network_data": [
              {
                "gateway": "172.16.3.254",
                "global_ipv6_address": "",
                "global_ipv6_prefix_length": 0,
                "ip_address": "172.16.3.183",
                "ip_prefix_length": 23,
                "ipv6_gateway": "",
                "network_name": "macvlan"
              }
            ],
            "network_mode": "default",
            "networks_advanced": [
              {
                "aliases": [],
                "ipv4_address": "",
                "ipv6_address": "",
                "name": "2a59b0dd9fcb76519a32ac10f324bd6dcf7f0adab3834219d2c1c80ffb73006a"
              }
            ],
            "pid_mode": "",
            "ports": [],
            "privileged": false,
            "publish_all_ports": false,
            "read_only": false,
            "remove_volumes": true,
            "restart": "no",
            "rm": false,
            "runtime": "runc",
            "security_opts": [],
            "shm_size": 64,
            "start": true,
            "stdin_open": false,
            "stop_signal": "",
            "stop_timeout": 0,
            "storage_opts": null,
            "sysctls": null,
            "tmpfs": null,
            "tty": false,
            "ulimit": [],
            "upload": [],
            "user": "",
            "userns_mode": "",
            "volumes": [],
            "wait": false,
            "wait_timeout": 60,
            "working_dir": ""
          },
          "sensitive_attributes": [],
          "private": "eyJzY2hlbWFfdmVyc2lvbiI6IjIifQ==",
          "dependencies": [
            "docker_image.rvce-mca-lss-login",
            "docker_network.macvlan"
          ]
        },
        {
          "index_key": 113,
          "schema_version": 2,
          "attributes": {
            "attach": false,
            "bridge": "",
            "capabilities": [],
            "cgroupns_mode": null,
            "command": [],
            "container_logs": null,
            "container_read_refresh_timeout_milliseconds": 15000,
            "cpu_set": "",
            "cpu_shares": 0,
            "destroy_grace_seconds": null,
            "devices": [],
            "dns": null,
            "dns_opts": null,
            "dns_search": null,
            "domainname": "",
            "entrypoint": [
              "tail",
              "-f",
              "/dev/null"
            ],
            "env": [],
            "exit_code": null,
            "gpus": null,
            "group_add": null,
            "healthcheck": null,
            "host": [],
            "hostname": "9ed3394fcd0d",
            "id": "9ed3394fcd0d942e7e4bcd46d6c283b0c24d65b1454a71e6c72cb29722d63acd",
            "image": "sha256:16d2b8eb5c875dab2eff47da45892a6b213d437cfb4aaaae3feb5549828fb61d",
            "init": false,
            "ipc_mode": "private",
            "labels": [],
            "log_driver": "json-file",
            "log_opts": null,
            "logs": false,
            "max_retry_count": 0,
            "memory": 512,
            "memory_swap": 1024,
            "mounts": [],
            "must_run": true,
            "name": "1RV22MC114",
            "network_data": [
              {
                "gateway": "172.16.3.254",
                "global_ipv6_address": "",
                "global_ipv6_prefix_length": 0,
                "ip_address": "172.16.3.186",
                "ip_prefix_length": 23,
                "ipv6_gateway": "",
                "network_name": "macvlan"
              }
            ],
            "network_mode": "default",
            "networks_advanced": [
              {
                "aliases": [],
                "ipv4_address": "",
                "ipv6_address": "",
                "name": "2a59b0dd9fcb76519a32ac10f324bd6dcf7f0adab3834219d2c1c80ffb73006a"
              }
            ],
            "pid_mode": "",
            "ports": [],
            "privileged": false,
            "publish_all_ports": false,
            "read_only": false,
            "remove_volumes": true,
            "restart": "no",
            "rm": false,
            "runtime": "runc",
            "security_opts": [],
            "shm_size": 64,
            "start": true,
            "stdin_open": false,
            "stop_signal": "",
            "stop_timeout": 0,
            "storage_opts": null,
            "sysctls": null,
            "tmpfs": null,
            "tty": false,
            "ulimit": [],
            "upload": [],
            "user": "",
            "userns_mode": "",
            "volumes": [],
            "wait": false,
            "wait_timeout": 60,
            "working_dir": ""
          },
          "sensitive_attributes": [],
          "private": "eyJzY2hlbWFfdmVyc2lvbiI6IjIifQ==",
          "dependencies": [
            "docker_image.rvce-mca-lss-login",
            "docker_network.macvlan"
          ]
        },
        {
          "index_key": 114,
          "schema_version": 2,
          "attributes": {
            "attach": false,
            "bridge": "",
            "capabilities": [],
            "cgroupns_mode": null,
            "command": [],
            "container_logs": null,
            "container_read_refresh_timeout_milliseconds": 15000,
            "cpu_set": "",
            "cpu_shares": 0,
            "destroy_grace_seconds": null,
            "devices": [],
            "dns": null,
            "dns_opts": null,
            "dns_search": null,
            "domainname": "",
            "entrypoint": [
              "tail",
              "-f",
              "/dev/null"
            ],
            "env": [],
            "exit_code": null,
            "gpus": null,
            "group_add": null,
            "healthcheck": null,
            "host": [],
            "hostname": "3706c958c0fe",
            "id": "3706c958c0fe4e43f515bbd943f37b76ca0771a7c7344d9eb03ff68c38682686",
            "image": "sha256:16d2b8eb5c875dab2eff47da45892a6b213d437cfb4aaaae3feb5549828fb61d",
            "init": false,
            "ipc_mode": "private",
            "labels": [],
            "log_driver": "json-file",
            "log_opts": null,
            "logs": false,
            "max_retry_count": 0,
            "memory": 512,
            "memory_swap": 1024,
            "mounts": [],
            "must_run": true,
            "name": "1RV22MC115",
            "network_data": [
              {
                "gateway": "172.16.3.254",
                "global_ipv6_address": "",
                "global_ipv6_prefix_length": 0,
                "ip_address": "172.16.3.185",
                "ip_prefix_length": 23,
                "ipv6_gateway": "",
                "network_name": "macvlan"
              }
            ],
            "network_mode": "default",
            "networks_advanced": [
              {
                "aliases": [],
                "ipv4_address": "",
                "ipv6_address": "",
                "name": "2a59b0dd9fcb76519a32ac10f324bd6dcf7f0adab3834219d2c1c80ffb73006a"
              }
            ],
            "pid_mode": "",
            "ports": [],
            "privileged": false,
            "publish_all_ports": false,
            "read_only": false,
            "remove_volumes": true,
            "restart": "no",
            "rm": false,
            "runtime": "runc",
            "security_opts": [],
            "shm_size": 64,
            "start": true,
            "stdin_open": false,
            "stop_signal": "",
            "stop_timeout": 0,
            "storage_opts": null,
            "sysctls": null,
            "tmpfs": null,
            "tty": false,
            "ulimit": [],
            "upload": [],
            "user": "",
            "userns_mode": "",
            "volumes": [],
            "wait": false,
            "wait_timeout": 60,
            "working_dir": ""
          },
          "sensitive_attributes": [],
          "private": "eyJzY2hlbWFfdmVyc2lvbiI6IjIifQ==",
          "dependencies": [
            "docker_image.rvce-mca-lss-login",
            "docker_network.macvlan"
          ]
        },
        {
          "index_key": 115,
          "schema_version": 2,
          "attributes": {
            "attach": false,
            "bridge": "",
            "capabilities": [],
            "cgroupns_mode": null,
            "command": [],
            "container_logs": null,
            "container_read_refresh_timeout_milliseconds": 15000,
            "cpu_set": "",
            "cpu_shares": 0,
            "destroy_grace_seconds": null,
            "devices": [],
            "dns": null,
            "dns_opts": null,
            "dns_search": null,
            "domainname": "",
            "entrypoint": [
              "tail",
              "-f",
              "/dev/null"
            ],
            "env": [],
            "exit_code": null,
            "gpus": null,
            "group_add": null,
            "healthcheck": null,
            "host": [],
            "hostname": "9a41ec6eee46",
            "id": "9a41ec6eee46d76b4a58b5cd3a969147a30ea7c5a9a56f758f24bae9237e2cdd",
            "image": "sha256:16d2b8eb5c875dab2eff47da45892a6b213d437cfb4aaaae3feb5549828fb61d",
            "init": false,
            "ipc_mode": "private",
            "labels": [],
            "log_driver": "json-file",
            "log_opts": null,
            "logs": false,
            "max_retry_count": 0,
            "memory": 512,
            "memory_swap": 1024,
            "mounts": [],
            "must_run": true,
            "name": "1RV22MC116",
            "network_data": [
              {
                "gateway": "172.16.3.254",
                "global_ipv6_address": "",
                "global_ipv6_prefix_length": 0,
                "ip_address": "172.16.3.172",
                "ip_prefix_length": 23,
                "ipv6_gateway": "",
                "network_name": "macvlan"
              }
            ],
            "network_mode": "default",
            "networks_advanced": [
              {
                "aliases": [],
                "ipv4_address": "",
                "ipv6_address": "",
                "name": "2a59b0dd9fcb76519a32ac10f324bd6dcf7f0adab3834219d2c1c80ffb73006a"
              }
            ],
            "pid_mode": "",
            "ports": [],
            "privileged": false,
            "publish_all_ports": false,
            "read_only": false,
            "remove_volumes": true,
            "restart": "no",
            "rm": false,
            "runtime": "runc",
            "security_opts": [],
            "shm_size": 64,
            "start": true,
            "stdin_open": false,
            "stop_signal": "",
            "stop_timeout": 0,
            "storage_opts": null,
            "sysctls": null,
            "tmpfs": null,
            "tty": false,
            "ulimit": [],
            "upload": [],
            "user": "",
            "userns_mode": "",
            "volumes": [],
            "wait": false,
            "wait_timeout": 60,
            "working_dir": ""
          },
          "sensitive_attributes": [],
          "private": "eyJzY2hlbWFfdmVyc2lvbiI6IjIifQ==",
          "dependencies": [
            "docker_image.rvce-mca-lss-login",
            "docker_network.macvlan"
          ]
        },
        {
          "index_key": 116,
          "schema_version": 2,
          "attributes": {
            "attach": false,
            "bridge": "",
            "capabilities": [],
            "cgroupns_mode": null,
            "command": [],
            "container_logs": null,
            "container_read_refresh_timeout_milliseconds": 15000,
            "cpu_set": "",
            "cpu_shares": 0,
            "destroy_grace_seconds": null,
            "devices": [],
            "dns": null,
            "dns_opts": null,
            "dns_search": null,
            "domainname": "",
            "entrypoint": [
              "tail",
              "-f",
              "/dev/null"
            ],
            "env": [],
            "exit_code": null,
            "gpus": null,
            "group_add": null,
            "healthcheck": null,
            "host": [],
            "hostname": "f23ee0d04d60",
            "id": "f23ee0d04d607227cba9772190424659770bda19cb67b84209cc6fc53ee4c09f",
            "image": "sha256:16d2b8eb5c875dab2eff47da45892a6b213d437cfb4aaaae3feb5549828fb61d",
            "init": false,
            "ipc_mode": "private",
            "labels": [],
            "log_driver": "json-file",
            "log_opts": null,
            "logs": false,
            "max_retry_count": 0,
            "memory": 512,
            "memory_swap": 1024,
            "mounts": [],
            "must_run": true,
            "name": "1RV22MC117",
            "network_data": [
              {
                "gateway": "172.16.3.254",
                "global_ipv6_address": "",
                "global_ipv6_prefix_length": 0,
                "ip_address": "172.16.3.176",
                "ip_prefix_length": 23,
                "ipv6_gateway": "",
                "network_name": "macvlan"
              }
            ],
            "network_mode": "default",
            "networks_advanced": [
              {
                "aliases": [],
                "ipv4_address": "",
                "ipv6_address": "",
                "name": "2a59b0dd9fcb76519a32ac10f324bd6dcf7f0adab3834219d2c1c80ffb73006a"
              }
            ],
            "pid_mode": "",
            "ports": [],
            "privileged": false,
            "publish_all_ports": false,
            "read_only": false,
            "remove_volumes": true,
            "restart": "no",
            "rm": false,
            "runtime": "runc",
            "security_opts": [],
            "shm_size": 64,
            "start": true,
            "stdin_open": false,
            "stop_signal": "",
            "stop_timeout": 0,
            "storage_opts": null,
            "sysctls": null,
            "tmpfs": null,
            "tty": false,
            "ulimit": [],
            "upload": [],
            "user": "",
            "userns_mode": "",
            "volumes": [],
            "wait": false,
            "wait_timeout": 60,
            "working_dir": ""
          },
          "sensitive_attributes": [],
          "private": "eyJzY2hlbWFfdmVyc2lvbiI6IjIifQ==",
          "dependencies": [
            "docker_image.rvce-mca-lss-login",
            "docker_network.macvlan"
          ]
        },
        {
          "index_key": 117,
          "schema_version": 2,
          "attributes": {
            "attach": false,
            "bridge": "",
            "capabilities": [],
            "cgroupns_mode": null,
            "command": [],
            "container_logs": null,
            "container_read_refresh_timeout_milliseconds": 15000,
            "cpu_set": "",
            "cpu_shares": 0,
            "destroy_grace_seconds": null,
            "devices": [],
            "dns": null,
            "dns_opts": null,
            "dns_search": null,
            "domainname": "",
            "entrypoint": [
              "tail",
              "-f",
              "/dev/null"
            ],
            "env": [],
            "exit_code": null,
            "gpus": null,
            "group_add": null,
            "healthcheck": null,
            "host": [],
            "hostname": "3feb73f1315f",
            "id": "3feb73f1315f845c1232f32d042efe9bf631396f25a441b513c5b46e2ed1fe66",
            "image": "sha256:16d2b8eb5c875dab2eff47da45892a6b213d437cfb4aaaae3feb5549828fb61d",
            "init": false,
            "ipc_mode": "private",
            "labels": [],
            "log_driver": "json-file",
            "log_opts": null,
            "logs": false,
            "max_retry_count": 0,
            "memory": 512,
            "memory_swap": 1024,
            "mounts": [],
            "must_run": true,
            "name": "1RV22MC118",
            "network_data": [
              {
                "gateway": "172.16.3.254",
                "global_ipv6_address": "",
                "global_ipv6_prefix_length": 0,
                "ip_address": "172.16.3.157",
                "ip_prefix_length": 23,
                "ipv6_gateway": "",
                "network_name": "macvlan"
              }
            ],
            "network_mode": "default",
            "networks_advanced": [
              {
                "aliases": [],
                "ipv4_address": "",
                "ipv6_address": "",
                "name": "2a59b0dd9fcb76519a32ac10f324bd6dcf7f0adab3834219d2c1c80ffb73006a"
              }
            ],
            "pid_mode": "",
            "ports": [],
            "privileged": false,
            "publish_all_ports": false,
            "read_only": false,
            "remove_volumes": true,
            "restart": "no",
            "rm": false,
            "runtime": "runc",
            "security_opts": [],
            "shm_size": 64,
            "start": true,
            "stdin_open": false,
            "stop_signal": "",
            "stop_timeout": 0,
            "storage_opts": null,
            "sysctls": null,
            "tmpfs": null,
            "tty": false,
            "ulimit": [],
            "upload": [],
            "user": "",
            "userns_mode": "",
            "volumes": [],
            "wait": false,
            "wait_timeout": 60,
            "working_dir": ""
          },
          "sensitive_attributes": [],
          "private": "eyJzY2hlbWFfdmVyc2lvbiI6IjIifQ==",
          "dependencies": [
            "docker_image.rvce-mca-lss-login",
            "docker_network.macvlan"
          ]
        },
        {
          "index_key": 118,
          "schema_version": 2,
          "attributes": {
            "attach": false,
            "bridge": "",
            "capabilities": [],
            "cgroupns_mode": null,
            "command": [],
            "container_logs": null,
            "container_read_refresh_timeout_milliseconds": 15000,
            "cpu_set": "",
            "cpu_shares": 0,
            "destroy_grace_seconds": null,
            "devices": [],
            "dns": null,
            "dns_opts": null,
            "dns_search": null,
            "domainname": "",
            "entrypoint": [
              "tail",
              "-f",
              "/dev/null"
            ],
            "env": [],
            "exit_code": null,
            "gpus": null,
            "group_add": null,
            "healthcheck": null,
            "host": [],
            "hostname": "82dc3e94c24f",
            "id": "82dc3e94c24f038a28be2552f86933d5399966174902915e38b8ada69ec54a83",
            "image": "sha256:16d2b8eb5c875dab2eff47da45892a6b213d437cfb4aaaae3feb5549828fb61d",
            "init": false,
            "ipc_mode": "private",
            "labels": [],
            "log_driver": "json-file",
            "log_opts": null,
            "logs": false,
            "max_retry_count": 0,
            "memory": 512,
            "memory_swap": 1024,
            "mounts": [],
            "must_run": true,
            "name": "1RV22MC119",
            "network_data": [
              {
                "gateway": "172.16.3.254",
                "global_ipv6_address": "",
                "global_ipv6_prefix_length": 0,
                "ip_address": "172.16.3.247",
                "ip_prefix_length": 23,
                "ipv6_gateway": "",
                "network_name": "macvlan"
              }
            ],
            "network_mode": "default",
            "networks_advanced": [
              {
                "aliases": [],
                "ipv4_address": "",
                "ipv6_address": "",
                "name": "2a59b0dd9fcb76519a32ac10f324bd6dcf7f0adab3834219d2c1c80ffb73006a"
              }
            ],
            "pid_mode": "",
            "ports": [],
            "privileged": false,
            "publish_all_ports": false,
            "read_only": false,
            "remove_volumes": true,
            "restart": "no",
            "rm": false,
            "runtime": "runc",
            "security_opts": [],
            "shm_size": 64,
            "start": true,
            "stdin_open": false,
            "stop_signal": "",
            "stop_timeout": 0,
            "storage_opts": null,
            "sysctls": null,
            "tmpfs": null,
            "tty": false,
            "ulimit": [],
            "upload": [],
            "user": "",
            "userns_mode": "",
            "volumes": [],
            "wait": false,
            "wait_timeout": 60,
            "working_dir": ""
          },
          "sensitive_attributes": [],
          "private": "eyJzY2hlbWFfdmVyc2lvbiI6IjIifQ==",
          "dependencies": [
            "docker_image.rvce-mca-lss-login",
            "docker_network.macvlan"
          ]
        },
        {
          "index_key": 119,
          "schema_version": 2,
          "attributes": {
            "attach": false,
            "bridge": "",
            "capabilities": [],
            "cgroupns_mode": null,
            "command": [],
            "container_logs": null,
            "container_read_refresh_timeout_milliseconds": 15000,
            "cpu_set": "",
            "cpu_shares": 0,
            "destroy_grace_seconds": null,
            "devices": [],
            "dns": null,
            "dns_opts": null,
            "dns_search": null,
            "domainname": "",
            "entrypoint": [
              "tail",
              "-f",
              "/dev/null"
            ],
            "env": [],
            "exit_code": null,
            "gpus": null,
            "group_add": null,
            "healthcheck": null,
            "host": [],
            "hostname": "ea7d8f9536c1",
            "id": "ea7d8f9536c1fc1b1a79a9b7bae03a37d4df97697b22fbbfbe319c5eb48a203a",
            "image": "sha256:16d2b8eb5c875dab2eff47da45892a6b213d437cfb4aaaae3feb5549828fb61d",
            "init": false,
            "ipc_mode": "private",
            "labels": [],
            "log_driver": "json-file",
            "log_opts": null,
            "logs": false,
            "max_retry_count": 0,
            "memory": 512,
            "memory_swap": 1024,
            "mounts": [],
            "must_run": true,
            "name": "1RV22MC120",
            "network_data": [
              {
                "gateway": "172.16.3.254",
                "global_ipv6_address": "",
                "global_ipv6_prefix_length": 0,
                "ip_address": "172.16.3.205",
                "ip_prefix_length": 23,
                "ipv6_gateway": "",
                "network_name": "macvlan"
              }
            ],
            "network_mode": "default",
            "networks_advanced": [
              {
                "aliases": [],
                "ipv4_address": "",
                "ipv6_address": "",
                "name": "2a59b0dd9fcb76519a32ac10f324bd6dcf7f0adab3834219d2c1c80ffb73006a"
              }
            ],
            "pid_mode": "",
            "ports": [],
            "privileged": false,
            "publish_all_ports": false,
            "read_only": false,
            "remove_volumes": true,
            "restart": "no",
            "rm": false,
            "runtime": "runc",
            "security_opts": [],
            "shm_size": 64,
            "start": true,
            "stdin_open": false,
            "stop_signal": "",
            "stop_timeout": 0,
            "storage_opts": null,
            "sysctls": null,
            "tmpfs": null,
            "tty": false,
            "ulimit": [],
            "upload": [],
            "user": "",
            "userns_mode": "",
            "volumes": [],
            "wait": false,
            "wait_timeout": 60,
            "working_dir": ""
          },
          "sensitive_attributes": [],
          "private": "eyJzY2hlbWFfdmVyc2lvbiI6IjIifQ==",
          "dependencies": [
            "docker_image.rvce-mca-lss-login",
            "docker_network.macvlan"
          ]
        },
        {
          "index_key": 120,
          "schema_version": 2,
          "attributes": {
            "attach": false,
            "bridge": "",
            "capabilities": [],
            "cgroupns_mode": null,
            "command": [],
            "container_logs": null,
            "container_read_refresh_timeout_milliseconds": 15000,
            "cpu_set": "",
            "cpu_shares": 0,
            "destroy_grace_seconds": null,
            "devices": [],
            "dns": null,
            "dns_opts": null,
            "dns_search": null,
            "domainname": "",
            "entrypoint": [
              "tail",
              "-f",
              "/dev/null"
            ],
            "env": [],
            "exit_code": null,
            "gpus": null,
            "group_add": null,
            "healthcheck": null,
            "host": [],
            "hostname": "ea0fe830ea5b",
            "id": "ea0fe830ea5b8933c1b074fce832b6ff2f5d6e85a4cf64911f312cb8a7788925",
            "image": "sha256:16d2b8eb5c875dab2eff47da45892a6b213d437cfb4aaaae3feb5549828fb61d",
            "init": false,
            "ipc_mode": "private",
            "labels": [],
            "log_driver": "json-file",
            "log_opts": null,
            "logs": false,
            "max_retry_count": 0,
            "memory": 512,
            "memory_swap": 1024,
            "mounts": [],
            "must_run": true,
            "name": "1RV22MC121",
            "network_data": [
              {
                "gateway": "172.16.3.254",
                "global_ipv6_address": "",
                "global_ipv6_prefix_length": 0,
                "ip_address": "172.16.3.220",
                "ip_prefix_length": 23,
                "ipv6_gateway": "",
                "network_name": "macvlan"
              }
            ],
            "network_mode": "default",
            "networks_advanced": [
              {
                "aliases": [],
                "ipv4_address": "",
                "ipv6_address": "",
                "name": "2a59b0dd9fcb76519a32ac10f324bd6dcf7f0adab3834219d2c1c80ffb73006a"
              }
            ],
            "pid_mode": "",
            "ports": [],
            "privileged": false,
            "publish_all_ports": false,
            "read_only": false,
            "remove_volumes": true,
            "restart": "no",
            "rm": false,
            "runtime": "runc",
            "security_opts": [],
            "shm_size": 64,
            "start": true,
            "stdin_open": false,
            "stop_signal": "",
            "stop_timeout": 0,
            "storage_opts": null,
            "sysctls": null,
            "tmpfs": null,
            "tty": false,
            "ulimit": [],
            "upload": [],
            "user": "",
            "userns_mode": "",
            "volumes": [],
            "wait": false,
            "wait_timeout": 60,
            "working_dir": ""
          },
          "sensitive_attributes": [],
          "private": "eyJzY2hlbWFfdmVyc2lvbiI6IjIifQ==",
          "dependencies": [
            "docker_image.rvce-mca-lss-login",
            "docker_network.macvlan"
          ]
        },
        {
          "index_key": 121,
          "schema_version": 2,
          "attributes": {
            "attach": false,
            "bridge": "",
            "capabilities": [],
            "cgroupns_mode": null,
            "command": [],
            "container_logs": null,
            "container_read_refresh_timeout_milliseconds": 15000,
            "cpu_set": "",
            "cpu_shares": 0,
            "destroy_grace_seconds": null,
            "devices": [],
            "dns": null,
            "dns_opts": null,
            "dns_search": null,
            "domainname": "",
            "entrypoint": [
              "tail",
              "-f",
              "/dev/null"
            ],
            "env": [],
            "exit_code": null,
            "gpus": null,
            "group_add": null,
            "healthcheck": null,
            "host": [],
            "hostname": "4def4c6cf4f9",
            "id": "4def4c6cf4f907d19e88b85bf9d4e909540cae6d1c4660a3b8d456d29c7d2dd6",
            "image": "sha256:16d2b8eb5c875dab2eff47da45892a6b213d437cfb4aaaae3feb5549828fb61d",
            "init": false,
            "ipc_mode": "private",
            "labels": [],
            "log_driver": "json-file",
            "log_opts": null,
            "logs": false,
            "max_retry_count": 0,
            "memory": 512,
            "memory_swap": 1024,
            "mounts": [],
            "must_run": true,
            "name": "1RV22MC122",
            "network_data": [
              {
                "gateway": "172.16.3.254",
                "global_ipv6_address": "",
                "global_ipv6_prefix_length": 0,
                "ip_address": "172.16.3.132",
                "ip_prefix_length": 23,
                "ipv6_gateway": "",
                "network_name": "macvlan"
              }
            ],
            "network_mode": "default",
            "networks_advanced": [
              {
                "aliases": [],
                "ipv4_address": "",
                "ipv6_address": "",
                "name": "2a59b0dd9fcb76519a32ac10f324bd6dcf7f0adab3834219d2c1c80ffb73006a"
              }
            ],
            "pid_mode": "",
            "ports": [],
            "privileged": false,
            "publish_all_ports": false,
            "read_only": false,
            "remove_volumes": true,
            "restart": "no",
            "rm": false,
            "runtime": "runc",
            "security_opts": [],
            "shm_size": 64,
            "start": true,
            "stdin_open": false,
            "stop_signal": "",
            "stop_timeout": 0,
            "storage_opts": null,
            "sysctls": null,
            "tmpfs": null,
            "tty": false,
            "ulimit": [],
            "upload": [],
            "user": "",
            "userns_mode": "",
            "volumes": [],
            "wait": false,
            "wait_timeout": 60,
            "working_dir": ""
          },
          "sensitive_attributes": [],
          "private": "eyJzY2hlbWFfdmVyc2lvbiI6IjIifQ==",
          "dependencies": [
            "docker_image.rvce-mca-lss-login",
            "docker_network.macvlan"
          ]
        }
      ]
    },
    {
      "mode": "managed",
      "type": "docker_image",
      "name": "rvce-mca-lss-login",
      "provider": "provider[\"registry.terraform.io/kreuzwerker/docker\"]",
      "instances": [
        {
          "schema_version": 0,
          "attributes": {
            "build": [],
            "force_remove": null,
            "id": "sha256:16d2b8eb5c875dab2eff47da45892a6b213d437cfb4aaaae3feb5549828fb61dsrjnm/rvce-mca-lss-login:v5",
            "image_id": "sha256:16d2b8eb5c875dab2eff47da45892a6b213d437cfb4aaaae3feb5549828fb61d",
            "keep_locally": null,
            "name": "srjnm/rvce-mca-lss-login:v5",
            "platform": null,
            "pull_triggers": null,
            "repo_digest": "srjnm/rvce-mca-lss-login@sha256:b544479e78c7aa0b689ffcb7f561d0c1bdf0831d00f137d5eaf72c4b37081279",
            "triggers": null
          },
          "sensitive_attributes": [],
          "private": "bnVsbA=="
        }
      ]
    },
    {
      "mode": "managed",
      "type": "docker_network",
      "name": "macvlan",
      "provider": "provider[\"registry.terraform.io/kreuzwerker/docker\"]",
      "instances": [
        {
          "schema_version": 1,
          "attributes": {
            "attachable": false,
            "check_duplicate": null,
            "driver": "macvlan",
            "id": "2a59b0dd9fcb76519a32ac10f324bd6dcf7f0adab3834219d2c1c80ffb73006a",
            "ingress": false,
            "internal": false,
            "ipam_config": [
              {
                "aux_address": {
                  "host": "172.16.3.253"
                },
                "gateway": "172.16.3.254",
                "ip_range": "172.16.3.128/25",
                "subnet": "172.16.2.133/23"
              }
            ],
            "ipam_driver": "default",
            "ipam_options": null,
            "ipv6": false,
            "labels": [],
            "name": "macvlan",
            "options": {
              "parent": "ens160"
            },
            "scope": "local"
          },
          "sensitive_attributes": [],
          "private": "eyJzY2hlbWFfdmVyc2lvbiI6IjEifQ=="
        }
      ]
    },
    {
      "mode": "managed",
      "type": "local_sensitive_file",
      "name": "ps_file",
      "provider": "provider[\"registry.terraform.io/hashicorp/local\"]",
      "instances": [
        {
          "schema_version": 0,
          "attributes": {
            "content": "dXNuIGlwIHBzCjFSVjIyTUMwMDEgMTcyLjE2LjMuMjQ1IDdCXyZYCjFSVjIyTUMwMDIgMTcyLjE2LjMuMjQwIEtvS3IrCjFSVjIyTUMwMDMgMTcyLjE2LjMuMjAwIGxhZTlICjFSVjIyTUMwMDQgMTcyLjE2LjMuMjI3IFA+Pj1dCjFSVjIyTUMwMDUgMTcyLjE2LjMuMTQ0IG9YQXNJCjFSVjIyTUMwMDYgMTcyLjE2LjMuMjQyIGU2K3VMCjFSVjIyTUMwMDcgMTcyLjE2LjMuMTYwIHYrWCgyCjFSVjIyTUMwMDggMTcyLjE2LjMuMjEzIHdydmkzCjFSVjIyTUMwMDkgMTcyLjE2LjMuMjM2ICM0YW9xCjFSVjIyTUMwMTAgMTcyLjE2LjMuMTM2IGxfJTVsCjFSVjIyTUMwMTEgMTcyLjE2LjMuMTY4IHBGUylHCjFSVjIyTUMwMTIgMTcyLjE2LjMuMjExIHk2aFFtCjFSVjIyTUMwMTMgMTcyLjE2LjMuMTQ2IDM8OjdSCjFSVjIyTUMwMTQgMTcyLjE2LjMuMTg3IDlhaWc4CjFSVjIyTUMwMTUgMTcyLjE2LjMuMjE0IDMmX24jCjFSVjIyTUMwMTYgMTcyLjE2LjMuMjM0IE1wc195CjFSVjIyTUMwMTcgMTcyLjE2LjMuMTU2IGJZTUI6CjFSVjIyTUMwMTggMTcyLjE2LjMuMjM1IHVbWTVrCjFSVjIyTUMwMTkgMTcyLjE2LjMuMjIxIFUjY3JGCjFSVjIyTUMwMjAgMTcyLjE2LjMuMTI4IHRmVmY9CjFSVjIyTUMwMjEgMTcyLjE2LjMuMTQ4IENkWGdlCjFSVjIyTUMwMjIgMTcyLjE2LjMuMTY5IENFISlnCjFSVjIyTUMwMjMgMTcyLjE2LjMuMjAyIHp2SzBTCjFSVjIyTUMwMjQgMTcyLjE2LjMuMTg5IEZwPWx3CjFSVjIyTUMwMjUgMTcyLjE2LjMuMTgxIDh5V1E9CjFSVjIyTUMwMjYgMTcyLjE2LjMuMTkzID17NntOCjFSVjIyTUMwMjcgMTcyLjE2LjMuMjQxIDlSOUxJCjFSVjIyTUMwMjggMTcyLjE2LjMuMTg4IEJEKys4CjFSVjIyTUMwMjkgMTcyLjE2LjMuMTQwIEVjbWx4CjFSVjIyTUMwMzAgMTcyLjE2LjMuMjE1IDdvOVlLCjFSVjIyTUMwMzEgMTcyLjE2LjMuMTMwICt4W0U0CjFSVjIyTUMwMzIgMTcyLjE2LjMuMTMxIFpKJGtuCjFSVjIyTUMwMzMgMTcyLjE2LjMuMjI2IDBjMGlmCjFSVjIyTUMwMzQgMTcyLjE2LjMuMTgyIHYlaTBMCjFSVjIyTUMwMzUgMTcyLjE2LjMuMTczIDo5X2UjCjFSVjIyTUMwMzYgMTcyLjE2LjMuMTc3IDAqJiZ7CjFSVjIyTUMwMzcgMTcyLjE2LjMuMjQ0IEZwXTRzCjFSVjIyTUMwMzggMTcyLjE2LjMuMTU0IEZMRnFBCjFSVjIyTUMwMzkgMTcyLjE2LjMuMTk2IEkwPDRsCjFSVjIyTUMwNDAgMTcyLjE2LjMuMTQzIG4rbCl3CjFSVjIyTUMwNDEgMTcyLjE2LjMuMTYxIEFNXV15CjFSVjIyTUMwNDIgMTcyLjE2LjMuMjMyIHJSRUd1CjFSVjIyTUMwNDMgMTcyLjE2LjMuMTQ5IG9oRiVhCjFSVjIyTUMwNDQgMTcyLjE2LjMuMTQ3IDNYMldPCjFSVjIyTUMwNDUgMTcyLjE2LjMuMTcwIDdFM1QxCjFSVjIyTUMwNDYgMTcyLjE2LjMuMTcxIHJkanY2CjFSVjIyTUMwNDcgMTcyLjE2LjMuMTc4IE4jK2tICjFSVjIyTUMwNDggMTcyLjE2LjMuMjM3IGlYVVNOCjFSVjIyTUMwNDkgMTcyLjE2LjMuMjA5ID9zUlghCjFSVjIyTUMwNTAgMTcyLjE2LjMuMjIzIDQqditLCjFSVjIyTUMwNTEgMTcyLjE2LjMuMTM5IEl6QkxbCjFSVjIyTUMwNTIgMTcyLjE2LjMuMjM5IERbWm5QCjFSVjIyTUMwNTMgMTcyLjE2LjMuMjQ5IHR7d2ZPCjFSVjIyTUMwNTQgMTcyLjE2LjMuMTY3IG19RmhnCjFSVjIyTUMwNTUgMTcyLjE2LjMuMTkwIGZiRHtLCjFSVjIyTUMwNTYgMTcyLjE2LjMuMTc5IHFHKlE+CjFSVjIyTUMwNTcgMTcyLjE2LjMuMjE2IH1nKkhnCjFSVjIyTUMwNTggMTcyLjE2LjMuMTk1IElpV31xCjFSVjIyTUMwNTkgMTcyLjE2LjMuMTc0IH1bdVpRCjFSVjIyTUMwNjAgMTcyLjE2LjMuMjM4IDdQVXhtCjFSVjIyTUMwNjEgMTcyLjE2LjMuMjQzIElTbCUwCjFSVjIyTUMwNjIgMTcyLjE2LjMuMjI4ICNwezFOCjFSVjIyTUMwNjMgMTcyLjE2LjMuMTk5IChJZ2Z9CjFSVjIyTUMwNjQgMTcyLjE2LjMuMTM1ICNNUTVkCjFSVjIyTUMwNjUgMTcyLjE2LjMuMTUwIFREU2FrCjFSVjIyTUMwNjYgMTcyLjE2LjMuMTUyID8pZFtUCjFSVjIyTUMwNjcgMTcyLjE2LjMuMTg0IC13eXRfCjFSVjIyTUMwNjggMTcyLjE2LjMuMjAzIHpIVjNBCjFSVjIyTUMwNjkgMTcyLjE2LjMuMjI5IFA1N1FkCjFSVjIyTUMwNzAgMTcyLjE2LjMuMTk3IHg0eldoCjFSVjIyTUMwNzEgMTcyLjE2LjMuMTY1IDpXdUdkCjFSVjIyTUMwNzIgMTcyLjE2LjMuMjQ2IDptfW9MCjFSVjIyTUMwNzMgMTcyLjE2LjMuMjMxIE9bPnNXCjFSVjIyTUMwNzQgMTcyLjE2LjMuMjQ4IDRmc2glCjFSVjIyTUMwNzUgMTcyLjE2LjMuMjI0IF9KNntuCjFSVjIyTUMwNzYgMTcyLjE2LjMuMTQxIHBENTZYCjFSVjIyTUMwNzcgMTcyLjE2LjMuMTUxIFtFZDx4CjFSVjIyTUMwNzggMTcyLjE2LjMuMTY2IHp3MjpFCjFSVjIyTUMwNzkgMTcyLjE2LjMuMTM0IFo1QXQ+CjFSVjIyTUMwODAgMTcyLjE2LjMuMTY0IHs3KWd6CjFSVjIyTUMwODEgMTcyLjE2LjMuMTkxIFYkNDdhCjFSVjIyTUMwODIgMTcyLjE2LjMuMTgwIHB0P1YhCjFSVjIyTUMwODMgMTcyLjE2LjMuMTk0ICY2UGFxCjFSVjIyTUMwODQgMTcyLjE2LjMuMTI5IEdpWkNtCjFSVjIyTUMwODUgMTcyLjE2LjMuMjAxIHglPSk6CjFSVjIyTUMwODYgMTcyLjE2LjMuMjE3IDYlYnFBCjFSVjIyTUMwODcgMTcyLjE2LjMuMTU5IEpzUnNMCjFSVjIyTUMwODggMTcyLjE2LjMuMjA2IG1aYyNaCjFSVjIyTUMwODkgMTcyLjE2LjMuMTkyIENDOXNyCjFSVjIyTUMwOTAgMTcyLjE2LjMuMjE4IEstUFlfCjFSVjIyTUMwOTEgMTcyLjE2LjMuMjMwIERCbnhLCjFSVjIyTUMwOTIgMTcyLjE2LjMuMTU4ICgzUnNbCjFSVjIyTUMwOTMgMTcyLjE2LjMuMTUzIGklcDlFCjFSVjIyTUMwOTQgMTcyLjE2LjMuMjA3IDpkJUxsCjFSVjIyTUMwOTUgMTcyLjE2LjMuMTc1IGMoeWtaCjFSVjIyTUMwOTYgMTcyLjE2LjMuMTYyIHI+SmM+CjFSVjIyTUMwOTcgMTcyLjE2LjMuMTQ1IDdrNXlwCjFSVjIyTUMwOTggMTcyLjE2LjMuMTU1ID9zW0FYCjFSVjIyTUMwOTkgMTcyLjE2LjMuMTQyIEl9UzEmCjFSVjIyTUMxMDAgMTcyLjE2LjMuMjE5IDNfPk5DCjFSVjIyTUMxMDEgMTcyLjE2LjMuMTM3IEN7KldDCjFSVjIyTUMxMDIgMTcyLjE2LjMuMTk4ICFvJn10CjFSVjIyTUMxMDMgMTcyLjE2LjMuMTM4IEIzJFVnCjFSVjIyTUMxMDQgMTcyLjE2LjMuMTMzIEJ2RFFYCjFSVjIyTUMxMDUgMTcyLjE2LjMuMjMzIHFNelBlCjFSVjIyTUMxMDYgMTcyLjE2LjMuMjA0IHkyKHkqCjFSVjIyTUMxMDcgMTcyLjE2LjMuMjEwIF9Wc1F0CjFSVjIyTUMxMDggMTcyLjE2LjMuMjA4IFpRblhBCjFSVjIyTUMxMDkgMTcyLjE2LjMuMjEyIDxFT0FFCjFSVjIyTUMxMTAgMTcyLjE2LjMuMTYzIGgycl9iCjFSVjIyTUMxMTEgMTcyLjE2LjMuMjIyIC06LUp6CjFSVjIyTUMxMTIgMTcyLjE2LjMuMjI1IGZxbkdfCjFSVjIyTUMxMTMgMTcyLjE2LjMuMTgzICUwWEtNCjFSVjIyTUMxMTQgMTcyLjE2LjMuMTg2IClQTEQ8CjFSVjIyTUMxMTUgMTcyLjE2LjMuMTg1IHJIRlFhCjFSVjIyTUMxMTYgMTcyLjE2LjMuMTcyIFdlPU01CjFSVjIyTUMxMTcgMTcyLjE2LjMuMTc2IDRkUHt3CjFSVjIyTUMxMTggMTcyLjE2LjMuMTU3IF1PIXdWCjFSVjIyTUMxMTkgMTcyLjE2LjMuMjQ3ICtGVi1bCjFSVjIyTUMxMjAgMTcyLjE2LjMuMjA1IHNZRTxFCjFSVjIyTUMxMjEgMTcyLjE2LjMuMjIwIG1DRlk1CjFSVjIyTUMxMjIgMTcyLjE2LjMuMTMyIDpOS0hT",
            "content_base64": null,
            "directory_permission": "0700",
            "file_permission": "777",
            "filename": "./ps.txt",
            "id": "ffd34b72679b929aad6e309ea1d3780b13629217",
            "source": null
          },
          "sensitive_attributes": [
            [
              {
                "type": "get_attr",
                "value": "content"
              }
            ]
          ],
          "dependencies": [
            "docker_container.logins",
            "docker_image.rvce-mca-lss-login",
            "docker_network.macvlan",
            "random_password.ps"
          ]
        }
      ]
    },
    {
      "mode": "managed",
      "type": "random_password",
      "name": "ps",
      "provider": "provider[\"registry.terraform.io/hashicorp/random\"]",
      "instances": [
        {
          "index_key": 0,
          "schema_version": 3,
          "attributes": {
            "bcrypt_hash": "$2a$10$oxtG9em.8gR.1rAhmvj1A.2vDTuvJqoUrD0m11xN6h/ZA3PpOV26S",
            "id": "none",
            "keepers": null,
            "length": 5,
            "lower": true,
            "min_lower": 0,
            "min_numeric": 0,
            "min_special": 0,
            "min_upper": 0,
            "number": true,
            "numeric": true,
            "override_special": "!#$%\u0026*()-_=+[]{}\u003c\u003e:?",
            "result": "7B_\u0026X",
            "special": true,
            "upper": true
          },
          "sensitive_attributes": []
        },
        {
          "index_key": 1,
          "schema_version": 3,
          "attributes": {
            "bcrypt_hash": "$2a$10$4AavB1VGcKrVHfYIwcghUOkHv8RneGOFYf48wSa11yKckcuwTYy9O",
            "id": "none",
            "keepers": null,
            "length": 5,
            "lower": true,
            "min_lower": 0,
            "min_numeric": 0,
            "min_special": 0,
            "min_upper": 0,
            "number": true,
            "numeric": true,
            "override_special": "!#$%\u0026*()-_=+[]{}\u003c\u003e:?",
            "result": "KoKr+",
            "special": true,
            "upper": true
          },
          "sensitive_attributes": []
        },
        {
          "index_key": 2,
          "schema_version": 3,
          "attributes": {
            "bcrypt_hash": "$2a$10$kyZSATdIjrZSayPEPeM/4.MZXFjew.pPIpHEZqoIFrLrt2m0fW/.S",
            "id": "none",
            "keepers": null,
            "length": 5,
            "lower": true,
            "min_lower": 0,
            "min_numeric": 0,
            "min_special": 0,
            "min_upper": 0,
            "number": true,
            "numeric": true,
            "override_special": "!#$%\u0026*()-_=+[]{}\u003c\u003e:?",
            "result": "lae9H",
            "special": true,
            "upper": true
          },
          "sensitive_attributes": []
        },
        {
          "index_key": 3,
          "schema_version": 3,
          "attributes": {
            "bcrypt_hash": "$2a$10$NtkIW6mL51JVGZLLKaZDKedyt7Zu7pw7jno4ciaBO/fQqW2ZVkMCK",
            "id": "none",
            "keepers": null,
            "length": 5,
            "lower": true,
            "min_lower": 0,
            "min_numeric": 0,
            "min_special": 0,
            "min_upper": 0,
            "number": true,
            "numeric": true,
            "override_special": "!#$%\u0026*()-_=+[]{}\u003c\u003e:?",
            "result": "P\u003e\u003e=]",
            "special": true,
            "upper": true
          },
          "sensitive_attributes": []
        },
        {
          "index_key": 4,
          "schema_version": 3,
          "attributes": {
            "bcrypt_hash": "$2a$10$a1YXp6xD6d85oEM2MPkVqePop.Gsqt0L7peuh0q4Bz.CMRbMtaNHa",
            "id": "none",
            "keepers": null,
            "length": 5,
            "lower": true,
            "min_lower": 0,
            "min_numeric": 0,
            "min_special": 0,
            "min_upper": 0,
            "number": true,
            "numeric": true,
            "override_special": "!#$%\u0026*()-_=+[]{}\u003c\u003e:?",
            "result": "oXAsI",
            "special": true,
            "upper": true
          },
          "sensitive_attributes": []
        },
        {
          "index_key": 5,
          "schema_version": 3,
          "attributes": {
            "bcrypt_hash": "$2a$10$PlDffEcXmDADIPQePNxGXO80ZW6AfSsJjmmvB9wIeDdjoRE/ESo5a",
            "id": "none",
            "keepers": null,
            "length": 5,
            "lower": true,
            "min_lower": 0,
            "min_numeric": 0,
            "min_special": 0,
            "min_upper": 0,
            "number": true,
            "numeric": true,
            "override_special": "!#$%\u0026*()-_=+[]{}\u003c\u003e:?",
            "result": "e6+uL",
            "special": true,
            "upper": true
          },
          "sensitive_attributes": []
        },
        {
          "index_key": 6,
          "schema_version": 3,
          "attributes": {
            "bcrypt_hash": "$2a$10$9WCDDigHXctIQ4Gtw9b95ey6vSLqu/f4AfcfBtXq47u7zinQpP0US",
            "id": "none",
            "keepers": null,
            "length": 5,
            "lower": true,
            "min_lower": 0,
            "min_numeric": 0,
            "min_special": 0,
            "min_upper": 0,
            "number": true,
            "numeric": true,
            "override_special": "!#$%\u0026*()-_=+[]{}\u003c\u003e:?",
            "result": "v+X(2",
            "special": true,
            "upper": true
          },
          "sensitive_attributes": []
        },
        {
          "index_key": 7,
          "schema_version": 3,
          "attributes": {
            "bcrypt_hash": "$2a$10$VJlYCmYthySfM8mBXahh0esIJW7xBux.3be4XvCml1BWQvkVKfkMq",
            "id": "none",
            "keepers": null,
            "length": 5,
            "lower": true,
            "min_lower": 0,
            "min_numeric": 0,
            "min_special": 0,
            "min_upper": 0,
            "number": true,
            "numeric": true,
            "override_special": "!#$%\u0026*()-_=+[]{}\u003c\u003e:?",
            "result": "wrvi3",
            "special": true,
            "upper": true
          },
          "sensitive_attributes": []
        },
        {
          "index_key": 8,
          "schema_version": 3,
          "attributes": {
            "bcrypt_hash": "$2a$10$hs7mTHrWmEyA0CSctKsyGOWhypsv28x.lfNiwOJMqpyBB9TY88u9q",
            "id": "none",
            "keepers": null,
            "length": 5,
            "lower": true,
            "min_lower": 0,
            "min_numeric": 0,
            "min_special": 0,
            "min_upper": 0,
            "number": true,
            "numeric": true,
            "override_special": "!#$%\u0026*()-_=+[]{}\u003c\u003e:?",
            "result": "#4aoq",
            "special": true,
            "upper": true
          },
          "sensitive_attributes": []
        },
        {
          "index_key": 9,
          "schema_version": 3,
          "attributes": {
            "bcrypt_hash": "$2a$10$p6Uy1Y7a/NDDZQbYHq/cM.A8IfWnPsB33pcmVugKtEHXGQYTtrcjK",
            "id": "none",
            "keepers": null,
            "length": 5,
            "lower": true,
            "min_lower": 0,
            "min_numeric": 0,
            "min_special": 0,
            "min_upper": 0,
            "number": true,
            "numeric": true,
            "override_special": "!#$%\u0026*()-_=+[]{}\u003c\u003e:?",
            "result": "l_%5l",
            "special": true,
            "upper": true
          },
          "sensitive_attributes": []
        },
        {
          "index_key": 10,
          "schema_version": 3,
          "attributes": {
            "bcrypt_hash": "$2a$10$ZY/hGAInIGhLDa28EISQM.PTi3oUa6Ai6fMDoy1MctDZHK047g79O",
            "id": "none",
            "keepers": null,
            "length": 5,
            "lower": true,
            "min_lower": 0,
            "min_numeric": 0,
            "min_special": 0,
            "min_upper": 0,
            "number": true,
            "numeric": true,
            "override_special": "!#$%\u0026*()-_=+[]{}\u003c\u003e:?",
            "result": "pFS)G",
            "special": true,
            "upper": true
          },
          "sensitive_attributes": []
        },
        {
          "index_key": 11,
          "schema_version": 3,
          "attributes": {
            "bcrypt_hash": "$2a$10$gW66eTEt16FVtwSGPOsPkus3B07D7yTnUrJddjs8WvSi6kgd6TOfi",
            "id": "none",
            "keepers": null,
            "length": 5,
            "lower": true,
            "min_lower": 0,
            "min_numeric": 0,
            "min_special": 0,
            "min_upper": 0,
            "number": true,
            "numeric": true,
            "override_special": "!#$%\u0026*()-_=+[]{}\u003c\u003e:?",
            "result": "y6hQm",
            "special": true,
            "upper": true
          },
          "sensitive_attributes": []
        },
        {
          "index_key": 12,
          "schema_version": 3,
          "attributes": {
            "bcrypt_hash": "$2a$10$EM/ffo2v1i04kG7vJojgs.qnpNo7jT5JREebIb6hBSpltv/u6WcuC",
            "id": "none",
            "keepers": null,
            "length": 5,
            "lower": true,
            "min_lower": 0,
            "min_numeric": 0,
            "min_special": 0,
            "min_upper": 0,
            "number": true,
            "numeric": true,
            "override_special": "!#$%\u0026*()-_=+[]{}\u003c\u003e:?",
            "result": "3\u003c:7R",
            "special": true,
            "upper": true
          },
          "sensitive_attributes": []
        },
        {
          "index_key": 13,
          "schema_version": 3,
          "attributes": {
            "bcrypt_hash": "$2a$10$0dE7j44E.iENqlSPClQZM.rEC/tEewQfYsDnCTfWXjMR78DpMjo2K",
            "id": "none",
            "keepers": null,
            "length": 5,
            "lower": true,
            "min_lower": 0,
            "min_numeric": 0,
            "min_special": 0,
            "min_upper": 0,
            "number": true,
            "numeric": true,
            "override_special": "!#$%\u0026*()-_=+[]{}\u003c\u003e:?",
            "result": "9aig8",
            "special": true,
            "upper": true
          },
          "sensitive_attributes": []
        },
        {
          "index_key": 14,
          "schema_version": 3,
          "attributes": {
            "bcrypt_hash": "$2a$10$nPRncLlKLxSoQYrLyQG2IujqSM1FX6NKMUyvk8fovyBdY3vcjMDZq",
            "id": "none",
            "keepers": null,
            "length": 5,
            "lower": true,
            "min_lower": 0,
            "min_numeric": 0,
            "min_special": 0,
            "min_upper": 0,
            "number": true,
            "numeric": true,
            "override_special": "!#$%\u0026*()-_=+[]{}\u003c\u003e:?",
            "result": "3\u0026_n#",
            "special": true,
            "upper": true
          },
          "sensitive_attributes": []
        },
        {
          "index_key": 15,
          "schema_version": 3,
          "attributes": {
            "bcrypt_hash": "$2a$10$pFbHKRy6Q4FaqQEX2TKW6OrNvI1ZfyJ8bZuK7mkUXfzUnzKhz3v1.",
            "id": "none",
            "keepers": null,
            "length": 5,
            "lower": true,
            "min_lower": 0,
            "min_numeric": 0,
            "min_special": 0,
            "min_upper": 0,
            "number": true,
            "numeric": true,
            "override_special": "!#$%\u0026*()-_=+[]{}\u003c\u003e:?",
            "result": "Mps_y",
            "special": true,
            "upper": true
          },
          "sensitive_attributes": []
        },
        {
          "index_key": 16,
          "schema_version": 3,
          "attributes": {
            "bcrypt_hash": "$2a$10$TFE2IAuMqpAjw/RxESdmBedfD2S4b.Doeh4xLaYkFLWNuZEsDBFha",
            "id": "none",
            "keepers": null,
            "length": 5,
            "lower": true,
            "min_lower": 0,
            "min_numeric": 0,
            "min_special": 0,
            "min_upper": 0,
            "number": true,
            "numeric": true,
            "override_special": "!#$%\u0026*()-_=+[]{}\u003c\u003e:?",
            "result": "bYMB:",
            "special": true,
            "upper": true
          },
          "sensitive_attributes": []
        },
        {
          "index_key": 17,
          "schema_version": 3,
          "attributes": {
            "bcrypt_hash": "$2a$10$SN2YD6z9tpHovJyUb2GrZe3R0XJ10KjtLTSbRPO3IHSzbEICJqZiy",
            "id": "none",
            "keepers": null,
            "length": 5,
            "lower": true,
            "min_lower": 0,
            "min_numeric": 0,
            "min_special": 0,
            "min_upper": 0,
            "number": true,
            "numeric": true,
            "override_special": "!#$%\u0026*()-_=+[]{}\u003c\u003e:?",
            "result": "u[Y5k",
            "special": true,
            "upper": true
          },
          "sensitive_attributes": []
        },
        {
          "index_key": 18,
          "schema_version": 3,
          "attributes": {
            "bcrypt_hash": "$2a$10$JIdL.eTuGjejZxs3LamAZ.tSA/N7TpEfFmUNyKl20rT0Gv3t3vLhG",
            "id": "none",
            "keepers": null,
            "length": 5,
            "lower": true,
            "min_lower": 0,
            "min_numeric": 0,
            "min_special": 0,
            "min_upper": 0,
            "number": true,
            "numeric": true,
            "override_special": "!#$%\u0026*()-_=+[]{}\u003c\u003e:?",
            "result": "U#crF",
            "special": true,
            "upper": true
          },
          "sensitive_attributes": []
        },
        {
          "index_key": 19,
          "schema_version": 3,
          "attributes": {
            "bcrypt_hash": "$2a$10$sBTNcz9dyP3wkFENOs7fMODWjgkR./pz8nhUN5sMHtM5..q9PN4Su",
            "id": "none",
            "keepers": null,
            "length": 5,
            "lower": true,
            "min_lower": 0,
            "min_numeric": 0,
            "min_special": 0,
            "min_upper": 0,
            "number": true,
            "numeric": true,
            "override_special": "!#$%\u0026*()-_=+[]{}\u003c\u003e:?",
            "result": "tfVf=",
            "special": true,
            "upper": true
          },
          "sensitive_attributes": []
        },
        {
          "index_key": 20,
          "schema_version": 3,
          "attributes": {
            "bcrypt_hash": "$2a$10$/SJihTaQdoJnzlmzJWhdBOA5mQDa//ql5JqmHJagju5qOudYo/yFC",
            "id": "none",
            "keepers": null,
            "length": 5,
            "lower": true,
            "min_lower": 0,
            "min_numeric": 0,
            "min_special": 0,
            "min_upper": 0,
            "number": true,
            "numeric": true,
            "override_special": "!#$%\u0026*()-_=+[]{}\u003c\u003e:?",
            "result": "CdXge",
            "special": true,
            "upper": true
          },
          "sensitive_attributes": []
        },
        {
          "index_key": 21,
          "schema_version": 3,
          "attributes": {
            "bcrypt_hash": "$2a$10$8sX9Y0k4bs2JWnpNdDNYIOiiqVNuqaTAoR1SLKj52UMF8ZSRsRja6",
            "id": "none",
            "keepers": null,
            "length": 5,
            "lower": true,
            "min_lower": 0,
            "min_numeric": 0,
            "min_special": 0,
            "min_upper": 0,
            "number": true,
            "numeric": true,
            "override_special": "!#$%\u0026*()-_=+[]{}\u003c\u003e:?",
            "result": "CE!)g",
            "special": true,
            "upper": true
          },
          "sensitive_attributes": []
        },
        {
          "index_key": 22,
          "schema_version": 3,
          "attributes": {
            "bcrypt_hash": "$2a$10$5eYw9cIBeh2XwM94.I.5HewZNT8tQx6evf7ptRuxiyouR4HxWqcp2",
            "id": "none",
            "keepers": null,
            "length": 5,
            "lower": true,
            "min_lower": 0,
            "min_numeric": 0,
            "min_special": 0,
            "min_upper": 0,
            "number": true,
            "numeric": true,
            "override_special": "!#$%\u0026*()-_=+[]{}\u003c\u003e:?",
            "result": "zvK0S",
            "special": true,
            "upper": true
          },
          "sensitive_attributes": []
        },
        {
          "index_key": 23,
          "schema_version": 3,
          "attributes": {
            "bcrypt_hash": "$2a$10$Bd2637WODRi0e41n8.hG8eZHclGZHlUuw9hXJgo/O26DvhFjNB5pi",
            "id": "none",
            "keepers": null,
            "length": 5,
            "lower": true,
            "min_lower": 0,
            "min_numeric": 0,
            "min_special": 0,
            "min_upper": 0,
            "number": true,
            "numeric": true,
            "override_special": "!#$%\u0026*()-_=+[]{}\u003c\u003e:?",
            "result": "Fp=lw",
            "special": true,
            "upper": true
          },
          "sensitive_attributes": []
        },
        {
          "index_key": 24,
          "schema_version": 3,
          "attributes": {
            "bcrypt_hash": "$2a$10$srninBww9FwqxtYSU5WYxO8VtZygLSU7AHv6ivdRBA2yJvMa3bU/.",
            "id": "none",
            "keepers": null,
            "length": 5,
            "lower": true,
            "min_lower": 0,
            "min_numeric": 0,
            "min_special": 0,
            "min_upper": 0,
            "number": true,
            "numeric": true,
            "override_special": "!#$%\u0026*()-_=+[]{}\u003c\u003e:?",
            "result": "8yWQ=",
            "special": true,
            "upper": true
          },
          "sensitive_attributes": []
        },
        {
          "index_key": 25,
          "schema_version": 3,
          "attributes": {
            "bcrypt_hash": "$2a$10$L3EWGa4uBAg3iiYPT1sZvOiutSUr6dDLYWNM48Jdp.Hfhcc3ECxU.",
            "id": "none",
            "keepers": null,
            "length": 5,
            "lower": true,
            "min_lower": 0,
            "min_numeric": 0,
            "min_special": 0,
            "min_upper": 0,
            "number": true,
            "numeric": true,
            "override_special": "!#$%\u0026*()-_=+[]{}\u003c\u003e:?",
            "result": "={6{N",
            "special": true,
            "upper": true
          },
          "sensitive_attributes": []
        },
        {
          "index_key": 26,
          "schema_version": 3,
          "attributes": {
            "bcrypt_hash": "$2a$10$3EH9CbSWzggYPfkF7IoQJuGgcqSEPHEQnA2KjzFPSGNB0EOboSoF6",
            "id": "none",
            "keepers": null,
            "length": 5,
            "lower": true,
            "min_lower": 0,
            "min_numeric": 0,
            "min_special": 0,
            "min_upper": 0,
            "number": true,
            "numeric": true,
            "override_special": "!#$%\u0026*()-_=+[]{}\u003c\u003e:?",
            "result": "9R9LI",
            "special": true,
            "upper": true
          },
          "sensitive_attributes": []
        },
        {
          "index_key": 27,
          "schema_version": 3,
          "attributes": {
            "bcrypt_hash": "$2a$10$pOMVHWpLWFXmaMn4jhKOmell259rrkZwL7/guKfmPOsNgz3tX86fO",
            "id": "none",
            "keepers": null,
            "length": 5,
            "lower": true,
            "min_lower": 0,
            "min_numeric": 0,
            "min_special": 0,
            "min_upper": 0,
            "number": true,
            "numeric": true,
            "override_special": "!#$%\u0026*()-_=+[]{}\u003c\u003e:?",
            "result": "BD++8",
            "special": true,
            "upper": true
          },
          "sensitive_attributes": []
        },
        {
          "index_key": 28,
          "schema_version": 3,
          "attributes": {
            "bcrypt_hash": "$2a$10$Q.0wJE8JlYhKrB9Y8txE..E2U1sbp9WGB9Sg6OxWMJJ.h6pdv1OQi",
            "id": "none",
            "keepers": null,
            "length": 5,
            "lower": true,
            "min_lower": 0,
            "min_numeric": 0,
            "min_special": 0,
            "min_upper": 0,
            "number": true,
            "numeric": true,
            "override_special": "!#$%\u0026*()-_=+[]{}\u003c\u003e:?",
            "result": "Ecmlx",
            "special": true,
            "upper": true
          },
          "sensitive_attributes": []
        },
        {
          "index_key": 29,
          "schema_version": 3,
          "attributes": {
            "bcrypt_hash": "$2a$10$OAlOgJd3qe5g6QztnmfXB.eeLkjZ9jr8PbfDohDFSg7NJncpEP4g6",
            "id": "none",
            "keepers": null,
            "length": 5,
            "lower": true,
            "min_lower": 0,
            "min_numeric": 0,
            "min_special": 0,
            "min_upper": 0,
            "number": true,
            "numeric": true,
            "override_special": "!#$%\u0026*()-_=+[]{}\u003c\u003e:?",
            "result": "7o9YK",
            "special": true,
            "upper": true
          },
          "sensitive_attributes": []
        },
        {
          "index_key": 30,
          "schema_version": 3,
          "attributes": {
            "bcrypt_hash": "$2a$10$k1xyUx7f4LxtM9cIf0TAO.8whmU2SSycQ.Qzcw.Is4qCCX.gQCTOu",
            "id": "none",
            "keepers": null,
            "length": 5,
            "lower": true,
            "min_lower": 0,
            "min_numeric": 0,
            "min_special": 0,
            "min_upper": 0,
            "number": true,
            "numeric": true,
            "override_special": "!#$%\u0026*()-_=+[]{}\u003c\u003e:?",
            "result": "+x[E4",
            "special": true,
            "upper": true
          },
          "sensitive_attributes": []
        },
        {
          "index_key": 31,
          "schema_version": 3,
          "attributes": {
            "bcrypt_hash": "$2a$10$ZNb1VmELs475N818c52/uuYzKQ6MIEidteDQSJbqL/zJJClnbICmW",
            "id": "none",
            "keepers": null,
            "length": 5,
            "lower": true,
            "min_lower": 0,
            "min_numeric": 0,
            "min_special": 0,
            "min_upper": 0,
            "number": true,
            "numeric": true,
            "override_special": "!#$%\u0026*()-_=+[]{}\u003c\u003e:?",
            "result": "ZJ$kn",
            "special": true,
            "upper": true
          },
          "sensitive_attributes": []
        },
        {
          "index_key": 32,
          "schema_version": 3,
          "attributes": {
            "bcrypt_hash": "$2a$10$VnH2B1aCX6DSQx/RsWXAUOr6qPXmGqCXifAoYw.aUkrRxus85m9WC",
            "id": "none",
            "keepers": null,
            "length": 5,
            "lower": true,
            "min_lower": 0,
            "min_numeric": 0,
            "min_special": 0,
            "min_upper": 0,
            "number": true,
            "numeric": true,
            "override_special": "!#$%\u0026*()-_=+[]{}\u003c\u003e:?",
            "result": "0c0if",
            "special": true,
            "upper": true
          },
          "sensitive_attributes": []
        },
        {
          "index_key": 33,
          "schema_version": 3,
          "attributes": {
            "bcrypt_hash": "$2a$10$jeAbr3led5.loFBFdwT6PeniL33g3aCFcIF9hYGfO4A15qg8ZHSCa",
            "id": "none",
            "keepers": null,
            "length": 5,
            "lower": true,
            "min_lower": 0,
            "min_numeric": 0,
            "min_special": 0,
            "min_upper": 0,
            "number": true,
            "numeric": true,
            "override_special": "!#$%\u0026*()-_=+[]{}\u003c\u003e:?",
            "result": "v%i0L",
            "special": true,
            "upper": true
          },
          "sensitive_attributes": []
        },
        {
          "index_key": 34,
          "schema_version": 3,
          "attributes": {
            "bcrypt_hash": "$2a$10$o8vIKCADj.6kclcCrsgwLuUnLoGtwTPu29y0Od60KZH4jdFQsiwTC",
            "id": "none",
            "keepers": null,
            "length": 5,
            "lower": true,
            "min_lower": 0,
            "min_numeric": 0,
            "min_special": 0,
            "min_upper": 0,
            "number": true,
            "numeric": true,
            "override_special": "!#$%\u0026*()-_=+[]{}\u003c\u003e:?",
            "result": ":9_e#",
            "special": true,
            "upper": true
          },
          "sensitive_attributes": []
        },
        {
          "index_key": 35,
          "schema_version": 3,
          "attributes": {
            "bcrypt_hash": "$2a$10$KsuOPhkruUNujtqCE6Qs0.FE650E/vj8jA5yr64ZHSBLIU.hpwfQK",
            "id": "none",
            "keepers": null,
            "length": 5,
            "lower": true,
            "min_lower": 0,
            "min_numeric": 0,
            "min_special": 0,
            "min_upper": 0,
            "number": true,
            "numeric": true,
            "override_special": "!#$%\u0026*()-_=+[]{}\u003c\u003e:?",
            "result": "0*\u0026\u0026{",
            "special": true,
            "upper": true
          },
          "sensitive_attributes": []
        },
        {
          "index_key": 36,
          "schema_version": 3,
          "attributes": {
            "bcrypt_hash": "$2a$10$fG2zV75L1IJ3RNnRLCk5neIBKHIabLJ30QUdCZ1XMU1adJF7QC2mC",
            "id": "none",
            "keepers": null,
            "length": 5,
            "lower": true,
            "min_lower": 0,
            "min_numeric": 0,
            "min_special": 0,
            "min_upper": 0,
            "number": true,
            "numeric": true,
            "override_special": "!#$%\u0026*()-_=+[]{}\u003c\u003e:?",
            "result": "Fp]4s",
            "special": true,
            "upper": true
          },
          "sensitive_attributes": []
        },
        {
          "index_key": 37,
          "schema_version": 3,
          "attributes": {
            "bcrypt_hash": "$2a$10$ZIuoRdA54VxZckN5H7A8buwonHs3fMeACUZkbFhVd.atsyOQbmWbW",
            "id": "none",
            "keepers": null,
            "length": 5,
            "lower": true,
            "min_lower": 0,
            "min_numeric": 0,
            "min_special": 0,
            "min_upper": 0,
            "number": true,
            "numeric": true,
            "override_special": "!#$%\u0026*()-_=+[]{}\u003c\u003e:?",
            "result": "FLFqA",
            "special": true,
            "upper": true
          },
          "sensitive_attributes": []
        },
        {
          "index_key": 38,
          "schema_version": 3,
          "attributes": {
            "bcrypt_hash": "$2a$10$N2mCtSn8UxOxpXLWlfb1BOOvLFwKJMF44TbvNbfRPLhbOfRrxqSf.",
            "id": "none",
            "keepers": null,
            "length": 5,
            "lower": true,
            "min_lower": 0,
            "min_numeric": 0,
            "min_special": 0,
            "min_upper": 0,
            "number": true,
            "numeric": true,
            "override_special": "!#$%\u0026*()-_=+[]{}\u003c\u003e:?",
            "result": "I0\u003c4l",
            "special": true,
            "upper": true
          },
          "sensitive_attributes": []
        },
        {
          "index_key": 39,
          "schema_version": 3,
          "attributes": {
            "bcrypt_hash": "$2a$10$DBk8iJ9qg3WwrV7p/58Ij.S4FoEMMuO37j3IW4.RRnYvCgA0Pu1PS",
            "id": "none",
            "keepers": null,
            "length": 5,
            "lower": true,
            "min_lower": 0,
            "min_numeric": 0,
            "min_special": 0,
            "min_upper": 0,
            "number": true,
            "numeric": true,
            "override_special": "!#$%\u0026*()-_=+[]{}\u003c\u003e:?",
            "result": "n+l)w",
            "special": true,
            "upper": true
          },
          "sensitive_attributes": []
        },
        {
          "index_key": 40,
          "schema_version": 3,
          "attributes": {
            "bcrypt_hash": "$2a$10$53Yn254im8KLBr0jzqV/B.pb0vZ.Lhn/FodWLUNye5eX5qVs/abhC",
            "id": "none",
            "keepers": null,
            "length": 5,
            "lower": true,
            "min_lower": 0,
            "min_numeric": 0,
            "min_special": 0,
            "min_upper": 0,
            "number": true,
            "numeric": true,
            "override_special": "!#$%\u0026*()-_=+[]{}\u003c\u003e:?",
            "result": "AM]]y",
            "special": true,
            "upper": true
          },
          "sensitive_attributes": []
        },
        {
          "index_key": 41,
          "schema_version": 3,
          "attributes": {
            "bcrypt_hash": "$2a$10$oDDk4NQ2LToIEgb9/XNtfOG3I3p/pFteJAkQwbcQFIO41Jta7webW",
            "id": "none",
            "keepers": null,
            "length": 5,
            "lower": true,
            "min_lower": 0,
            "min_numeric": 0,
            "min_special": 0,
            "min_upper": 0,
            "number": true,
            "numeric": true,
            "override_special": "!#$%\u0026*()-_=+[]{}\u003c\u003e:?",
            "result": "rREGu",
            "special": true,
            "upper": true
          },
          "sensitive_attributes": []
        },
        {
          "index_key": 42,
          "schema_version": 3,
          "attributes": {
            "bcrypt_hash": "$2a$10$O.cp/eqORaBwWS.lgsiGoenLJvC5V/E6c8Zlr7sPfNzdbjprjGB4m",
            "id": "none",
            "keepers": null,
            "length": 5,
            "lower": true,
            "min_lower": 0,
            "min_numeric": 0,
            "min_special": 0,
            "min_upper": 0,
            "number": true,
            "numeric": true,
            "override_special": "!#$%\u0026*()-_=+[]{}\u003c\u003e:?",
            "result": "ohF%a",
            "special": true,
            "upper": true
          },
          "sensitive_attributes": []
        },
        {
          "index_key": 43,
          "schema_version": 3,
          "attributes": {
            "bcrypt_hash": "$2a$10$75S1IembZl6xPJSHc4WBJOwrjf83CX5zU3Izb.BloNjoxNIahYegK",
            "id": "none",
            "keepers": null,
            "length": 5,
            "lower": true,
            "min_lower": 0,
            "min_numeric": 0,
            "min_special": 0,
            "min_upper": 0,
            "number": true,
            "numeric": true,
            "override_special": "!#$%\u0026*()-_=+[]{}\u003c\u003e:?",
            "result": "3X2WO",
            "special": true,
            "upper": true
          },
          "sensitive_attributes": []
        },
        {
          "index_key": 44,
          "schema_version": 3,
          "attributes": {
            "bcrypt_hash": "$2a$10$BJL9ajSj/YlDw4xI1M1EE.HcI14KDee60zxjwNctfXMdP8ab23sv.",
            "id": "none",
            "keepers": null,
            "length": 5,
            "lower": true,
            "min_lower": 0,
            "min_numeric": 0,
            "min_special": 0,
            "min_upper": 0,
            "number": true,
            "numeric": true,
            "override_special": "!#$%\u0026*()-_=+[]{}\u003c\u003e:?",
            "result": "7E3T1",
            "special": true,
            "upper": true
          },
          "sensitive_attributes": []
        },
        {
          "index_key": 45,
          "schema_version": 3,
          "attributes": {
            "bcrypt_hash": "$2a$10$szKpYhpC2AYr1F32Y/cNW.CkzFMslKKOVxWoqwSpOs9QNd6DcfqNm",
            "id": "none",
            "keepers": null,
            "length": 5,
            "lower": true,
            "min_lower": 0,
            "min_numeric": 0,
            "min_special": 0,
            "min_upper": 0,
            "number": true,
            "numeric": true,
            "override_special": "!#$%\u0026*()-_=+[]{}\u003c\u003e:?",
            "result": "rdjv6",
            "special": true,
            "upper": true
          },
          "sensitive_attributes": []
        },
        {
          "index_key": 46,
          "schema_version": 3,
          "attributes": {
            "bcrypt_hash": "$2a$10$WmQ/FPDY/p5dyi09rtI1NucOCWZXPlU3nnuk9LusjWF4gJVG0jq5S",
            "id": "none",
            "keepers": null,
            "length": 5,
            "lower": true,
            "min_lower": 0,
            "min_numeric": 0,
            "min_special": 0,
            "min_upper": 0,
            "number": true,
            "numeric": true,
            "override_special": "!#$%\u0026*()-_=+[]{}\u003c\u003e:?",
            "result": "N#+kH",
            "special": true,
            "upper": true
          },
          "sensitive_attributes": []
        },
        {
          "index_key": 47,
          "schema_version": 3,
          "attributes": {
            "bcrypt_hash": "$2a$10$nt0jVQlYYsjpfdhgj4KewO85WdHRwvU4.VAfGJsYZl46zDnB6WB6a",
            "id": "none",
            "keepers": null,
            "length": 5,
            "lower": true,
            "min_lower": 0,
            "min_numeric": 0,
            "min_special": 0,
            "min_upper": 0,
            "number": true,
            "numeric": true,
            "override_special": "!#$%\u0026*()-_=+[]{}\u003c\u003e:?",
            "result": "iXUSN",
            "special": true,
            "upper": true
          },
          "sensitive_attributes": []
        },
        {
          "index_key": 48,
          "schema_version": 3,
          "attributes": {
            "bcrypt_hash": "$2a$10$Q8MpJ/lJac909QW8rJdH5ehwvLxBNDaNqiIF5xO4PGdekmOXCppaC",
            "id": "none",
            "keepers": null,
            "length": 5,
            "lower": true,
            "min_lower": 0,
            "min_numeric": 0,
            "min_special": 0,
            "min_upper": 0,
            "number": true,
            "numeric": true,
            "override_special": "!#$%\u0026*()-_=+[]{}\u003c\u003e:?",
            "result": "?sRX!",
            "special": true,
            "upper": true
          },
          "sensitive_attributes": []
        },
        {
          "index_key": 49,
          "schema_version": 3,
          "attributes": {
            "bcrypt_hash": "$2a$10$3mCev./Qsb.y1R4zX4LGPeTPD.jGxkkz.mixW9RyWaVdUxDUeEADy",
            "id": "none",
            "keepers": null,
            "length": 5,
            "lower": true,
            "min_lower": 0,
            "min_numeric": 0,
            "min_special": 0,
            "min_upper": 0,
            "number": true,
            "numeric": true,
            "override_special": "!#$%\u0026*()-_=+[]{}\u003c\u003e:?",
            "result": "4*v+K",
            "special": true,
            "upper": true
          },
          "sensitive_attributes": []
        },
        {
          "index_key": 50,
          "schema_version": 3,
          "attributes": {
            "bcrypt_hash": "$2a$10$rsCz1/KknQc.e2nZFwVyn.ZqIBV3SbMBQWsAlQnF31lFHrMfoOdv.",
            "id": "none",
            "keepers": null,
            "length": 5,
            "lower": true,
            "min_lower": 0,
            "min_numeric": 0,
            "min_special": 0,
            "min_upper": 0,
            "number": true,
            "numeric": true,
            "override_special": "!#$%\u0026*()-_=+[]{}\u003c\u003e:?",
            "result": "IzBL[",
            "special": true,
            "upper": true
          },
          "sensitive_attributes": []
        },
        {
          "index_key": 51,
          "schema_version": 3,
          "attributes": {
            "bcrypt_hash": "$2a$10$VEVzvLyFXJCuZc.b.QIMOOpqjp1AzMZ7lrzZbdNxqSrgtgqrLoAS6",
            "id": "none",
            "keepers": null,
            "length": 5,
            "lower": true,
            "min_lower": 0,
            "min_numeric": 0,
            "min_special": 0,
            "min_upper": 0,
            "number": true,
            "numeric": true,
            "override_special": "!#$%\u0026*()-_=+[]{}\u003c\u003e:?",
            "result": "D[ZnP",
            "special": true,
            "upper": true
          },
          "sensitive_attributes": []
        },
        {
          "index_key": 52,
          "schema_version": 3,
          "attributes": {
            "bcrypt_hash": "$2a$10$vLZG4kk.cdZ6//kBBlxzFuOLXz9MBkfrNSqfHcgdFOcydjPo1dDta",
            "id": "none",
            "keepers": null,
            "length": 5,
            "lower": true,
            "min_lower": 0,
            "min_numeric": 0,
            "min_special": 0,
            "min_upper": 0,
            "number": true,
            "numeric": true,
            "override_special": "!#$%\u0026*()-_=+[]{}\u003c\u003e:?",
            "result": "t{wfO",
            "special": true,
            "upper": true
          },
          "sensitive_attributes": []
        },
        {
          "index_key": 53,
          "schema_version": 3,
          "attributes": {
            "bcrypt_hash": "$2a$10$aw3Hbc.z6BA7Ctv1DxYQOOagmdmHJxnmNApyCRZWLyNZvsmaM.LcK",
            "id": "none",
            "keepers": null,
            "length": 5,
            "lower": true,
            "min_lower": 0,
            "min_numeric": 0,
            "min_special": 0,
            "min_upper": 0,
            "number": true,
            "numeric": true,
            "override_special": "!#$%\u0026*()-_=+[]{}\u003c\u003e:?",
            "result": "m}Fhg",
            "special": true,
            "upper": true
          },
          "sensitive_attributes": []
        },
        {
          "index_key": 54,
          "schema_version": 3,
          "attributes": {
            "bcrypt_hash": "$2a$10$6DChLG2wDTrNkQKbAj6Cl.LfA.5.VHwostKiNCfsyBTYO8zTZmbsW",
            "id": "none",
            "keepers": null,
            "length": 5,
            "lower": true,
            "min_lower": 0,
            "min_numeric": 0,
            "min_special": 0,
            "min_upper": 0,
            "number": true,
            "numeric": true,
            "override_special": "!#$%\u0026*()-_=+[]{}\u003c\u003e:?",
            "result": "fbD{K",
            "special": true,
            "upper": true
          },
          "sensitive_attributes": []
        },
        {
          "index_key": 55,
          "schema_version": 3,
          "attributes": {
            "bcrypt_hash": "$2a$10$NU5dbvyJZZglpdknc4oFE.8E13XerkJnMyz5Jj1MVi6YokZOUYX1W",
            "id": "none",
            "keepers": null,
            "length": 5,
            "lower": true,
            "min_lower": 0,
            "min_numeric": 0,
            "min_special": 0,
            "min_upper": 0,
            "number": true,
            "numeric": true,
            "override_special": "!#$%\u0026*()-_=+[]{}\u003c\u003e:?",
            "result": "qG*Q\u003e",
            "special": true,
            "upper": true
          },
          "sensitive_attributes": []
        },
        {
          "index_key": 56,
          "schema_version": 3,
          "attributes": {
            "bcrypt_hash": "$2a$10$nuTN9VsdZFfil6oXqCq9BuGVkFlbA2fh3PWTSiq949zk4UEbaUD3S",
            "id": "none",
            "keepers": null,
            "length": 5,
            "lower": true,
            "min_lower": 0,
            "min_numeric": 0,
            "min_special": 0,
            "min_upper": 0,
            "number": true,
            "numeric": true,
            "override_special": "!#$%\u0026*()-_=+[]{}\u003c\u003e:?",
            "result": "}g*Hg",
            "special": true,
            "upper": true
          },
          "sensitive_attributes": []
        },
        {
          "index_key": 57,
          "schema_version": 3,
          "attributes": {
            "bcrypt_hash": "$2a$10$GEd0j0.pFX.P6c8L.ZMRsunqecDaAxGU4MUJmDZKGbrUcEirGWlCO",
            "id": "none",
            "keepers": null,
            "length": 5,
            "lower": true,
            "min_lower": 0,
            "min_numeric": 0,
            "min_special": 0,
            "min_upper": 0,
            "number": true,
            "numeric": true,
            "override_special": "!#$%\u0026*()-_=+[]{}\u003c\u003e:?",
            "result": "IiW}q",
            "special": true,
            "upper": true
          },
          "sensitive_attributes": []
        },
        {
          "index_key": 58,
          "schema_version": 3,
          "attributes": {
            "bcrypt_hash": "$2a$10$vekKFp8lRHRi7aCaJOEWRecOFBl7iEfHUIrTXN9uD2A8Yu8Vle8JO",
            "id": "none",
            "keepers": null,
            "length": 5,
            "lower": true,
            "min_lower": 0,
            "min_numeric": 0,
            "min_special": 0,
            "min_upper": 0,
            "number": true,
            "numeric": true,
            "override_special": "!#$%\u0026*()-_=+[]{}\u003c\u003e:?",
            "result": "}[uZQ",
            "special": true,
            "upper": true
          },
          "sensitive_attributes": []
        },
        {
          "index_key": 59,
          "schema_version": 3,
          "attributes": {
            "bcrypt_hash": "$2a$10$pDEEiOY1KZz0z9/V/1NI/uVBb9vEEcSGpFPHoQM6JAuYFAgtvHuTW",
            "id": "none",
            "keepers": null,
            "length": 5,
            "lower": true,
            "min_lower": 0,
            "min_numeric": 0,
            "min_special": 0,
            "min_upper": 0,
            "number": true,
            "numeric": true,
            "override_special": "!#$%\u0026*()-_=+[]{}\u003c\u003e:?",
            "result": "7PUxm",
            "special": true,
            "upper": true
          },
          "sensitive_attributes": []
        },
        {
          "index_key": 60,
          "schema_version": 3,
          "attributes": {
            "bcrypt_hash": "$2a$10$6CkoUOU9SL0n3qvMKLA2p.xNIAayJl1Yt0JHVqfdYdXBeCTABY5CW",
            "id": "none",
            "keepers": null,
            "length": 5,
            "lower": true,
            "min_lower": 0,
            "min_numeric": 0,
            "min_special": 0,
            "min_upper": 0,
            "number": true,
            "numeric": true,
            "override_special": "!#$%\u0026*()-_=+[]{}\u003c\u003e:?",
            "result": "ISl%0",
            "special": true,
            "upper": true
          },
          "sensitive_attributes": []
        },
        {
          "index_key": 61,
          "schema_version": 3,
          "attributes": {
            "bcrypt_hash": "$2a$10$STEPDFPr4PZxwJqkO10Dm.jAA08IokZBq2gKUpFpFYPJvZQTqmcA.",
            "id": "none",
            "keepers": null,
            "length": 5,
            "lower": true,
            "min_lower": 0,
            "min_numeric": 0,
            "min_special": 0,
            "min_upper": 0,
            "number": true,
            "numeric": true,
            "override_special": "!#$%\u0026*()-_=+[]{}\u003c\u003e:?",
            "result": "#p{1N",
            "special": true,
            "upper": true
          },
          "sensitive_attributes": []
        },
        {
          "index_key": 62,
          "schema_version": 3,
          "attributes": {
            "bcrypt_hash": "$2a$10$M4rUA4.Ttiof6cRXGdFlZ.HLd65S5JeHw3kU1KmO5m9HuLZENGE/q",
            "id": "none",
            "keepers": null,
            "length": 5,
            "lower": true,
            "min_lower": 0,
            "min_numeric": 0,
            "min_special": 0,
            "min_upper": 0,
            "number": true,
            "numeric": true,
            "override_special": "!#$%\u0026*()-_=+[]{}\u003c\u003e:?",
            "result": "(Igf}",
            "special": true,
            "upper": true
          },
          "sensitive_attributes": []
        },
        {
          "index_key": 63,
          "schema_version": 3,
          "attributes": {
            "bcrypt_hash": "$2a$10$nP.pQfS8WhnqPRJkKrTl4uHiG3Sgstg94udeBdL3tm5Aytg4uIVTG",
            "id": "none",
            "keepers": null,
            "length": 5,
            "lower": true,
            "min_lower": 0,
            "min_numeric": 0,
            "min_special": 0,
            "min_upper": 0,
            "number": true,
            "numeric": true,
            "override_special": "!#$%\u0026*()-_=+[]{}\u003c\u003e:?",
            "result": "#MQ5d",
            "special": true,
            "upper": true
          },
          "sensitive_attributes": []
        },
        {
          "index_key": 64,
          "schema_version": 3,
          "attributes": {
            "bcrypt_hash": "$2a$10$o5uAEuAi8av6iBcJyxVkseX/ACbsTkSi4jxbTiRjY1KG5iNvbZjBK",
            "id": "none",
            "keepers": null,
            "length": 5,
            "lower": true,
            "min_lower": 0,
            "min_numeric": 0,
            "min_special": 0,
            "min_upper": 0,
            "number": true,
            "numeric": true,
            "override_special": "!#$%\u0026*()-_=+[]{}\u003c\u003e:?",
            "result": "TDSak",
            "special": true,
            "upper": true
          },
          "sensitive_attributes": []
        },
        {
          "index_key": 65,
          "schema_version": 3,
          "attributes": {
            "bcrypt_hash": "$2a$10$c93woEiiE0B0xfNkuD35seGz5UaeO3Sr3isBRn8Fx15icN5tmi/dS",
            "id": "none",
            "keepers": null,
            "length": 5,
            "lower": true,
            "min_lower": 0,
            "min_numeric": 0,
            "min_special": 0,
            "min_upper": 0,
            "number": true,
            "numeric": true,
            "override_special": "!#$%\u0026*()-_=+[]{}\u003c\u003e:?",
            "result": "?)d[T",
            "special": true,
            "upper": true
          },
          "sensitive_attributes": []
        },
        {
          "index_key": 66,
          "schema_version": 3,
          "attributes": {
            "bcrypt_hash": "$2a$10$wPnQVPFxMwZiPO/s/2nxbe98FHgUpIRRqfzkgiQ3LR6OUr0TpYkqa",
            "id": "none",
            "keepers": null,
            "length": 5,
            "lower": true,
            "min_lower": 0,
            "min_numeric": 0,
            "min_special": 0,
            "min_upper": 0,
            "number": true,
            "numeric": true,
            "override_special": "!#$%\u0026*()-_=+[]{}\u003c\u003e:?",
            "result": "-wyt_",
            "special": true,
            "upper": true
          },
          "sensitive_attributes": []
        },
        {
          "index_key": 67,
          "schema_version": 3,
          "attributes": {
            "bcrypt_hash": "$2a$10$FiKMUuqXTs79LqGbWDu0XufjcPxBnYv7f/5XFTNA.y7NZRyJ4Ky2a",
            "id": "none",
            "keepers": null,
            "length": 5,
            "lower": true,
            "min_lower": 0,
            "min_numeric": 0,
            "min_special": 0,
            "min_upper": 0,
            "number": true,
            "numeric": true,
            "override_special": "!#$%\u0026*()-_=+[]{}\u003c\u003e:?",
            "result": "zHV3A",
            "special": true,
            "upper": true
          },
          "sensitive_attributes": []
        },
        {
          "index_key": 68,
          "schema_version": 3,
          "attributes": {
            "bcrypt_hash": "$2a$10$nc0KxTZ.mTF8b1YNPLOBL.VZ.mwy22KHRxlB2fcIiG/TjZRnoVeQy",
            "id": "none",
            "keepers": null,
            "length": 5,
            "lower": true,
            "min_lower": 0,
            "min_numeric": 0,
            "min_special": 0,
            "min_upper": 0,
            "number": true,
            "numeric": true,
            "override_special": "!#$%\u0026*()-_=+[]{}\u003c\u003e:?",
            "result": "P57Qd",
            "special": true,
            "upper": true
          },
          "sensitive_attributes": []
        },
        {
          "index_key": 69,
          "schema_version": 3,
          "attributes": {
            "bcrypt_hash": "$2a$10$xaauaWhsBLLTQEaIIdrsweOsFiDx87iL.SeesXhDFzLl5QyVUrUz2",
            "id": "none",
            "keepers": null,
            "length": 5,
            "lower": true,
            "min_lower": 0,
            "min_numeric": 0,
            "min_special": 0,
            "min_upper": 0,
            "number": true,
            "numeric": true,
            "override_special": "!#$%\u0026*()-_=+[]{}\u003c\u003e:?",
            "result": "x4zWh",
            "special": true,
            "upper": true
          },
          "sensitive_attributes": []
        },
        {
          "index_key": 70,
          "schema_version": 3,
          "attributes": {
            "bcrypt_hash": "$2a$10$TOY4PJ2Mt8hl2sEfAx4JNeXJLPguAoMUhr4RlRJ6xlI3nSDxCAk72",
            "id": "none",
            "keepers": null,
            "length": 5,
            "lower": true,
            "min_lower": 0,
            "min_numeric": 0,
            "min_special": 0,
            "min_upper": 0,
            "number": true,
            "numeric": true,
            "override_special": "!#$%\u0026*()-_=+[]{}\u003c\u003e:?",
            "result": ":WuGd",
            "special": true,
            "upper": true
          },
          "sensitive_attributes": []
        },
        {
          "index_key": 71,
          "schema_version": 3,
          "attributes": {
            "bcrypt_hash": "$2a$10$2W7mDIfZArHbhBeERKgPKeKHcavdlvo1OihCYQcDJH8Br0OforSSC",
            "id": "none",
            "keepers": null,
            "length": 5,
            "lower": true,
            "min_lower": 0,
            "min_numeric": 0,
            "min_special": 0,
            "min_upper": 0,
            "number": true,
            "numeric": true,
            "override_special": "!#$%\u0026*()-_=+[]{}\u003c\u003e:?",
            "result": ":m}oL",
            "special": true,
            "upper": true
          },
          "sensitive_attributes": []
        },
        {
          "index_key": 72,
          "schema_version": 3,
          "attributes": {
            "bcrypt_hash": "$2a$10$SoPvXeOxKNOpD/XLo5ZNHudIkUInGOzEH5SXBLhifWmtaQFkGgvca",
            "id": "none",
            "keepers": null,
            "length": 5,
            "lower": true,
            "min_lower": 0,
            "min_numeric": 0,
            "min_special": 0,
            "min_upper": 0,
            "number": true,
            "numeric": true,
            "override_special": "!#$%\u0026*()-_=+[]{}\u003c\u003e:?",
            "result": "O[\u003esW",
            "special": true,
            "upper": true
          },
          "sensitive_attributes": []
        },
        {
          "index_key": 73,
          "schema_version": 3,
          "attributes": {
            "bcrypt_hash": "$2a$10$MCp35/wJ8uL4Di3pO/ycKuY9ozcrRRYouiGOBERKsSR1N62jEL3tq",
            "id": "none",
            "keepers": null,
            "length": 5,
            "lower": true,
            "min_lower": 0,
            "min_numeric": 0,
            "min_special": 0,
            "min_upper": 0,
            "number": true,
            "numeric": true,
            "override_special": "!#$%\u0026*()-_=+[]{}\u003c\u003e:?",
            "result": "4fsh%",
            "special": true,
            "upper": true
          },
          "sensitive_attributes": []
        },
        {
          "index_key": 74,
          "schema_version": 3,
          "attributes": {
            "bcrypt_hash": "$2a$10$Wewh9e8aVRGynozQr0gQfOYAsyBVWGZOi22c8/PRFtBwsQtmnVpq.",
            "id": "none",
            "keepers": null,
            "length": 5,
            "lower": true,
            "min_lower": 0,
            "min_numeric": 0,
            "min_special": 0,
            "min_upper": 0,
            "number": true,
            "numeric": true,
            "override_special": "!#$%\u0026*()-_=+[]{}\u003c\u003e:?",
            "result": "_J6{n",
            "special": true,
            "upper": true
          },
          "sensitive_attributes": []
        },
        {
          "index_key": 75,
          "schema_version": 3,
          "attributes": {
            "bcrypt_hash": "$2a$10$gZHgM8ycyRq9MEoqIGakAOacZcOpq9Hhz7Ew0sBvyPu0uDqEUloAa",
            "id": "none",
            "keepers": null,
            "length": 5,
            "lower": true,
            "min_lower": 0,
            "min_numeric": 0,
            "min_special": 0,
            "min_upper": 0,
            "number": true,
            "numeric": true,
            "override_special": "!#$%\u0026*()-_=+[]{}\u003c\u003e:?",
            "result": "pD56X",
            "special": true,
            "upper": true
          },
          "sensitive_attributes": []
        },
        {
          "index_key": 76,
          "schema_version": 3,
          "attributes": {
            "bcrypt_hash": "$2a$10$WhUsmpnnwKe3rZC60mboKOEb8NuMVfJEjIlcN082U9tZ.zKumtzbW",
            "id": "none",
            "keepers": null,
            "length": 5,
            "lower": true,
            "min_lower": 0,
            "min_numeric": 0,
            "min_special": 0,
            "min_upper": 0,
            "number": true,
            "numeric": true,
            "override_special": "!#$%\u0026*()-_=+[]{}\u003c\u003e:?",
            "result": "[Ed\u003cx",
            "special": true,
            "upper": true
          },
          "sensitive_attributes": []
        },
        {
          "index_key": 77,
          "schema_version": 3,
          "attributes": {
            "bcrypt_hash": "$2a$10$QSbsQ/Kg0KvkLsKSuGRmGu2de6rrHgyU7jC9kMpT0Am3O5Bof3Q7m",
            "id": "none",
            "keepers": null,
            "length": 5,
            "lower": true,
            "min_lower": 0,
            "min_numeric": 0,
            "min_special": 0,
            "min_upper": 0,
            "number": true,
            "numeric": true,
            "override_special": "!#$%\u0026*()-_=+[]{}\u003c\u003e:?",
            "result": "zw2:E",
            "special": true,
            "upper": true
          },
          "sensitive_attributes": []
        },
        {
          "index_key": 78,
          "schema_version": 3,
          "attributes": {
            "bcrypt_hash": "$2a$10$J4fPnAJk0At6.RdLqOGVWuiQ0gSafqeGqp2LSjBs7E1uVXCr7waDa",
            "id": "none",
            "keepers": null,
            "length": 5,
            "lower": true,
            "min_lower": 0,
            "min_numeric": 0,
            "min_special": 0,
            "min_upper": 0,
            "number": true,
            "numeric": true,
            "override_special": "!#$%\u0026*()-_=+[]{}\u003c\u003e:?",
            "result": "Z5At\u003e",
            "special": true,
            "upper": true
          },
          "sensitive_attributes": []
        },
        {
          "index_key": 79,
          "schema_version": 3,
          "attributes": {
            "bcrypt_hash": "$2a$10$iEicmSKAXHUCZ1bPf8XxsuMKEEpK8E9qYoIwWWGufF6jEi9W0p8my",
            "id": "none",
            "keepers": null,
            "length": 5,
            "lower": true,
            "min_lower": 0,
            "min_numeric": 0,
            "min_special": 0,
            "min_upper": 0,
            "number": true,
            "numeric": true,
            "override_special": "!#$%\u0026*()-_=+[]{}\u003c\u003e:?",
            "result": "{7)gz",
            "special": true,
            "upper": true
          },
          "sensitive_attributes": []
        },
        {
          "index_key": 80,
          "schema_version": 3,
          "attributes": {
            "bcrypt_hash": "$2a$10$1GDastu7cwMCsq7XAczKjOJaUtQPr1UekgRT3pQulOJDNQ5/xEG4y",
            "id": "none",
            "keepers": null,
            "length": 5,
            "lower": true,
            "min_lower": 0,
            "min_numeric": 0,
            "min_special": 0,
            "min_upper": 0,
            "number": true,
            "numeric": true,
            "override_special": "!#$%\u0026*()-_=+[]{}\u003c\u003e:?",
            "result": "V$47a",
            "special": true,
            "upper": true
          },
          "sensitive_attributes": []
        },
        {
          "index_key": 81,
          "schema_version": 3,
          "attributes": {
            "bcrypt_hash": "$2a$10$c.AlQSrDGlsp0BkBNohMreEG0cFCJ82Oerm6oa4Ws0gM/yb6hTZq.",
            "id": "none",
            "keepers": null,
            "length": 5,
            "lower": true,
            "min_lower": 0,
            "min_numeric": 0,
            "min_special": 0,
            "min_upper": 0,
            "number": true,
            "numeric": true,
            "override_special": "!#$%\u0026*()-_=+[]{}\u003c\u003e:?",
            "result": "pt?V!",
            "special": true,
            "upper": true
          },
          "sensitive_attributes": []
        },
        {
          "index_key": 82,
          "schema_version": 3,
          "attributes": {
            "bcrypt_hash": "$2a$10$vW/gQL7B8o2oZqBRDoJnx.GVjIgwSN2PUx1NWPOrLlbnV/FcDU9Yu",
            "id": "none",
            "keepers": null,
            "length": 5,
            "lower": true,
            "min_lower": 0,
            "min_numeric": 0,
            "min_special": 0,
            "min_upper": 0,
            "number": true,
            "numeric": true,
            "override_special": "!#$%\u0026*()-_=+[]{}\u003c\u003e:?",
            "result": "\u00266Paq",
            "special": true,
            "upper": true
          },
          "sensitive_attributes": []
        },
        {
          "index_key": 83,
          "schema_version": 3,
          "attributes": {
            "bcrypt_hash": "$2a$10$cxRPVEOCnpNET643p5KEy.rv2qy6h7uRvgSHho8PLz/NJGHK9gVaG",
            "id": "none",
            "keepers": null,
            "length": 5,
            "lower": true,
            "min_lower": 0,
            "min_numeric": 0,
            "min_special": 0,
            "min_upper": 0,
            "number": true,
            "numeric": true,
            "override_special": "!#$%\u0026*()-_=+[]{}\u003c\u003e:?",
            "result": "GiZCm",
            "special": true,
            "upper": true
          },
          "sensitive_attributes": []
        },
        {
          "index_key": 84,
          "schema_version": 3,
          "attributes": {
            "bcrypt_hash": "$2a$10$6aWXdKEV2Zipr/V0rRAeTu4yYGXViMXijSBF1WekLCZLzpRToMMR6",
            "id": "none",
            "keepers": null,
            "length": 5,
            "lower": true,
            "min_lower": 0,
            "min_numeric": 0,
            "min_special": 0,
            "min_upper": 0,
            "number": true,
            "numeric": true,
            "override_special": "!#$%\u0026*()-_=+[]{}\u003c\u003e:?",
            "result": "x%=):",
            "special": true,
            "upper": true
          },
          "sensitive_attributes": []
        },
        {
          "index_key": 85,
          "schema_version": 3,
          "attributes": {
            "bcrypt_hash": "$2a$10$1Q/Vbsxxz6YkenFZ6L4DqOHUEFDzLToVKzDkKHIxfg5fYFOnNIig6",
            "id": "none",
            "keepers": null,
            "length": 5,
            "lower": true,
            "min_lower": 0,
            "min_numeric": 0,
            "min_special": 0,
            "min_upper": 0,
            "number": true,
            "numeric": true,
            "override_special": "!#$%\u0026*()-_=+[]{}\u003c\u003e:?",
            "result": "6%bqA",
            "special": true,
            "upper": true
          },
          "sensitive_attributes": []
        },
        {
          "index_key": 86,
          "schema_version": 3,
          "attributes": {
            "bcrypt_hash": "$2a$10$/SMmvVVyQlKLNSKbSgsGwueWU8R/J25RHO9PP9k9QGhLY21pMdDK.",
            "id": "none",
            "keepers": null,
            "length": 5,
            "lower": true,
            "min_lower": 0,
            "min_numeric": 0,
            "min_special": 0,
            "min_upper": 0,
            "number": true,
            "numeric": true,
            "override_special": "!#$%\u0026*()-_=+[]{}\u003c\u003e:?",
            "result": "JsRsL",
            "special": true,
            "upper": true
          },
          "sensitive_attributes": []
        },
        {
          "index_key": 87,
          "schema_version": 3,
          "attributes": {
            "bcrypt_hash": "$2a$10$lB/UtHqlxMkRlKkiZHrTf.rabDcWeYWwD5ho5hw8NEQtVrhYHK/S.",
            "id": "none",
            "keepers": null,
            "length": 5,
            "lower": true,
            "min_lower": 0,
            "min_numeric": 0,
            "min_special": 0,
            "min_upper": 0,
            "number": true,
            "numeric": true,
            "override_special": "!#$%\u0026*()-_=+[]{}\u003c\u003e:?",
            "result": "mZc#Z",
            "special": true,
            "upper": true
          },
          "sensitive_attributes": []
        },
        {
          "index_key": 88,
          "schema_version": 3,
          "attributes": {
            "bcrypt_hash": "$2a$10$pg9xg3XQ7A1FnjxdY/X.o.9ud/ZmxM4lT6p21igxwFg6aIFnHAMW6",
            "id": "none",
            "keepers": null,
            "length": 5,
            "lower": true,
            "min_lower": 0,
            "min_numeric": 0,
            "min_special": 0,
            "min_upper": 0,
            "number": true,
            "numeric": true,
            "override_special": "!#$%\u0026*()-_=+[]{}\u003c\u003e:?",
            "result": "CC9sr",
            "special": true,
            "upper": true
          },
          "sensitive_attributes": []
        },
        {
          "index_key": 89,
          "schema_version": 3,
          "attributes": {
            "bcrypt_hash": "$2a$10$io3vCs8hDRRz.EcJauleKeTAlKzzYJpLw7rvhq/BWnuue6w7WPjEe",
            "id": "none",
            "keepers": null,
            "length": 5,
            "lower": true,
            "min_lower": 0,
            "min_numeric": 0,
            "min_special": 0,
            "min_upper": 0,
            "number": true,
            "numeric": true,
            "override_special": "!#$%\u0026*()-_=+[]{}\u003c\u003e:?",
            "result": "K-PY_",
            "special": true,
            "upper": true
          },
          "sensitive_attributes": []
        },
        {
          "index_key": 90,
          "schema_version": 3,
          "attributes": {
            "bcrypt_hash": "$2a$10$uJDm7OATYlwbaMjzFIqwAe1ubO2VAYEoATlX0j.IK8f6B38E2dR5m",
            "id": "none",
            "keepers": null,
            "length": 5,
            "lower": true,
            "min_lower": 0,
            "min_numeric": 0,
            "min_special": 0,
            "min_upper": 0,
            "number": true,
            "numeric": true,
            "override_special": "!#$%\u0026*()-_=+[]{}\u003c\u003e:?",
            "result": "DBnxK",
            "special": true,
            "upper": true
          },
          "sensitive_attributes": []
        },
        {
          "index_key": 91,
          "schema_version": 3,
          "attributes": {
            "bcrypt_hash": "$2a$10$B8m3iIMT7YhfLQ7rwWHZBOt0iBug5svmrPiQRtbzukVmQ8GUpc2qq",
            "id": "none",
            "keepers": null,
            "length": 5,
            "lower": true,
            "min_lower": 0,
            "min_numeric": 0,
            "min_special": 0,
            "min_upper": 0,
            "number": true,
            "numeric": true,
            "override_special": "!#$%\u0026*()-_=+[]{}\u003c\u003e:?",
            "result": "(3Rs[",
            "special": true,
            "upper": true
          },
          "sensitive_attributes": []
        },
        {
          "index_key": 92,
          "schema_version": 3,
          "attributes": {
            "bcrypt_hash": "$2a$10$59C2poVl21nmEQSDBnM.f.x2ZgiLPsmRDLs9mNlJ8mdpHys4ZwgJu",
            "id": "none",
            "keepers": null,
            "length": 5,
            "lower": true,
            "min_lower": 0,
            "min_numeric": 0,
            "min_special": 0,
            "min_upper": 0,
            "number": true,
            "numeric": true,
            "override_special": "!#$%\u0026*()-_=+[]{}\u003c\u003e:?",
            "result": "i%p9E",
            "special": true,
            "upper": true
          },
          "sensitive_attributes": []
        },
        {
          "index_key": 93,
          "schema_version": 3,
          "attributes": {
            "bcrypt_hash": "$2a$10$sdZUAsZsE3e5YBac7XuLp.4AwoEee0Hofa5VMOIP4I4JfTUVlGDC6",
            "id": "none",
            "keepers": null,
            "length": 5,
            "lower": true,
            "min_lower": 0,
            "min_numeric": 0,
            "min_special": 0,
            "min_upper": 0,
            "number": true,
            "numeric": true,
            "override_special": "!#$%\u0026*()-_=+[]{}\u003c\u003e:?",
            "result": ":d%Ll",
            "special": true,
            "upper": true
          },
          "sensitive_attributes": []
        },
        {
          "index_key": 94,
          "schema_version": 3,
          "attributes": {
            "bcrypt_hash": "$2a$10$sKaxuKRJyZbyraBomk7tHeT84aklfltmRY00gViNaKYuVgWjXmRp2",
            "id": "none",
            "keepers": null,
            "length": 5,
            "lower": true,
            "min_lower": 0,
            "min_numeric": 0,
            "min_special": 0,
            "min_upper": 0,
            "number": true,
            "numeric": true,
            "override_special": "!#$%\u0026*()-_=+[]{}\u003c\u003e:?",
            "result": "c(ykZ",
            "special": true,
            "upper": true
          },
          "sensitive_attributes": []
        },
        {
          "index_key": 95,
          "schema_version": 3,
          "attributes": {
            "bcrypt_hash": "$2a$10$fdXfwL4sYSBOHj9We7fC9unYedSlfficWM08Thnvkk5hXnbAQALPK",
            "id": "none",
            "keepers": null,
            "length": 5,
            "lower": true,
            "min_lower": 0,
            "min_numeric": 0,
            "min_special": 0,
            "min_upper": 0,
            "number": true,
            "numeric": true,
            "override_special": "!#$%\u0026*()-_=+[]{}\u003c\u003e:?",
            "result": "r\u003eJc\u003e",
            "special": true,
            "upper": true
          },
          "sensitive_attributes": []
        },
        {
          "index_key": 96,
          "schema_version": 3,
          "attributes": {
            "bcrypt_hash": "$2a$10$2v8.hnsUUY3AlYVSvERjFe8ZIxDPpsx7gDlqU5qKNqWl7D6I10UMq",
            "id": "none",
            "keepers": null,
            "length": 5,
            "lower": true,
            "min_lower": 0,
            "min_numeric": 0,
            "min_special": 0,
            "min_upper": 0,
            "number": true,
            "numeric": true,
            "override_special": "!#$%\u0026*()-_=+[]{}\u003c\u003e:?",
            "result": "7k5yp",
            "special": true,
            "upper": true
          },
          "sensitive_attributes": []
        },
        {
          "index_key": 97,
          "schema_version": 3,
          "attributes": {
            "bcrypt_hash": "$2a$10$yi7sMrnZDExxmRGnUxDHpOHE6DqAHwNJjIpPMkqMfPReGvMwNDsj6",
            "id": "none",
            "keepers": null,
            "length": 5,
            "lower": true,
            "min_lower": 0,
            "min_numeric": 0,
            "min_special": 0,
            "min_upper": 0,
            "number": true,
            "numeric": true,
            "override_special": "!#$%\u0026*()-_=+[]{}\u003c\u003e:?",
            "result": "?s[AX",
            "special": true,
            "upper": true
          },
          "sensitive_attributes": []
        },
        {
          "index_key": 98,
          "schema_version": 3,
          "attributes": {
            "bcrypt_hash": "$2a$10$4FZye.c.cr0u6ClCj4xzHO/Ghz4AXgGB.4ygAbhQhooQAWXHZAk7y",
            "id": "none",
            "keepers": null,
            "length": 5,
            "lower": true,
            "min_lower": 0,
            "min_numeric": 0,
            "min_special": 0,
            "min_upper": 0,
            "number": true,
            "numeric": true,
            "override_special": "!#$%\u0026*()-_=+[]{}\u003c\u003e:?",
            "result": "I}S1\u0026",
            "special": true,
            "upper": true
          },
          "sensitive_attributes": []
        },
        {
          "index_key": 99,
          "schema_version": 3,
          "attributes": {
            "bcrypt_hash": "$2a$10$xwmszTe7gSN/.75cFmN7P.mhmqgvoeu/hfZ37/B0NrtrVateFzMC6",
            "id": "none",
            "keepers": null,
            "length": 5,
            "lower": true,
            "min_lower": 0,
            "min_numeric": 0,
            "min_special": 0,
            "min_upper": 0,
            "number": true,
            "numeric": true,
            "override_special": "!#$%\u0026*()-_=+[]{}\u003c\u003e:?",
            "result": "3_\u003eNC",
            "special": true,
            "upper": true
          },
          "sensitive_attributes": []
        },
        {
          "index_key": 100,
          "schema_version": 3,
          "attributes": {
            "bcrypt_hash": "$2a$10$i1FKE349Do5cmHymkeKiP.Ly/l5.9gkb7SRIMzfIv/8A29t3J2Jpq",
            "id": "none",
            "keepers": null,
            "length": 5,
            "lower": true,
            "min_lower": 0,
            "min_numeric": 0,
            "min_special": 0,
            "min_upper": 0,
            "number": true,
            "numeric": true,
            "override_special": "!#$%\u0026*()-_=+[]{}\u003c\u003e:?",
            "result": "C{*WC",
            "special": true,
            "upper": true
          },
          "sensitive_attributes": []
        },
        {
          "index_key": 101,
          "schema_version": 3,
          "attributes": {
            "bcrypt_hash": "$2a$10$bfpmJ/II/zREez480F5sveTOt7xFNxHhqxt4qX4mLdhJoNiPCfphy",
            "id": "none",
            "keepers": null,
            "length": 5,
            "lower": true,
            "min_lower": 0,
            "min_numeric": 0,
            "min_special": 0,
            "min_upper": 0,
            "number": true,
            "numeric": true,
            "override_special": "!#$%\u0026*()-_=+[]{}\u003c\u003e:?",
            "result": "!o\u0026}t",
            "special": true,
            "upper": true
          },
          "sensitive_attributes": []
        },
        {
          "index_key": 102,
          "schema_version": 3,
          "attributes": {
            "bcrypt_hash": "$2a$10$IvFalFUttDr5NLkG5FrlI.rpiSS9dEneoq4L7j2AfrSvFL0dnlVnS",
            "id": "none",
            "keepers": null,
            "length": 5,
            "lower": true,
            "min_lower": 0,
            "min_numeric": 0,
            "min_special": 0,
            "min_upper": 0,
            "number": true,
            "numeric": true,
            "override_special": "!#$%\u0026*()-_=+[]{}\u003c\u003e:?",
            "result": "B3$Ug",
            "special": true,
            "upper": true
          },
          "sensitive_attributes": []
        },
        {
          "index_key": 103,
          "schema_version": 3,
          "attributes": {
            "bcrypt_hash": "$2a$10$SAFFPmNeSufkAAQwl1Mk5.w4jDyZMw7CHV7yXDZY8NusGFdWX.6te",
            "id": "none",
            "keepers": null,
            "length": 5,
            "lower": true,
            "min_lower": 0,
            "min_numeric": 0,
            "min_special": 0,
            "min_upper": 0,
            "number": true,
            "numeric": true,
            "override_special": "!#$%\u0026*()-_=+[]{}\u003c\u003e:?",
            "result": "BvDQX",
            "special": true,
            "upper": true
          },
          "sensitive_attributes": []
        },
        {
          "index_key": 104,
          "schema_version": 3,
          "attributes": {
            "bcrypt_hash": "$2a$10$4cWJVDdxYvt7CqloJXdFYOBVanPwaO7thw96z72gHWjfApe2dKfWu",
            "id": "none",
            "keepers": null,
            "length": 5,
            "lower": true,
            "min_lower": 0,
            "min_numeric": 0,
            "min_special": 0,
            "min_upper": 0,
            "number": true,
            "numeric": true,
            "override_special": "!#$%\u0026*()-_=+[]{}\u003c\u003e:?",
            "result": "qMzPe",
            "special": true,
            "upper": true
          },
          "sensitive_attributes": []
        },
        {
          "index_key": 105,
          "schema_version": 3,
          "attributes": {
            "bcrypt_hash": "$2a$10$NG.l.pqkGGbdywJEzGa/Cu48fDvQT1OkQJrrEKMzoKd/AsXNUJYqG",
            "id": "none",
            "keepers": null,
            "length": 5,
            "lower": true,
            "min_lower": 0,
            "min_numeric": 0,
            "min_special": 0,
            "min_upper": 0,
            "number": true,
            "numeric": true,
            "override_special": "!#$%\u0026*()-_=+[]{}\u003c\u003e:?",
            "result": "y2(y*",
            "special": true,
            "upper": true
          },
          "sensitive_attributes": []
        },
        {
          "index_key": 106,
          "schema_version": 3,
          "attributes": {
            "bcrypt_hash": "$2a$10$zLLPUkz4s9bJSmSpLkTlj.U/Dg5KsK9akijawCft1U3h9eumsnkJa",
            "id": "none",
            "keepers": null,
            "length": 5,
            "lower": true,
            "min_lower": 0,
            "min_numeric": 0,
            "min_special": 0,
            "min_upper": 0,
            "number": true,
            "numeric": true,
            "override_special": "!#$%\u0026*()-_=+[]{}\u003c\u003e:?",
            "result": "_VsQt",
            "special": true,
            "upper": true
          },
          "sensitive_attributes": []
        },
        {
          "index_key": 107,
          "schema_version": 3,
          "attributes": {
            "bcrypt_hash": "$2a$10$l5AAQqiiYFvueY7pPGntNehDQKYLGOkIECKciWqTHppLWmN6Dbs0K",
            "id": "none",
            "keepers": null,
            "length": 5,
            "lower": true,
            "min_lower": 0,
            "min_numeric": 0,
            "min_special": 0,
            "min_upper": 0,
            "number": true,
            "numeric": true,
            "override_special": "!#$%\u0026*()-_=+[]{}\u003c\u003e:?",
            "result": "ZQnXA",
            "special": true,
            "upper": true
          },
          "sensitive_attributes": []
        },
        {
          "index_key": 108,
          "schema_version": 3,
          "attributes": {
            "bcrypt_hash": "$2a$10$ZIzDyJ6XA4A8KxLc5X9g6O35cqq2sGPLsKXo.NyWKK99pYLc28xIC",
            "id": "none",
            "keepers": null,
            "length": 5,
            "lower": true,
            "min_lower": 0,
            "min_numeric": 0,
            "min_special": 0,
            "min_upper": 0,
            "number": true,
            "numeric": true,
            "override_special": "!#$%\u0026*()-_=+[]{}\u003c\u003e:?",
            "result": "\u003cEOAE",
            "special": true,
            "upper": true
          },
          "sensitive_attributes": []
        },
        {
          "index_key": 109,
          "schema_version": 3,
          "attributes": {
            "bcrypt_hash": "$2a$10$3H7xBgq7M/RAPA4yyQVtNuzD/KI5/W2Eay/uZ5OE8UDiiN0U3QcU6",
            "id": "none",
            "keepers": null,
            "length": 5,
            "lower": true,
            "min_lower": 0,
            "min_numeric": 0,
            "min_special": 0,
            "min_upper": 0,
            "number": true,
            "numeric": true,
            "override_special": "!#$%\u0026*()-_=+[]{}\u003c\u003e:?",
            "result": "h2r_b",
            "special": true,
            "upper": true
          },
          "sensitive_attributes": []
        },
        {
          "index_key": 110,
          "schema_version": 3,
          "attributes": {
            "bcrypt_hash": "$2a$10$3GhjQ5h6QTltAPm04iMyCuCqM0g7pd1OHuLsU3gpbrISXQdzye7YW",
            "id": "none",
            "keepers": null,
            "length": 5,
            "lower": true,
            "min_lower": 0,
            "min_numeric": 0,
            "min_special": 0,
            "min_upper": 0,
            "number": true,
            "numeric": true,
            "override_special": "!#$%\u0026*()-_=+[]{}\u003c\u003e:?",
            "result": "-:-Jz",
            "special": true,
            "upper": true
          },
          "sensitive_attributes": []
        },
        {
          "index_key": 111,
          "schema_version": 3,
          "attributes": {
            "bcrypt_hash": "$2a$10$aS72LfyR5r1J1aZ5MBoHBefvB3MGNEOrmgjBijYopowrdV9UvoWHa",
            "id": "none",
            "keepers": null,
            "length": 5,
            "lower": true,
            "min_lower": 0,
            "min_numeric": 0,
            "min_special": 0,
            "min_upper": 0,
            "number": true,
            "numeric": true,
            "override_special": "!#$%\u0026*()-_=+[]{}\u003c\u003e:?",
            "result": "fqnG_",
            "special": true,
            "upper": true
          },
          "sensitive_attributes": []
        },
        {
          "index_key": 112,
          "schema_version": 3,
          "attributes": {
            "bcrypt_hash": "$2a$10$otY7Hz8qMu.DELHn.YOiRepiDpwS7/S1Mqr.JHDUdt8uu0okqhz/.",
            "id": "none",
            "keepers": null,
            "length": 5,
            "lower": true,
            "min_lower": 0,
            "min_numeric": 0,
            "min_special": 0,
            "min_upper": 0,
            "number": true,
            "numeric": true,
            "override_special": "!#$%\u0026*()-_=+[]{}\u003c\u003e:?",
            "result": "%0XKM",
            "special": true,
            "upper": true
          },
          "sensitive_attributes": []
        },
        {
          "index_key": 113,
          "schema_version": 3,
          "attributes": {
            "bcrypt_hash": "$2a$10$HEQerB80sEvuew8fY4LDSenB4ko/Mp6iUFMGmSVMIEASHRw.Ax0qS",
            "id": "none",
            "keepers": null,
            "length": 5,
            "lower": true,
            "min_lower": 0,
            "min_numeric": 0,
            "min_special": 0,
            "min_upper": 0,
            "number": true,
            "numeric": true,
            "override_special": "!#$%\u0026*()-_=+[]{}\u003c\u003e:?",
            "result": ")PLD\u003c",
            "special": true,
            "upper": true
          },
          "sensitive_attributes": []
        },
        {
          "index_key": 114,
          "schema_version": 3,
          "attributes": {
            "bcrypt_hash": "$2a$10$flrHI1kuvElSOP5rmXsaO.jGzKxqDn11f7Tt6bpnlGSHp89pcf3Ya",
            "id": "none",
            "keepers": null,
            "length": 5,
            "lower": true,
            "min_lower": 0,
            "min_numeric": 0,
            "min_special": 0,
            "min_upper": 0,
            "number": true,
            "numeric": true,
            "override_special": "!#$%\u0026*()-_=+[]{}\u003c\u003e:?",
            "result": "rHFQa",
            "special": true,
            "upper": true
          },
          "sensitive_attributes": []
        },
        {
          "index_key": 115,
          "schema_version": 3,
          "attributes": {
            "bcrypt_hash": "$2a$10$jtAPyUF90EQhyg5XMh2MWefvyPNpA4djFj.rwyC2.BYibld.tUnXm",
            "id": "none",
            "keepers": null,
            "length": 5,
            "lower": true,
            "min_lower": 0,
            "min_numeric": 0,
            "min_special": 0,
            "min_upper": 0,
            "number": true,
            "numeric": true,
            "override_special": "!#$%\u0026*()-_=+[]{}\u003c\u003e:?",
            "result": "We=M5",
            "special": true,
            "upper": true
          },
          "sensitive_attributes": []
        },
        {
          "index_key": 116,
          "schema_version": 3,
          "attributes": {
            "bcrypt_hash": "$2a$10$8eD0LniZvIBqsffy19yWsu7yed9l1BO116IMg2HCndj3sv.khQYFq",
            "id": "none",
            "keepers": null,
            "length": 5,
            "lower": true,
            "min_lower": 0,
            "min_numeric": 0,
            "min_special": 0,
            "min_upper": 0,
            "number": true,
            "numeric": true,
            "override_special": "!#$%\u0026*()-_=+[]{}\u003c\u003e:?",
            "result": "4dP{w",
            "special": true,
            "upper": true
          },
          "sensitive_attributes": []
        },
        {
          "index_key": 117,
          "schema_version": 3,
          "attributes": {
            "bcrypt_hash": "$2a$10$vGC6R1OVASqAhKrBL4v4J..0zJxns5lVIVlVnsIL444ccmuARQ9su",
            "id": "none",
            "keepers": null,
            "length": 5,
            "lower": true,
            "min_lower": 0,
            "min_numeric": 0,
            "min_special": 0,
            "min_upper": 0,
            "number": true,
            "numeric": true,
            "override_special": "!#$%\u0026*()-_=+[]{}\u003c\u003e:?",
            "result": "]O!wV",
            "special": true,
            "upper": true
          },
          "sensitive_attributes": []
        },
        {
          "index_key": 118,
          "schema_version": 3,
          "attributes": {
            "bcrypt_hash": "$2a$10$P9N2TLwASn5Sryb2BQnE3OzjaweNl9U.igi29b2hkcmPNz3Z9AFGa",
            "id": "none",
            "keepers": null,
            "length": 5,
            "lower": true,
            "min_lower": 0,
            "min_numeric": 0,
            "min_special": 0,
            "min_upper": 0,
            "number": true,
            "numeric": true,
            "override_special": "!#$%\u0026*()-_=+[]{}\u003c\u003e:?",
            "result": "+FV-[",
            "special": true,
            "upper": true
          },
          "sensitive_attributes": []
        },
        {
          "index_key": 119,
          "schema_version": 3,
          "attributes": {
            "bcrypt_hash": "$2a$10$rj8bZY9ePCmC.of09o2QeuuOyR3fKiB/HGDYMXgNJweIIcUhotDki",
            "id": "none",
            "keepers": null,
            "length": 5,
            "lower": true,
            "min_lower": 0,
            "min_numeric": 0,
            "min_special": 0,
            "min_upper": 0,
            "number": true,
            "numeric": true,
            "override_special": "!#$%\u0026*()-_=+[]{}\u003c\u003e:?",
            "result": "sYE\u003cE",
            "special": true,
            "upper": true
          },
          "sensitive_attributes": []
        },
        {
          "index_key": 120,
          "schema_version": 3,
          "attributes": {
            "bcrypt_hash": "$2a$10$omyOrx8xy8IEw7dm9Te1.O/OM8QHX/y6Qf7zcDFPCP4vmVoMG0yhe",
            "id": "none",
            "keepers": null,
            "length": 5,
            "lower": true,
            "min_lower": 0,
            "min_numeric": 0,
            "min_special": 0,
            "min_upper": 0,
            "number": true,
            "numeric": true,
            "override_special": "!#$%\u0026*()-_=+[]{}\u003c\u003e:?",
            "result": "mCFY5",
            "special": true,
            "upper": true
          },
          "sensitive_attributes": []
        },
        {
          "index_key": 121,
          "schema_version": 3,
          "attributes": {
            "bcrypt_hash": "$2a$10$aGsF7pzNrk6ATv4Ut0jT8.XSAypEIr.sbwcFdSsDwSBd7p222Etma",
            "id": "none",
            "keepers": null,
            "length": 5,
            "lower": true,
            "min_lower": 0,
            "min_numeric": 0,
            "min_special": 0,
            "min_upper": 0,
            "number": true,
            "numeric": true,
            "override_special": "!#$%\u0026*()-_=+[]{}\u003c\u003e:?",
            "result": ":NKHS",
            "special": true,
            "upper": true
          },
          "sensitive_attributes": []
        }
      ]
    }
  ],
  "check_results": null
}
